{
  "version": 4,
  "terraform_version": "1.3.6",
  "serial": 547,
  "lineage": "58a91ea5-fe8e-d228-353f-8532e875485c",
  "outputs": {
    "aws_profile_name": {
      "value": "user1",
      "type": "string"
    },
    "efs_info": {
      "value": {
        "id": "fs-0fdc78d39f8f78510"
      },
      "type": [
        "object",
        {
          "id": "string"
        }
      ]
    },
    "eks_info": {
      "value": {
        "certificate_authority": [
          {
            "data": "LS0tLS1CRUdJTiBDRVJUSUZJQ0FURS0tLS0tCk1JSUMvakNDQWVhZ0F3SUJBZ0lCQURBTkJna3Foa2lHOXcwQkFRc0ZBREFWTVJNd0VRWURWUVFERXdwcmRXSmwKY201bGRHVnpNQjRYRFRJek1ERXhPREExTWpJMU1Gb1hEVE16TURFeE5UQTFNakkxTUZvd0ZURVRNQkVHQTFVRQpBeE1LYTNWaVpYSnVaWFJsY3pDQ0FTSXdEUVlKS29aSWh2Y05BUUVCQlFBRGdnRVBBRENDQVFvQ2dnRUJBS3R4CmdKM2RiTGJCTlNUdGwxZHc3bytqMWpKR05KVDVZcHdlbGF1VC9Mb2FNdGxpd0VwYVI1TVo0NTdJYU9zbnNNc1kKQWZMbTl0QkppbTlXN0ZTb004c1F1NGs0QkJhYjhya3llSHlLWTFkS2xZOC9Tb0NyU0pQNUNyVmxycnNIRXVxbApsTnhjSGZQRnU2TUNVWTVYOHRqcGltZXFjemNaUTNJZXRYZGZPaXFtNTU5WStEK1BoRGc5VEJtdUx2QVlSWmw5CldEcy9UTVVyNmVLejRmS0VBTUFCZUE4aTR3THZ2SzNRQllLUnNHOGZlb2YzQUlBN2pjNFRKSlVLR0tqUE9ZWW0KcmRMN29EQThGZlNzRzlmMjBhVzJLRHdvRG1rZGd5ZVdsMEQ4eEVJelA2dS8yMmpLWXhOOWtadkpXZ3RsYjNIUgpJd3R2ZnJVNlJtTDM2RTlpT1NNQ0F3RUFBYU5aTUZjd0RnWURWUjBQQVFIL0JBUURBZ0trTUE4R0ExVWRFd0VCCi93UUZNQU1CQWY4d0hRWURWUjBPQkJZRUZCVHhvdU4vU25UYklVczJMZXJYbzRuYms5Z1dNQlVHQTFVZEVRUU8KTUF5Q0NtdDFZbVZ5Ym1WMFpYTXdEUVlKS29aSWh2Y05BUUVMQlFBRGdnRUJBQ2pabWlEOXNaVW1GYWNFNjRqSAp4bHg3Q0hpRVIzaEowMFhkMTV6Sjg4U1MvZFZidkNYZnVFWHhsOWFyY2JTenFVdUdxRi9Kdkd4b2VCMnB3dVUvCkFwTTdZellzV2ZvWkpqUjNLRUdzQ3kxQllyQzV0Z0dmbEhmOEFtSlJVS2FBMVVJWE02Ly9JWDI2QnIweWlTUnYKL0h5dWUwazd1NzhQOTBnNlQ3TzB6eTVWZXBCRTkvY2lyVlZDREl6NnlqVnNRNWhKZWxOQm5NQ0tLWG9yUysvcgo1dVJvRTBQWUdIUGlQTGh0TXdneGxLMm0xdlBEZG9DUGxGb3pTR1RFdEkzd0JUTjRZbXFkcEt5VlJTMEhYbmRqCkRDQmwrTkovbFRsbjJwTWcrc1QydG1pSEkyV1ljNXZHQ0c1akxPZFJMVmhGdEw0M1RINTc3NS9LSk9rMFlvT3UKekRBPQotLS0tLUVORCBDRVJUSUZJQ0FURS0tLS0tCg=="
          }
        ],
        "endpoint": "https://F18743A4B6B74B81FBAA4102CC944FD5.gr7.ap-northeast-2.eks.amazonaws.com",
        "id": "eks_ctl",
        "name": "eks_ctl",
        "sa_iam_roles": {
          "eks_SA_alb_iam_role": "arn:aws:iam::421576594835:role/eks_SA_alb_iam_role",
          "eks_SA_efs_iam_role": "arn:aws:iam::421576594835:role/eks_SA_efs_iam_role"
        }
      },
      "type": [
        "object",
        {
          "certificate_authority": [
            "list",
            [
              "object",
              {
                "data": "string"
              }
            ]
          ],
          "endpoint": "string",
          "id": "string",
          "name": "string",
          "sa_iam_roles": [
            "map",
            "string"
          ]
        }
      ]
    },
    "vpc_info": {
      "value": {
        "private_subnets": {
          "ids": [
            "subnet-002806d2be98f076c",
            "subnet-01c0ebca472e80dac"
          ]
        },
        "public_subnets": {
          "ids": [
            "subnet-02e8f597848e0165a",
            "subnet-0b8812d38ead8ac80"
          ]
        },
        "vpc": {
          "id": "vpc-0a48d5cc09397ab48"
        }
      },
      "type": [
        "object",
        {
          "private_subnets": [
            "object",
            {
              "ids": [
                "tuple",
                [
                  "string",
                  "string"
                ]
              ]
            }
          ],
          "public_subnets": [
            "object",
            {
              "ids": [
                "tuple",
                [
                  "string",
                  "string"
                ]
              ]
            }
          ],
          "vpc": [
            "object",
            {
              "id": "string"
            }
          ]
        }
      ]
    }
  },
  "resources": [
    {
      "module": "module.efs",
      "mode": "data",
      "type": "aws_availability_zones",
      "name": "aws_azs",
      "provider": "provider[\"registry.terraform.io/hashicorp/aws\"]",
      "instances": [
        {
          "schema_version": 0,
          "attributes": {
            "all_availability_zones": true,
            "exclude_names": null,
            "exclude_zone_ids": null,
            "filter": [
              {
                "name": "opt-in-status",
                "values": [
                  "opt-in-not-required"
                ]
              }
            ],
            "group_names": [
              "ap-northeast-2"
            ],
            "id": "ap-northeast-2",
            "names": [
              "ap-northeast-2a",
              "ap-northeast-2b",
              "ap-northeast-2c",
              "ap-northeast-2d"
            ],
            "state": null,
            "timeouts": null,
            "zone_ids": [
              "apne2-az1",
              "apne2-az2",
              "apne2-az3",
              "apne2-az4"
            ]
          },
          "sensitive_attributes": []
        }
      ]
    },
    {
      "module": "module.efs",
      "mode": "data",
      "type": "aws_subnets",
      "name": "private_subnets",
      "provider": "provider[\"registry.terraform.io/hashicorp/aws\"]",
      "instances": [
        {
          "schema_version": 0,
          "attributes": {
            "filter": [
              {
                "name": "tag:Name",
                "values": [
                  "Private*"
                ]
              },
              {
                "name": "vpc-id",
                "values": [
                  "vpc-0a48d5cc09397ab48"
                ]
              }
            ],
            "id": "ap-northeast-2",
            "ids": [
              "subnet-0b8812d38ead8ac80",
              "subnet-02e8f597848e0165a"
            ],
            "tags": null,
            "timeouts": null
          },
          "sensitive_attributes": []
        }
      ]
    },
    {
      "module": "module.efs",
      "mode": "data",
      "type": "aws_vpc",
      "name": "vpc",
      "provider": "provider[\"registry.terraform.io/hashicorp/aws\"]",
      "instances": [
        {
          "schema_version": 0,
          "attributes": {
            "arn": "arn:aws:ec2:ap-northeast-2:421576594835:vpc/vpc-0a48d5cc09397ab48",
            "cidr_block": "10.0.0.0/16",
            "cidr_block_associations": [
              {
                "association_id": "vpc-cidr-assoc-005d35d75badb07dd",
                "cidr_block": "10.0.0.0/16",
                "state": "associated"
              }
            ],
            "default": false,
            "dhcp_options_id": "dopt-0c3264ce764ccd073",
            "enable_dns_hostnames": true,
            "enable_dns_support": true,
            "enable_network_address_usage_metrics": false,
            "filter": null,
            "id": "vpc-0a48d5cc09397ab48",
            "instance_tenancy": "default",
            "ipv6_association_id": "",
            "ipv6_cidr_block": "",
            "main_route_table_id": "rtb-0b2fbf6d1b7c7bace",
            "owner_id": "421576594835",
            "state": null,
            "tags": {
              "Name": "eks-vpc"
            },
            "timeouts": null
          },
          "sensitive_attributes": []
        }
      ]
    },
    {
      "module": "module.efs",
      "mode": "managed",
      "type": "aws_efs_file_system",
      "name": "aws_efs",
      "provider": "provider[\"registry.terraform.io/hashicorp/aws\"]",
      "instances": [
        {
          "schema_version": 0,
          "attributes": {
            "arn": "arn:aws:elasticfilesystem:ap-northeast-2:421576594835:file-system/fs-0fdc78d39f8f78510",
            "availability_zone_id": "",
            "availability_zone_name": "",
            "creation_token": "aws-efs",
            "dns_name": "fs-0fdc78d39f8f78510.efs.ap-northeast-2.amazonaws.com",
            "encrypted": false,
            "id": "fs-0fdc78d39f8f78510",
            "kms_key_id": "",
            "lifecycle_policy": [],
            "number_of_mount_targets": 2,
            "owner_id": "421576594835",
            "performance_mode": "generalPurpose",
            "provisioned_throughput_in_mibps": 0,
            "size_in_bytes": [
              {
                "value": 6144,
                "value_in_ia": 0,
                "value_in_standard": 6144
              }
            ],
            "tags": {
              "Name": "aws-efs"
            },
            "tags_all": {
              "Name": "aws-efs"
            },
            "throughput_mode": "bursting"
          },
          "sensitive_attributes": [],
          "private": "bnVsbA==",
          "dependencies": [
            "module.eks.aws_eks_cluster.eks_cluster",
            "module.eks.aws_eks_node_group.eks_node",
            "module.eks.aws_iam_openid_connect_provider.aws_OIDC",
            "module.eks.aws_iam_policy.AmazonEKS_AWS_Load_Balancer_Controller",
            "module.eks.aws_iam_policy.AmazonEKS_EFS_CSI_Driver_Policy",
            "module.eks.aws_iam_role.eks_SA_alb_iam_role",
            "module.eks.aws_iam_role.eks_SA_efs_iam_role",
            "module.eks.aws_iam_role.eks_cluster_iam_role",
            "module.eks.aws_iam_role.eks_node_iam_role",
            "module.eks.aws_iam_role_policy_attachment.eks_SA_iam_role-AmazonEKS_AWS_Load_Balancer_Controller",
            "module.eks.aws_iam_role_policy_attachment.eks_SA_iam_role-AmazonEKS_EFS_CSI_Driver_Policy",
            "module.eks.aws_iam_role_policy_attachment.eks_cluster_iam_role-AmazonEKSClusterPolicy",
            "module.eks.aws_iam_role_policy_attachment.eks_cluster_iam_role-AmazonEKSVPCResourceController",
            "module.eks.aws_iam_role_policy_attachment.eks_cluster_iam_role-AmazonEKS_CNI_Policy",
            "module.eks.aws_iam_role_policy_attachment.eks_node_iam_role-AmazonEC2ContainerRegistryReadOnly",
            "module.eks.aws_iam_role_policy_attachment.eks_node_iam_role-AmazonEKSWorkerNodePolicy",
            "module.eks.aws_iam_role_policy_attachment.eks_node_iam_role-AmazonEKS_CNI_Policy",
            "module.eks.data.aws_iam_policy_document.iam_policy_OIDC_assume_role_policy_SA_alb",
            "module.eks.data.aws_iam_policy_document.iam_policy_OIDC_assume_role_policy_SA_efs",
            "module.eks.data.aws_iam_roles.sa_roles",
            "module.eks.data.aws_subnets.private_subnets",
            "module.eks.data.aws_subnets.vpc_subnets",
            "module.eks.data.tls_certificate.eks_tls_cert",
            "module.vpc.aws_eip.nat_eip",
            "module.vpc.aws_internet_gateway.IGW",
            "module.vpc.aws_nat_gateway.NATgw",
            "module.vpc.aws_route_table.PrivateRT",
            "module.vpc.aws_route_table.PublicRT",
            "module.vpc.aws_route_table_association.PrivateRTassociation",
            "module.vpc.aws_route_table_association.PublicRTassociation",
            "module.vpc.aws_subnet.private_subnets",
            "module.vpc.aws_subnet.public_subnets",
            "module.vpc.aws_vpc.myvpc",
            "module.vpc.data.aws_availability_zones.aws_azs"
          ]
        }
      ]
    },
    {
      "module": "module.efs",
      "mode": "managed",
      "type": "aws_efs_mount_target",
      "name": "aws_efs_mount",
      "provider": "provider[\"registry.terraform.io/hashicorp/aws\"]",
      "instances": [
        {
          "index_key": 0,
          "schema_version": 0,
          "attributes": {
            "availability_zone_id": "apne2-az2",
            "availability_zone_name": "ap-northeast-2b",
            "dns_name": "fs-0fdc78d39f8f78510.efs.ap-northeast-2.amazonaws.com",
            "file_system_arn": "arn:aws:elasticfilesystem:ap-northeast-2:421576594835:file-system/fs-0fdc78d39f8f78510",
            "file_system_id": "fs-0fdc78d39f8f78510",
            "id": "fsmt-0d3dc69e2fb3b830b",
            "ip_address": "10.0.4.94",
            "mount_target_dns_name": "ap-northeast-2b.fs-0fdc78d39f8f78510.efs.ap-northeast-2.amazonaws.com",
            "network_interface_id": "eni-0ea517108490bc791",
            "owner_id": "421576594835",
            "security_groups": [
              "sg-057b341b9c0bda612"
            ],
            "subnet_id": "subnet-0b8812d38ead8ac80"
          },
          "sensitive_attributes": [],
          "private": "bnVsbA==",
          "dependencies": [
            "module.efs.aws_efs_file_system.aws_efs",
            "module.efs.aws_security_group.efs_security_group",
            "module.efs.data.aws_subnets.private_subnets",
            "module.efs.data.aws_vpc.vpc",
            "module.eks.aws_eks_cluster.eks_cluster",
            "module.eks.aws_eks_node_group.eks_node",
            "module.eks.aws_iam_openid_connect_provider.aws_OIDC",
            "module.eks.aws_iam_policy.AmazonEKS_AWS_Load_Balancer_Controller",
            "module.eks.aws_iam_policy.AmazonEKS_EFS_CSI_Driver_Policy",
            "module.eks.aws_iam_role.eks_SA_alb_iam_role",
            "module.eks.aws_iam_role.eks_SA_efs_iam_role",
            "module.eks.aws_iam_role.eks_cluster_iam_role",
            "module.eks.aws_iam_role.eks_node_iam_role",
            "module.eks.aws_iam_role_policy_attachment.eks_SA_iam_role-AmazonEKS_AWS_Load_Balancer_Controller",
            "module.eks.aws_iam_role_policy_attachment.eks_SA_iam_role-AmazonEKS_EFS_CSI_Driver_Policy",
            "module.eks.aws_iam_role_policy_attachment.eks_cluster_iam_role-AmazonEKSClusterPolicy",
            "module.eks.aws_iam_role_policy_attachment.eks_cluster_iam_role-AmazonEKSVPCResourceController",
            "module.eks.aws_iam_role_policy_attachment.eks_cluster_iam_role-AmazonEKS_CNI_Policy",
            "module.eks.aws_iam_role_policy_attachment.eks_node_iam_role-AmazonEC2ContainerRegistryReadOnly",
            "module.eks.aws_iam_role_policy_attachment.eks_node_iam_role-AmazonEKSWorkerNodePolicy",
            "module.eks.aws_iam_role_policy_attachment.eks_node_iam_role-AmazonEKS_CNI_Policy",
            "module.eks.data.aws_iam_policy_document.iam_policy_OIDC_assume_role_policy_SA_alb",
            "module.eks.data.aws_iam_policy_document.iam_policy_OIDC_assume_role_policy_SA_efs",
            "module.eks.data.aws_iam_roles.sa_roles",
            "module.eks.data.aws_subnets.private_subnets",
            "module.eks.data.aws_subnets.vpc_subnets",
            "module.eks.data.tls_certificate.eks_tls_cert",
            "module.vpc.aws_eip.nat_eip",
            "module.vpc.aws_internet_gateway.IGW",
            "module.vpc.aws_nat_gateway.NATgw",
            "module.vpc.aws_route_table.PrivateRT",
            "module.vpc.aws_route_table.PublicRT",
            "module.vpc.aws_route_table_association.PrivateRTassociation",
            "module.vpc.aws_route_table_association.PublicRTassociation",
            "module.vpc.aws_subnet.private_subnets",
            "module.vpc.aws_subnet.public_subnets",
            "module.vpc.aws_vpc.myvpc",
            "module.vpc.data.aws_availability_zones.aws_azs"
          ]
        },
        {
          "index_key": 1,
          "schema_version": 0,
          "attributes": {
            "availability_zone_id": "apne2-az1",
            "availability_zone_name": "ap-northeast-2a",
            "dns_name": "fs-0fdc78d39f8f78510.efs.ap-northeast-2.amazonaws.com",
            "file_system_arn": "arn:aws:elasticfilesystem:ap-northeast-2:421576594835:file-system/fs-0fdc78d39f8f78510",
            "file_system_id": "fs-0fdc78d39f8f78510",
            "id": "fsmt-0d5c6f767dc871eb7",
            "ip_address": "10.0.3.158",
            "mount_target_dns_name": "ap-northeast-2a.fs-0fdc78d39f8f78510.efs.ap-northeast-2.amazonaws.com",
            "network_interface_id": "eni-0000b1e7d488a3285",
            "owner_id": "421576594835",
            "security_groups": [
              "sg-057b341b9c0bda612"
            ],
            "subnet_id": "subnet-02e8f597848e0165a"
          },
          "sensitive_attributes": [],
          "private": "bnVsbA==",
          "dependencies": [
            "module.efs.aws_efs_file_system.aws_efs",
            "module.efs.aws_security_group.efs_security_group",
            "module.efs.data.aws_subnets.private_subnets",
            "module.efs.data.aws_vpc.vpc",
            "module.eks.aws_eks_cluster.eks_cluster",
            "module.eks.aws_eks_node_group.eks_node",
            "module.eks.aws_iam_openid_connect_provider.aws_OIDC",
            "module.eks.aws_iam_policy.AmazonEKS_AWS_Load_Balancer_Controller",
            "module.eks.aws_iam_policy.AmazonEKS_EFS_CSI_Driver_Policy",
            "module.eks.aws_iam_role.eks_SA_alb_iam_role",
            "module.eks.aws_iam_role.eks_SA_efs_iam_role",
            "module.eks.aws_iam_role.eks_cluster_iam_role",
            "module.eks.aws_iam_role.eks_node_iam_role",
            "module.eks.aws_iam_role_policy_attachment.eks_SA_iam_role-AmazonEKS_AWS_Load_Balancer_Controller",
            "module.eks.aws_iam_role_policy_attachment.eks_SA_iam_role-AmazonEKS_EFS_CSI_Driver_Policy",
            "module.eks.aws_iam_role_policy_attachment.eks_cluster_iam_role-AmazonEKSClusterPolicy",
            "module.eks.aws_iam_role_policy_attachment.eks_cluster_iam_role-AmazonEKSVPCResourceController",
            "module.eks.aws_iam_role_policy_attachment.eks_cluster_iam_role-AmazonEKS_CNI_Policy",
            "module.eks.aws_iam_role_policy_attachment.eks_node_iam_role-AmazonEC2ContainerRegistryReadOnly",
            "module.eks.aws_iam_role_policy_attachment.eks_node_iam_role-AmazonEKSWorkerNodePolicy",
            "module.eks.aws_iam_role_policy_attachment.eks_node_iam_role-AmazonEKS_CNI_Policy",
            "module.eks.data.aws_iam_policy_document.iam_policy_OIDC_assume_role_policy_SA_alb",
            "module.eks.data.aws_iam_policy_document.iam_policy_OIDC_assume_role_policy_SA_efs",
            "module.eks.data.aws_iam_roles.sa_roles",
            "module.eks.data.aws_subnets.private_subnets",
            "module.eks.data.aws_subnets.vpc_subnets",
            "module.eks.data.tls_certificate.eks_tls_cert",
            "module.vpc.aws_eip.nat_eip",
            "module.vpc.aws_internet_gateway.IGW",
            "module.vpc.aws_nat_gateway.NATgw",
            "module.vpc.aws_route_table.PrivateRT",
            "module.vpc.aws_route_table.PublicRT",
            "module.vpc.aws_route_table_association.PrivateRTassociation",
            "module.vpc.aws_route_table_association.PublicRTassociation",
            "module.vpc.aws_subnet.private_subnets",
            "module.vpc.aws_subnet.public_subnets",
            "module.vpc.aws_vpc.myvpc",
            "module.vpc.data.aws_availability_zones.aws_azs"
          ]
        }
      ]
    },
    {
      "module": "module.efs",
      "mode": "managed",
      "type": "aws_security_group",
      "name": "efs_security_group",
      "provider": "provider[\"registry.terraform.io/hashicorp/aws\"]",
      "instances": [
        {
          "schema_version": 1,
          "attributes": {
            "arn": "arn:aws:ec2:ap-northeast-2:421576594835:security-group/sg-057b341b9c0bda612",
            "description": "Allow nfs inbound traffic",
            "egress": [
              {
                "cidr_blocks": [
                  "0.0.0.0/0"
                ],
                "description": "",
                "from_port": 0,
                "ipv6_cidr_blocks": [
                  "::/0"
                ],
                "prefix_list_ids": [],
                "protocol": "-1",
                "security_groups": [],
                "self": false,
                "to_port": 0
              }
            ],
            "id": "sg-057b341b9c0bda612",
            "ingress": [
              {
                "cidr_blocks": [
                  "10.0.0.0/16"
                ],
                "description": "nfs from VPC",
                "from_port": 2049,
                "ipv6_cidr_blocks": [],
                "prefix_list_ids": [],
                "protocol": "tcp",
                "security_groups": [],
                "self": false,
                "to_port": 2049
              }
            ],
            "name": "efs_security_group",
            "name_prefix": "",
            "owner_id": "421576594835",
            "revoke_rules_on_delete": false,
            "tags": {
              "Name": "efs_security_group"
            },
            "tags_all": {
              "Name": "efs_security_group"
            },
            "timeouts": null,
            "vpc_id": "vpc-0a48d5cc09397ab48"
          },
          "sensitive_attributes": [],
          "private": "eyJlMmJmYjczMC1lY2FhLTExZTYtOGY4OC0zNDM2M2JjN2M0YzAiOnsiY3JlYXRlIjo2MDAwMDAwMDAwMDAsImRlbGV0ZSI6OTAwMDAwMDAwMDAwfSwic2NoZW1hX3ZlcnNpb24iOiIxIn0=",
          "dependencies": [
            "module.efs.data.aws_vpc.vpc",
            "module.eks.aws_eks_cluster.eks_cluster",
            "module.eks.aws_eks_node_group.eks_node",
            "module.eks.aws_iam_openid_connect_provider.aws_OIDC",
            "module.eks.aws_iam_policy.AmazonEKS_AWS_Load_Balancer_Controller",
            "module.eks.aws_iam_policy.AmazonEKS_EFS_CSI_Driver_Policy",
            "module.eks.aws_iam_role.eks_SA_alb_iam_role",
            "module.eks.aws_iam_role.eks_SA_efs_iam_role",
            "module.eks.aws_iam_role.eks_cluster_iam_role",
            "module.eks.aws_iam_role.eks_node_iam_role",
            "module.eks.aws_iam_role_policy_attachment.eks_SA_iam_role-AmazonEKS_AWS_Load_Balancer_Controller",
            "module.eks.aws_iam_role_policy_attachment.eks_SA_iam_role-AmazonEKS_EFS_CSI_Driver_Policy",
            "module.eks.aws_iam_role_policy_attachment.eks_cluster_iam_role-AmazonEKSClusterPolicy",
            "module.eks.aws_iam_role_policy_attachment.eks_cluster_iam_role-AmazonEKSVPCResourceController",
            "module.eks.aws_iam_role_policy_attachment.eks_cluster_iam_role-AmazonEKS_CNI_Policy",
            "module.eks.aws_iam_role_policy_attachment.eks_node_iam_role-AmazonEC2ContainerRegistryReadOnly",
            "module.eks.aws_iam_role_policy_attachment.eks_node_iam_role-AmazonEKSWorkerNodePolicy",
            "module.eks.aws_iam_role_policy_attachment.eks_node_iam_role-AmazonEKS_CNI_Policy",
            "module.eks.data.aws_iam_policy_document.iam_policy_OIDC_assume_role_policy_SA_alb",
            "module.eks.data.aws_iam_policy_document.iam_policy_OIDC_assume_role_policy_SA_efs",
            "module.eks.data.aws_iam_roles.sa_roles",
            "module.eks.data.aws_subnets.private_subnets",
            "module.eks.data.aws_subnets.vpc_subnets",
            "module.eks.data.tls_certificate.eks_tls_cert",
            "module.vpc.aws_eip.nat_eip",
            "module.vpc.aws_internet_gateway.IGW",
            "module.vpc.aws_nat_gateway.NATgw",
            "module.vpc.aws_route_table.PrivateRT",
            "module.vpc.aws_route_table.PublicRT",
            "module.vpc.aws_route_table_association.PrivateRTassociation",
            "module.vpc.aws_route_table_association.PublicRTassociation",
            "module.vpc.aws_subnet.private_subnets",
            "module.vpc.aws_subnet.public_subnets",
            "module.vpc.aws_vpc.myvpc",
            "module.vpc.data.aws_availability_zones.aws_azs"
          ]
        }
      ]
    },
    {
      "module": "module.eks",
      "mode": "data",
      "type": "aws_iam_policy_document",
      "name": "iam_policy_OIDC_assume_role_policy_SA_alb",
      "provider": "provider[\"registry.terraform.io/hashicorp/aws\"]",
      "instances": [
        {
          "schema_version": 0,
          "attributes": {
            "id": "2985789957",
            "json": "{\n  \"Version\": \"2012-10-17\",\n  \"Statement\": [\n    {\n      \"Sid\": \"\",\n      \"Effect\": \"Allow\",\n      \"Action\": \"sts:AssumeRoleWithWebIdentity\",\n      \"Principal\": {\n        \"Federated\": \"arn:aws:iam::421576594835:oidc-provider/oidc.eks.ap-northeast-2.amazonaws.com/id/F18743A4B6B74B81FBAA4102CC944FD5\"\n      },\n      \"Condition\": {\n        \"StringEquals\": {\n          \"oidc.eks.ap-northeast-2.amazonaws.com/id/F18743A4B6B74B81FBAA4102CC944FD5:aud\": [\n            \"sts.amazonaws.com\"\n          ],\n          \"oidc.eks.ap-northeast-2.amazonaws.com/id/F18743A4B6B74B81FBAA4102CC944FD5:sub\": [\n            \"system:serviceaccount:kube-system:alb\"\n          ]\n        }\n      }\n    }\n  ]\n}",
            "override_json": null,
            "override_policy_documents": null,
            "policy_id": null,
            "source_json": null,
            "source_policy_documents": [
              "{\r\n    \"Version\": \"2012-10-17\",\r\n    \"Statement\": [\r\n        {\r\n            \"Effect\": \"Allow\",\r\n            \"Principal\": {\r\n                \"Federated\": \"arn:aws:iam::421576594835:oidc-provider/oidc.eks.ap-northeast-2.amazonaws.com/id/F18743A4B6B74B81FBAA4102CC944FD5\"\r\n            },\r\n            \"Action\": \"sts:AssumeRoleWithWebIdentity\",\r\n            \"Condition\": {\r\n                \"StringEquals\": {\r\n                    \"oidc.eks.ap-northeast-2.amazonaws.com/id/F18743A4B6B74B81FBAA4102CC944FD5:sub\": \"system:serviceaccount:kube-system:alb\",\r\n                    \"oidc.eks.ap-northeast-2.amazonaws.com/id/F18743A4B6B74B81FBAA4102CC944FD5:aud\": \"sts.amazonaws.com\"\r\n                }\r\n            }\r\n        }\r\n    ]\r\n}\r\n"
            ],
            "statement": null,
            "version": "2012-10-17"
          },
          "sensitive_attributes": []
        }
      ]
    },
    {
      "module": "module.eks",
      "mode": "data",
      "type": "aws_iam_policy_document",
      "name": "iam_policy_OIDC_assume_role_policy_SA_efs",
      "provider": "provider[\"registry.terraform.io/hashicorp/aws\"]",
      "instances": [
        {
          "schema_version": 0,
          "attributes": {
            "id": "4028846583",
            "json": "{\n  \"Version\": \"2012-10-17\",\n  \"Statement\": [\n    {\n      \"Sid\": \"\",\n      \"Effect\": \"Allow\",\n      \"Action\": \"sts:AssumeRoleWithWebIdentity\",\n      \"Principal\": {\n        \"Federated\": \"arn:aws:iam::421576594835:oidc-provider/oidc.eks.ap-northeast-2.amazonaws.com/id/F18743A4B6B74B81FBAA4102CC944FD5\"\n      },\n      \"Condition\": {\n        \"StringEquals\": {\n          \"oidc.eks.ap-northeast-2.amazonaws.com/id/F18743A4B6B74B81FBAA4102CC944FD5:aud\": [\n            \"sts.amazonaws.com\"\n          ],\n          \"oidc.eks.ap-northeast-2.amazonaws.com/id/F18743A4B6B74B81FBAA4102CC944FD5:sub\": [\n            \"system:serviceaccount:kube-system:efs\"\n          ]\n        }\n      }\n    }\n  ]\n}",
            "override_json": null,
            "override_policy_documents": null,
            "policy_id": null,
            "source_json": null,
            "source_policy_documents": [
              "{\r\n    \"Version\": \"2012-10-17\",\r\n    \"Statement\": [\r\n        {\r\n            \"Effect\": \"Allow\",\r\n            \"Principal\": {\r\n                \"Federated\": \"arn:aws:iam::421576594835:oidc-provider/oidc.eks.ap-northeast-2.amazonaws.com/id/F18743A4B6B74B81FBAA4102CC944FD5\"\r\n            },\r\n            \"Action\": \"sts:AssumeRoleWithWebIdentity\",\r\n            \"Condition\": {\r\n                \"StringEquals\": {\r\n                    \"oidc.eks.ap-northeast-2.amazonaws.com/id/F18743A4B6B74B81FBAA4102CC944FD5:sub\": \"system:serviceaccount:kube-system:efs\",\r\n                    \"oidc.eks.ap-northeast-2.amazonaws.com/id/F18743A4B6B74B81FBAA4102CC944FD5:aud\": \"sts.amazonaws.com\"\r\n                }\r\n            }\r\n        }\r\n    ]\r\n}\r\n"
            ],
            "statement": null,
            "version": "2012-10-17"
          },
          "sensitive_attributes": []
        }
      ]
    },
    {
      "module": "module.eks",
      "mode": "data",
      "type": "aws_iam_roles",
      "name": "sa_roles",
      "provider": "provider[\"registry.terraform.io/hashicorp/aws\"]",
      "instances": [
        {
          "schema_version": 0,
          "attributes": {
            "arns": [
              "arn:aws:iam::421576594835:role/eks_SA_alb_iam_role",
              "arn:aws:iam::421576594835:role/eks_SA_efs_iam_role"
            ],
            "id": "ap-northeast-2",
            "name_regex": ".*SA.*",
            "names": [
              "eks_SA_alb_iam_role",
              "eks_SA_efs_iam_role"
            ],
            "path_prefix": null
          },
          "sensitive_attributes": []
        }
      ]
    },
    {
      "module": "module.eks",
      "mode": "data",
      "type": "aws_subnets",
      "name": "private_subnets",
      "provider": "provider[\"registry.terraform.io/hashicorp/aws\"]",
      "instances": [
        {
          "schema_version": 0,
          "attributes": {
            "filter": [
              {
                "name": "tag:Name",
                "values": [
                  "Private*"
                ]
              },
              {
                "name": "vpc-id",
                "values": [
                  "vpc-0a48d5cc09397ab48"
                ]
              }
            ],
            "id": "ap-northeast-2",
            "ids": [
              "subnet-0b8812d38ead8ac80",
              "subnet-02e8f597848e0165a"
            ],
            "tags": null,
            "timeouts": null
          },
          "sensitive_attributes": []
        }
      ]
    },
    {
      "module": "module.eks",
      "mode": "data",
      "type": "aws_subnets",
      "name": "vpc_subnets",
      "provider": "provider[\"registry.terraform.io/hashicorp/aws\"]",
      "instances": [
        {
          "schema_version": 0,
          "attributes": {
            "filter": [
              {
                "name": "vpc-id",
                "values": [
                  "vpc-0a48d5cc09397ab48"
                ]
              }
            ],
            "id": "ap-northeast-2",
            "ids": [
              "subnet-0b8812d38ead8ac80",
              "subnet-01c0ebca472e80dac",
              "subnet-02e8f597848e0165a",
              "subnet-002806d2be98f076c"
            ],
            "tags": null,
            "timeouts": null
          },
          "sensitive_attributes": []
        }
      ]
    },
    {
      "module": "module.eks",
      "mode": "data",
      "type": "tls_certificate",
      "name": "eks_tls_cert",
      "provider": "provider[\"registry.terraform.io/hashicorp/tls\"]",
      "instances": [
        {
          "schema_version": 0,
          "attributes": {
            "certificates": [
              {
                "cert_pem": "-----BEGIN CERTIFICATE-----\nMIIEdTCCA12gAwIBAgIJAKcOSkw0grd/MA0GCSqGSIb3DQEBCwUAMGgxCzAJBgNV\nBAYTAlVTMSUwIwYDVQQKExxTdGFyZmllbGQgVGVjaG5vbG9naWVzLCBJbmMuMTIw\nMAYDVQQLEylTdGFyZmllbGQgQ2xhc3MgMiBDZXJ0aWZpY2F0aW9uIEF1dGhvcml0\neTAeFw0wOTA5MDIwMDAwMDBaFw0zNDA2MjgxNzM5MTZaMIGYMQswCQYDVQQGEwJV\nUzEQMA4GA1UECBMHQXJpem9uYTETMBEGA1UEBxMKU2NvdHRzZGFsZTElMCMGA1UE\nChMcU3RhcmZpZWxkIFRlY2hub2xvZ2llcywgSW5jLjE7MDkGA1UEAxMyU3RhcmZp\nZWxkIFNlcnZpY2VzIFJvb3QgQ2VydGlmaWNhdGUgQXV0aG9yaXR5IC0gRzIwggEi\nMA0GCSqGSIb3DQEBAQUAA4IBDwAwggEKAoIBAQDVDDrEKvlO4vW+GZdfjohTsR8/\ny8+fIBNtKTrID30892t2OGPZNmCom15cAICyL1l/9of5JUOG52kbUpqQ4XHj2C0N\nTm/2yEnZtvMaVq4rtnQU68/7JuMauh2WLmo7WJSJR1b/JaCTcFOD2oR0FMNnngRo\nOt+OQFodSk7PQ5E751bWAHDLUu57fa4657wx+UX2wmDPE1kCK4DMNEffud6QZW0C\nzyyRpqbn3oUYSXxmTqM6bam17jQuug0DuDPfR+uxa40l2ZvOgdFFRjKWcIfeAg5J\nQ4W2bHO7ZOphQazJ1FTfhy/HIrImzJ9ZVGif/L4qL8RVHHVAYBeFAlU5i38FAgMB\nAAGjgfAwge0wDwYDVR0TAQH/BAUwAwEB/zAOBgNVHQ8BAf8EBAMCAYYwHQYDVR0O\nBBYEFJxfAN+qAdcwKziIorhtSpzyEZGDMB8GA1UdIwQYMBaAFL9ft9HO3R+G9FtV\nrNzXEMIOqYjnME8GCCsGAQUFBwEBBEMwQTAcBggrBgEFBQcwAYYQaHR0cDovL28u\nc3MyLnVzLzAhBggrBgEFBQcwAoYVaHR0cDovL3guc3MyLnVzL3guY2VyMCYGA1Ud\nHwQfMB0wG6AZoBeGFWh0dHA6Ly9zLnNzMi51cy9yLmNybDARBgNVHSAECjAIMAYG\nBFUdIAAwDQYJKoZIhvcNAQELBQADggEBACMd44pXyn3pF3lM8R5V/cxTbj5HD9/G\nVfKyBDbtgB9TxF00KGu+x1X8Z+rLP3+QsjPNG1gQggL4+C/1E2DUBc7xgQjB3ad1\nl08YuW3e95ORCLp+QCztweq7dp4zBncdDQh/U90bZKuCJ/Fp1U1ervShw3WnWEQt\n8jxwmKy6abaVd38PMV4s/KCHOkdp8Hlf9BRUpJVeEXgSYCfOn8J3/yNTd126/+pZ\n59vPr5KW7ySaNRB6nJHGDn2Z9j8Z3/VyVOEVqQdZe4O/Ui5GjLIAZHYcSNPYeehu\nVsyuLAOQ1xk4meTKCRlb/weWsKh/NEnfVqn3sF/tM+2MR7cwA130A4w=\n-----END CERTIFICATE-----\n",
                "is_ca": true,
                "issuer": "OU=Starfield Class 2 Certification Authority,O=Starfield Technologies\\, Inc.,C=US",
                "not_after": "2034-06-28T17:39:16Z",
                "not_before": "2009-09-02T00:00:00Z",
                "public_key_algorithm": "RSA",
                "serial_number": "12037640545166866303",
                "sha1_fingerprint": "9e99a48a9960b14926bb7f3b02e22da2b0ab7280",
                "signature_algorithm": "SHA256-RSA",
                "subject": "CN=Starfield Services Root Certificate Authority - G2,O=Starfield Technologies\\, Inc.,L=Scottsdale,ST=Arizona,C=US",
                "version": 3
              },
              {
                "cert_pem": "-----BEGIN CERTIFICATE-----\nMIIEkjCCA3qgAwIBAgITBn+USionzfP6wq4rAfkI7rnExjANBgkqhkiG9w0BAQsF\nADCBmDELMAkGA1UEBhMCVVMxEDAOBgNVBAgTB0FyaXpvbmExEzARBgNVBAcTClNj\nb3R0c2RhbGUxJTAjBgNVBAoTHFN0YXJmaWVsZCBUZWNobm9sb2dpZXMsIEluYy4x\nOzA5BgNVBAMTMlN0YXJmaWVsZCBTZXJ2aWNlcyBSb290IENlcnRpZmljYXRlIEF1\ndGhvcml0eSAtIEcyMB4XDTE1MDUyNTEyMDAwMFoXDTM3MTIzMTAxMDAwMFowOTEL\nMAkGA1UEBhMCVVMxDzANBgNVBAoTBkFtYXpvbjEZMBcGA1UEAxMQQW1hem9uIFJv\nb3QgQ0EgMTCCASIwDQYJKoZIhvcNAQEBBQADggEPADCCAQoCggEBALJ4gHHKeNXj\nca9HgFB0fW7Y14h29Jlo91ghYPl0hAEvrAIthtOgQ3pOsqTQNroBvo3bSMgHFzZM\n9O6II8c+6zf1tRn4SWiw3te5djgdYZ6k/oI2peVKVuRF4fn9tBb6dNqcmzU5L/qw\nIFAGbHrQgLKm+a/sRxmPUDgH3KKHOVj4utWp+UhnMJbulHheb4mjUcAwhmahRWa6\nVOujw5H5SNz/0egwLX0tdHA114gk957EWW67c4cX8jJGKLhD+rcdqsq08p8kDi1L\n93FcXmn/6pUCyziKrlA4b9v7LWIbxcceVOF34GfID5yHI9Y/QCB/IIDEgEw+OyQm\njgSubJrIqg0CAwEAAaOCATEwggEtMA8GA1UdEwEB/wQFMAMBAf8wDgYDVR0PAQH/\nBAQDAgGGMB0GA1UdDgQWBBSEGMyFNOy8DJSULghZnMeyEE4KCDAfBgNVHSMEGDAW\ngBScXwDfqgHXMCs4iKK4bUqc8hGRgzB4BggrBgEFBQcBAQRsMGowLgYIKwYBBQUH\nMAGGImh0dHA6Ly9vY3NwLnJvb3RnMi5hbWF6b250cnVzdC5jb20wOAYIKwYBBQUH\nMAKGLGh0dHA6Ly9jcnQucm9vdGcyLmFtYXpvbnRydXN0LmNvbS9yb290ZzIuY2Vy\nMD0GA1UdHwQ2MDQwMqAwoC6GLGh0dHA6Ly9jcmwucm9vdGcyLmFtYXpvbnRydXN0\nLmNvbS9yb290ZzIuY3JsMBEGA1UdIAQKMAgwBgYEVR0gADANBgkqhkiG9w0BAQsF\nAAOCAQEAYjdCXLwQtT6LLOkMm2xF4gcAevnFWAu5CIw+7bMlPLVvUOTNNWqnkzSW\nMiGpSESrnO09tKpzbeR/FoCJbM8oAxiDR3mjEH4wW6w7sGDgd9QIpuEdfF7Au/ma\neyKdpwAJfqxGF4PcnCZXmTA5YpaP7dreqsXMGz7KQ2hsVxa81Q4gLv7/wmpdLqBK\nbRRYh5TmOTFffHPLkIhqhBGWJ6bt2YFGpn6jcgAKUj6DiAdjd4lpFw85hdKrCEVN\n0FE6/V1dN2RMfjCyVSRCnTawXZwXgWHxyvkQAiSr6w10kY17RSlQOYiypok1JR4U\nakcjMS9cmvqtmg5iUaQqqcT5NJ0hGA==\n-----END CERTIFICATE-----\n",
                "is_ca": true,
                "issuer": "CN=Starfield Services Root Certificate Authority - G2,O=Starfield Technologies\\, Inc.,L=Scottsdale,ST=Arizona,C=US",
                "not_after": "2037-12-31T01:00:00Z",
                "not_before": "2015-05-25T12:00:00Z",
                "public_key_algorithm": "RSA",
                "serial_number": "144918191876577076464031512351042010504348870",
                "sha1_fingerprint": "06b25927c42a721631c1efd9431e648fa62e1e39",
                "signature_algorithm": "SHA256-RSA",
                "subject": "CN=Amazon Root CA 1,O=Amazon,C=US",
                "version": 3
              },
              {
                "cert_pem": "-----BEGIN CERTIFICATE-----\nMIIESTCCAzGgAwIBAgITBn+UV4WH6Kx33rJTMlu8mYtWDTANBgkqhkiG9w0BAQsF\nADA5MQswCQYDVQQGEwJVUzEPMA0GA1UEChMGQW1hem9uMRkwFwYDVQQDExBBbWF6\nb24gUm9vdCBDQSAxMB4XDTE1MTAyMjAwMDAwMFoXDTI1MTAxOTAwMDAwMFowRjEL\nMAkGA1UEBhMCVVMxDzANBgNVBAoTBkFtYXpvbjEVMBMGA1UECxMMU2VydmVyIENB\nIDFCMQ8wDQYDVQQDEwZBbWF6b24wggEiMA0GCSqGSIb3DQEBAQUAA4IBDwAwggEK\nAoIBAQDCThZn3c68asg3Wuw6MLAd5tES6BIoSMzoKcG5blPVo+sDORrMd4f2AbnZ\ncMzPa43j4wNxhplty6aUKk4T1qe9BOwKFjwK6zmxxLVYo7bHViXsPlJ6qOMpFge5\nblDP+18x+B26A0piiQOuPkfyDyeR4xQghfj66Yo19V+emU3nazfvpFA+ROz6WoVm\nB5x+F2pV8xeKNR7u6azDdU5YVX1TawprmxRC1+WsAYmz6qP+z8ArDITC2FMVy2fw\n0IjKOtEXc/VfmtTFch5+AfGYMGMqqvJ6LcXiAhqG5TI+Dr0RtM88k+8XUBCeQ8IG\nKuANaL7TiItKZYxK1MMuTJtV9IblAgMBAAGjggE7MIIBNzASBgNVHRMBAf8ECDAG\nAQH/AgEAMA4GA1UdDwEB/wQEAwIBhjAdBgNVHQ4EFgQUWaRmBlKge5WSPKOUByeW\ndFv5PdAwHwYDVR0jBBgwFoAUhBjMhTTsvAyUlC4IWZzHshBOCggwewYIKwYBBQUH\nAQEEbzBtMC8GCCsGAQUFBzABhiNodHRwOi8vb2NzcC5yb290Y2ExLmFtYXpvbnRy\ndXN0LmNvbTA6BggrBgEFBQcwAoYuaHR0cDovL2NydC5yb290Y2ExLmFtYXpvbnRy\ndXN0LmNvbS9yb290Y2ExLmNlcjA/BgNVHR8EODA2MDSgMqAwhi5odHRwOi8vY3Js\nLnJvb3RjYTEuYW1hem9udHJ1c3QuY29tL3Jvb3RjYTEuY3JsMBMGA1UdIAQMMAow\nCAYGZ4EMAQIBMA0GCSqGSIb3DQEBCwUAA4IBAQCFkr41u3nPo4FCHOTjY3NTOVI1\n59Gt/a6ZiqyJEi+752+a1U5y6iAwYfmXss2lJwJFqMp2PphKg5625kXg8kP2CN5t\n6G7bMQcT8C8xDZNtYTd7WPD8UZiRKAJPBXa30/AbwuZe0GaFEQ8ugcYQgSn+IGBI\n8/LwhBNTZTUVEWuCUUBVV18YtbAiPq3yXqMB48Oz+ctBWuZSkbvkNodPLamkB2g1\nupRyzQ7qDn1X8nn8N8V7YJ6y68AtkHcNSRAnpTitxBKjtKPISLMVCx7i4hncxHZS\nyLyKQXhw2W2Xs0qLeC1etA+jTGDK4UfLeC0SF7FSi8o5LL21L8IzApar2pR/\n-----END CERTIFICATE-----\n",
                "is_ca": true,
                "issuer": "CN=Amazon Root CA 1,O=Amazon,C=US",
                "not_after": "2025-10-19T00:00:00Z",
                "not_before": "2015-10-22T00:00:00Z",
                "public_key_algorithm": "RSA",
                "serial_number": "144918209630989264145272943054026349679957517",
                "sha1_fingerprint": "917e732d330f9a12404f73d8bea36948b929dffc",
                "signature_algorithm": "SHA256-RSA",
                "subject": "CN=Amazon,OU=Server CA 1B,O=Amazon,C=US",
                "version": 3
              },
              {
                "cert_pem": "-----BEGIN CERTIFICATE-----\nMIIGBDCCBOygAwIBAgIQCneydd7qXdM9F747ypOYmDANBgkqhkiG9w0BAQsFADBG\nMQswCQYDVQQGEwJVUzEPMA0GA1UEChMGQW1hem9uMRUwEwYDVQQLEwxTZXJ2ZXIg\nQ0EgMUIxDzANBgNVBAMTBkFtYXpvbjAeFw0yMjA1MTMwMDAwMDBaFw0yMzA2MTEy\nMzU5NTlaMDAxLjAsBgNVBAMTJW9pZGMuZWtzLmFwLW5vcnRoZWFzdC0yLmFtYXpv\nbmF3cy5jb20wggEiMA0GCSqGSIb3DQEBAQUAA4IBDwAwggEKAoIBAQDWICnYVH4Q\nK/uOqyi74Ti0sUcL6xrBjtBI75VmK2EdPjE/Ef4JCQQdW2792joDjElUIFYOH2Od\n0mpHRbz6+lNaeoSznflY1YIzJjO2VZoqV/XtILiR/u2CbvszmuUVDgOx4fh1Bfom\nnHXbYTjQtffP9USp1cvgoyPhkSV3m5I267zqIo9bUwmAikPSHFEIX4svWnedDb+V\nU1WM1tdiRob5i4xFj7GzJi7C4TDQxG53KVpwnKWUtK9TJt20Haagy3bQnvNVuqlX\nepUBR4EhIFJNHoUujuASl7O1K0XsWJZRelpOqZfF/+4aLLaGt0yPMCEH+0KDdC+R\nnAU6OkjHEmH9AgMBAAGjggMCMIIC/jAfBgNVHSMEGDAWgBRZpGYGUqB7lZI8o5QH\nJ5Z0W/k90DAdBgNVHQ4EFgQUKbfpHGuOyp5prrJ/GidZ2w4JREYwMAYDVR0RBCkw\nJ4Ilb2lkYy5la3MuYXAtbm9ydGhlYXN0LTIuYW1hem9uYXdzLmNvbTAOBgNVHQ8B\nAf8EBAMCBaAwHQYDVR0lBBYwFAYIKwYBBQUHAwEGCCsGAQUFBwMCMD0GA1UdHwQ2\nMDQwMqAwoC6GLGh0dHA6Ly9jcmwuc2NhMWIuYW1hem9udHJ1c3QuY29tL3NjYTFi\nLTEuY3JsMBMGA1UdIAQMMAowCAYGZ4EMAQIBMHUGCCsGAQUFBwEBBGkwZzAtBggr\nBgEFBQcwAYYhaHR0cDovL29jc3Auc2NhMWIuYW1hem9udHJ1c3QuY29tMDYGCCsG\nAQUFBzAChipodHRwOi8vY3J0LnNjYTFiLmFtYXpvbnRydXN0LmNvbS9zY2ExYi5j\ncnQwDAYDVR0TAQH/BAIwADCCAYAGCisGAQQB1nkCBAIEggFwBIIBbAFqAHcA6D7Q\n2j71BjUy51covIlryQPTy9ERa+zraeF3fW0GvW4AAAGAushJUgAABAMASDBGAiEA\nydVYJeFgogSHFf+m50hLLh4wbpVlLt6PcYpyaDB5bPgCIQCnajdTxIgh0BAbR0Pd\n8sOOn8A0yncN3aNOipt8g/CtbAB2ADXPGRu/sWxXvw+tTG1Cy7u2JyAmUeo/4Srv\nqAPDO9ZMAAABgLrISXQAAAQDAEcwRQIgOVy4O21h69slBz1WZO3RWaOJt3TY6JLG\nYEVsRVuPsGgCIQDPeqXU/0EMLibFwWzWyDHhnU5jR+uU0A09tqptd7UYLQB3ALc+\n+yTfnE26dfI5xbpY9Gxd/ELPep81xJ4dCYEl7bSZAAABgLrISWsAAAQDAEgwRgIh\nAJlJP38syboeJN1B2WtgMU8YhdrJ97Za3bAHZJAVmn06AiEAk5gZurPO9ztpuTy2\nil4cUrzu8WXQ6nimVe/ttE0NyuYwDQYJKoZIhvcNAQELBQADggEBABp058JXy2ZV\nS9OEr7XS83lG6TMmQmc+Vi/dAWyoi4gsipaPHD8dBE1MevW5P16YVa/46/OzSHkn\nBDz7oJCCtRNyWlO6H3JqprPUzDG2nGQ7/eSFlkwMPgzjfRR23OB4zl7+oNmWo5NI\nVKqwUuTXzPSv5DPQMs+zpd0lOVt5GXCmR74hiMaH1fsZCr7BJ9Vo4i1L9UApqFMI\nS4t567WYkNL7jWcdg3SEYC3zKoMqmsAQa7s02bXWiQMDVf1pariAdLH7oB6EpbO/\nEIJTMon4Hpa1GvCjlleM3iCqIodOZuaOs3zR75CeJj0KSea6e4kw5F0RN6kKFKDi\nIdUKcGOx02c=\n-----END CERTIFICATE-----\n",
                "is_ca": false,
                "issuer": "CN=Amazon,OU=Server CA 1B,O=Amazon,C=US",
                "not_after": "2023-06-11T23:59:59Z",
                "not_before": "2022-05-13T00:00:00Z",
                "public_key_algorithm": "RSA",
                "serial_number": "13913782891608271281972691959643609240",
                "sha1_fingerprint": "78671c125375bf74f21bba0aa08c5ecf1d437b1e",
                "signature_algorithm": "SHA256-RSA",
                "subject": "CN=oidc.eks.ap-northeast-2.amazonaws.com",
                "version": 3
              }
            ],
            "content": null,
            "id": "e60b99f22d560af59fd9077af16f33b74a2d6b2e",
            "url": "https://oidc.eks.ap-northeast-2.amazonaws.com/id/F18743A4B6B74B81FBAA4102CC944FD5",
            "verify_chain": true
          },
          "sensitive_attributes": []
        }
      ]
    },
    {
      "module": "module.eks",
      "mode": "managed",
      "type": "aws_eks_cluster",
      "name": "eks_cluster",
      "provider": "provider[\"registry.terraform.io/hashicorp/aws\"]",
      "instances": [
        {
          "schema_version": 0,
          "attributes": {
            "arn": "arn:aws:eks:ap-northeast-2:421576594835:cluster/eks_ctl",
            "certificate_authority": [
              {
                "data": "LS0tLS1CRUdJTiBDRVJUSUZJQ0FURS0tLS0tCk1JSUMvakNDQWVhZ0F3SUJBZ0lCQURBTkJna3Foa2lHOXcwQkFRc0ZBREFWTVJNd0VRWURWUVFERXdwcmRXSmwKY201bGRHVnpNQjRYRFRJek1ERXhPREExTWpJMU1Gb1hEVE16TURFeE5UQTFNakkxTUZvd0ZURVRNQkVHQTFVRQpBeE1LYTNWaVpYSnVaWFJsY3pDQ0FTSXdEUVlKS29aSWh2Y05BUUVCQlFBRGdnRVBBRENDQVFvQ2dnRUJBS3R4CmdKM2RiTGJCTlNUdGwxZHc3bytqMWpKR05KVDVZcHdlbGF1VC9Mb2FNdGxpd0VwYVI1TVo0NTdJYU9zbnNNc1kKQWZMbTl0QkppbTlXN0ZTb004c1F1NGs0QkJhYjhya3llSHlLWTFkS2xZOC9Tb0NyU0pQNUNyVmxycnNIRXVxbApsTnhjSGZQRnU2TUNVWTVYOHRqcGltZXFjemNaUTNJZXRYZGZPaXFtNTU5WStEK1BoRGc5VEJtdUx2QVlSWmw5CldEcy9UTVVyNmVLejRmS0VBTUFCZUE4aTR3THZ2SzNRQllLUnNHOGZlb2YzQUlBN2pjNFRKSlVLR0tqUE9ZWW0KcmRMN29EQThGZlNzRzlmMjBhVzJLRHdvRG1rZGd5ZVdsMEQ4eEVJelA2dS8yMmpLWXhOOWtadkpXZ3RsYjNIUgpJd3R2ZnJVNlJtTDM2RTlpT1NNQ0F3RUFBYU5aTUZjd0RnWURWUjBQQVFIL0JBUURBZ0trTUE4R0ExVWRFd0VCCi93UUZNQU1CQWY4d0hRWURWUjBPQkJZRUZCVHhvdU4vU25UYklVczJMZXJYbzRuYms5Z1dNQlVHQTFVZEVRUU8KTUF5Q0NtdDFZbVZ5Ym1WMFpYTXdEUVlKS29aSWh2Y05BUUVMQlFBRGdnRUJBQ2pabWlEOXNaVW1GYWNFNjRqSAp4bHg3Q0hpRVIzaEowMFhkMTV6Sjg4U1MvZFZidkNYZnVFWHhsOWFyY2JTenFVdUdxRi9Kdkd4b2VCMnB3dVUvCkFwTTdZellzV2ZvWkpqUjNLRUdzQ3kxQllyQzV0Z0dmbEhmOEFtSlJVS2FBMVVJWE02Ly9JWDI2QnIweWlTUnYKL0h5dWUwazd1NzhQOTBnNlQ3TzB6eTVWZXBCRTkvY2lyVlZDREl6NnlqVnNRNWhKZWxOQm5NQ0tLWG9yUysvcgo1dVJvRTBQWUdIUGlQTGh0TXdneGxLMm0xdlBEZG9DUGxGb3pTR1RFdEkzd0JUTjRZbXFkcEt5VlJTMEhYbmRqCkRDQmwrTkovbFRsbjJwTWcrc1QydG1pSEkyV1ljNXZHQ0c1akxPZFJMVmhGdEw0M1RINTc3NS9LSk9rMFlvT3UKekRBPQotLS0tLUVORCBDRVJUSUZJQ0FURS0tLS0tCg=="
              }
            ],
            "cluster_id": null,
            "created_at": "2023-01-18 05:17:32.583 +0000 UTC",
            "enabled_cluster_log_types": [],
            "encryption_config": [],
            "endpoint": "https://F18743A4B6B74B81FBAA4102CC944FD5.gr7.ap-northeast-2.eks.amazonaws.com",
            "id": "eks_ctl",
            "identity": [
              {
                "oidc": [
                  {
                    "issuer": "https://oidc.eks.ap-northeast-2.amazonaws.com/id/F18743A4B6B74B81FBAA4102CC944FD5"
                  }
                ]
              }
            ],
            "kubernetes_network_config": [
              {
                "ip_family": "ipv4",
                "service_ipv4_cidr": "172.20.0.0/16",
                "service_ipv6_cidr": ""
              }
            ],
            "name": "eks_ctl",
            "outpost_config": [],
            "platform_version": "eks.3",
            "role_arn": "arn:aws:iam::421576594835:role/eks-cluster-iam_role",
            "status": "ACTIVE",
            "tags": {},
            "tags_all": {},
            "timeouts": null,
            "version": "1.24",
            "vpc_config": [
              {
                "cluster_security_group_id": "sg-0d65499b2dfb4e860",
                "endpoint_private_access": false,
                "endpoint_public_access": true,
                "public_access_cidrs": [
                  "0.0.0.0/0"
                ],
                "security_group_ids": [],
                "subnet_ids": [
                  "subnet-002806d2be98f076c",
                  "subnet-01c0ebca472e80dac",
                  "subnet-02e8f597848e0165a",
                  "subnet-0b8812d38ead8ac80"
                ],
                "vpc_id": "vpc-0a48d5cc09397ab48"
              }
            ]
          },
          "sensitive_attributes": [],
          "private": "eyJlMmJmYjczMC1lY2FhLTExZTYtOGY4OC0zNDM2M2JjN2M0YzAiOnsiY3JlYXRlIjoxODAwMDAwMDAwMDAwLCJkZWxldGUiOjkwMDAwMDAwMDAwMCwidXBkYXRlIjozNjAwMDAwMDAwMDAwfX0=",
          "dependencies": [
            "module.eks.aws_iam_role.eks_cluster_iam_role",
            "module.eks.aws_iam_role_policy_attachment.eks_cluster_iam_role-AmazonEKSClusterPolicy",
            "module.eks.aws_iam_role_policy_attachment.eks_cluster_iam_role-AmazonEKSVPCResourceController",
            "module.eks.aws_iam_role_policy_attachment.eks_cluster_iam_role-AmazonEKS_CNI_Policy",
            "module.eks.data.aws_subnets.vpc_subnets",
            "module.vpc.aws_eip.nat_eip",
            "module.vpc.aws_internet_gateway.IGW",
            "module.vpc.aws_nat_gateway.NATgw",
            "module.vpc.aws_route_table.PrivateRT",
            "module.vpc.aws_route_table.PublicRT",
            "module.vpc.aws_route_table_association.PrivateRTassociation",
            "module.vpc.aws_route_table_association.PublicRTassociation",
            "module.vpc.aws_subnet.private_subnets",
            "module.vpc.aws_subnet.public_subnets",
            "module.vpc.aws_vpc.myvpc",
            "module.vpc.data.aws_availability_zones.aws_azs"
          ]
        }
      ]
    },
    {
      "module": "module.eks",
      "mode": "managed",
      "type": "aws_eks_node_group",
      "name": "eks_node",
      "provider": "provider[\"registry.terraform.io/hashicorp/aws\"]",
      "instances": [
        {
          "schema_version": 0,
          "attributes": {
            "ami_type": "AL2_ARM_64",
            "arn": "arn:aws:eks:ap-northeast-2:421576594835:nodegroup/eks_ctl/eks-node/56c2e1ab-c4fc-de0c-f723-a99032b273f6",
            "capacity_type": "ON_DEMAND",
            "cluster_name": "eks_ctl",
            "disk_size": 20,
            "force_update_version": null,
            "id": "eks_ctl:eks-node",
            "instance_types": [
              "t4g.large"
            ],
            "labels": {},
            "launch_template": [],
            "node_group_name": "eks-node",
            "node_group_name_prefix": "",
            "node_role_arn": "arn:aws:iam::421576594835:role/eks-node-iam_role",
            "release_version": "1.24.7-20230105",
            "remote_access": [],
            "resources": [
              {
                "autoscaling_groups": [
                  {
                    "name": "eks-eks-node-56c2e1ab-c4fc-de0c-f723-a99032b273f6"
                  }
                ],
                "remote_access_security_group_id": ""
              }
            ],
            "scaling_config": [
              {
                "desired_size": 1,
                "max_size": 2,
                "min_size": 1
              }
            ],
            "status": "ACTIVE",
            "subnet_ids": [
              "subnet-02e8f597848e0165a",
              "subnet-0b8812d38ead8ac80"
            ],
            "tags": {},
            "tags_all": {},
            "taint": [],
            "timeouts": null,
            "update_config": [
              {
                "max_unavailable": 1,
                "max_unavailable_percentage": 0
              }
            ],
            "version": "1.24"
          },
          "sensitive_attributes": [],
          "private": "eyJlMmJmYjczMC1lY2FhLTExZTYtOGY4OC0zNDM2M2JjN2M0YzAiOnsiY3JlYXRlIjozNjAwMDAwMDAwMDAwLCJkZWxldGUiOjM2MDAwMDAwMDAwMDAsInVwZGF0ZSI6MzYwMDAwMDAwMDAwMH19",
          "dependencies": [
            "module.eks.aws_eks_cluster.eks_cluster",
            "module.eks.aws_iam_role.eks_cluster_iam_role",
            "module.eks.aws_iam_role.eks_node_iam_role",
            "module.eks.aws_iam_role_policy_attachment.eks_cluster_iam_role-AmazonEKSClusterPolicy",
            "module.eks.aws_iam_role_policy_attachment.eks_cluster_iam_role-AmazonEKSVPCResourceController",
            "module.eks.aws_iam_role_policy_attachment.eks_cluster_iam_role-AmazonEKS_CNI_Policy",
            "module.eks.aws_iam_role_policy_attachment.eks_node_iam_role-AmazonEC2ContainerRegistryReadOnly",
            "module.eks.aws_iam_role_policy_attachment.eks_node_iam_role-AmazonEKSWorkerNodePolicy",
            "module.eks.aws_iam_role_policy_attachment.eks_node_iam_role-AmazonEKS_CNI_Policy",
            "module.eks.data.aws_subnets.private_subnets",
            "module.eks.data.aws_subnets.vpc_subnets",
            "module.vpc.aws_eip.nat_eip",
            "module.vpc.aws_internet_gateway.IGW",
            "module.vpc.aws_nat_gateway.NATgw",
            "module.vpc.aws_route_table.PrivateRT",
            "module.vpc.aws_route_table.PublicRT",
            "module.vpc.aws_route_table_association.PrivateRTassociation",
            "module.vpc.aws_route_table_association.PublicRTassociation",
            "module.vpc.aws_subnet.private_subnets",
            "module.vpc.aws_subnet.public_subnets",
            "module.vpc.aws_vpc.myvpc",
            "module.vpc.data.aws_availability_zones.aws_azs"
          ]
        }
      ]
    },
    {
      "module": "module.eks",
      "mode": "managed",
      "type": "aws_iam_openid_connect_provider",
      "name": "aws_OIDC",
      "provider": "provider[\"registry.terraform.io/hashicorp/aws\"]",
      "instances": [
        {
          "schema_version": 0,
          "attributes": {
            "arn": "arn:aws:iam::421576594835:oidc-provider/oidc.eks.ap-northeast-2.amazonaws.com/id/F18743A4B6B74B81FBAA4102CC944FD5",
            "client_id_list": [
              "sts.amazonaws.com"
            ],
            "id": "arn:aws:iam::421576594835:oidc-provider/oidc.eks.ap-northeast-2.amazonaws.com/id/F18743A4B6B74B81FBAA4102CC944FD5",
            "tags": {},
            "tags_all": {},
            "thumbprint_list": [
              "9e99a48a9960b14926bb7f3b02e22da2b0ab7280",
              "06b25927c42a721631c1efd9431e648fa62e1e39",
              "917e732d330f9a12404f73d8bea36948b929dffc",
              "78671c125375bf74f21bba0aa08c5ecf1d437b1e"
            ],
            "url": "oidc.eks.ap-northeast-2.amazonaws.com/id/F18743A4B6B74B81FBAA4102CC944FD5"
          },
          "sensitive_attributes": [],
          "private": "bnVsbA==",
          "dependencies": [
            "module.eks.aws_eks_cluster.eks_cluster",
            "module.eks.aws_iam_role.eks_cluster_iam_role",
            "module.eks.aws_iam_role_policy_attachment.eks_cluster_iam_role-AmazonEKSClusterPolicy",
            "module.eks.aws_iam_role_policy_attachment.eks_cluster_iam_role-AmazonEKSVPCResourceController",
            "module.eks.aws_iam_role_policy_attachment.eks_cluster_iam_role-AmazonEKS_CNI_Policy",
            "module.eks.data.aws_subnets.vpc_subnets",
            "module.eks.data.tls_certificate.eks_tls_cert",
            "module.vpc.aws_eip.nat_eip",
            "module.vpc.aws_internet_gateway.IGW",
            "module.vpc.aws_nat_gateway.NATgw",
            "module.vpc.aws_route_table.PrivateRT",
            "module.vpc.aws_route_table.PublicRT",
            "module.vpc.aws_route_table_association.PrivateRTassociation",
            "module.vpc.aws_route_table_association.PublicRTassociation",
            "module.vpc.aws_subnet.private_subnets",
            "module.vpc.aws_subnet.public_subnets",
            "module.vpc.aws_vpc.myvpc",
            "module.vpc.data.aws_availability_zones.aws_azs"
          ]
        }
      ]
    },
    {
      "module": "module.eks",
      "mode": "managed",
      "type": "aws_iam_policy",
      "name": "AmazonEKS_AWS_Load_Balancer_Controller",
      "provider": "provider[\"registry.terraform.io/hashicorp/aws\"]",
      "instances": [
        {
          "schema_version": 0,
          "attributes": {
            "arn": "arn:aws:iam::421576594835:policy/AmazonEKS_AWS_Load_Balancer_Controller",
            "description": "AmazonEKS_AWS_Load_Balancer_Controller",
            "id": "arn:aws:iam::421576594835:policy/AmazonEKS_AWS_Load_Balancer_Controller",
            "name": "AmazonEKS_AWS_Load_Balancer_Controller",
            "name_prefix": null,
            "path": "/",
            "policy": "{\"Statement\":[{\"Action\":[\"iam:CreateServiceLinkedRole\"],\"Condition\":{\"StringEquals\":{\"iam:AWSServiceName\":\"elasticloadbalancing.amazonaws.com\"}},\"Effect\":\"Allow\",\"Resource\":\"*\"},{\"Action\":[\"ec2:DescribeAccountAttributes\",\"ec2:DescribeAddresses\",\"ec2:DescribeAvailabilityZones\",\"ec2:DescribeInternetGateways\",\"ec2:DescribeVpcs\",\"ec2:DescribeVpcPeeringConnections\",\"ec2:DescribeSubnets\",\"ec2:DescribeSecurityGroups\",\"ec2:DescribeInstances\",\"ec2:DescribeNetworkInterfaces\",\"ec2:DescribeTags\",\"ec2:GetCoipPoolUsage\",\"ec2:DescribeCoipPools\",\"elasticloadbalancing:DescribeLoadBalancers\",\"elasticloadbalancing:DescribeLoadBalancerAttributes\",\"elasticloadbalancing:DescribeListeners\",\"elasticloadbalancing:DescribeListenerCertificates\",\"elasticloadbalancing:DescribeSSLPolicies\",\"elasticloadbalancing:DescribeRules\",\"elasticloadbalancing:DescribeTargetGroups\",\"elasticloadbalancing:DescribeTargetGroupAttributes\",\"elasticloadbalancing:DescribeTargetHealth\",\"elasticloadbalancing:DescribeTags\"],\"Effect\":\"Allow\",\"Resource\":\"*\"},{\"Action\":[\"cognito-idp:DescribeUserPoolClient\",\"acm:ListCertificates\",\"acm:DescribeCertificate\",\"iam:ListServerCertificates\",\"iam:GetServerCertificate\",\"waf-regional:GetWebACL\",\"waf-regional:GetWebACLForResource\",\"waf-regional:AssociateWebACL\",\"waf-regional:DisassociateWebACL\",\"wafv2:GetWebACL\",\"wafv2:GetWebACLForResource\",\"wafv2:AssociateWebACL\",\"wafv2:DisassociateWebACL\",\"shield:GetSubscriptionState\",\"shield:DescribeProtection\",\"shield:CreateProtection\",\"shield:DeleteProtection\"],\"Effect\":\"Allow\",\"Resource\":\"*\"},{\"Action\":[\"ec2:AuthorizeSecurityGroupIngress\",\"ec2:RevokeSecurityGroupIngress\"],\"Effect\":\"Allow\",\"Resource\":\"*\"},{\"Action\":[\"ec2:CreateSecurityGroup\"],\"Effect\":\"Allow\",\"Resource\":\"*\"},{\"Action\":[\"ec2:CreateTags\"],\"Condition\":{\"Null\":{\"aws:RequestTag/elbv2.k8s.aws/cluster\":\"false\"},\"StringEquals\":{\"ec2:CreateAction\":\"CreateSecurityGroup\"}},\"Effect\":\"Allow\",\"Resource\":\"arn:aws:ec2:*:*:security-group/*\"},{\"Action\":[\"ec2:CreateTags\",\"ec2:DeleteTags\"],\"Condition\":{\"Null\":{\"aws:RequestTag/elbv2.k8s.aws/cluster\":\"true\",\"aws:ResourceTag/elbv2.k8s.aws/cluster\":\"false\"}},\"Effect\":\"Allow\",\"Resource\":\"arn:aws:ec2:*:*:security-group/*\"},{\"Action\":[\"ec2:AuthorizeSecurityGroupIngress\",\"ec2:RevokeSecurityGroupIngress\",\"ec2:DeleteSecurityGroup\"],\"Condition\":{\"Null\":{\"aws:ResourceTag/elbv2.k8s.aws/cluster\":\"false\"}},\"Effect\":\"Allow\",\"Resource\":\"*\"},{\"Action\":[\"elasticloadbalancing:CreateLoadBalancer\",\"elasticloadbalancing:CreateTargetGroup\"],\"Condition\":{\"Null\":{\"aws:RequestTag/elbv2.k8s.aws/cluster\":\"false\"}},\"Effect\":\"Allow\",\"Resource\":\"*\"},{\"Action\":[\"elasticloadbalancing:CreateListener\",\"elasticloadbalancing:DeleteListener\",\"elasticloadbalancing:CreateRule\",\"elasticloadbalancing:DeleteRule\"],\"Effect\":\"Allow\",\"Resource\":\"*\"},{\"Action\":[\"elasticloadbalancing:AddTags\",\"elasticloadbalancing:RemoveTags\"],\"Condition\":{\"Null\":{\"aws:RequestTag/elbv2.k8s.aws/cluster\":\"true\",\"aws:ResourceTag/elbv2.k8s.aws/cluster\":\"false\"}},\"Effect\":\"Allow\",\"Resource\":[\"arn:aws:elasticloadbalancing:*:*:targetgroup/*/*\",\"arn:aws:elasticloadbalancing:*:*:loadbalancer/net/*/*\",\"arn:aws:elasticloadbalancing:*:*:loadbalancer/app/*/*\"]},{\"Action\":[\"elasticloadbalancing:AddTags\",\"elasticloadbalancing:RemoveTags\"],\"Effect\":\"Allow\",\"Resource\":[\"arn:aws:elasticloadbalancing:*:*:listener/net/*/*/*\",\"arn:aws:elasticloadbalancing:*:*:listener/app/*/*/*\",\"arn:aws:elasticloadbalancing:*:*:listener-rule/net/*/*/*\",\"arn:aws:elasticloadbalancing:*:*:listener-rule/app/*/*/*\"]},{\"Action\":[\"elasticloadbalancing:ModifyLoadBalancerAttributes\",\"elasticloadbalancing:SetIpAddressType\",\"elasticloadbalancing:SetSecurityGroups\",\"elasticloadbalancing:SetSubnets\",\"elasticloadbalancing:DeleteLoadBalancer\",\"elasticloadbalancing:ModifyTargetGroup\",\"elasticloadbalancing:ModifyTargetGroupAttributes\",\"elasticloadbalancing:DeleteTargetGroup\"],\"Condition\":{\"Null\":{\"aws:ResourceTag/elbv2.k8s.aws/cluster\":\"false\"}},\"Effect\":\"Allow\",\"Resource\":\"*\"},{\"Action\":[\"elasticloadbalancing:RegisterTargets\",\"elasticloadbalancing:DeregisterTargets\"],\"Effect\":\"Allow\",\"Resource\":\"arn:aws:elasticloadbalancing:*:*:targetgroup/*/*\"},{\"Action\":[\"elasticloadbalancing:SetWebAcl\",\"elasticloadbalancing:ModifyListener\",\"elasticloadbalancing:AddListenerCertificates\",\"elasticloadbalancing:RemoveListenerCertificates\",\"elasticloadbalancing:ModifyRule\"],\"Effect\":\"Allow\",\"Resource\":\"*\"}],\"Version\":\"2012-10-17\"}",
            "policy_id": "ANPAWEJ7MKWJ466DAXN2I",
            "tags": {},
            "tags_all": {}
          },
          "sensitive_attributes": [],
          "private": "bnVsbA==",
          "dependencies": [
            "module.vpc.aws_eip.nat_eip",
            "module.vpc.aws_internet_gateway.IGW",
            "module.vpc.aws_nat_gateway.NATgw",
            "module.vpc.aws_route_table.PrivateRT",
            "module.vpc.aws_route_table.PublicRT",
            "module.vpc.aws_route_table_association.PrivateRTassociation",
            "module.vpc.aws_route_table_association.PublicRTassociation",
            "module.vpc.aws_subnet.private_subnets",
            "module.vpc.aws_subnet.public_subnets",
            "module.vpc.aws_vpc.myvpc",
            "module.vpc.data.aws_availability_zones.aws_azs"
          ]
        }
      ]
    },
    {
      "module": "module.eks",
      "mode": "managed",
      "type": "aws_iam_policy",
      "name": "AmazonEKS_EFS_CSI_Driver_Policy",
      "provider": "provider[\"registry.terraform.io/hashicorp/aws\"]",
      "instances": [
        {
          "schema_version": 0,
          "attributes": {
            "arn": "arn:aws:iam::421576594835:policy/AmazonEKS_EFS_CSI_Driver_Policy",
            "description": "AmazonEKS_EFS_CSI_Driver_Policy",
            "id": "arn:aws:iam::421576594835:policy/AmazonEKS_EFS_CSI_Driver_Policy",
            "name": "AmazonEKS_EFS_CSI_Driver_Policy",
            "name_prefix": null,
            "path": "/",
            "policy": "{\"Statement\":[{\"Action\":[\"elasticfilesystem:DescribeAccessPoints\",\"elasticfilesystem:DescribeFileSystems\",\"elasticfilesystem:DescribeMountTargets\",\"ec2:DescribeAvailabilityZones\"],\"Effect\":\"Allow\",\"Resource\":\"*\"},{\"Action\":[\"elasticfilesystem:CreateAccessPoint\"],\"Condition\":{\"StringLike\":{\"aws:RequestTag/efs.csi.aws.com/cluster\":\"true\"}},\"Effect\":\"Allow\",\"Resource\":\"*\"},{\"Action\":\"elasticfilesystem:DeleteAccessPoint\",\"Condition\":{\"StringEquals\":{\"aws:ResourceTag/efs.csi.aws.com/cluster\":\"true\"}},\"Effect\":\"Allow\",\"Resource\":\"*\"}],\"Version\":\"2012-10-17\"}",
            "policy_id": "ANPAWEJ7MKWJ66RTDGRYV",
            "tags": {},
            "tags_all": {}
          },
          "sensitive_attributes": [],
          "private": "bnVsbA==",
          "dependencies": [
            "module.vpc.aws_eip.nat_eip",
            "module.vpc.aws_internet_gateway.IGW",
            "module.vpc.aws_nat_gateway.NATgw",
            "module.vpc.aws_route_table.PrivateRT",
            "module.vpc.aws_route_table.PublicRT",
            "module.vpc.aws_route_table_association.PrivateRTassociation",
            "module.vpc.aws_route_table_association.PublicRTassociation",
            "module.vpc.aws_subnet.private_subnets",
            "module.vpc.aws_subnet.public_subnets",
            "module.vpc.aws_vpc.myvpc",
            "module.vpc.data.aws_availability_zones.aws_azs"
          ]
        }
      ]
    },
    {
      "module": "module.eks",
      "mode": "managed",
      "type": "aws_iam_role",
      "name": "eks_SA_alb_iam_role",
      "provider": "provider[\"registry.terraform.io/hashicorp/aws\"]",
      "instances": [
        {
          "schema_version": 0,
          "attributes": {
            "arn": "arn:aws:iam::421576594835:role/eks_SA_alb_iam_role",
            "assume_role_policy": "{\"Statement\":[{\"Action\":\"sts:AssumeRoleWithWebIdentity\",\"Condition\":{\"StringEquals\":{\"oidc.eks.ap-northeast-2.amazonaws.com/id/F18743A4B6B74B81FBAA4102CC944FD5:aud\":[\"sts.amazonaws.com\"],\"oidc.eks.ap-northeast-2.amazonaws.com/id/F18743A4B6B74B81FBAA4102CC944FD5:sub\":[\"system:serviceaccount:kube-system:alb\"]}},\"Effect\":\"Allow\",\"Principal\":{\"Federated\":\"arn:aws:iam::421576594835:oidc-provider/oidc.eks.ap-northeast-2.amazonaws.com/id/F18743A4B6B74B81FBAA4102CC944FD5\"},\"Sid\":\"\"}],\"Version\":\"2012-10-17\"}",
            "create_date": "2023-01-18T05:26:13Z",
            "description": "",
            "force_detach_policies": false,
            "id": "eks_SA_alb_iam_role",
            "inline_policy": [],
            "managed_policy_arns": [
              "arn:aws:iam::421576594835:policy/AmazonEKS_AWS_Load_Balancer_Controller"
            ],
            "max_session_duration": 3600,
            "name": "eks_SA_alb_iam_role",
            "name_prefix": "",
            "path": "/",
            "permissions_boundary": null,
            "tags": {},
            "tags_all": {},
            "unique_id": "AROAWEJ7MKWJY7BWHN42I"
          },
          "sensitive_attributes": [],
          "private": "bnVsbA==",
          "dependencies": [
            "module.eks.aws_eks_cluster.eks_cluster",
            "module.eks.aws_iam_openid_connect_provider.aws_OIDC",
            "module.eks.aws_iam_role.eks_cluster_iam_role",
            "module.eks.aws_iam_role_policy_attachment.eks_cluster_iam_role-AmazonEKSClusterPolicy",
            "module.eks.aws_iam_role_policy_attachment.eks_cluster_iam_role-AmazonEKSVPCResourceController",
            "module.eks.aws_iam_role_policy_attachment.eks_cluster_iam_role-AmazonEKS_CNI_Policy",
            "module.eks.data.aws_iam_policy_document.iam_policy_OIDC_assume_role_policy_SA_alb",
            "module.eks.data.aws_subnets.vpc_subnets",
            "module.eks.data.tls_certificate.eks_tls_cert",
            "module.vpc.aws_eip.nat_eip",
            "module.vpc.aws_internet_gateway.IGW",
            "module.vpc.aws_nat_gateway.NATgw",
            "module.vpc.aws_route_table.PrivateRT",
            "module.vpc.aws_route_table.PublicRT",
            "module.vpc.aws_route_table_association.PrivateRTassociation",
            "module.vpc.aws_route_table_association.PublicRTassociation",
            "module.vpc.aws_subnet.private_subnets",
            "module.vpc.aws_subnet.public_subnets",
            "module.vpc.aws_vpc.myvpc",
            "module.vpc.data.aws_availability_zones.aws_azs"
          ]
        }
      ]
    },
    {
      "module": "module.eks",
      "mode": "managed",
      "type": "aws_iam_role",
      "name": "eks_SA_efs_iam_role",
      "provider": "provider[\"registry.terraform.io/hashicorp/aws\"]",
      "instances": [
        {
          "schema_version": 0,
          "attributes": {
            "arn": "arn:aws:iam::421576594835:role/eks_SA_efs_iam_role",
            "assume_role_policy": "{\"Statement\":[{\"Action\":\"sts:AssumeRoleWithWebIdentity\",\"Condition\":{\"StringEquals\":{\"oidc.eks.ap-northeast-2.amazonaws.com/id/F18743A4B6B74B81FBAA4102CC944FD5:aud\":[\"sts.amazonaws.com\"],\"oidc.eks.ap-northeast-2.amazonaws.com/id/F18743A4B6B74B81FBAA4102CC944FD5:sub\":[\"system:serviceaccount:kube-system:efs\"]}},\"Effect\":\"Allow\",\"Principal\":{\"Federated\":\"arn:aws:iam::421576594835:oidc-provider/oidc.eks.ap-northeast-2.amazonaws.com/id/F18743A4B6B74B81FBAA4102CC944FD5\"},\"Sid\":\"\"}],\"Version\":\"2012-10-17\"}",
            "create_date": "2023-01-18T05:26:13Z",
            "description": "",
            "force_detach_policies": false,
            "id": "eks_SA_efs_iam_role",
            "inline_policy": [],
            "managed_policy_arns": [
              "arn:aws:iam::421576594835:policy/AmazonEKS_EFS_CSI_Driver_Policy"
            ],
            "max_session_duration": 3600,
            "name": "eks_SA_efs_iam_role",
            "name_prefix": "",
            "path": "/",
            "permissions_boundary": null,
            "tags": {},
            "tags_all": {},
            "unique_id": "AROAWEJ7MKWJWKFAG573J"
          },
          "sensitive_attributes": [],
          "private": "bnVsbA==",
          "dependencies": [
            "module.eks.aws_eks_cluster.eks_cluster",
            "module.eks.aws_iam_openid_connect_provider.aws_OIDC",
            "module.eks.aws_iam_role.eks_cluster_iam_role",
            "module.eks.aws_iam_role_policy_attachment.eks_cluster_iam_role-AmazonEKSClusterPolicy",
            "module.eks.aws_iam_role_policy_attachment.eks_cluster_iam_role-AmazonEKSVPCResourceController",
            "module.eks.aws_iam_role_policy_attachment.eks_cluster_iam_role-AmazonEKS_CNI_Policy",
            "module.eks.data.aws_iam_policy_document.iam_policy_OIDC_assume_role_policy_SA_efs",
            "module.eks.data.aws_subnets.vpc_subnets",
            "module.eks.data.tls_certificate.eks_tls_cert",
            "module.vpc.aws_eip.nat_eip",
            "module.vpc.aws_internet_gateway.IGW",
            "module.vpc.aws_nat_gateway.NATgw",
            "module.vpc.aws_route_table.PrivateRT",
            "module.vpc.aws_route_table.PublicRT",
            "module.vpc.aws_route_table_association.PrivateRTassociation",
            "module.vpc.aws_route_table_association.PublicRTassociation",
            "module.vpc.aws_subnet.private_subnets",
            "module.vpc.aws_subnet.public_subnets",
            "module.vpc.aws_vpc.myvpc",
            "module.vpc.data.aws_availability_zones.aws_azs"
          ]
        }
      ]
    },
    {
      "module": "module.eks",
      "mode": "managed",
      "type": "aws_iam_role",
      "name": "eks_cluster_iam_role",
      "provider": "provider[\"registry.terraform.io/hashicorp/aws\"]",
      "instances": [
        {
          "schema_version": 0,
          "attributes": {
            "arn": "arn:aws:iam::421576594835:role/eks-cluster-iam_role",
            "assume_role_policy": "{\"Statement\":[{\"Action\":\"sts:AssumeRole\",\"Effect\":\"Allow\",\"Principal\":{\"Service\":\"eks.amazonaws.com\"}}],\"Version\":\"2012-10-17\"}",
            "create_date": "2023-01-18T05:17:28Z",
            "description": "",
            "force_detach_policies": false,
            "id": "eks-cluster-iam_role",
            "inline_policy": [],
            "managed_policy_arns": [
              "arn:aws:iam::aws:policy/AmazonEKSClusterPolicy",
              "arn:aws:iam::aws:policy/AmazonEKSVPCResourceController",
              "arn:aws:iam::aws:policy/AmazonEKS_CNI_Policy"
            ],
            "max_session_duration": 3600,
            "name": "eks-cluster-iam_role",
            "name_prefix": "",
            "path": "/",
            "permissions_boundary": null,
            "tags": {},
            "tags_all": {},
            "unique_id": "AROAWEJ7MKWJS4SFDDBQK"
          },
          "sensitive_attributes": [],
          "private": "bnVsbA==",
          "dependencies": [
            "module.vpc.aws_eip.nat_eip",
            "module.vpc.aws_internet_gateway.IGW",
            "module.vpc.aws_nat_gateway.NATgw",
            "module.vpc.aws_route_table.PrivateRT",
            "module.vpc.aws_route_table.PublicRT",
            "module.vpc.aws_route_table_association.PrivateRTassociation",
            "module.vpc.aws_route_table_association.PublicRTassociation",
            "module.vpc.aws_subnet.private_subnets",
            "module.vpc.aws_subnet.public_subnets",
            "module.vpc.aws_vpc.myvpc",
            "module.vpc.data.aws_availability_zones.aws_azs"
          ]
        }
      ]
    },
    {
      "module": "module.eks",
      "mode": "managed",
      "type": "aws_iam_role",
      "name": "eks_node_iam_role",
      "provider": "provider[\"registry.terraform.io/hashicorp/aws\"]",
      "instances": [
        {
          "schema_version": 0,
          "attributes": {
            "arn": "arn:aws:iam::421576594835:role/eks-node-iam_role",
            "assume_role_policy": "{\"Statement\":[{\"Action\":\"sts:AssumeRole\",\"Effect\":\"Allow\",\"Principal\":{\"Service\":\"ec2.amazonaws.com\"}}],\"Version\":\"2012-10-17\"}",
            "create_date": "2023-01-18T05:17:28Z",
            "description": "",
            "force_detach_policies": false,
            "id": "eks-node-iam_role",
            "inline_policy": [],
            "managed_policy_arns": [
              "arn:aws:iam::aws:policy/AmazonEC2ContainerRegistryReadOnly",
              "arn:aws:iam::aws:policy/AmazonEKSWorkerNodePolicy",
              "arn:aws:iam::aws:policy/AmazonEKS_CNI_Policy"
            ],
            "max_session_duration": 3600,
            "name": "eks-node-iam_role",
            "name_prefix": "",
            "path": "/",
            "permissions_boundary": null,
            "tags": {},
            "tags_all": {},
            "unique_id": "AROAWEJ7MKWJXMANOCQ5O"
          },
          "sensitive_attributes": [],
          "private": "bnVsbA==",
          "dependencies": [
            "module.vpc.aws_eip.nat_eip",
            "module.vpc.aws_internet_gateway.IGW",
            "module.vpc.aws_nat_gateway.NATgw",
            "module.vpc.aws_route_table.PrivateRT",
            "module.vpc.aws_route_table.PublicRT",
            "module.vpc.aws_route_table_association.PrivateRTassociation",
            "module.vpc.aws_route_table_association.PublicRTassociation",
            "module.vpc.aws_subnet.private_subnets",
            "module.vpc.aws_subnet.public_subnets",
            "module.vpc.aws_vpc.myvpc",
            "module.vpc.data.aws_availability_zones.aws_azs"
          ]
        }
      ]
    },
    {
      "module": "module.eks",
      "mode": "managed",
      "type": "aws_iam_role_policy_attachment",
      "name": "eks_SA_iam_role-AmazonEKS_AWS_Load_Balancer_Controller",
      "provider": "provider[\"registry.terraform.io/hashicorp/aws\"]",
      "instances": [
        {
          "schema_version": 0,
          "attributes": {
            "id": "eks_SA_alb_iam_role-2023011805261585370000000b",
            "policy_arn": "arn:aws:iam::421576594835:policy/AmazonEKS_AWS_Load_Balancer_Controller",
            "role": "eks_SA_alb_iam_role"
          },
          "sensitive_attributes": [],
          "private": "bnVsbA==",
          "dependencies": [
            "module.eks.aws_eks_cluster.eks_cluster",
            "module.eks.aws_iam_openid_connect_provider.aws_OIDC",
            "module.eks.aws_iam_policy.AmazonEKS_AWS_Load_Balancer_Controller",
            "module.eks.aws_iam_role.eks_SA_alb_iam_role",
            "module.eks.aws_iam_role.eks_cluster_iam_role",
            "module.eks.aws_iam_role_policy_attachment.eks_cluster_iam_role-AmazonEKSClusterPolicy",
            "module.eks.aws_iam_role_policy_attachment.eks_cluster_iam_role-AmazonEKSVPCResourceController",
            "module.eks.aws_iam_role_policy_attachment.eks_cluster_iam_role-AmazonEKS_CNI_Policy",
            "module.eks.data.aws_iam_policy_document.iam_policy_OIDC_assume_role_policy_SA_alb",
            "module.eks.data.aws_subnets.vpc_subnets",
            "module.eks.data.tls_certificate.eks_tls_cert",
            "module.vpc.aws_eip.nat_eip",
            "module.vpc.aws_internet_gateway.IGW",
            "module.vpc.aws_nat_gateway.NATgw",
            "module.vpc.aws_route_table.PrivateRT",
            "module.vpc.aws_route_table.PublicRT",
            "module.vpc.aws_route_table_association.PrivateRTassociation",
            "module.vpc.aws_route_table_association.PublicRTassociation",
            "module.vpc.aws_subnet.private_subnets",
            "module.vpc.aws_subnet.public_subnets",
            "module.vpc.aws_vpc.myvpc",
            "module.vpc.data.aws_availability_zones.aws_azs"
          ]
        }
      ]
    },
    {
      "module": "module.eks",
      "mode": "managed",
      "type": "aws_iam_role_policy_attachment",
      "name": "eks_SA_iam_role-AmazonEKS_EFS_CSI_Driver_Policy",
      "provider": "provider[\"registry.terraform.io/hashicorp/aws\"]",
      "instances": [
        {
          "schema_version": 0,
          "attributes": {
            "id": "eks_SA_efs_iam_role-2023011805261580580000000a",
            "policy_arn": "arn:aws:iam::421576594835:policy/AmazonEKS_EFS_CSI_Driver_Policy",
            "role": "eks_SA_efs_iam_role"
          },
          "sensitive_attributes": [],
          "private": "bnVsbA==",
          "dependencies": [
            "module.eks.aws_eks_cluster.eks_cluster",
            "module.eks.aws_iam_openid_connect_provider.aws_OIDC",
            "module.eks.aws_iam_policy.AmazonEKS_EFS_CSI_Driver_Policy",
            "module.eks.aws_iam_role.eks_SA_efs_iam_role",
            "module.eks.aws_iam_role.eks_cluster_iam_role",
            "module.eks.aws_iam_role_policy_attachment.eks_cluster_iam_role-AmazonEKSClusterPolicy",
            "module.eks.aws_iam_role_policy_attachment.eks_cluster_iam_role-AmazonEKSVPCResourceController",
            "module.eks.aws_iam_role_policy_attachment.eks_cluster_iam_role-AmazonEKS_CNI_Policy",
            "module.eks.data.aws_iam_policy_document.iam_policy_OIDC_assume_role_policy_SA_efs",
            "module.eks.data.aws_subnets.vpc_subnets",
            "module.eks.data.tls_certificate.eks_tls_cert",
            "module.vpc.aws_eip.nat_eip",
            "module.vpc.aws_internet_gateway.IGW",
            "module.vpc.aws_nat_gateway.NATgw",
            "module.vpc.aws_route_table.PrivateRT",
            "module.vpc.aws_route_table.PublicRT",
            "module.vpc.aws_route_table_association.PrivateRTassociation",
            "module.vpc.aws_route_table_association.PublicRTassociation",
            "module.vpc.aws_subnet.private_subnets",
            "module.vpc.aws_subnet.public_subnets",
            "module.vpc.aws_vpc.myvpc",
            "module.vpc.data.aws_availability_zones.aws_azs"
          ]
        }
      ]
    },
    {
      "module": "module.eks",
      "mode": "managed",
      "type": "aws_iam_role_policy_attachment",
      "name": "eks_cluster_iam_role-AmazonEKSClusterPolicy",
      "provider": "provider[\"registry.terraform.io/hashicorp/aws\"]",
      "instances": [
        {
          "schema_version": 0,
          "attributes": {
            "id": "eks-cluster-iam_role-20230118051730423100000006",
            "policy_arn": "arn:aws:iam::aws:policy/AmazonEKSClusterPolicy",
            "role": "eks-cluster-iam_role"
          },
          "sensitive_attributes": [],
          "private": "bnVsbA==",
          "dependencies": [
            "module.eks.aws_iam_role.eks_cluster_iam_role",
            "module.vpc.aws_eip.nat_eip",
            "module.vpc.aws_internet_gateway.IGW",
            "module.vpc.aws_nat_gateway.NATgw",
            "module.vpc.aws_route_table.PrivateRT",
            "module.vpc.aws_route_table.PublicRT",
            "module.vpc.aws_route_table_association.PrivateRTassociation",
            "module.vpc.aws_route_table_association.PublicRTassociation",
            "module.vpc.aws_subnet.private_subnets",
            "module.vpc.aws_subnet.public_subnets",
            "module.vpc.aws_vpc.myvpc",
            "module.vpc.data.aws_availability_zones.aws_azs"
          ]
        }
      ]
    },
    {
      "module": "module.eks",
      "mode": "managed",
      "type": "aws_iam_role_policy_attachment",
      "name": "eks_cluster_iam_role-AmazonEKSVPCResourceController",
      "provider": "provider[\"registry.terraform.io/hashicorp/aws\"]",
      "instances": [
        {
          "schema_version": 0,
          "attributes": {
            "id": "eks-cluster-iam_role-20230118051730725300000008",
            "policy_arn": "arn:aws:iam::aws:policy/AmazonEKSVPCResourceController",
            "role": "eks-cluster-iam_role"
          },
          "sensitive_attributes": [],
          "private": "bnVsbA==",
          "dependencies": [
            "module.eks.aws_iam_role.eks_cluster_iam_role",
            "module.vpc.aws_eip.nat_eip",
            "module.vpc.aws_internet_gateway.IGW",
            "module.vpc.aws_nat_gateway.NATgw",
            "module.vpc.aws_route_table.PrivateRT",
            "module.vpc.aws_route_table.PublicRT",
            "module.vpc.aws_route_table_association.PrivateRTassociation",
            "module.vpc.aws_route_table_association.PublicRTassociation",
            "module.vpc.aws_subnet.private_subnets",
            "module.vpc.aws_subnet.public_subnets",
            "module.vpc.aws_vpc.myvpc",
            "module.vpc.data.aws_availability_zones.aws_azs"
          ]
        }
      ]
    },
    {
      "module": "module.eks",
      "mode": "managed",
      "type": "aws_iam_role_policy_attachment",
      "name": "eks_cluster_iam_role-AmazonEKS_CNI_Policy",
      "provider": "provider[\"registry.terraform.io/hashicorp/aws\"]",
      "instances": [
        {
          "schema_version": 0,
          "attributes": {
            "id": "eks-cluster-iam_role-20230118051730412500000003",
            "policy_arn": "arn:aws:iam::aws:policy/AmazonEKS_CNI_Policy",
            "role": "eks-cluster-iam_role"
          },
          "sensitive_attributes": [],
          "private": "bnVsbA==",
          "dependencies": [
            "module.eks.aws_iam_role.eks_cluster_iam_role",
            "module.vpc.aws_eip.nat_eip",
            "module.vpc.aws_internet_gateway.IGW",
            "module.vpc.aws_nat_gateway.NATgw",
            "module.vpc.aws_route_table.PrivateRT",
            "module.vpc.aws_route_table.PublicRT",
            "module.vpc.aws_route_table_association.PrivateRTassociation",
            "module.vpc.aws_route_table_association.PublicRTassociation",
            "module.vpc.aws_subnet.private_subnets",
            "module.vpc.aws_subnet.public_subnets",
            "module.vpc.aws_vpc.myvpc",
            "module.vpc.data.aws_availability_zones.aws_azs"
          ]
        }
      ]
    },
    {
      "module": "module.eks",
      "mode": "managed",
      "type": "aws_iam_role_policy_attachment",
      "name": "eks_node_iam_role-AmazonEC2ContainerRegistryReadOnly",
      "provider": "provider[\"registry.terraform.io/hashicorp/aws\"]",
      "instances": [
        {
          "schema_version": 0,
          "attributes": {
            "id": "eks-node-iam_role-20230118051730422000000005",
            "policy_arn": "arn:aws:iam::aws:policy/AmazonEC2ContainerRegistryReadOnly",
            "role": "eks-node-iam_role"
          },
          "sensitive_attributes": [],
          "private": "bnVsbA==",
          "dependencies": [
            "module.eks.aws_iam_role.eks_node_iam_role",
            "module.vpc.aws_eip.nat_eip",
            "module.vpc.aws_internet_gateway.IGW",
            "module.vpc.aws_nat_gateway.NATgw",
            "module.vpc.aws_route_table.PrivateRT",
            "module.vpc.aws_route_table.PublicRT",
            "module.vpc.aws_route_table_association.PrivateRTassociation",
            "module.vpc.aws_route_table_association.PublicRTassociation",
            "module.vpc.aws_subnet.private_subnets",
            "module.vpc.aws_subnet.public_subnets",
            "module.vpc.aws_vpc.myvpc",
            "module.vpc.data.aws_availability_zones.aws_azs"
          ]
        }
      ]
    },
    {
      "module": "module.eks",
      "mode": "managed",
      "type": "aws_iam_role_policy_attachment",
      "name": "eks_node_iam_role-AmazonEKSWorkerNodePolicy",
      "provider": "provider[\"registry.terraform.io/hashicorp/aws\"]",
      "instances": [
        {
          "schema_version": 0,
          "attributes": {
            "id": "eks-node-iam_role-20230118051730463700000007",
            "policy_arn": "arn:aws:iam::aws:policy/AmazonEKSWorkerNodePolicy",
            "role": "eks-node-iam_role"
          },
          "sensitive_attributes": [],
          "private": "bnVsbA==",
          "dependencies": [
            "module.eks.aws_iam_role.eks_node_iam_role",
            "module.vpc.aws_eip.nat_eip",
            "module.vpc.aws_internet_gateway.IGW",
            "module.vpc.aws_nat_gateway.NATgw",
            "module.vpc.aws_route_table.PrivateRT",
            "module.vpc.aws_route_table.PublicRT",
            "module.vpc.aws_route_table_association.PrivateRTassociation",
            "module.vpc.aws_route_table_association.PublicRTassociation",
            "module.vpc.aws_subnet.private_subnets",
            "module.vpc.aws_subnet.public_subnets",
            "module.vpc.aws_vpc.myvpc",
            "module.vpc.data.aws_availability_zones.aws_azs"
          ]
        }
      ]
    },
    {
      "module": "module.eks",
      "mode": "managed",
      "type": "aws_iam_role_policy_attachment",
      "name": "eks_node_iam_role-AmazonEKS_CNI_Policy",
      "provider": "provider[\"registry.terraform.io/hashicorp/aws\"]",
      "instances": [
        {
          "schema_version": 0,
          "attributes": {
            "id": "eks-node-iam_role-20230118051730416200000004",
            "policy_arn": "arn:aws:iam::aws:policy/AmazonEKS_CNI_Policy",
            "role": "eks-node-iam_role"
          },
          "sensitive_attributes": [],
          "private": "bnVsbA==",
          "dependencies": [
            "module.eks.aws_iam_role.eks_node_iam_role",
            "module.vpc.aws_eip.nat_eip",
            "module.vpc.aws_internet_gateway.IGW",
            "module.vpc.aws_nat_gateway.NATgw",
            "module.vpc.aws_route_table.PrivateRT",
            "module.vpc.aws_route_table.PublicRT",
            "module.vpc.aws_route_table_association.PrivateRTassociation",
            "module.vpc.aws_route_table_association.PublicRTassociation",
            "module.vpc.aws_subnet.private_subnets",
            "module.vpc.aws_subnet.public_subnets",
            "module.vpc.aws_vpc.myvpc",
            "module.vpc.data.aws_availability_zones.aws_azs"
          ]
        }
      ]
    },
    {
      "module": "module.vpc",
      "mode": "data",
      "type": "aws_availability_zones",
      "name": "aws_azs",
      "provider": "provider[\"registry.terraform.io/hashicorp/aws\"]",
      "instances": [
        {
          "schema_version": 0,
          "attributes": {
            "all_availability_zones": true,
            "exclude_names": null,
            "exclude_zone_ids": null,
            "filter": [
              {
                "name": "opt-in-status",
                "values": [
                  "opt-in-not-required"
                ]
              }
            ],
            "group_names": [
              "ap-northeast-2"
            ],
            "id": "ap-northeast-2",
            "names": [
              "ap-northeast-2a",
              "ap-northeast-2b",
              "ap-northeast-2c",
              "ap-northeast-2d"
            ],
            "state": null,
            "timeouts": null,
            "zone_ids": [
              "apne2-az1",
              "apne2-az2",
              "apne2-az3",
              "apne2-az4"
            ]
          },
          "sensitive_attributes": []
        }
      ]
    },
    {
      "module": "module.vpc",
      "mode": "managed",
      "type": "aws_eip",
      "name": "nat_eip",
      "provider": "provider[\"registry.terraform.io/hashicorp/aws\"]",
      "instances": [
        {
          "index_key": 0,
          "schema_version": 0,
          "attributes": {
            "address": null,
            "allocation_id": "eipalloc-0fbc5d117ad6364b3",
            "associate_with_private_ip": null,
            "association_id": "eipassoc-09a8dfb8fcdce4376",
            "carrier_ip": "",
            "customer_owned_ip": "",
            "customer_owned_ipv4_pool": "",
            "domain": "vpc",
            "id": "eipalloc-0fbc5d117ad6364b3",
            "instance": "",
            "network_border_group": "ap-northeast-2",
            "network_interface": "eni-0cd1a3ea98405786b",
            "private_dns": "ip-10-0-1-39.ap-northeast-2.compute.internal",
            "private_ip": "10.0.1.39",
            "public_dns": "ec2-3-37-82-71.ap-northeast-2.compute.amazonaws.com",
            "public_ip": "3.37.82.71",
            "public_ipv4_pool": "amazon",
            "tags": {},
            "tags_all": {},
            "timeouts": null,
            "vpc": true
          },
          "sensitive_attributes": [],
          "private": "eyJlMmJmYjczMC1lY2FhLTExZTYtOGY4OC0zNDM2M2JjN2M0YzAiOnsiZGVsZXRlIjoxODAwMDAwMDAwMDAsInJlYWQiOjkwMDAwMDAwMDAwMCwidXBkYXRlIjozMDAwMDAwMDAwMDB9fQ==",
          "dependencies": [
            "module.vpc.data.aws_availability_zones.aws_azs"
          ]
        },
        {
          "index_key": 1,
          "schema_version": 0,
          "attributes": {
            "address": null,
            "allocation_id": "eipalloc-0c81aa8b977d3392b",
            "associate_with_private_ip": null,
            "association_id": "eipassoc-091d784c7219aed1e",
            "carrier_ip": "",
            "customer_owned_ip": "",
            "customer_owned_ipv4_pool": "",
            "domain": "vpc",
            "id": "eipalloc-0c81aa8b977d3392b",
            "instance": "",
            "network_border_group": "ap-northeast-2",
            "network_interface": "eni-0d83428315a283892",
            "private_dns": "ip-10-0-2-36.ap-northeast-2.compute.internal",
            "private_ip": "10.0.2.36",
            "public_dns": "ec2-15-165-14-211.ap-northeast-2.compute.amazonaws.com",
            "public_ip": "15.165.14.211",
            "public_ipv4_pool": "amazon",
            "tags": {},
            "tags_all": {},
            "timeouts": null,
            "vpc": true
          },
          "sensitive_attributes": [],
          "private": "eyJlMmJmYjczMC1lY2FhLTExZTYtOGY4OC0zNDM2M2JjN2M0YzAiOnsiZGVsZXRlIjoxODAwMDAwMDAwMDAsInJlYWQiOjkwMDAwMDAwMDAwMCwidXBkYXRlIjozMDAwMDAwMDAwMDB9fQ==",
          "dependencies": [
            "module.vpc.data.aws_availability_zones.aws_azs"
          ]
        }
      ]
    },
    {
      "module": "module.vpc",
      "mode": "managed",
      "type": "aws_internet_gateway",
      "name": "IGW",
      "provider": "provider[\"registry.terraform.io/hashicorp/aws\"]",
      "instances": [
        {
          "schema_version": 0,
          "attributes": {
            "arn": "arn:aws:ec2:ap-northeast-2:421576594835:internet-gateway/igw-0f6a85acdcc6c8816",
            "id": "igw-0f6a85acdcc6c8816",
            "owner_id": "421576594835",
            "tags": {},
            "tags_all": {},
            "timeouts": null,
            "vpc_id": "vpc-0a48d5cc09397ab48"
          },
          "sensitive_attributes": [],
          "private": "eyJlMmJmYjczMC1lY2FhLTExZTYtOGY4OC0zNDM2M2JjN2M0YzAiOnsiY3JlYXRlIjoxMjAwMDAwMDAwMDAwLCJkZWxldGUiOjEyMDAwMDAwMDAwMDAsInVwZGF0ZSI6MTIwMDAwMDAwMDAwMH19",
          "dependencies": [
            "module.vpc.aws_vpc.myvpc"
          ]
        }
      ]
    },
    {
      "module": "module.vpc",
      "mode": "managed",
      "type": "aws_nat_gateway",
      "name": "NATgw",
      "provider": "provider[\"registry.terraform.io/hashicorp/aws\"]",
      "instances": [
        {
          "index_key": 0,
          "schema_version": 0,
          "attributes": {
            "allocation_id": "eipalloc-0fbc5d117ad6364b3",
            "connectivity_type": "public",
            "id": "nat-031f0b2bcbe7e020a",
            "network_interface_id": "eni-0cd1a3ea98405786b",
            "private_ip": "10.0.1.39",
            "public_ip": "3.37.82.71",
            "subnet_id": "subnet-002806d2be98f076c",
            "tags": {},
            "tags_all": {}
          },
          "sensitive_attributes": [],
          "private": "bnVsbA==",
          "dependencies": [
            "module.vpc.aws_eip.nat_eip",
            "module.vpc.aws_subnet.public_subnets",
            "module.vpc.aws_vpc.myvpc",
            "module.vpc.data.aws_availability_zones.aws_azs"
          ]
        },
        {
          "index_key": 1,
          "schema_version": 0,
          "attributes": {
            "allocation_id": "eipalloc-0c81aa8b977d3392b",
            "connectivity_type": "public",
            "id": "nat-0ac1502cf63d4b748",
            "network_interface_id": "eni-0d83428315a283892",
            "private_ip": "10.0.2.36",
            "public_ip": "15.165.14.211",
            "subnet_id": "subnet-01c0ebca472e80dac",
            "tags": {},
            "tags_all": {}
          },
          "sensitive_attributes": [],
          "private": "bnVsbA==",
          "dependencies": [
            "module.vpc.aws_eip.nat_eip",
            "module.vpc.aws_subnet.public_subnets",
            "module.vpc.aws_vpc.myvpc",
            "module.vpc.data.aws_availability_zones.aws_azs"
          ]
        }
      ]
    },
    {
      "module": "module.vpc",
      "mode": "managed",
      "type": "aws_route_table",
      "name": "PrivateRT",
      "provider": "provider[\"registry.terraform.io/hashicorp/aws\"]",
      "instances": [
        {
          "index_key": 0,
          "schema_version": 0,
          "attributes": {
            "arn": "arn:aws:ec2:ap-northeast-2:421576594835:route-table/rtb-09a9e872b48d4c95f",
            "id": "rtb-09a9e872b48d4c95f",
            "owner_id": "421576594835",
            "propagating_vgws": [],
            "route": [
              {
                "carrier_gateway_id": "",
                "cidr_block": "0.0.0.0/0",
                "core_network_arn": "",
                "destination_prefix_list_id": "",
                "egress_only_gateway_id": "",
                "gateway_id": "",
                "instance_id": "",
                "ipv6_cidr_block": "",
                "local_gateway_id": "",
                "nat_gateway_id": "nat-031f0b2bcbe7e020a",
                "network_interface_id": "",
                "transit_gateway_id": "",
                "vpc_endpoint_id": "",
                "vpc_peering_connection_id": ""
              }
            ],
            "tags": {},
            "tags_all": {},
            "timeouts": null,
            "vpc_id": "vpc-0a48d5cc09397ab48"
          },
          "sensitive_attributes": [],
          "private": "eyJlMmJmYjczMC1lY2FhLTExZTYtOGY4OC0zNDM2M2JjN2M0YzAiOnsiY3JlYXRlIjozMDAwMDAwMDAwMDAsImRlbGV0ZSI6MzAwMDAwMDAwMDAwLCJ1cGRhdGUiOjEyMDAwMDAwMDAwMH19",
          "dependencies": [
            "module.vpc.aws_eip.nat_eip",
            "module.vpc.aws_nat_gateway.NATgw",
            "module.vpc.aws_subnet.public_subnets",
            "module.vpc.aws_vpc.myvpc",
            "module.vpc.data.aws_availability_zones.aws_azs"
          ]
        },
        {
          "index_key": 1,
          "schema_version": 0,
          "attributes": {
            "arn": "arn:aws:ec2:ap-northeast-2:421576594835:route-table/rtb-029adbda191e1d906",
            "id": "rtb-029adbda191e1d906",
            "owner_id": "421576594835",
            "propagating_vgws": [],
            "route": [
              {
                "carrier_gateway_id": "",
                "cidr_block": "0.0.0.0/0",
                "core_network_arn": "",
                "destination_prefix_list_id": "",
                "egress_only_gateway_id": "",
                "gateway_id": "",
                "instance_id": "",
                "ipv6_cidr_block": "",
                "local_gateway_id": "",
                "nat_gateway_id": "nat-0ac1502cf63d4b748",
                "network_interface_id": "",
                "transit_gateway_id": "",
                "vpc_endpoint_id": "",
                "vpc_peering_connection_id": ""
              }
            ],
            "tags": {},
            "tags_all": {},
            "timeouts": null,
            "vpc_id": "vpc-0a48d5cc09397ab48"
          },
          "sensitive_attributes": [],
          "private": "eyJlMmJmYjczMC1lY2FhLTExZTYtOGY4OC0zNDM2M2JjN2M0YzAiOnsiY3JlYXRlIjozMDAwMDAwMDAwMDAsImRlbGV0ZSI6MzAwMDAwMDAwMDAwLCJ1cGRhdGUiOjEyMDAwMDAwMDAwMH19",
          "dependencies": [
            "module.vpc.aws_eip.nat_eip",
            "module.vpc.aws_nat_gateway.NATgw",
            "module.vpc.aws_subnet.public_subnets",
            "module.vpc.aws_vpc.myvpc",
            "module.vpc.data.aws_availability_zones.aws_azs"
          ]
        }
      ]
    },
    {
      "module": "module.vpc",
      "mode": "managed",
      "type": "aws_route_table",
      "name": "PublicRT",
      "provider": "provider[\"registry.terraform.io/hashicorp/aws\"]",
      "instances": [
        {
          "schema_version": 0,
          "attributes": {
            "arn": "arn:aws:ec2:ap-northeast-2:421576594835:route-table/rtb-02b8bb61c0e9146f2",
            "id": "rtb-02b8bb61c0e9146f2",
            "owner_id": "421576594835",
            "propagating_vgws": [],
            "route": [
              {
                "carrier_gateway_id": "",
                "cidr_block": "0.0.0.0/0",
                "core_network_arn": "",
                "destination_prefix_list_id": "",
                "egress_only_gateway_id": "",
                "gateway_id": "igw-0f6a85acdcc6c8816",
                "instance_id": "",
                "ipv6_cidr_block": "",
                "local_gateway_id": "",
                "nat_gateway_id": "",
                "network_interface_id": "",
                "transit_gateway_id": "",
                "vpc_endpoint_id": "",
                "vpc_peering_connection_id": ""
              }
            ],
            "tags": {},
            "tags_all": {},
            "timeouts": null,
            "vpc_id": "vpc-0a48d5cc09397ab48"
          },
          "sensitive_attributes": [],
          "private": "eyJlMmJmYjczMC1lY2FhLTExZTYtOGY4OC0zNDM2M2JjN2M0YzAiOnsiY3JlYXRlIjozMDAwMDAwMDAwMDAsImRlbGV0ZSI6MzAwMDAwMDAwMDAwLCJ1cGRhdGUiOjEyMDAwMDAwMDAwMH19",
          "dependencies": [
            "module.vpc.aws_internet_gateway.IGW",
            "module.vpc.aws_vpc.myvpc"
          ]
        }
      ]
    },
    {
      "module": "module.vpc",
      "mode": "managed",
      "type": "aws_route_table_association",
      "name": "PrivateRTassociation",
      "provider": "provider[\"registry.terraform.io/hashicorp/aws\"]",
      "instances": [
        {
          "index_key": 0,
          "schema_version": 0,
          "attributes": {
            "gateway_id": "",
            "id": "rtbassoc-0220fc94959f7100c",
            "route_table_id": "rtb-09a9e872b48d4c95f",
            "subnet_id": "subnet-02e8f597848e0165a"
          },
          "sensitive_attributes": [],
          "private": "bnVsbA==",
          "dependencies": [
            "module.vpc.aws_eip.nat_eip",
            "module.vpc.aws_nat_gateway.NATgw",
            "module.vpc.aws_route_table.PrivateRT",
            "module.vpc.aws_subnet.private_subnets",
            "module.vpc.aws_subnet.public_subnets",
            "module.vpc.aws_vpc.myvpc",
            "module.vpc.data.aws_availability_zones.aws_azs"
          ]
        },
        {
          "index_key": 1,
          "schema_version": 0,
          "attributes": {
            "gateway_id": "",
            "id": "rtbassoc-045efaf5a96211f3a",
            "route_table_id": "rtb-029adbda191e1d906",
            "subnet_id": "subnet-0b8812d38ead8ac80"
          },
          "sensitive_attributes": [],
          "private": "bnVsbA==",
          "dependencies": [
            "module.vpc.aws_eip.nat_eip",
            "module.vpc.aws_nat_gateway.NATgw",
            "module.vpc.aws_route_table.PrivateRT",
            "module.vpc.aws_subnet.private_subnets",
            "module.vpc.aws_subnet.public_subnets",
            "module.vpc.aws_vpc.myvpc",
            "module.vpc.data.aws_availability_zones.aws_azs"
          ]
        }
      ]
    },
    {
      "module": "module.vpc",
      "mode": "managed",
      "type": "aws_route_table_association",
      "name": "PublicRTassociation",
      "provider": "provider[\"registry.terraform.io/hashicorp/aws\"]",
      "instances": [
        {
          "index_key": 0,
          "schema_version": 0,
          "attributes": {
            "gateway_id": "",
            "id": "rtbassoc-0af3cd516f8d1c1ae",
            "route_table_id": "rtb-02b8bb61c0e9146f2",
            "subnet_id": "subnet-002806d2be98f076c"
          },
          "sensitive_attributes": [],
          "private": "bnVsbA==",
          "dependencies": [
            "module.vpc.aws_internet_gateway.IGW",
            "module.vpc.aws_route_table.PublicRT",
            "module.vpc.aws_subnet.public_subnets",
            "module.vpc.aws_vpc.myvpc",
            "module.vpc.data.aws_availability_zones.aws_azs"
          ]
        },
        {
          "index_key": 1,
          "schema_version": 0,
          "attributes": {
            "gateway_id": "",
            "id": "rtbassoc-0ef9212b210535e2d",
            "route_table_id": "rtb-02b8bb61c0e9146f2",
            "subnet_id": "subnet-01c0ebca472e80dac"
          },
          "sensitive_attributes": [],
          "private": "bnVsbA==",
          "dependencies": [
            "module.vpc.aws_internet_gateway.IGW",
            "module.vpc.aws_route_table.PublicRT",
            "module.vpc.aws_subnet.public_subnets",
            "module.vpc.aws_vpc.myvpc",
            "module.vpc.data.aws_availability_zones.aws_azs"
          ]
        }
      ]
    },
    {
      "module": "module.vpc",
      "mode": "managed",
      "type": "aws_subnet",
      "name": "private_subnets",
      "provider": "provider[\"registry.terraform.io/hashicorp/aws\"]",
      "instances": [
        {
          "index_key": 0,
          "schema_version": 1,
          "attributes": {
            "arn": "arn:aws:ec2:ap-northeast-2:421576594835:subnet/subnet-02e8f597848e0165a",
            "assign_ipv6_address_on_creation": false,
            "availability_zone": "ap-northeast-2a",
            "availability_zone_id": "apne2-az1",
            "cidr_block": "10.0.3.0/24",
            "customer_owned_ipv4_pool": "",
            "enable_dns64": false,
            "enable_resource_name_dns_a_record_on_launch": false,
            "enable_resource_name_dns_aaaa_record_on_launch": false,
            "id": "subnet-02e8f597848e0165a",
            "ipv6_cidr_block": "",
            "ipv6_cidr_block_association_id": "",
            "ipv6_native": false,
            "map_customer_owned_ip_on_launch": false,
            "map_public_ip_on_launch": false,
            "outpost_arn": "",
            "owner_id": "421576594835",
            "private_dns_hostname_type_on_launch": "ip-name",
            "tags": {
              "Name": "Private_Subnet_1",
              "kubernetes.io/cluster/eks_ctl": "shared"
            },
            "tags_all": {
              "Name": "Private_Subnet_1",
              "kubernetes.io/cluster/eks_ctl": "shared"
            },
            "timeouts": null,
            "vpc_id": "vpc-0a48d5cc09397ab48"
          },
          "sensitive_attributes": [],
          "private": "eyJlMmJmYjczMC1lY2FhLTExZTYtOGY4OC0zNDM2M2JjN2M0YzAiOnsiY3JlYXRlIjo2MDAwMDAwMDAwMDAsImRlbGV0ZSI6MTIwMDAwMDAwMDAwMH0sInNjaGVtYV92ZXJzaW9uIjoiMSJ9",
          "dependencies": [
            "module.vpc.aws_vpc.myvpc",
            "module.vpc.data.aws_availability_zones.aws_azs"
          ]
        },
        {
          "index_key": 1,
          "schema_version": 1,
          "attributes": {
            "arn": "arn:aws:ec2:ap-northeast-2:421576594835:subnet/subnet-0b8812d38ead8ac80",
            "assign_ipv6_address_on_creation": false,
            "availability_zone": "ap-northeast-2b",
            "availability_zone_id": "apne2-az2",
            "cidr_block": "10.0.4.0/24",
            "customer_owned_ipv4_pool": "",
            "enable_dns64": false,
            "enable_resource_name_dns_a_record_on_launch": false,
            "enable_resource_name_dns_aaaa_record_on_launch": false,
            "id": "subnet-0b8812d38ead8ac80",
            "ipv6_cidr_block": "",
            "ipv6_cidr_block_association_id": "",
            "ipv6_native": false,
            "map_customer_owned_ip_on_launch": false,
            "map_public_ip_on_launch": false,
            "outpost_arn": "",
            "owner_id": "421576594835",
            "private_dns_hostname_type_on_launch": "ip-name",
            "tags": {
              "Name": "Private_Subnet_2",
              "kubernetes.io/cluster/eks_ctl": "shared"
            },
            "tags_all": {
              "Name": "Private_Subnet_2",
              "kubernetes.io/cluster/eks_ctl": "shared"
            },
            "timeouts": null,
            "vpc_id": "vpc-0a48d5cc09397ab48"
          },
          "sensitive_attributes": [],
          "private": "eyJlMmJmYjczMC1lY2FhLTExZTYtOGY4OC0zNDM2M2JjN2M0YzAiOnsiY3JlYXRlIjo2MDAwMDAwMDAwMDAsImRlbGV0ZSI6MTIwMDAwMDAwMDAwMH0sInNjaGVtYV92ZXJzaW9uIjoiMSJ9",
          "dependencies": [
            "module.vpc.aws_vpc.myvpc",
            "module.vpc.data.aws_availability_zones.aws_azs"
          ]
        }
      ]
    },
    {
      "module": "module.vpc",
      "mode": "managed",
      "type": "aws_subnet",
      "name": "public_subnets",
      "provider": "provider[\"registry.terraform.io/hashicorp/aws\"]",
      "instances": [
        {
          "index_key": 0,
          "schema_version": 1,
          "attributes": {
            "arn": "arn:aws:ec2:ap-northeast-2:421576594835:subnet/subnet-002806d2be98f076c",
            "assign_ipv6_address_on_creation": false,
            "availability_zone": "ap-northeast-2a",
            "availability_zone_id": "apne2-az1",
            "cidr_block": "10.0.1.0/24",
            "customer_owned_ipv4_pool": "",
            "enable_dns64": false,
            "enable_resource_name_dns_a_record_on_launch": false,
            "enable_resource_name_dns_aaaa_record_on_launch": false,
            "id": "subnet-002806d2be98f076c",
            "ipv6_cidr_block": "",
            "ipv6_cidr_block_association_id": "",
            "ipv6_native": false,
            "map_customer_owned_ip_on_launch": false,
            "map_public_ip_on_launch": false,
            "outpost_arn": "",
            "owner_id": "421576594835",
            "private_dns_hostname_type_on_launch": "ip-name",
            "tags": {
              "Name": "Public_Subnet_1"
            },
            "tags_all": {
              "Name": "Public_Subnet_1"
            },
            "timeouts": null,
            "vpc_id": "vpc-0a48d5cc09397ab48"
          },
          "sensitive_attributes": [],
          "private": "eyJlMmJmYjczMC1lY2FhLTExZTYtOGY4OC0zNDM2M2JjN2M0YzAiOnsiY3JlYXRlIjo2MDAwMDAwMDAwMDAsImRlbGV0ZSI6MTIwMDAwMDAwMDAwMH0sInNjaGVtYV92ZXJzaW9uIjoiMSJ9",
          "dependencies": [
            "module.vpc.aws_vpc.myvpc",
            "module.vpc.data.aws_availability_zones.aws_azs"
          ]
        },
        {
          "index_key": 1,
          "schema_version": 1,
          "attributes": {
            "arn": "arn:aws:ec2:ap-northeast-2:421576594835:subnet/subnet-01c0ebca472e80dac",
            "assign_ipv6_address_on_creation": false,
            "availability_zone": "ap-northeast-2b",
            "availability_zone_id": "apne2-az2",
            "cidr_block": "10.0.2.0/24",
            "customer_owned_ipv4_pool": "",
            "enable_dns64": false,
            "enable_resource_name_dns_a_record_on_launch": false,
            "enable_resource_name_dns_aaaa_record_on_launch": false,
            "id": "subnet-01c0ebca472e80dac",
            "ipv6_cidr_block": "",
            "ipv6_cidr_block_association_id": "",
            "ipv6_native": false,
            "map_customer_owned_ip_on_launch": false,
            "map_public_ip_on_launch": false,
            "outpost_arn": "",
            "owner_id": "421576594835",
            "private_dns_hostname_type_on_launch": "ip-name",
            "tags": {
              "Name": "Public_Subnet_2"
            },
            "tags_all": {
              "Name": "Public_Subnet_2"
            },
            "timeouts": null,
            "vpc_id": "vpc-0a48d5cc09397ab48"
          },
          "sensitive_attributes": [],
          "private": "eyJlMmJmYjczMC1lY2FhLTExZTYtOGY4OC0zNDM2M2JjN2M0YzAiOnsiY3JlYXRlIjo2MDAwMDAwMDAwMDAsImRlbGV0ZSI6MTIwMDAwMDAwMDAwMH0sInNjaGVtYV92ZXJzaW9uIjoiMSJ9",
          "dependencies": [
            "module.vpc.aws_vpc.myvpc",
            "module.vpc.data.aws_availability_zones.aws_azs"
          ]
        }
      ]
    },
    {
      "module": "module.vpc",
      "mode": "managed",
      "type": "aws_vpc",
      "name": "myvpc",
      "provider": "provider[\"registry.terraform.io/hashicorp/aws\"]",
      "instances": [
        {
          "schema_version": 1,
          "attributes": {
            "arn": "arn:aws:ec2:ap-northeast-2:421576594835:vpc/vpc-0a48d5cc09397ab48",
            "assign_generated_ipv6_cidr_block": false,
            "cidr_block": "10.0.0.0/16",
            "default_network_acl_id": "acl-0ba50e4d8cf3f1c80",
            "default_route_table_id": "rtb-0b2fbf6d1b7c7bace",
            "default_security_group_id": "sg-0080f2d807980eb2e",
            "dhcp_options_id": "dopt-0c3264ce764ccd073",
            "enable_classiclink": false,
            "enable_classiclink_dns_support": false,
            "enable_dns_hostnames": true,
            "enable_dns_support": true,
            "enable_network_address_usage_metrics": false,
            "id": "vpc-0a48d5cc09397ab48",
            "instance_tenancy": "default",
            "ipv4_ipam_pool_id": null,
            "ipv4_netmask_length": null,
            "ipv6_association_id": "",
            "ipv6_cidr_block": "",
            "ipv6_cidr_block_network_border_group": "",
            "ipv6_ipam_pool_id": "",
            "ipv6_netmask_length": 0,
            "main_route_table_id": "rtb-0b2fbf6d1b7c7bace",
            "owner_id": "421576594835",
            "tags": {
              "Name": "eks-vpc"
            },
            "tags_all": {
              "Name": "eks-vpc"
            }
          },
          "sensitive_attributes": [],
          "private": "eyJzY2hlbWFfdmVyc2lvbiI6IjEifQ=="
        }
      ]
    }
  ],
  "check_results": null
}
