{
  "version": 4,
  "terraform_version": "1.3.6",
  "serial": 918,
  "lineage": "e84e8777-3b3f-4ea3-0451-d6d5f20fdfe7",
  "outputs": {
    "Test": {
      "value": {
        "backend": "local",
        "config": {
          "path": "../aws-eks-efs-config/terraform.tfstate"
        },
        "defaults": null,
        "outputs": {
          "efs_info": {
            "id": "fs-0d873818501b7efd2",
            "storageClassName": "aws-efs-sc"
          },
          "eks_info": {
            "certificate_authority": [
              {
                "data": "LS0tLS1CRUdJTiBDRVJUSUZJQ0FURS0tLS0tCk1JSUMvakNDQWVhZ0F3SUJBZ0lCQURBTkJna3Foa2lHOXcwQkFRc0ZBREFWTVJNd0VRWURWUVFERXdwcmRXSmwKY201bGRHVnpNQjRYRFRJek1ESXhOVEE0TlRBME1Gb1hEVE16TURJeE1qQTROVEEwTUZvd0ZURVRNQkVHQTFVRQpBeE1LYTNWaVpYSnVaWFJsY3pDQ0FTSXdEUVlKS29aSWh2Y05BUUVCQlFBRGdnRVBBRENDQVFvQ2dnRUJBT2dIClNQQi9GNzRlRGE5cGZobUxOc0w4MjJSZHNrbVlZYlllbVlPakw2RGM5OWoydUlqb2VNTTF3UHZOK0ZiMUxGM04KUkVzTHpLOXU3TFNHU2tTYS9zWFZPZ05EYmlpendsRnJ4akpGNmhkWmZqT3haOWxudnpRZUw1RGd1L0pLbjhxeQpKWnpPU2xnSFFnWGx5WW14M28wTmo5dG5VTFh3RDRCSXl4L3ErZTdaR2lrL3ZPZFltNUFIWnBxTjlhWDF5b2o0Ci9oYVM1VVpZelgzN1ZwQzI2WHRvNFpFRncrZ0JuT0l6MlRwSjNnUVp5d3U2TkJ1ZXV0OWZFZ0pQOXJNLzRuUUIKQXdObUhxcFFhK1RQVm83YzErZDdqR3ZHb3d1NzgwNlhBR1dwd2tQazlqVFc0MXJQNTErRkJNQVN6TFRIcmdySwpMWFVvWVFWalE4VzgvbElFemFrQ0F3RUFBYU5aTUZjd0RnWURWUjBQQVFIL0JBUURBZ0trTUE4R0ExVWRFd0VCCi93UUZNQU1CQWY4d0hRWURWUjBPQkJZRUZLL2VmdE5uaGhvVnJ5ZUg1akI1d2x2bmg3SWJNQlVHQTFVZEVRUU8KTUF5Q0NtdDFZbVZ5Ym1WMFpYTXdEUVlKS29aSWh2Y05BUUVMQlFBRGdnRUJBR1FXMUNXS0UrMUJrNnMyaEp0UwoyaGI3VTZpdVMvSmhXdGJiUEdDelJLMFBUVnNGeXVPQlJpZDVFS2xpdE9aRjg1cjVJNkg3RXVWM1FhVzNENit5CnpUa2NhOVVwNlZFb1VqVmY0bERHM3l4bzhhb2VqdjVrdWc0a3IxaTd5YTd4bi9yMmRxcFZvV1EzZkI4aFYraHUKOVk4Q0RIZEdEZmJlaUxJUSs2MWRRdUlFMEV1ZXhFYnlQYUtvRHlUMnE0YVpnZGFIdkFrdFZRK21SdzJndXVzTQpPVStabmJEbm5RK2phUHEwOXBieW8zSzJjRldIRG1lWnFsUjgvbmd2TkxVRWtoVnpLN0JPTTg3MWkyYzlPRHBVCldWSTh3alFES1QxZWlPaFdMN0JxOWlMUE9xWm5rMGtmTlNsTEduVkFYUVpPcEZhK2I0K1BQWFQyQ1d5SWJvWkIKU1EwPQotLS0tLUVORCBDRVJUSUZJQ0FURS0tLS0tCg=="
              }
            ],
            "endpoint": "https://E868B8AB3C9F2C89010C303456CC64A0.gr7.ap-northeast-2.eks.amazonaws.com",
            "id": "eks-ctl",
            "name": "eks-ctl"
          }
        },
        "workspace": null
      },
      "type": [
        "object",
        {
          "backend": "string",
          "config": [
            "object",
            {
              "path": "string"
            }
          ],
          "defaults": "dynamic",
          "outputs": [
            "object",
            {
              "efs_info": [
                "object",
                {
                  "id": "string",
                  "storageClassName": "string"
                }
              ],
              "eks_info": [
                "object",
                {
                  "certificate_authority": [
                    "list",
                    [
                      "object",
                      {
                        "data": "string"
                      }
                    ]
                  ],
                  "endpoint": "string",
                  "id": "string",
                  "name": "string"
                }
              ]
            }
          ],
          "workspace": "string"
        }
      ]
    }
  },
  "resources": [
    {
      "mode": "data",
      "type": "terraform_remote_state",
      "name": "aws_eks",
      "provider": "provider[\"terraform.io/builtin/terraform\"]",
      "instances": [
        {
          "schema_version": 0,
          "attributes": {
            "backend": "local",
            "config": {
              "value": {
                "path": "../aws-eks-efs-config/terraform.tfstate"
              },
              "type": [
                "object",
                {
                  "path": "string"
                }
              ]
            },
            "defaults": null,
            "outputs": {
              "value": {
                "efs_info": {
                  "id": "fs-0d873818501b7efd2",
                  "storageClassName": "aws-efs-sc"
                },
                "eks_info": {
                  "certificate_authority": [
                    {
                      "data": "LS0tLS1CRUdJTiBDRVJUSUZJQ0FURS0tLS0tCk1JSUMvakNDQWVhZ0F3SUJBZ0lCQURBTkJna3Foa2lHOXcwQkFRc0ZBREFWTVJNd0VRWURWUVFERXdwcmRXSmwKY201bGRHVnpNQjRYRFRJek1ESXhOVEE0TlRBME1Gb1hEVE16TURJeE1qQTROVEEwTUZvd0ZURVRNQkVHQTFVRQpBeE1LYTNWaVpYSnVaWFJsY3pDQ0FTSXdEUVlKS29aSWh2Y05BUUVCQlFBRGdnRVBBRENDQVFvQ2dnRUJBT2dIClNQQi9GNzRlRGE5cGZobUxOc0w4MjJSZHNrbVlZYlllbVlPakw2RGM5OWoydUlqb2VNTTF3UHZOK0ZiMUxGM04KUkVzTHpLOXU3TFNHU2tTYS9zWFZPZ05EYmlpendsRnJ4akpGNmhkWmZqT3haOWxudnpRZUw1RGd1L0pLbjhxeQpKWnpPU2xnSFFnWGx5WW14M28wTmo5dG5VTFh3RDRCSXl4L3ErZTdaR2lrL3ZPZFltNUFIWnBxTjlhWDF5b2o0Ci9oYVM1VVpZelgzN1ZwQzI2WHRvNFpFRncrZ0JuT0l6MlRwSjNnUVp5d3U2TkJ1ZXV0OWZFZ0pQOXJNLzRuUUIKQXdObUhxcFFhK1RQVm83YzErZDdqR3ZHb3d1NzgwNlhBR1dwd2tQazlqVFc0MXJQNTErRkJNQVN6TFRIcmdySwpMWFVvWVFWalE4VzgvbElFemFrQ0F3RUFBYU5aTUZjd0RnWURWUjBQQVFIL0JBUURBZ0trTUE4R0ExVWRFd0VCCi93UUZNQU1CQWY4d0hRWURWUjBPQkJZRUZLL2VmdE5uaGhvVnJ5ZUg1akI1d2x2bmg3SWJNQlVHQTFVZEVRUU8KTUF5Q0NtdDFZbVZ5Ym1WMFpYTXdEUVlKS29aSWh2Y05BUUVMQlFBRGdnRUJBR1FXMUNXS0UrMUJrNnMyaEp0UwoyaGI3VTZpdVMvSmhXdGJiUEdDelJLMFBUVnNGeXVPQlJpZDVFS2xpdE9aRjg1cjVJNkg3RXVWM1FhVzNENit5CnpUa2NhOVVwNlZFb1VqVmY0bERHM3l4bzhhb2VqdjVrdWc0a3IxaTd5YTd4bi9yMmRxcFZvV1EzZkI4aFYraHUKOVk4Q0RIZEdEZmJlaUxJUSs2MWRRdUlFMEV1ZXhFYnlQYUtvRHlUMnE0YVpnZGFIdkFrdFZRK21SdzJndXVzTQpPVStabmJEbm5RK2phUHEwOXBieW8zSzJjRldIRG1lWnFsUjgvbmd2TkxVRWtoVnpLN0JPTTg3MWkyYzlPRHBVCldWSTh3alFES1QxZWlPaFdMN0JxOWlMUE9xWm5rMGtmTlNsTEduVkFYUVpPcEZhK2I0K1BQWFQyQ1d5SWJvWkIKU1EwPQotLS0tLUVORCBDRVJUSUZJQ0FURS0tLS0tCg=="
                    }
                  ],
                  "endpoint": "https://E868B8AB3C9F2C89010C303456CC64A0.gr7.ap-northeast-2.eks.amazonaws.com",
                  "id": "eks-ctl",
                  "name": "eks-ctl"
                }
              },
              "type": [
                "object",
                {
                  "efs_info": [
                    "object",
                    {
                      "id": "string",
                      "storageClassName": "string"
                    }
                  ],
                  "eks_info": [
                    "object",
                    {
                      "certificate_authority": [
                        "list",
                        [
                          "object",
                          {
                            "data": "string"
                          }
                        ]
                      ],
                      "endpoint": "string",
                      "id": "string",
                      "name": "string"
                    }
                  ]
                }
              ]
            },
            "workspace": null
          },
          "sensitive_attributes": []
        }
      ]
    },
    {
      "mode": "data",
      "type": "terraform_remote_state",
      "name": "aws_vpc",
      "provider": "provider[\"terraform.io/builtin/terraform\"]",
      "instances": [
        {
          "schema_version": 0,
          "attributes": {
            "backend": "local",
            "config": {
              "value": {
                "path": "../aws-vpc-vpn-config/terraform.tfstate"
              },
              "type": [
                "object",
                {
                  "path": "string"
                }
              ]
            },
            "defaults": null,
            "outputs": {
              "value": {
                "aws_profile_name": "devops",
                "eks_name": "eks-ctl",
                "hostname": "gazami.click",
                "hostname_vpc": "server",
                "num_azs_count": 2,
                "vpc_info": {
                  "private_subnets": {
                    "cidr_blocks": [
                      "10.0.3.0/24",
                      "10.0.4.0/24"
                    ],
                    "ids": [
                      "subnet-0f75d6815f1fe3c00",
                      "subnet-02644f36edc3044c8"
                    ]
                  },
                  "public_subnets": {
                    "cidr_blocks": [
                      "10.0.1.0/24",
                      "10.0.2.0/24"
                    ],
                    "ids": [
                      "subnet-034454d53d9e7f646",
                      "subnet-0791d2e6a53fd37d6"
                    ]
                  },
                  "vpc": {
                    "id": "vpc-02103dbf9d76a31cf"
                  }
                },
                "vpn_security_group_id": "sg-0d0a7d5238f4c4982"
              },
              "type": [
                "object",
                {
                  "aws_profile_name": "string",
                  "eks_name": "string",
                  "hostname": "string",
                  "hostname_vpc": "string",
                  "num_azs_count": "number",
                  "vpc_info": [
                    "object",
                    {
                      "private_subnets": [
                        "object",
                        {
                          "cidr_blocks": [
                            "tuple",
                            [
                              "string",
                              "string"
                            ]
                          ],
                          "ids": [
                            "tuple",
                            [
                              "string",
                              "string"
                            ]
                          ]
                        }
                      ],
                      "public_subnets": [
                        "object",
                        {
                          "cidr_blocks": [
                            "tuple",
                            [
                              "string",
                              "string"
                            ]
                          ],
                          "ids": [
                            "tuple",
                            [
                              "string",
                              "string"
                            ]
                          ]
                        }
                      ],
                      "vpc": [
                        "object",
                        {
                          "id": "string"
                        }
                      ]
                    }
                  ],
                  "vpn_security_group_id": "string"
                }
              ]
            },
            "workspace": null
          },
          "sensitive_attributes": []
        }
      ]
    },
    {
      "mode": "managed",
      "type": "kubernetes_namespace",
      "name": "gongo",
      "provider": "provider[\"registry.terraform.io/hashicorp/kubernetes\"]",
      "instances": [
        {
          "schema_version": 0,
          "attributes": {
            "id": "gongo",
            "metadata": [
              {
                "annotations": null,
                "generate_name": "",
                "generation": 0,
                "labels": {
                  "istio-injection": "enabled",
                  "kiali-enabled": "true",
                  "name": "prometheus"
                },
                "name": "gongo",
                "resource_version": "3947",
                "uid": "2f6251d7-bdc2-44f6-ae5c-23a9e3933412"
              }
            ],
            "timeouts": null
          },
          "sensitive_attributes": [],
          "private": "eyJlMmJmYjczMC1lY2FhLTExZTYtOGY4OC0zNDM2M2JjN2M0YzAiOnsiZGVsZXRlIjozMDAwMDAwMDAwMDB9fQ==",
          "dependencies": [
            "data.terraform_remote_state.aws_eks",
            "data.terraform_remote_state.aws_vpc"
          ]
        }
      ]
    },
    {
      "mode": "managed",
      "type": "kubernetes_namespace",
      "name": "monitoring",
      "provider": "provider[\"registry.terraform.io/hashicorp/kubernetes\"]",
      "instances": [
        {
          "schema_version": 0,
          "attributes": {
            "id": "monitoring",
            "metadata": [
              {
                "annotations": null,
                "generate_name": "",
                "generation": 0,
                "labels": {
                  "istio-injection": "enabled",
                  "kiali-enabled": "true"
                },
                "name": "monitoring",
                "resource_version": "3945",
                "uid": "0d8fec61-9f9e-4f51-9b9c-4c2d4550b2c0"
              }
            ],
            "timeouts": null
          },
          "sensitive_attributes": [],
          "private": "eyJlMmJmYjczMC1lY2FhLTExZTYtOGY4OC0zNDM2M2JjN2M0YzAiOnsiZGVsZXRlIjozMDAwMDAwMDAwMDB9fQ==",
          "dependencies": [
            "data.terraform_remote_state.aws_eks",
            "data.terraform_remote_state.aws_vpc"
          ]
        }
      ]
    },
    {
      "mode": "managed",
      "type": "kubernetes_namespace",
      "name": "sql",
      "provider": "provider[\"registry.terraform.io/hashicorp/kubernetes\"]",
      "instances": [
        {
          "schema_version": 0,
          "attributes": {
            "id": "sql",
            "metadata": [
              {
                "annotations": null,
                "generate_name": "",
                "generation": 0,
                "labels": null,
                "name": "sql",
                "resource_version": "3946",
                "uid": "f7f0f341-40e3-489d-b5c0-7ad2a1752fce"
              }
            ],
            "timeouts": null
          },
          "sensitive_attributes": [],
          "private": "eyJlMmJmYjczMC1lY2FhLTExZTYtOGY4OC0zNDM2M2JjN2M0YzAiOnsiZGVsZXRlIjozMDAwMDAwMDAwMDB9fQ==",
          "dependencies": [
            "data.terraform_remote_state.aws_eks",
            "data.terraform_remote_state.aws_vpc"
          ]
        }
      ]
    },
    {
      "mode": "managed",
      "type": "kubernetes_secret",
      "name": "gongo",
      "provider": "provider[\"registry.terraform.io/hashicorp/kubernetes\"]",
      "instances": [
        {
          "schema_version": 0,
          "attributes": {
            "binary_data": null,
            "data": {
              "databaseName": "final_project",
              "dbHostName": "mypostgres.sql.svc.cluster.local",
              "dbPassword": "postgresSuperUserPsw",
              "dbUserName": "bigdata"
            },
            "id": "gongo/gongo-secret",
            "immutable": false,
            "metadata": [
              {
                "annotations": null,
                "generate_name": "",
                "generation": 0,
                "labels": null,
                "name": "gongo-secret",
                "namespace": "gongo",
                "resource_version": "3955",
                "uid": "b1d80cbc-56a8-4da0-bcc0-ad9ed6357c08"
              }
            ],
            "timeouts": null,
            "type": "Opaque",
            "wait_for_service_account_token": true
          },
          "sensitive_attributes": [],
          "private": "eyJlMmJmYjczMC1lY2FhLTExZTYtOGY4OC0zNDM2M2JjN2M0YzAiOnsiY3JlYXRlIjo2MDAwMDAwMDAwMH19",
          "dependencies": [
            "data.terraform_remote_state.aws_eks",
            "data.terraform_remote_state.aws_vpc"
          ]
        }
      ]
    },
    {
      "mode": "managed",
      "type": "kubernetes_secret",
      "name": "gongo_image",
      "provider": "provider[\"registry.terraform.io/hashicorp/kubernetes\"]",
      "instances": [
        {
          "schema_version": 0,
          "attributes": {
            "binary_data": null,
            "data": {
              ".dockerconfigjson": "{      \"auths\" :  {\r\n        \"ghcr.io/gazami99\" : {\r\n          \"username\" : \"gazami99\",\r\n          \"password\" : \"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\",\r\n          \"email\"    : \"kmja9803@gmail.com\",\r\n          \"auth\"     : \"Z2F6YW1pOTk6Z2hwX3c2SFRWd3dKdFFvS1drVjYwUmN3WVZtTnhkOHJDcTBNTDVtZgo=\"\r\n        }\r\n      }\r\n    }"
            },
            "id": "gongo/regcred",
            "immutable": false,
            "metadata": [
              {
                "annotations": null,
                "generate_name": "",
                "generation": 0,
                "labels": null,
                "name": "regcred",
                "namespace": "gongo",
                "resource_version": "3956",
                "uid": "6c24a29c-0273-4d7a-841f-bd41db1b55f2"
              }
            ],
            "timeouts": null,
            "type": "kubernetes.io/dockerconfigjson",
            "wait_for_service_account_token": true
          },
          "sensitive_attributes": [],
          "private": "eyJlMmJmYjczMC1lY2FhLTExZTYtOGY4OC0zNDM2M2JjN2M0YzAiOnsiY3JlYXRlIjo2MDAwMDAwMDAwMH19",
          "dependencies": [
            "data.terraform_remote_state.aws_eks",
            "data.terraform_remote_state.aws_vpc"
          ]
        }
      ]
    },
    {
      "mode": "managed",
      "type": "kubernetes_secret",
      "name": "grafana",
      "provider": "provider[\"registry.terraform.io/hashicorp/kubernetes\"]",
      "instances": [
        {
          "schema_version": 0,
          "attributes": {
            "binary_data": null,
            "data": {
              "password": "LrBsF*j@+Ca:FvrZE\u0026}cJT:f",
              "username": "admin"
            },
            "id": "default/grafana-auth",
            "immutable": false,
            "metadata": [
              {
                "annotations": null,
                "generate_name": "",
                "generation": 0,
                "labels": null,
                "name": "grafana-auth",
                "namespace": "default",
                "resource_version": "3944",
                "uid": "ab4f82cf-48c0-469b-a51f-8b438337a28e"
              }
            ],
            "timeouts": null,
            "type": "kubernetes.io/grafana-auth",
            "wait_for_service_account_token": true
          },
          "sensitive_attributes": [
            [
              {
                "type": "get_attr",
                "value": "data"
              },
              {
                "type": "index",
                "value": {
                  "value": "password",
                  "type": "string"
                }
              }
            ]
          ],
          "private": "eyJlMmJmYjczMC1lY2FhLTExZTYtOGY4OC0zNDM2M2JjN2M0YzAiOnsiY3JlYXRlIjo2MDAwMDAwMDAwMH19",
          "dependencies": [
            "data.terraform_remote_state.aws_eks",
            "data.terraform_remote_state.aws_vpc",
            "random_password.grafana"
          ]
        }
      ]
    },
    {
      "mode": "managed",
      "type": "null_resource",
      "name": "after",
      "provider": "provider[\"registry.terraform.io/hashicorp/null\"]",
      "instances": [
        {
          "schema_version": 0,
          "attributes": {
            "id": "88595663367185993",
            "triggers": null
          },
          "sensitive_attributes": [],
          "dependencies": [
            "data.terraform_remote_state.aws_eks",
            "data.terraform_remote_state.aws_vpc",
            "kubernetes_namespace.gongo",
            "kubernetes_namespace.monitoring",
            "kubernetes_namespace.sql",
            "null_resource.name_space"
          ]
        }
      ]
    },
    {
      "mode": "managed",
      "type": "null_resource",
      "name": "name_space",
      "provider": "provider[\"registry.terraform.io/hashicorp/null\"]",
      "instances": [
        {
          "schema_version": 0,
          "attributes": {
            "id": "9054792142085904031",
            "triggers": null
          },
          "sensitive_attributes": [],
          "dependencies": [
            "data.terraform_remote_state.aws_eks",
            "data.terraform_remote_state.aws_vpc",
            "kubernetes_namespace.gongo",
            "kubernetes_namespace.monitoring",
            "kubernetes_namespace.sql"
          ]
        }
      ]
    },
    {
      "mode": "managed",
      "type": "random_password",
      "name": "grafana",
      "provider": "provider[\"registry.terraform.io/hashicorp/random\"]",
      "instances": [
        {
          "schema_version": 3,
          "attributes": {
            "bcrypt_hash": "$2a$10$ooTF0rbAoQVb8OjcCHFrGuZISSgLLWIGDRTqb4APyMEbiZ6rIJ50C",
            "id": "none",
            "keepers": null,
            "length": 24,
            "lower": true,
            "min_lower": 0,
            "min_numeric": 0,
            "min_special": 0,
            "min_upper": 0,
            "number": true,
            "numeric": true,
            "override_special": null,
            "result": "LrBsF*j@+Ca:FvrZE\u0026}cJT:f",
            "special": true,
            "upper": true
          },
          "sensitive_attributes": []
        }
      ]
    },
    {
      "module": "module.helm.module.monitoring",
      "mode": "managed",
      "type": "helm_release",
      "name": "argocd",
      "provider": "provider[\"registry.terraform.io/hashicorp/helm\"]",
      "instances": [
        {
          "schema_version": 0,
          "attributes": {
            "atomic": false,
            "chart": "argo-cd",
            "cleanup_on_fail": false,
            "create_namespace": false,
            "dependency_update": false,
            "description": null,
            "devel": null,
            "disable_crd_hooks": false,
            "disable_openapi_validation": false,
            "disable_webhooks": false,
            "force_update": false,
            "id": "argocd",
            "keyring": null,
            "lint": false,
            "manifest": null,
            "max_history": 0,
            "metadata": [
              {
                "app_version": "v2.5.5",
                "chart": "argo-cd",
                "name": "argocd",
                "namespace": "monitoring",
                "revision": 1,
                "values": "{\"server\":{\"extraArgs\":[\"--insecure\",\"--rootpath\",\"/monitoring/argocd\"],\"ingress\":{\"enabled\":true,\"host\":[\"gazami.click\"],\"paths\":[\"/monitoring/argocd\"]}}}",
                "version": "5.16.15"
              }
            ],
            "name": "argocd",
            "namespace": "monitoring",
            "pass_credentials": false,
            "postrender": [],
            "recreate_pods": false,
            "render_subchart_notes": true,
            "replace": false,
            "repository": "https://argoproj.github.io/argo-helm",
            "repository_ca_file": null,
            "repository_cert_file": null,
            "repository_key_file": null,
            "repository_password": null,
            "repository_username": null,
            "reset_values": false,
            "reuse_values": false,
            "set": [],
            "set_sensitive": [],
            "skip_crds": false,
            "status": "deployed",
            "timeout": 300,
            "values": [
              "server:\r\n  ingress:\r\n\r\n    enabled : true\r\n\r\n    host: [gazami.click]\r\n\r\n    paths:\r\n      - /monitoring/argocd\r\n  extraArgs:\r\n   - --insecure\r\n   - --rootpath\r\n   - /monitoring/argocd"
            ],
            "verify": false,
            "version": "5.16.15",
            "wait": true,
            "wait_for_jobs": false
          },
          "sensitive_attributes": [],
          "private": "bnVsbA==",
          "dependencies": [
            "data.terraform_remote_state.aws_eks",
            "data.terraform_remote_state.aws_vpc",
            "kubernetes_namespace.gongo",
            "kubernetes_namespace.monitoring",
            "kubernetes_namespace.sql",
            "module.helm.module.monitoring.helm_release.kiali",
            "module.helm.module.monitoring.helm_release.kube_prometheus_stack",
            "module.helm.module.sql.helm_release.local_config_sql",
            "module.helm.module.sql.helm_release.local_kubegres",
            "null_resource.after",
            "null_resource.name_space"
          ]
        }
      ]
    },
    {
      "module": "module.helm.module.monitoring",
      "mode": "managed",
      "type": "helm_release",
      "name": "kiali",
      "provider": "provider[\"registry.terraform.io/hashicorp/helm\"]",
      "instances": [
        {
          "schema_version": 0,
          "attributes": {
            "atomic": false,
            "chart": "kiali-operator",
            "cleanup_on_fail": false,
            "create_namespace": true,
            "dependency_update": false,
            "description": null,
            "devel": null,
            "disable_crd_hooks": false,
            "disable_openapi_validation": false,
            "disable_webhooks": false,
            "force_update": false,
            "id": "kiali-operator",
            "keyring": null,
            "lint": false,
            "manifest": null,
            "max_history": 0,
            "metadata": [
              {
                "app_version": "v1.63.2",
                "chart": "kiali-operator",
                "name": "kiali-operator",
                "namespace": "kiali-operator",
                "revision": 1,
                "values": "{\"allowAllAccessibleNamespaces\":true,\"clusterRoleCreator\":true,\"cr\":{\"create\":false}}",
                "version": "1.63.2"
              }
            ],
            "name": "kiali-operator",
            "namespace": "kiali-operator",
            "pass_credentials": false,
            "postrender": [],
            "recreate_pods": false,
            "render_subchart_notes": true,
            "replace": false,
            "repository": "https://kiali.org/helm-charts",
            "repository_ca_file": null,
            "repository_cert_file": null,
            "repository_key_file": null,
            "repository_password": null,
            "repository_username": null,
            "reset_values": false,
            "reuse_values": false,
            "set": [],
            "set_sensitive": [],
            "skip_crds": false,
            "status": "deployed",
            "timeout": 100,
            "values": [
              "\r\nclusterRoleCreator: true\r\nallowAllAccessibleNamespaces: true\r\n\r\ncr:\r\n  create: false\r\n"
            ],
            "verify": false,
            "version": "1.63.2",
            "wait": true,
            "wait_for_jobs": false
          },
          "sensitive_attributes": [],
          "private": "bnVsbA==",
          "dependencies": [
            "data.terraform_remote_state.aws_eks",
            "data.terraform_remote_state.aws_vpc",
            "kubernetes_namespace.gongo",
            "kubernetes_namespace.monitoring",
            "kubernetes_namespace.sql",
            "module.helm.module.monitoring.helm_release.kube_prometheus_stack",
            "module.helm.module.sql.helm_release.local_config_sql",
            "module.helm.module.sql.helm_release.local_kubegres",
            "null_resource.after",
            "null_resource.name_space"
          ]
        }
      ]
    },
    {
      "module": "module.helm.module.monitoring",
      "mode": "managed",
      "type": "helm_release",
      "name": "kube_prometheus_stack",
      "provider": "provider[\"registry.terraform.io/hashicorp/helm\"]",
      "instances": [
        {
          "schema_version": 0,
          "attributes": {
            "atomic": false,
            "chart": "kube-prometheus-stack",
            "cleanup_on_fail": false,
            "create_namespace": true,
            "dependency_update": false,
            "description": null,
            "devel": null,
            "disable_crd_hooks": false,
            "disable_openapi_validation": false,
            "disable_webhooks": false,
            "force_update": false,
            "id": "kube-prometheus-stack",
            "keyring": null,
            "lint": false,
            "manifest": null,
            "max_history": 0,
            "metadata": [
              {
                "app_version": "0.61.1",
                "chart": "kube-prometheus-stack",
                "name": "kube-prometheus-stack",
                "namespace": "monitoring",
                "revision": 1,
                "values": "{\"alertmanager\":{\"alertmanagerSpec\":{\"storage\":{\"volumeClaimTemplate\":{\"spec\":{\"accessModes\":[\"ReadWriteOnce\"],\"resources\":{\"requests\":{\"storage\":\"10Gi\"}},\"storageClassName\":\"aws-efs-sc\"}}}}},\"grafana\":{\"deploymentStrategy\":{\"type\":\"Recreate\"},\"enabled\":true,\"env\":{\"GF_SERVER_ROOT_URL\":\"https://localhost/monitoring/grafana\",\"GF_SERVER_SERVE_FROM_SUB_PATH\":\"true\"},\"ingress\":{\"enabled\":true,\"host\":[\"gazami.click\"],\"path\":\"/monitoring/grafana\"}},\"prometheus\":{\"prometheusSpec\":{\"additionalScrapeConfigs\":[{\"job_name\":\"istiod\",\"kubernetes_sd_configs\":[{\"namespaces\":{\"names\":[\"istio-system\"]},\"role\":\"endpoints\"}],\"relabel_configs\":[{\"action\":\"keep\",\"regex\":\"istiod;http-monitoring\",\"source_labels\":[\"__meta_kubernetes_service_name\",\"__meta_kubernetes_endpoint_port_name\"]}]},{\"job_name\":\"envoy-stats\",\"kubernetes_sd_configs\":[{\"role\":\"pod\"}],\"metrics_path\":\"/stats/prometheus\",\"relabel_configs\":[{\"action\":\"keep\",\"regex\":\".*-envoy-prom\",\"source_labels\":[\"__meta_kubernetes_pod_container_port_name\"]}]}],\"podMonitorNamespaceSelector\":{},\"podMonitorSelector\":{},\"podMonitorSelectorNilUsesHelmValues\":false,\"ruleNamespaceSelector\":{},\"ruleSelector\":{},\"ruleSelectorNilUsesHelmValues\":false,\"serviceMonitorNamespaceSelector\":{},\"serviceMonitorSelector\":{},\"serviceMonitorSelectorNilUsesHelmValues\":false,\"storageSpec\":{\"volumeClaimTemplate\":{\"spec\":{\"accessModes\":[\"ReadWriteOnce\"],\"resources\":{\"requests\":{\"storage\":\"10Gi\"}},\"storageClassName\":\"aws-efs-sc\"}}}}},\"prometheusOperator\":{\"admissionWebhooks\":{\"patch\":{\"podAnnotations\":{\"sidecar.istio.io/inject\":\"false\"}}}}}",
                "version": "43.2.1"
              }
            ],
            "name": "kube-prometheus-stack",
            "namespace": "monitoring",
            "pass_credentials": false,
            "postrender": [],
            "recreate_pods": false,
            "render_subchart_notes": true,
            "replace": false,
            "repository": "https://prometheus-community.github.io/helm-charts",
            "repository_ca_file": null,
            "repository_cert_file": null,
            "repository_key_file": null,
            "repository_password": null,
            "repository_username": null,
            "reset_values": false,
            "reuse_values": false,
            "set": [],
            "set_sensitive": [],
            "skip_crds": false,
            "status": "deployed",
            "timeout": 300,
            "values": [
              "prometheus:\r\n  ## Settings affecting prometheusSpec\r\n  ## ref: https://github.com/prometheus-operator/prometheus-operator/blob/main/Documentation/api.md#prometheusspec\r\n  ##\r\n  # ingress:\r\n  #   enabled: true\r\n  #   host: [\"gazami.click\"]\r\n    \r\n  #   path: /monitoring/prometheus\r\n  prometheusSpec:\r\n    ## Prometheus StorageSpec for persistent data\r\n    ## ref: https://github.com/prometheus-operator/prometheus-operator/blob/main/Documentation/user-guides/storage.md\r\n    ##\r\n    storageSpec:\r\n    ## Using PersistentVolumeClaim\r\n    ##\r\n      volumeClaimTemplate:\r\n        spec:\r\n          storageClassName: \"aws-efs-sc\"\r\n          accessModes: [\"ReadWriteOnce\"]\r\n          resources:\r\n            requests:\r\n              storage: \"10Gi\"\r\n\r\n    ruleNamespaceSelector: {}\r\n    ruleSelectorNilUsesHelmValues: false\r\n    ruleSelector: {}\r\n    ## Example which select all PrometheusRules resources\r\n\r\n    serviceMonitorSelectorNilUsesHelmValues: false\r\n    serviceMonitorSelector: {}\r\n    serviceMonitorNamespaceSelector: {}\r\n\r\n    podMonitorSelectorNilUsesHelmValues: false\r\n    podMonitorSelector: {}\r\n    podMonitorNamespaceSelector: {}\r\n    # containers:\r\n    #   - name: prometheus-server\r\n    #     ...\r\n    #     volumeMounts:\r\n    #       mountPath: /etc/prom-certs/\r\n    #       name: istio-certs\r\n    # volumes:\r\n    #   - emptyDir:\r\n    #       medium: Memory\r\n          \r\n    # name: istio-certs\r\n\r\n    additionalScrapeConfigs:\r\n    - job_name: 'istiod'\r\n      kubernetes_sd_configs:\r\n      - role: endpoints\r\n        namespaces:\r\n          names:\r\n          - istio-system\r\n      relabel_configs:\r\n      - source_labels: [__meta_kubernetes_service_name, __meta_kubernetes_endpoint_port_name]\r\n        action: keep\r\n        regex: istiod;http-monitoring\r\n    - job_name: 'envoy-stats'\r\n      metrics_path: /stats/prometheus\r\n      kubernetes_sd_configs:\r\n      - role: pod\r\n\r\n      relabel_configs:\r\n      - source_labels: [__meta_kubernetes_pod_container_port_name]\r\n        action: keep\r\n        regex: '.*-envoy-prom'\r\n\r\nalertmanager:\r\n  alertmanagerSpec:\r\n#     ## Standard object's metadata. More info: https://github.com/kubernetes/community/blob/master/contributors/devel/sig-architecture/api-conventions.md#metadata\r\n#     ## Metadata Labels and Annotations gets propagated to the Alertmanager pods.\r\n#     ##\r\n#     ## Storage is the definition of how storage will be used by the Alertmanager instances.\r\n#     ## ref: https://github.com/prometheus-operator/prometheus-operator/blob/main/Documentation/user-guides/storage.md\r\n#     ##\r\n    storage: \r\n      volumeClaimTemplate:\r\n        spec:\r\n          storageClassName: \"aws-efs-sc\"\r\n          accessModes: [\"ReadWriteOnce\"]\r\n          resources:\r\n            requests:\r\n              storage: \"10Gi\"\r\n\r\nprometheusOperator:\r\n  admissionWebhooks:\r\n    patch:\r\n      podAnnotations:\r\n        sidecar.istio.io/inject: \"false\"\r\n\r\n# ## Using default values from https://github.com/grafana/helm-charts/blob/main/charts/grafana/values.yaml\r\n# ##\r\ngrafana:\r\n  env:\r\n    GF_SERVER_ROOT_URL: https://localhost/monitoring/grafana\r\n    GF_SERVER_SERVE_FROM_SUB_PATH: 'true'\r\n  enabled: true\r\n  # 아래 내용 추가\r\n  deploymentStrategy:\r\n    type: Recreate\r\n  # persistence:\r\n  #   enabled: true\r\n  #   type: pvc\r\n  #   storageClassName: \"aws-efs-sc\"\r\n  #   accessModes:\r\n  #   - ReadWriteOnce\r\n  #   size: \"10Gi\"\r\n  #   finalizers:\r\n  #   - kubernetes.io/pvc-protection \r\n\r\n  ingress:\r\n    enabled: true\r\n    host: [\"gazami.click\"]\r\n    \r\n    path: /monitoring/grafana\r\n     \r\n"
            ],
            "verify": false,
            "version": "43.2.1",
            "wait": true,
            "wait_for_jobs": false
          },
          "sensitive_attributes": [],
          "private": "bnVsbA==",
          "dependencies": [
            "data.terraform_remote_state.aws_eks",
            "data.terraform_remote_state.aws_vpc",
            "kubernetes_namespace.gongo",
            "kubernetes_namespace.monitoring",
            "kubernetes_namespace.sql",
            "module.helm.module.sql.helm_release.local_config_sql",
            "module.helm.module.sql.helm_release.local_kubegres",
            "null_resource.after",
            "null_resource.name_space"
          ]
        }
      ]
    },
    {
      "module": "module.helm.module.monitoring",
      "mode": "managed",
      "type": "helm_release",
      "name": "local_config_monitoring",
      "provider": "provider[\"registry.terraform.io/hashicorp/helm\"]",
      "instances": [
        {
          "schema_version": 0,
          "attributes": {
            "atomic": false,
            "chart": "helm/monitoring/templates/charts/config-monitoring",
            "cleanup_on_fail": false,
            "create_namespace": false,
            "dependency_update": false,
            "description": null,
            "devel": null,
            "disable_crd_hooks": false,
            "disable_openapi_validation": false,
            "disable_webhooks": false,
            "force_update": false,
            "id": "config-monitoring",
            "keyring": null,
            "lint": false,
            "manifest": null,
            "max_history": 0,
            "metadata": [
              {
                "app_version": "",
                "chart": "config_monitoring",
                "name": "config-monitoring",
                "namespace": "monitoring",
                "revision": 1,
                "values": "{}",
                "version": "1.0.0"
              }
            ],
            "name": "config-monitoring",
            "namespace": "monitoring",
            "pass_credentials": false,
            "postrender": [],
            "recreate_pods": false,
            "render_subchart_notes": true,
            "replace": false,
            "repository": null,
            "repository_ca_file": null,
            "repository_cert_file": null,
            "repository_key_file": null,
            "repository_password": null,
            "repository_username": null,
            "reset_values": false,
            "reuse_values": false,
            "set": [],
            "set_sensitive": [],
            "skip_crds": false,
            "status": "deployed",
            "timeout": 300,
            "values": null,
            "verify": false,
            "version": "1.0.0",
            "wait": true,
            "wait_for_jobs": false
          },
          "sensitive_attributes": [],
          "private": "bnVsbA==",
          "dependencies": [
            "data.terraform_remote_state.aws_eks",
            "data.terraform_remote_state.aws_vpc",
            "kubernetes_namespace.gongo",
            "kubernetes_namespace.monitoring",
            "kubernetes_namespace.sql",
            "module.helm.module.monitoring.helm_release.argocd",
            "module.helm.module.monitoring.helm_release.kiali",
            "module.helm.module.monitoring.helm_release.kube_prometheus_stack",
            "module.helm.module.monitoring.null_resource.helm_after",
            "module.helm.module.sql.helm_release.local_config_sql",
            "module.helm.module.sql.helm_release.local_kubegres",
            "null_resource.after",
            "null_resource.name_space"
          ]
        }
      ]
    },
    {
      "module": "module.helm.module.monitoring",
      "mode": "managed",
      "type": "null_resource",
      "name": "helm_after",
      "provider": "provider[\"registry.terraform.io/hashicorp/null\"]",
      "instances": [
        {
          "schema_version": 0,
          "attributes": {
            "id": "286377673415740614",
            "triggers": null
          },
          "sensitive_attributes": [],
          "dependencies": [
            "data.terraform_remote_state.aws_eks",
            "data.terraform_remote_state.aws_vpc",
            "kubernetes_namespace.gongo",
            "kubernetes_namespace.monitoring",
            "kubernetes_namespace.sql",
            "module.helm.module.monitoring.helm_release.argocd",
            "module.helm.module.monitoring.helm_release.kiali",
            "module.helm.module.monitoring.helm_release.kube_prometheus_stack",
            "module.helm.module.sql.helm_release.local_config_sql",
            "module.helm.module.sql.helm_release.local_kubegres",
            "null_resource.after",
            "null_resource.name_space"
          ]
        }
      ]
    },
    {
      "module": "module.helm.module.sql",
      "mode": "managed",
      "type": "helm_release",
      "name": "local_config_sql",
      "provider": "provider[\"registry.terraform.io/hashicorp/helm\"]",
      "instances": [
        {
          "schema_version": 0,
          "attributes": {
            "atomic": false,
            "chart": "helm/sql/templates/charts/config-sql",
            "cleanup_on_fail": false,
            "create_namespace": false,
            "dependency_update": false,
            "description": null,
            "devel": null,
            "disable_crd_hooks": false,
            "disable_openapi_validation": false,
            "disable_webhooks": false,
            "force_update": false,
            "id": "config-sql",
            "keyring": null,
            "lint": false,
            "manifest": null,
            "max_history": 0,
            "metadata": [
              {
                "app_version": "",
                "chart": "config_sql",
                "name": "config-sql",
                "namespace": "sql",
                "revision": 1,
                "values": "{\"securityContext\":{\"gid\":\"0\",\"uid\":\"0\"}}",
                "version": "1.0.0"
              }
            ],
            "name": "config-sql",
            "namespace": "sql",
            "pass_credentials": false,
            "postrender": [],
            "recreate_pods": false,
            "render_subchart_notes": true,
            "replace": false,
            "repository": null,
            "repository_ca_file": null,
            "repository_cert_file": null,
            "repository_key_file": null,
            "repository_password": null,
            "repository_username": null,
            "reset_values": false,
            "reuse_values": false,
            "set": [],
            "set_sensitive": [],
            "skip_crds": false,
            "status": "deployed",
            "timeout": 300,
            "values": [
              "securityContext:\r\n  uid: \"0\"\r\n  gid: \"0\"\r\n"
            ],
            "verify": false,
            "version": "1.0.0",
            "wait": true,
            "wait_for_jobs": false
          },
          "sensitive_attributes": [],
          "private": "bnVsbA==",
          "dependencies": [
            "data.terraform_remote_state.aws_eks",
            "data.terraform_remote_state.aws_vpc",
            "kubernetes_namespace.gongo",
            "kubernetes_namespace.monitoring",
            "kubernetes_namespace.sql",
            "module.helm.module.sql.helm_release.local_kubegres",
            "null_resource.after",
            "null_resource.name_space"
          ]
        }
      ]
    },
    {
      "module": "module.helm.module.sql",
      "mode": "managed",
      "type": "helm_release",
      "name": "local_kubegres",
      "provider": "provider[\"registry.terraform.io/hashicorp/helm\"]",
      "instances": [
        {
          "schema_version": 0,
          "attributes": {
            "atomic": false,
            "chart": "helm/sql/templates/charts/kubegres",
            "cleanup_on_fail": false,
            "create_namespace": true,
            "dependency_update": false,
            "description": null,
            "devel": null,
            "disable_crd_hooks": false,
            "disable_openapi_validation": false,
            "disable_webhooks": false,
            "force_update": false,
            "id": "kubegres",
            "keyring": null,
            "lint": false,
            "manifest": null,
            "max_history": 0,
            "metadata": [
              {
                "app_version": "",
                "chart": "kubegres",
                "name": "kubegres",
                "namespace": "kubegres",
                "revision": 1,
                "values": "{}",
                "version": "1.0.0"
              }
            ],
            "name": "kubegres",
            "namespace": "kubegres",
            "pass_credentials": false,
            "postrender": [],
            "recreate_pods": false,
            "render_subchart_notes": true,
            "replace": false,
            "repository": null,
            "repository_ca_file": null,
            "repository_cert_file": null,
            "repository_key_file": null,
            "repository_password": null,
            "repository_username": null,
            "reset_values": false,
            "reuse_values": false,
            "set": [],
            "set_sensitive": [],
            "skip_crds": false,
            "status": "deployed",
            "timeout": 300,
            "values": null,
            "verify": false,
            "version": "1.0.0",
            "wait": true,
            "wait_for_jobs": false
          },
          "sensitive_attributes": [],
          "private": "bnVsbA==",
          "dependencies": [
            "data.terraform_remote_state.aws_eks",
            "data.terraform_remote_state.aws_vpc",
            "kubernetes_namespace.gongo",
            "kubernetes_namespace.monitoring",
            "kubernetes_namespace.sql",
            "null_resource.after",
            "null_resource.name_space"
          ]
        }
      ]
    }
  ],
  "check_results": null
}
