{
  "version": 4,
  "terraform_version": "1.3.6",
  "serial": 5321,
  "lineage": "2fa49728-af0a-366e-b149-6af5316d6a6b",
  "outputs": {
    "efs_info": {
      "value": {
        "id": "fs-0d873818501b7efd2",
        "storageClassName": "aws-efs-sc"
      },
      "type": [
        "object",
        {
          "id": "string",
          "storageClassName": "string"
        }
      ]
    },
    "eks_info": {
      "value": {
        "certificate_authority": [
          {
            "data": "LS0tLS1CRUdJTiBDRVJUSUZJQ0FURS0tLS0tCk1JSUMvakNDQWVhZ0F3SUJBZ0lCQURBTkJna3Foa2lHOXcwQkFRc0ZBREFWTVJNd0VRWURWUVFERXdwcmRXSmwKY201bGRHVnpNQjRYRFRJek1ESXhOVEE0TlRBME1Gb1hEVE16TURJeE1qQTROVEEwTUZvd0ZURVRNQkVHQTFVRQpBeE1LYTNWaVpYSnVaWFJsY3pDQ0FTSXdEUVlKS29aSWh2Y05BUUVCQlFBRGdnRVBBRENDQVFvQ2dnRUJBT2dIClNQQi9GNzRlRGE5cGZobUxOc0w4MjJSZHNrbVlZYlllbVlPakw2RGM5OWoydUlqb2VNTTF3UHZOK0ZiMUxGM04KUkVzTHpLOXU3TFNHU2tTYS9zWFZPZ05EYmlpendsRnJ4akpGNmhkWmZqT3haOWxudnpRZUw1RGd1L0pLbjhxeQpKWnpPU2xnSFFnWGx5WW14M28wTmo5dG5VTFh3RDRCSXl4L3ErZTdaR2lrL3ZPZFltNUFIWnBxTjlhWDF5b2o0Ci9oYVM1VVpZelgzN1ZwQzI2WHRvNFpFRncrZ0JuT0l6MlRwSjNnUVp5d3U2TkJ1ZXV0OWZFZ0pQOXJNLzRuUUIKQXdObUhxcFFhK1RQVm83YzErZDdqR3ZHb3d1NzgwNlhBR1dwd2tQazlqVFc0MXJQNTErRkJNQVN6TFRIcmdySwpMWFVvWVFWalE4VzgvbElFemFrQ0F3RUFBYU5aTUZjd0RnWURWUjBQQVFIL0JBUURBZ0trTUE4R0ExVWRFd0VCCi93UUZNQU1CQWY4d0hRWURWUjBPQkJZRUZLL2VmdE5uaGhvVnJ5ZUg1akI1d2x2bmg3SWJNQlVHQTFVZEVRUU8KTUF5Q0NtdDFZbVZ5Ym1WMFpYTXdEUVlKS29aSWh2Y05BUUVMQlFBRGdnRUJBR1FXMUNXS0UrMUJrNnMyaEp0UwoyaGI3VTZpdVMvSmhXdGJiUEdDelJLMFBUVnNGeXVPQlJpZDVFS2xpdE9aRjg1cjVJNkg3RXVWM1FhVzNENit5CnpUa2NhOVVwNlZFb1VqVmY0bERHM3l4bzhhb2VqdjVrdWc0a3IxaTd5YTd4bi9yMmRxcFZvV1EzZkI4aFYraHUKOVk4Q0RIZEdEZmJlaUxJUSs2MWRRdUlFMEV1ZXhFYnlQYUtvRHlUMnE0YVpnZGFIdkFrdFZRK21SdzJndXVzTQpPVStabmJEbm5RK2phUHEwOXBieW8zSzJjRldIRG1lWnFsUjgvbmd2TkxVRWtoVnpLN0JPTTg3MWkyYzlPRHBVCldWSTh3alFES1QxZWlPaFdMN0JxOWlMUE9xWm5rMGtmTlNsTEduVkFYUVpPcEZhK2I0K1BQWFQyQ1d5SWJvWkIKU1EwPQotLS0tLUVORCBDRVJUSUZJQ0FURS0tLS0tCg=="
          }
        ],
        "endpoint": "https://E868B8AB3C9F2C89010C303456CC64A0.gr7.ap-northeast-2.eks.amazonaws.com",
        "id": "eks-ctl",
        "name": "eks-ctl"
      },
      "type": [
        "object",
        {
          "certificate_authority": [
            "list",
            [
              "object",
              {
                "data": "string"
              }
            ]
          ],
          "endpoint": "string",
          "id": "string",
          "name": "string"
        }
      ]
    }
  },
  "resources": [
    {
      "mode": "data",
      "type": "aws_eks_cluster",
      "name": "eks_cluster",
      "provider": "provider[\"registry.terraform.io/hashicorp/aws\"]",
      "instances": [
        {
          "schema_version": 0,
          "attributes": {
            "arn": "arn:aws:eks:ap-northeast-2:421576594835:cluster/eks-ctl",
            "certificate_authority": [
              {
                "data": "LS0tLS1CRUdJTiBDRVJUSUZJQ0FURS0tLS0tCk1JSUMvakNDQWVhZ0F3SUJBZ0lCQURBTkJna3Foa2lHOXcwQkFRc0ZBREFWTVJNd0VRWURWUVFERXdwcmRXSmwKY201bGRHVnpNQjRYRFRJek1ESXhOVEE0TlRBME1Gb1hEVE16TURJeE1qQTROVEEwTUZvd0ZURVRNQkVHQTFVRQpBeE1LYTNWaVpYSnVaWFJsY3pDQ0FTSXdEUVlKS29aSWh2Y05BUUVCQlFBRGdnRVBBRENDQVFvQ2dnRUJBT2dIClNQQi9GNzRlRGE5cGZobUxOc0w4MjJSZHNrbVlZYlllbVlPakw2RGM5OWoydUlqb2VNTTF3UHZOK0ZiMUxGM04KUkVzTHpLOXU3TFNHU2tTYS9zWFZPZ05EYmlpendsRnJ4akpGNmhkWmZqT3haOWxudnpRZUw1RGd1L0pLbjhxeQpKWnpPU2xnSFFnWGx5WW14M28wTmo5dG5VTFh3RDRCSXl4L3ErZTdaR2lrL3ZPZFltNUFIWnBxTjlhWDF5b2o0Ci9oYVM1VVpZelgzN1ZwQzI2WHRvNFpFRncrZ0JuT0l6MlRwSjNnUVp5d3U2TkJ1ZXV0OWZFZ0pQOXJNLzRuUUIKQXdObUhxcFFhK1RQVm83YzErZDdqR3ZHb3d1NzgwNlhBR1dwd2tQazlqVFc0MXJQNTErRkJNQVN6TFRIcmdySwpMWFVvWVFWalE4VzgvbElFemFrQ0F3RUFBYU5aTUZjd0RnWURWUjBQQVFIL0JBUURBZ0trTUE4R0ExVWRFd0VCCi93UUZNQU1CQWY4d0hRWURWUjBPQkJZRUZLL2VmdE5uaGhvVnJ5ZUg1akI1d2x2bmg3SWJNQlVHQTFVZEVRUU8KTUF5Q0NtdDFZbVZ5Ym1WMFpYTXdEUVlKS29aSWh2Y05BUUVMQlFBRGdnRUJBR1FXMUNXS0UrMUJrNnMyaEp0UwoyaGI3VTZpdVMvSmhXdGJiUEdDelJLMFBUVnNGeXVPQlJpZDVFS2xpdE9aRjg1cjVJNkg3RXVWM1FhVzNENit5CnpUa2NhOVVwNlZFb1VqVmY0bERHM3l4bzhhb2VqdjVrdWc0a3IxaTd5YTd4bi9yMmRxcFZvV1EzZkI4aFYraHUKOVk4Q0RIZEdEZmJlaUxJUSs2MWRRdUlFMEV1ZXhFYnlQYUtvRHlUMnE0YVpnZGFIdkFrdFZRK21SdzJndXVzTQpPVStabmJEbm5RK2phUHEwOXBieW8zSzJjRldIRG1lWnFsUjgvbmd2TkxVRWtoVnpLN0JPTTg3MWkyYzlPRHBVCldWSTh3alFES1QxZWlPaFdMN0JxOWlMUE9xWm5rMGtmTlNsTEduVkFYUVpPcEZhK2I0K1BQWFQyQ1d5SWJvWkIKU1EwPQotLS0tLUVORCBDRVJUSUZJQ0FURS0tLS0tCg=="
              }
            ],
            "cluster_id": null,
            "created_at": "2023-02-15 08:45:49.186 +0000 UTC",
            "enabled_cluster_log_types": [],
            "endpoint": "https://E868B8AB3C9F2C89010C303456CC64A0.gr7.ap-northeast-2.eks.amazonaws.com",
            "id": "eks-ctl",
            "identity": [
              {
                "oidc": [
                  {
                    "issuer": "https://oidc.eks.ap-northeast-2.amazonaws.com/id/E868B8AB3C9F2C89010C303456CC64A0"
                  }
                ]
              }
            ],
            "kubernetes_network_config": [
              {
                "ip_family": "ipv4",
                "service_ipv4_cidr": "172.20.0.0/16",
                "service_ipv6_cidr": ""
              }
            ],
            "name": "eks-ctl",
            "outpost_config": [],
            "platform_version": "eks.4",
            "role_arn": "arn:aws:iam::421576594835:role/eks-cluster-iam_role",
            "status": "ACTIVE",
            "tags": {},
            "version": "1.24",
            "vpc_config": [
              {
                "cluster_security_group_id": "sg-0b89c6d08adf7dc5a",
                "endpoint_private_access": true,
                "endpoint_public_access": false,
                "public_access_cidrs": [],
                "security_group_ids": [],
                "subnet_ids": [
                  "subnet-02644f36edc3044c8",
                  "subnet-0f75d6815f1fe3c00"
                ],
                "vpc_id": "vpc-02103dbf9d76a31cf"
              }
            ]
          },
          "sensitive_attributes": []
        }
      ]
    },
    {
      "mode": "data",
      "type": "terraform_remote_state",
      "name": "aws_vpc",
      "provider": "provider[\"terraform.io/builtin/terraform\"]",
      "instances": [
        {
          "schema_version": 0,
          "attributes": {
            "backend": "local",
            "config": {
              "value": {
                "path": "../aws-vpc-vpn-config/terraform.tfstate"
              },
              "type": [
                "object",
                {
                  "path": "string"
                }
              ]
            },
            "defaults": null,
            "outputs": {
              "value": {
                "aws_profile_name": "devops",
                "eks_name": "eks-ctl",
                "hostname": "gazami.click",
                "hostname_vpc": "server",
                "num_azs_count": 2,
                "vpc_info": {
                  "private_subnets": {
                    "cidr_blocks": [
                      "10.0.3.0/24",
                      "10.0.4.0/24"
                    ],
                    "ids": [
                      "subnet-0f75d6815f1fe3c00",
                      "subnet-02644f36edc3044c8"
                    ]
                  },
                  "public_subnets": {
                    "cidr_blocks": [
                      "10.0.1.0/24",
                      "10.0.2.0/24"
                    ],
                    "ids": [
                      "subnet-034454d53d9e7f646",
                      "subnet-0791d2e6a53fd37d6"
                    ]
                  },
                  "vpc": {
                    "id": "vpc-02103dbf9d76a31cf"
                  }
                },
                "vpn_security_group_id": "sg-0d0a7d5238f4c4982"
              },
              "type": [
                "object",
                {
                  "aws_profile_name": "string",
                  "eks_name": "string",
                  "hostname": "string",
                  "hostname_vpc": "string",
                  "num_azs_count": "number",
                  "vpc_info": [
                    "object",
                    {
                      "private_subnets": [
                        "object",
                        {
                          "cidr_blocks": [
                            "tuple",
                            [
                              "string",
                              "string"
                            ]
                          ],
                          "ids": [
                            "tuple",
                            [
                              "string",
                              "string"
                            ]
                          ]
                        }
                      ],
                      "public_subnets": [
                        "object",
                        {
                          "cidr_blocks": [
                            "tuple",
                            [
                              "string",
                              "string"
                            ]
                          ],
                          "ids": [
                            "tuple",
                            [
                              "string",
                              "string"
                            ]
                          ]
                        }
                      ],
                      "vpc": [
                        "object",
                        {
                          "id": "string"
                        }
                      ]
                    }
                  ],
                  "vpn_security_group_id": "string"
                }
              ]
            },
            "workspace": null
          },
          "sensitive_attributes": []
        }
      ]
    },
    {
      "module": "module.efs",
      "mode": "data",
      "type": "aws_availability_zones",
      "name": "aws_azs",
      "provider": "provider[\"registry.terraform.io/hashicorp/aws\"]",
      "instances": [
        {
          "schema_version": 0,
          "attributes": {
            "all_availability_zones": true,
            "exclude_names": null,
            "exclude_zone_ids": null,
            "filter": [
              {
                "name": "opt-in-status",
                "values": [
                  "opt-in-not-required"
                ]
              }
            ],
            "group_names": [
              "ap-northeast-2"
            ],
            "id": "ap-northeast-2",
            "names": [
              "ap-northeast-2a",
              "ap-northeast-2b",
              "ap-northeast-2c",
              "ap-northeast-2d"
            ],
            "state": null,
            "timeouts": null,
            "zone_ids": [
              "apne2-az1",
              "apne2-az2",
              "apne2-az3",
              "apne2-az4"
            ]
          },
          "sensitive_attributes": []
        }
      ]
    },
    {
      "module": "module.efs",
      "mode": "data",
      "type": "aws_subnets",
      "name": "private_subnets",
      "provider": "provider[\"registry.terraform.io/hashicorp/aws\"]",
      "instances": [
        {
          "schema_version": 0,
          "attributes": {
            "filter": [
              {
                "name": "tag:Name",
                "values": [
                  "Private*"
                ]
              },
              {
                "name": "vpc-id",
                "values": [
                  "vpc-02103dbf9d76a31cf"
                ]
              }
            ],
            "id": "ap-northeast-2",
            "ids": [
              "subnet-0f75d6815f1fe3c00",
              "subnet-02644f36edc3044c8"
            ],
            "tags": null,
            "timeouts": null
          },
          "sensitive_attributes": []
        }
      ]
    },
    {
      "module": "module.efs",
      "mode": "data",
      "type": "aws_vpc",
      "name": "vpc",
      "provider": "provider[\"registry.terraform.io/hashicorp/aws\"]",
      "instances": [
        {
          "schema_version": 0,
          "attributes": {
            "arn": "arn:aws:ec2:ap-northeast-2:421576594835:vpc/vpc-02103dbf9d76a31cf",
            "cidr_block": "10.0.0.0/16",
            "cidr_block_associations": [
              {
                "association_id": "vpc-cidr-assoc-07fb1ae707c39ea1a",
                "cidr_block": "10.0.0.0/16",
                "state": "associated"
              }
            ],
            "default": false,
            "dhcp_options_id": "dopt-0c3264ce764ccd073",
            "enable_dns_hostnames": true,
            "enable_dns_support": true,
            "enable_network_address_usage_metrics": false,
            "filter": null,
            "id": "vpc-02103dbf9d76a31cf",
            "instance_tenancy": "default",
            "ipv6_association_id": "",
            "ipv6_cidr_block": "",
            "main_route_table_id": "rtb-0d1e84c7ebf6943dc",
            "owner_id": "421576594835",
            "state": null,
            "tags": {
              "Name": "vpc-vpc"
            },
            "timeouts": null
          },
          "sensitive_attributes": []
        }
      ]
    },
    {
      "module": "module.efs",
      "mode": "managed",
      "type": "aws_efs_file_system",
      "name": "aws_efs",
      "provider": "provider[\"registry.terraform.io/hashicorp/aws\"]",
      "instances": [
        {
          "schema_version": 0,
          "attributes": {
            "arn": "arn:aws:elasticfilesystem:ap-northeast-2:421576594835:file-system/fs-0d873818501b7efd2",
            "availability_zone_id": "",
            "availability_zone_name": "",
            "creation_token": "aws-efs",
            "dns_name": "fs-0d873818501b7efd2.efs.ap-northeast-2.amazonaws.com",
            "encrypted": false,
            "id": "fs-0d873818501b7efd2",
            "kms_key_id": "",
            "lifecycle_policy": [],
            "number_of_mount_targets": 0,
            "owner_id": "421576594835",
            "performance_mode": "generalPurpose",
            "provisioned_throughput_in_mibps": 0,
            "size_in_bytes": [
              {
                "value": 6144,
                "value_in_ia": 0,
                "value_in_standard": 6144
              }
            ],
            "tags": {
              "Name": "aws-efs"
            },
            "tags_all": {
              "Name": "aws-efs"
            },
            "throughput_mode": "bursting"
          },
          "sensitive_attributes": [],
          "private": "bnVsbA==",
          "dependencies": [
            "data.aws_eks_cluster.eks_cluster",
            "data.terraform_remote_state.aws_vpc",
            "module.eks.aws_eks_addon.eks_addon_vpc-cni",
            "module.eks.aws_eks_cluster.eks_cluster",
            "module.eks.aws_eks_node_group.eks_node",
            "module.eks.aws_iam_openid_connect_provider.aws_OIDC",
            "module.eks.aws_iam_policy.AmazonEKS_AWS_Load_Balancer_Controller",
            "module.eks.aws_iam_policy.AmazonEKS_Cluster_Autoscaler_Policy",
            "module.eks.aws_iam_policy.AmazonEKS_EFS_CSI_Driver_Policy",
            "module.eks.aws_iam_policy.Amazon_Route53",
            "module.eks.aws_iam_role.eks_SA_CNI_iam_role",
            "module.eks.aws_iam_role.eks_SA_alb_iam_role",
            "module.eks.aws_iam_role.eks_SA_ca_iam_role",
            "module.eks.aws_iam_role.eks_SA_dns_iam_role",
            "module.eks.aws_iam_role.eks_SA_efs_iam_role",
            "module.eks.aws_iam_role.eks_cluster_iam_role",
            "module.eks.aws_iam_role.eks_node_iam_role",
            "module.eks.aws_iam_role_policy_attachment.eks_SA_iam_role-AmazonEKS_AWS_Load_Balancer_Controller",
            "module.eks.aws_iam_role_policy_attachment.eks_SA_iam_role-AmazonEKS_CNI_Policy",
            "module.eks.aws_iam_role_policy_attachment.eks_SA_iam_role-AmazonEKS_Cluster_Autoscaler_Policy",
            "module.eks.aws_iam_role_policy_attachment.eks_SA_iam_role-AmazonEKS_EFS_CSI_Driver_Policy",
            "module.eks.aws_iam_role_policy_attachment.eks_SA_iam_role-Amazon_Route53",
            "module.eks.aws_iam_role_policy_attachment.eks_cluster_iam_role-AmazonEKSClusterPolicy",
            "module.eks.aws_iam_role_policy_attachment.eks_node_iam_role-AmazonEC2ContainerRegistryReadOnly",
            "module.eks.aws_iam_role_policy_attachment.eks_node_iam_role-AmazonEKSWorkerNodePolicy",
            "module.eks.aws_security_group_rule.eks_vpn_security_rule",
            "module.eks.data.aws_iam_policy_document.iam_policy_OIDC_assume_role_policy_SA_CNI",
            "module.eks.data.aws_iam_policy_document.iam_policy_OIDC_assume_role_policy_SA_alb",
            "module.eks.data.aws_iam_policy_document.iam_policy_OIDC_assume_role_policy_SA_ca",
            "module.eks.data.aws_iam_policy_document.iam_policy_OIDC_assume_role_policy_SA_dns",
            "module.eks.data.aws_iam_policy_document.iam_policy_OIDC_assume_role_policy_SA_efs",
            "module.eks.data.aws_subnets.private_subnets",
            "module.eks.data.aws_subnets.vpc_subnets",
            "module.eks.data.tls_certificate.eks_tls_cert",
            "module.eks.kubernetes_annotations.sa_CNI",
            "module.eks.kubernetes_namespace.external-dns",
            "module.eks.kubernetes_namespace.istio-gateway",
            "module.eks.kubernetes_namespace.istio-system",
            "module.eks.kubernetes_service_account.sa_alb",
            "module.eks.kubernetes_service_account.sa_ca",
            "module.eks.kubernetes_service_account.sa_dns",
            "module.eks.kubernetes_service_account.sa_efs",
            "module.eks.module.resourceSetting.aws_route53domains_registered_domain.aws_registered_domain",
            "module.eks.module.resourceSetting.data.aws_acm_certificate.acm_certificate",
            "module.eks.module.resourceSetting.data.aws_eks_cluster.eks_cluster",
            "module.eks.module.resourceSetting.data.aws_eks_node_group.example",
            "module.eks.module.resourceSetting.data.aws_subnets.public_subnets",
            "module.eks.module.resourceSetting.helm_release.aws-cluster-autoscaler",
            "module.eks.module.resourceSetting.helm_release.aws-efs-csi-driver",
            "module.eks.module.resourceSetting.helm_release.aws-load-balancer-controller",
            "module.eks.module.resourceSetting.helm_release.external-dns",
            "module.eks.module.resourceSetting.helm_release.istio-base",
            "module.eks.module.resourceSetting.helm_release.istio-cni",
            "module.eks.module.resourceSetting.helm_release.istio-gateway",
            "module.eks.module.resourceSetting.helm_release.istiod",
            "module.eks.module.resourceSetting.helm_release.local_config-gateway",
            "module.eks.module.resourceSetting.helm_release.local_gatewayAPI",
            "module.eks.module.resourceSetting.null_resource.helm_after",
            "module.eks.null_resource.annotations_depends",
            "module.eks.null_resource.iam_role_depends",
            "module.eks.null_resource.kubernetes_depends",
            "module.eks.null_resource.namespace_depends",
            "module.eks.null_resource.sa_depends"
          ]
        }
      ]
    },
    {
      "module": "module.efs",
      "mode": "managed",
      "type": "aws_efs_mount_target",
      "name": "aws_efs_mount",
      "provider": "provider[\"registry.terraform.io/hashicorp/aws\"]",
      "instances": [
        {
          "index_key": 0,
          "schema_version": 0,
          "attributes": {
            "availability_zone_id": "apne2-az1",
            "availability_zone_name": "ap-northeast-2a",
            "dns_name": "fs-0d873818501b7efd2.efs.ap-northeast-2.amazonaws.com",
            "file_system_arn": "arn:aws:elasticfilesystem:ap-northeast-2:421576594835:file-system/fs-0d873818501b7efd2",
            "file_system_id": "fs-0d873818501b7efd2",
            "id": "fsmt-084c8fc6913be936b",
            "ip_address": "10.0.3.113",
            "mount_target_dns_name": "ap-northeast-2a.fs-0d873818501b7efd2.efs.ap-northeast-2.amazonaws.com",
            "network_interface_id": "eni-0e307e9a708e8bca9",
            "owner_id": "421576594835",
            "security_groups": [
              "sg-0f57211f9aafe3e25"
            ],
            "subnet_id": "subnet-0f75d6815f1fe3c00"
          },
          "sensitive_attributes": [],
          "private": "bnVsbA==",
          "dependencies": [
            "data.aws_eks_cluster.eks_cluster",
            "data.terraform_remote_state.aws_vpc",
            "module.efs.aws_efs_file_system.aws_efs",
            "module.efs.aws_security_group.efs_security_group",
            "module.efs.data.aws_subnets.private_subnets",
            "module.efs.data.aws_vpc.vpc",
            "module.eks.aws_eks_addon.eks_addon_vpc-cni",
            "module.eks.aws_eks_cluster.eks_cluster",
            "module.eks.aws_eks_node_group.eks_node",
            "module.eks.aws_iam_openid_connect_provider.aws_OIDC",
            "module.eks.aws_iam_policy.AmazonEKS_AWS_Load_Balancer_Controller",
            "module.eks.aws_iam_policy.AmazonEKS_Cluster_Autoscaler_Policy",
            "module.eks.aws_iam_policy.AmazonEKS_EFS_CSI_Driver_Policy",
            "module.eks.aws_iam_policy.Amazon_Route53",
            "module.eks.aws_iam_role.eks_SA_CNI_iam_role",
            "module.eks.aws_iam_role.eks_SA_alb_iam_role",
            "module.eks.aws_iam_role.eks_SA_ca_iam_role",
            "module.eks.aws_iam_role.eks_SA_dns_iam_role",
            "module.eks.aws_iam_role.eks_SA_efs_iam_role",
            "module.eks.aws_iam_role.eks_cluster_iam_role",
            "module.eks.aws_iam_role.eks_node_iam_role",
            "module.eks.aws_iam_role_policy_attachment.eks_SA_iam_role-AmazonEKS_AWS_Load_Balancer_Controller",
            "module.eks.aws_iam_role_policy_attachment.eks_SA_iam_role-AmazonEKS_CNI_Policy",
            "module.eks.aws_iam_role_policy_attachment.eks_SA_iam_role-AmazonEKS_Cluster_Autoscaler_Policy",
            "module.eks.aws_iam_role_policy_attachment.eks_SA_iam_role-AmazonEKS_EFS_CSI_Driver_Policy",
            "module.eks.aws_iam_role_policy_attachment.eks_SA_iam_role-Amazon_Route53",
            "module.eks.aws_iam_role_policy_attachment.eks_cluster_iam_role-AmazonEKSClusterPolicy",
            "module.eks.aws_iam_role_policy_attachment.eks_node_iam_role-AmazonEC2ContainerRegistryReadOnly",
            "module.eks.aws_iam_role_policy_attachment.eks_node_iam_role-AmazonEKSWorkerNodePolicy",
            "module.eks.aws_security_group_rule.eks_vpn_security_rule",
            "module.eks.data.aws_iam_policy_document.iam_policy_OIDC_assume_role_policy_SA_CNI",
            "module.eks.data.aws_iam_policy_document.iam_policy_OIDC_assume_role_policy_SA_alb",
            "module.eks.data.aws_iam_policy_document.iam_policy_OIDC_assume_role_policy_SA_ca",
            "module.eks.data.aws_iam_policy_document.iam_policy_OIDC_assume_role_policy_SA_dns",
            "module.eks.data.aws_iam_policy_document.iam_policy_OIDC_assume_role_policy_SA_efs",
            "module.eks.data.aws_subnets.private_subnets",
            "module.eks.data.aws_subnets.vpc_subnets",
            "module.eks.data.tls_certificate.eks_tls_cert",
            "module.eks.kubernetes_annotations.sa_CNI",
            "module.eks.kubernetes_namespace.external-dns",
            "module.eks.kubernetes_namespace.istio-gateway",
            "module.eks.kubernetes_namespace.istio-system",
            "module.eks.kubernetes_service_account.sa_alb",
            "module.eks.kubernetes_service_account.sa_ca",
            "module.eks.kubernetes_service_account.sa_dns",
            "module.eks.kubernetes_service_account.sa_efs",
            "module.eks.module.resourceSetting.aws_route53domains_registered_domain.aws_registered_domain",
            "module.eks.module.resourceSetting.data.aws_acm_certificate.acm_certificate",
            "module.eks.module.resourceSetting.data.aws_eks_cluster.eks_cluster",
            "module.eks.module.resourceSetting.data.aws_eks_node_group.example",
            "module.eks.module.resourceSetting.data.aws_subnets.public_subnets",
            "module.eks.module.resourceSetting.helm_release.aws-cluster-autoscaler",
            "module.eks.module.resourceSetting.helm_release.aws-efs-csi-driver",
            "module.eks.module.resourceSetting.helm_release.aws-load-balancer-controller",
            "module.eks.module.resourceSetting.helm_release.external-dns",
            "module.eks.module.resourceSetting.helm_release.istio-base",
            "module.eks.module.resourceSetting.helm_release.istio-cni",
            "module.eks.module.resourceSetting.helm_release.istio-gateway",
            "module.eks.module.resourceSetting.helm_release.istiod",
            "module.eks.module.resourceSetting.helm_release.local_config-gateway",
            "module.eks.module.resourceSetting.helm_release.local_gatewayAPI",
            "module.eks.module.resourceSetting.null_resource.helm_after",
            "module.eks.null_resource.annotations_depends",
            "module.eks.null_resource.iam_role_depends",
            "module.eks.null_resource.kubernetes_depends",
            "module.eks.null_resource.namespace_depends",
            "module.eks.null_resource.sa_depends"
          ]
        },
        {
          "index_key": 1,
          "schema_version": 0,
          "attributes": {
            "availability_zone_id": "apne2-az2",
            "availability_zone_name": "ap-northeast-2b",
            "dns_name": "fs-0d873818501b7efd2.efs.ap-northeast-2.amazonaws.com",
            "file_system_arn": "arn:aws:elasticfilesystem:ap-northeast-2:421576594835:file-system/fs-0d873818501b7efd2",
            "file_system_id": "fs-0d873818501b7efd2",
            "id": "fsmt-03ebfc411cb07dda6",
            "ip_address": "10.0.4.248",
            "mount_target_dns_name": "ap-northeast-2b.fs-0d873818501b7efd2.efs.ap-northeast-2.amazonaws.com",
            "network_interface_id": "eni-0c6a68c59ffb9b4b5",
            "owner_id": "421576594835",
            "security_groups": [
              "sg-0f57211f9aafe3e25"
            ],
            "subnet_id": "subnet-02644f36edc3044c8"
          },
          "sensitive_attributes": [],
          "private": "bnVsbA==",
          "dependencies": [
            "data.aws_eks_cluster.eks_cluster",
            "data.terraform_remote_state.aws_vpc",
            "module.efs.aws_efs_file_system.aws_efs",
            "module.efs.aws_security_group.efs_security_group",
            "module.efs.data.aws_subnets.private_subnets",
            "module.efs.data.aws_vpc.vpc",
            "module.eks.aws_eks_addon.eks_addon_vpc-cni",
            "module.eks.aws_eks_cluster.eks_cluster",
            "module.eks.aws_eks_node_group.eks_node",
            "module.eks.aws_iam_openid_connect_provider.aws_OIDC",
            "module.eks.aws_iam_policy.AmazonEKS_AWS_Load_Balancer_Controller",
            "module.eks.aws_iam_policy.AmazonEKS_Cluster_Autoscaler_Policy",
            "module.eks.aws_iam_policy.AmazonEKS_EFS_CSI_Driver_Policy",
            "module.eks.aws_iam_policy.Amazon_Route53",
            "module.eks.aws_iam_role.eks_SA_CNI_iam_role",
            "module.eks.aws_iam_role.eks_SA_alb_iam_role",
            "module.eks.aws_iam_role.eks_SA_ca_iam_role",
            "module.eks.aws_iam_role.eks_SA_dns_iam_role",
            "module.eks.aws_iam_role.eks_SA_efs_iam_role",
            "module.eks.aws_iam_role.eks_cluster_iam_role",
            "module.eks.aws_iam_role.eks_node_iam_role",
            "module.eks.aws_iam_role_policy_attachment.eks_SA_iam_role-AmazonEKS_AWS_Load_Balancer_Controller",
            "module.eks.aws_iam_role_policy_attachment.eks_SA_iam_role-AmazonEKS_CNI_Policy",
            "module.eks.aws_iam_role_policy_attachment.eks_SA_iam_role-AmazonEKS_Cluster_Autoscaler_Policy",
            "module.eks.aws_iam_role_policy_attachment.eks_SA_iam_role-AmazonEKS_EFS_CSI_Driver_Policy",
            "module.eks.aws_iam_role_policy_attachment.eks_SA_iam_role-Amazon_Route53",
            "module.eks.aws_iam_role_policy_attachment.eks_cluster_iam_role-AmazonEKSClusterPolicy",
            "module.eks.aws_iam_role_policy_attachment.eks_node_iam_role-AmazonEC2ContainerRegistryReadOnly",
            "module.eks.aws_iam_role_policy_attachment.eks_node_iam_role-AmazonEKSWorkerNodePolicy",
            "module.eks.aws_security_group_rule.eks_vpn_security_rule",
            "module.eks.data.aws_iam_policy_document.iam_policy_OIDC_assume_role_policy_SA_CNI",
            "module.eks.data.aws_iam_policy_document.iam_policy_OIDC_assume_role_policy_SA_alb",
            "module.eks.data.aws_iam_policy_document.iam_policy_OIDC_assume_role_policy_SA_ca",
            "module.eks.data.aws_iam_policy_document.iam_policy_OIDC_assume_role_policy_SA_dns",
            "module.eks.data.aws_iam_policy_document.iam_policy_OIDC_assume_role_policy_SA_efs",
            "module.eks.data.aws_subnets.private_subnets",
            "module.eks.data.aws_subnets.vpc_subnets",
            "module.eks.data.tls_certificate.eks_tls_cert",
            "module.eks.kubernetes_annotations.sa_CNI",
            "module.eks.kubernetes_namespace.external-dns",
            "module.eks.kubernetes_namespace.istio-gateway",
            "module.eks.kubernetes_namespace.istio-system",
            "module.eks.kubernetes_service_account.sa_alb",
            "module.eks.kubernetes_service_account.sa_ca",
            "module.eks.kubernetes_service_account.sa_dns",
            "module.eks.kubernetes_service_account.sa_efs",
            "module.eks.module.resourceSetting.aws_route53domains_registered_domain.aws_registered_domain",
            "module.eks.module.resourceSetting.data.aws_acm_certificate.acm_certificate",
            "module.eks.module.resourceSetting.data.aws_eks_cluster.eks_cluster",
            "module.eks.module.resourceSetting.data.aws_eks_node_group.example",
            "module.eks.module.resourceSetting.data.aws_subnets.public_subnets",
            "module.eks.module.resourceSetting.helm_release.aws-cluster-autoscaler",
            "module.eks.module.resourceSetting.helm_release.aws-efs-csi-driver",
            "module.eks.module.resourceSetting.helm_release.aws-load-balancer-controller",
            "module.eks.module.resourceSetting.helm_release.external-dns",
            "module.eks.module.resourceSetting.helm_release.istio-base",
            "module.eks.module.resourceSetting.helm_release.istio-cni",
            "module.eks.module.resourceSetting.helm_release.istio-gateway",
            "module.eks.module.resourceSetting.helm_release.istiod",
            "module.eks.module.resourceSetting.helm_release.local_config-gateway",
            "module.eks.module.resourceSetting.helm_release.local_gatewayAPI",
            "module.eks.module.resourceSetting.null_resource.helm_after",
            "module.eks.null_resource.annotations_depends",
            "module.eks.null_resource.iam_role_depends",
            "module.eks.null_resource.kubernetes_depends",
            "module.eks.null_resource.namespace_depends",
            "module.eks.null_resource.sa_depends"
          ]
        }
      ]
    },
    {
      "module": "module.efs",
      "mode": "managed",
      "type": "aws_security_group",
      "name": "efs_security_group",
      "provider": "provider[\"registry.terraform.io/hashicorp/aws\"]",
      "instances": [
        {
          "schema_version": 1,
          "attributes": {
            "arn": "arn:aws:ec2:ap-northeast-2:421576594835:security-group/sg-0f57211f9aafe3e25",
            "description": "Allow nfs inbound traffic",
            "egress": [
              {
                "cidr_blocks": [
                  "0.0.0.0/0"
                ],
                "description": "",
                "from_port": 0,
                "ipv6_cidr_blocks": [
                  "::/0"
                ],
                "prefix_list_ids": [],
                "protocol": "-1",
                "security_groups": [],
                "self": false,
                "to_port": 0
              }
            ],
            "id": "sg-0f57211f9aafe3e25",
            "ingress": [
              {
                "cidr_blocks": [
                  "10.0.0.0/16"
                ],
                "description": "nfs from VPC",
                "from_port": 2049,
                "ipv6_cidr_blocks": [],
                "prefix_list_ids": [],
                "protocol": "tcp",
                "security_groups": [],
                "self": false,
                "to_port": 2049
              }
            ],
            "name": "efs_security_group",
            "name_prefix": "",
            "owner_id": "421576594835",
            "revoke_rules_on_delete": false,
            "tags": {
              "Name": "efs_security_group"
            },
            "tags_all": {
              "Name": "efs_security_group"
            },
            "timeouts": null,
            "vpc_id": "vpc-02103dbf9d76a31cf"
          },
          "sensitive_attributes": [],
          "private": "eyJlMmJmYjczMC1lY2FhLTExZTYtOGY4OC0zNDM2M2JjN2M0YzAiOnsiY3JlYXRlIjo2MDAwMDAwMDAwMDAsImRlbGV0ZSI6OTAwMDAwMDAwMDAwfSwic2NoZW1hX3ZlcnNpb24iOiIxIn0=",
          "dependencies": [
            "data.aws_eks_cluster.eks_cluster",
            "data.terraform_remote_state.aws_vpc",
            "module.efs.data.aws_vpc.vpc",
            "module.eks.aws_eks_addon.eks_addon_vpc-cni",
            "module.eks.aws_eks_cluster.eks_cluster",
            "module.eks.aws_eks_node_group.eks_node",
            "module.eks.aws_iam_openid_connect_provider.aws_OIDC",
            "module.eks.aws_iam_policy.AmazonEKS_AWS_Load_Balancer_Controller",
            "module.eks.aws_iam_policy.AmazonEKS_Cluster_Autoscaler_Policy",
            "module.eks.aws_iam_policy.AmazonEKS_EFS_CSI_Driver_Policy",
            "module.eks.aws_iam_policy.Amazon_Route53",
            "module.eks.aws_iam_role.eks_SA_CNI_iam_role",
            "module.eks.aws_iam_role.eks_SA_alb_iam_role",
            "module.eks.aws_iam_role.eks_SA_ca_iam_role",
            "module.eks.aws_iam_role.eks_SA_dns_iam_role",
            "module.eks.aws_iam_role.eks_SA_efs_iam_role",
            "module.eks.aws_iam_role.eks_cluster_iam_role",
            "module.eks.aws_iam_role.eks_node_iam_role",
            "module.eks.aws_iam_role_policy_attachment.eks_SA_iam_role-AmazonEKS_AWS_Load_Balancer_Controller",
            "module.eks.aws_iam_role_policy_attachment.eks_SA_iam_role-AmazonEKS_CNI_Policy",
            "module.eks.aws_iam_role_policy_attachment.eks_SA_iam_role-AmazonEKS_Cluster_Autoscaler_Policy",
            "module.eks.aws_iam_role_policy_attachment.eks_SA_iam_role-AmazonEKS_EFS_CSI_Driver_Policy",
            "module.eks.aws_iam_role_policy_attachment.eks_SA_iam_role-Amazon_Route53",
            "module.eks.aws_iam_role_policy_attachment.eks_cluster_iam_role-AmazonEKSClusterPolicy",
            "module.eks.aws_iam_role_policy_attachment.eks_node_iam_role-AmazonEC2ContainerRegistryReadOnly",
            "module.eks.aws_iam_role_policy_attachment.eks_node_iam_role-AmazonEKSWorkerNodePolicy",
            "module.eks.aws_security_group_rule.eks_vpn_security_rule",
            "module.eks.data.aws_iam_policy_document.iam_policy_OIDC_assume_role_policy_SA_CNI",
            "module.eks.data.aws_iam_policy_document.iam_policy_OIDC_assume_role_policy_SA_alb",
            "module.eks.data.aws_iam_policy_document.iam_policy_OIDC_assume_role_policy_SA_ca",
            "module.eks.data.aws_iam_policy_document.iam_policy_OIDC_assume_role_policy_SA_dns",
            "module.eks.data.aws_iam_policy_document.iam_policy_OIDC_assume_role_policy_SA_efs",
            "module.eks.data.aws_subnets.private_subnets",
            "module.eks.data.aws_subnets.vpc_subnets",
            "module.eks.data.tls_certificate.eks_tls_cert",
            "module.eks.kubernetes_annotations.sa_CNI",
            "module.eks.kubernetes_namespace.external-dns",
            "module.eks.kubernetes_namespace.istio-gateway",
            "module.eks.kubernetes_namespace.istio-system",
            "module.eks.kubernetes_service_account.sa_alb",
            "module.eks.kubernetes_service_account.sa_ca",
            "module.eks.kubernetes_service_account.sa_dns",
            "module.eks.kubernetes_service_account.sa_efs",
            "module.eks.module.resourceSetting.aws_route53domains_registered_domain.aws_registered_domain",
            "module.eks.module.resourceSetting.data.aws_acm_certificate.acm_certificate",
            "module.eks.module.resourceSetting.data.aws_eks_cluster.eks_cluster",
            "module.eks.module.resourceSetting.data.aws_eks_node_group.example",
            "module.eks.module.resourceSetting.data.aws_subnets.public_subnets",
            "module.eks.module.resourceSetting.helm_release.aws-cluster-autoscaler",
            "module.eks.module.resourceSetting.helm_release.aws-efs-csi-driver",
            "module.eks.module.resourceSetting.helm_release.aws-load-balancer-controller",
            "module.eks.module.resourceSetting.helm_release.external-dns",
            "module.eks.module.resourceSetting.helm_release.istio-base",
            "module.eks.module.resourceSetting.helm_release.istio-cni",
            "module.eks.module.resourceSetting.helm_release.istio-gateway",
            "module.eks.module.resourceSetting.helm_release.istiod",
            "module.eks.module.resourceSetting.helm_release.local_config-gateway",
            "module.eks.module.resourceSetting.helm_release.local_gatewayAPI",
            "module.eks.module.resourceSetting.null_resource.helm_after",
            "module.eks.null_resource.annotations_depends",
            "module.eks.null_resource.iam_role_depends",
            "module.eks.null_resource.kubernetes_depends",
            "module.eks.null_resource.namespace_depends",
            "module.eks.null_resource.sa_depends"
          ]
        }
      ]
    },
    {
      "module": "module.efs",
      "mode": "managed",
      "type": "kubernetes_storage_class",
      "name": "aws_efs_sc",
      "provider": "provider[\"registry.terraform.io/hashicorp/kubernetes\"]",
      "instances": [
        {
          "schema_version": 0,
          "attributes": {
            "allow_volume_expansion": true,
            "allowed_topologies": [],
            "id": "aws-efs-sc",
            "metadata": [
              {
                "annotations": null,
                "generate_name": "",
                "generation": 0,
                "labels": null,
                "name": "aws-efs-sc",
                "resource_version": "2540",
                "uid": "fe799b93-5fd5-4ee3-80da-b57dccd55d37"
              }
            ],
            "mount_options": null,
            "parameters": {
              "basePath": "/dynamic_provisioning",
              "directoryPerms": "755",
              "fileSystemId": "fs-0d873818501b7efd2",
              "gid": "0",
              "provisioningMode": "efs-ap",
              "uid": "0"
            },
            "reclaim_policy": "Delete",
            "storage_provisioner": "efs.csi.aws.com",
            "volume_binding_mode": "Immediate"
          },
          "sensitive_attributes": [],
          "private": "bnVsbA==",
          "dependencies": [
            "data.aws_eks_cluster.eks_cluster",
            "data.terraform_remote_state.aws_vpc",
            "module.efs.aws_efs_file_system.aws_efs",
            "module.eks.aws_eks_addon.eks_addon_vpc-cni",
            "module.eks.aws_eks_cluster.eks_cluster",
            "module.eks.aws_eks_node_group.eks_node",
            "module.eks.aws_iam_openid_connect_provider.aws_OIDC",
            "module.eks.aws_iam_policy.AmazonEKS_AWS_Load_Balancer_Controller",
            "module.eks.aws_iam_policy.AmazonEKS_Cluster_Autoscaler_Policy",
            "module.eks.aws_iam_policy.AmazonEKS_EFS_CSI_Driver_Policy",
            "module.eks.aws_iam_policy.Amazon_Route53",
            "module.eks.aws_iam_role.eks_SA_CNI_iam_role",
            "module.eks.aws_iam_role.eks_SA_alb_iam_role",
            "module.eks.aws_iam_role.eks_SA_ca_iam_role",
            "module.eks.aws_iam_role.eks_SA_dns_iam_role",
            "module.eks.aws_iam_role.eks_SA_efs_iam_role",
            "module.eks.aws_iam_role.eks_cluster_iam_role",
            "module.eks.aws_iam_role.eks_node_iam_role",
            "module.eks.aws_iam_role_policy_attachment.eks_SA_iam_role-AmazonEKS_AWS_Load_Balancer_Controller",
            "module.eks.aws_iam_role_policy_attachment.eks_SA_iam_role-AmazonEKS_CNI_Policy",
            "module.eks.aws_iam_role_policy_attachment.eks_SA_iam_role-AmazonEKS_Cluster_Autoscaler_Policy",
            "module.eks.aws_iam_role_policy_attachment.eks_SA_iam_role-AmazonEKS_EFS_CSI_Driver_Policy",
            "module.eks.aws_iam_role_policy_attachment.eks_SA_iam_role-Amazon_Route53",
            "module.eks.aws_iam_role_policy_attachment.eks_cluster_iam_role-AmazonEKSClusterPolicy",
            "module.eks.aws_iam_role_policy_attachment.eks_node_iam_role-AmazonEC2ContainerRegistryReadOnly",
            "module.eks.aws_iam_role_policy_attachment.eks_node_iam_role-AmazonEKSWorkerNodePolicy",
            "module.eks.aws_security_group_rule.eks_vpn_security_rule",
            "module.eks.data.aws_iam_policy_document.iam_policy_OIDC_assume_role_policy_SA_CNI",
            "module.eks.data.aws_iam_policy_document.iam_policy_OIDC_assume_role_policy_SA_alb",
            "module.eks.data.aws_iam_policy_document.iam_policy_OIDC_assume_role_policy_SA_ca",
            "module.eks.data.aws_iam_policy_document.iam_policy_OIDC_assume_role_policy_SA_dns",
            "module.eks.data.aws_iam_policy_document.iam_policy_OIDC_assume_role_policy_SA_efs",
            "module.eks.data.aws_subnets.private_subnets",
            "module.eks.data.aws_subnets.vpc_subnets",
            "module.eks.data.tls_certificate.eks_tls_cert",
            "module.eks.kubernetes_annotations.sa_CNI",
            "module.eks.kubernetes_namespace.external-dns",
            "module.eks.kubernetes_namespace.istio-gateway",
            "module.eks.kubernetes_namespace.istio-system",
            "module.eks.kubernetes_service_account.sa_alb",
            "module.eks.kubernetes_service_account.sa_ca",
            "module.eks.kubernetes_service_account.sa_dns",
            "module.eks.kubernetes_service_account.sa_efs",
            "module.eks.module.resourceSetting.aws_route53domains_registered_domain.aws_registered_domain",
            "module.eks.module.resourceSetting.data.aws_acm_certificate.acm_certificate",
            "module.eks.module.resourceSetting.data.aws_eks_cluster.eks_cluster",
            "module.eks.module.resourceSetting.data.aws_eks_node_group.example",
            "module.eks.module.resourceSetting.data.aws_subnets.public_subnets",
            "module.eks.module.resourceSetting.helm_release.aws-cluster-autoscaler",
            "module.eks.module.resourceSetting.helm_release.aws-efs-csi-driver",
            "module.eks.module.resourceSetting.helm_release.aws-load-balancer-controller",
            "module.eks.module.resourceSetting.helm_release.external-dns",
            "module.eks.module.resourceSetting.helm_release.istio-base",
            "module.eks.module.resourceSetting.helm_release.istio-cni",
            "module.eks.module.resourceSetting.helm_release.istio-gateway",
            "module.eks.module.resourceSetting.helm_release.istiod",
            "module.eks.module.resourceSetting.helm_release.local_config-gateway",
            "module.eks.module.resourceSetting.helm_release.local_gatewayAPI",
            "module.eks.module.resourceSetting.null_resource.helm_after",
            "module.eks.null_resource.annotations_depends",
            "module.eks.null_resource.iam_role_depends",
            "module.eks.null_resource.kubernetes_depends",
            "module.eks.null_resource.namespace_depends",
            "module.eks.null_resource.sa_depends"
          ]
        }
      ]
    },
    {
      "module": "module.eks",
      "mode": "data",
      "type": "aws_iam_policy_document",
      "name": "iam_policy_OIDC_assume_role_policy_SA_CNI",
      "provider": "provider[\"registry.terraform.io/hashicorp/aws\"]",
      "instances": [
        {
          "schema_version": 0,
          "attributes": {
            "id": "1000060737",
            "json": "{\n  \"Version\": \"2012-10-17\",\n  \"Statement\": [\n    {\n      \"Sid\": \"\",\n      \"Effect\": \"Allow\",\n      \"Action\": \"sts:AssumeRoleWithWebIdentity\",\n      \"Principal\": {\n        \"Federated\": \"arn:aws:iam::421576594835:oidc-provider/oidc.eks.ap-northeast-2.amazonaws.com/id/E868B8AB3C9F2C89010C303456CC64A0\"\n      },\n      \"Condition\": {\n        \"StringEquals\": {\n          \"oidc.eks.ap-northeast-2.amazonaws.com/id/E868B8AB3C9F2C89010C303456CC64A0:aud\": [\n            \"sts.amazonaws.com\"\n          ],\n          \"oidc.eks.ap-northeast-2.amazonaws.com/id/E868B8AB3C9F2C89010C303456CC64A0:sub\": [\n            \"system:serviceaccount:kube-system:aws-node\"\n          ]\n        }\n      }\n    }\n  ]\n}",
            "override_json": null,
            "override_policy_documents": null,
            "policy_id": null,
            "source_json": null,
            "source_policy_documents": [
              "{\r\n    \"Version\": \"2012-10-17\",\r\n    \"Statement\": [\r\n        {\r\n            \"Effect\": \"Allow\",\r\n            \"Principal\": {\r\n                \"Federated\": \"arn:aws:iam::421576594835:oidc-provider/oidc.eks.ap-northeast-2.amazonaws.com/id/E868B8AB3C9F2C89010C303456CC64A0\"\r\n            },\r\n            \"Action\": \"sts:AssumeRoleWithWebIdentity\",\r\n            \"Condition\": {\r\n                \"StringEquals\": {\r\n                    \"oidc.eks.ap-northeast-2.amazonaws.com/id/E868B8AB3C9F2C89010C303456CC64A0:sub\": \"system:serviceaccount:kube-system:aws-node\",\r\n                    \"oidc.eks.ap-northeast-2.amazonaws.com/id/E868B8AB3C9F2C89010C303456CC64A0:aud\": \"sts.amazonaws.com\"\r\n                }\r\n            }\r\n        }\r\n    ]\r\n}\r\n"
            ],
            "statement": null,
            "version": "2012-10-17"
          },
          "sensitive_attributes": []
        }
      ]
    },
    {
      "module": "module.eks",
      "mode": "data",
      "type": "aws_iam_policy_document",
      "name": "iam_policy_OIDC_assume_role_policy_SA_alb",
      "provider": "provider[\"registry.terraform.io/hashicorp/aws\"]",
      "instances": [
        {
          "schema_version": 0,
          "attributes": {
            "id": "1880811537",
            "json": "{\n  \"Version\": \"2012-10-17\",\n  \"Statement\": [\n    {\n      \"Sid\": \"\",\n      \"Effect\": \"Allow\",\n      \"Action\": \"sts:AssumeRoleWithWebIdentity\",\n      \"Principal\": {\n        \"Federated\": \"arn:aws:iam::421576594835:oidc-provider/oidc.eks.ap-northeast-2.amazonaws.com/id/E868B8AB3C9F2C89010C303456CC64A0\"\n      },\n      \"Condition\": {\n        \"StringEquals\": {\n          \"oidc.eks.ap-northeast-2.amazonaws.com/id/E868B8AB3C9F2C89010C303456CC64A0:aud\": [\n            \"sts.amazonaws.com\"\n          ],\n          \"oidc.eks.ap-northeast-2.amazonaws.com/id/E868B8AB3C9F2C89010C303456CC64A0:sub\": [\n            \"system:serviceaccount:kube-system:aws-load-balancer-controller\"\n          ]\n        }\n      }\n    }\n  ]\n}",
            "override_json": null,
            "override_policy_documents": null,
            "policy_id": null,
            "source_json": null,
            "source_policy_documents": [
              "{\r\n    \"Version\": \"2012-10-17\",\r\n    \"Statement\": [\r\n        {\r\n            \"Effect\": \"Allow\",\r\n            \"Principal\": {\r\n                \"Federated\": \"arn:aws:iam::421576594835:oidc-provider/oidc.eks.ap-northeast-2.amazonaws.com/id/E868B8AB3C9F2C89010C303456CC64A0\"\r\n            },\r\n            \"Action\": \"sts:AssumeRoleWithWebIdentity\",\r\n            \"Condition\": {\r\n                \"StringEquals\": {\r\n                    \"oidc.eks.ap-northeast-2.amazonaws.com/id/E868B8AB3C9F2C89010C303456CC64A0:sub\": \"system:serviceaccount:kube-system:aws-load-balancer-controller\",\r\n                    \"oidc.eks.ap-northeast-2.amazonaws.com/id/E868B8AB3C9F2C89010C303456CC64A0:aud\": \"sts.amazonaws.com\"\r\n                }\r\n            }\r\n        }\r\n    ]\r\n}\r\n"
            ],
            "statement": null,
            "version": "2012-10-17"
          },
          "sensitive_attributes": []
        }
      ]
    },
    {
      "module": "module.eks",
      "mode": "data",
      "type": "aws_iam_policy_document",
      "name": "iam_policy_OIDC_assume_role_policy_SA_ca",
      "provider": "provider[\"registry.terraform.io/hashicorp/aws\"]",
      "instances": [
        {
          "schema_version": 0,
          "attributes": {
            "id": "230135228",
            "json": "{\n  \"Version\": \"2012-10-17\",\n  \"Statement\": [\n    {\n      \"Sid\": \"\",\n      \"Effect\": \"Allow\",\n      \"Action\": \"sts:AssumeRoleWithWebIdentity\",\n      \"Principal\": {\n        \"Federated\": \"arn:aws:iam::421576594835:oidc-provider/oidc.eks.ap-northeast-2.amazonaws.com/id/E868B8AB3C9F2C89010C303456CC64A0\"\n      },\n      \"Condition\": {\n        \"StringEquals\": {\n          \"oidc.eks.ap-northeast-2.amazonaws.com/id/E868B8AB3C9F2C89010C303456CC64A0:aud\": [\n            \"sts.amazonaws.com\"\n          ],\n          \"oidc.eks.ap-northeast-2.amazonaws.com/id/E868B8AB3C9F2C89010C303456CC64A0:sub\": [\n            \"system:serviceaccount:kube-system:aws-cluster-autoscaler\"\n          ]\n        }\n      }\n    }\n  ]\n}",
            "override_json": null,
            "override_policy_documents": null,
            "policy_id": null,
            "source_json": null,
            "source_policy_documents": [
              "{\r\n    \"Version\": \"2012-10-17\",\r\n    \"Statement\": [\r\n        {\r\n            \"Effect\": \"Allow\",\r\n            \"Principal\": {\r\n                \"Federated\": \"arn:aws:iam::421576594835:oidc-provider/oidc.eks.ap-northeast-2.amazonaws.com/id/E868B8AB3C9F2C89010C303456CC64A0\"\r\n            },\r\n            \"Action\": \"sts:AssumeRoleWithWebIdentity\",\r\n            \"Condition\": {\r\n                \"StringEquals\": {\r\n                    \"oidc.eks.ap-northeast-2.amazonaws.com/id/E868B8AB3C9F2C89010C303456CC64A0:sub\": \"system:serviceaccount:kube-system:aws-cluster-autoscaler\",\r\n                    \"oidc.eks.ap-northeast-2.amazonaws.com/id/E868B8AB3C9F2C89010C303456CC64A0:aud\": \"sts.amazonaws.com\"\r\n                }\r\n            }\r\n        }\r\n    ]\r\n}\r\n"
            ],
            "statement": null,
            "version": "2012-10-17"
          },
          "sensitive_attributes": []
        }
      ]
    },
    {
      "module": "module.eks",
      "mode": "data",
      "type": "aws_iam_policy_document",
      "name": "iam_policy_OIDC_assume_role_policy_SA_dns",
      "provider": "provider[\"registry.terraform.io/hashicorp/aws\"]",
      "instances": [
        {
          "schema_version": 0,
          "attributes": {
            "id": "1752483131",
            "json": "{\n  \"Version\": \"2012-10-17\",\n  \"Statement\": [\n    {\n      \"Sid\": \"\",\n      \"Effect\": \"Allow\",\n      \"Action\": \"sts:AssumeRoleWithWebIdentity\",\n      \"Principal\": {\n        \"Federated\": \"arn:aws:iam::421576594835:oidc-provider/oidc.eks.ap-northeast-2.amazonaws.com/id/E868B8AB3C9F2C89010C303456CC64A0\"\n      },\n      \"Condition\": {\n        \"StringEquals\": {\n          \"oidc.eks.ap-northeast-2.amazonaws.com/id/E868B8AB3C9F2C89010C303456CC64A0:aud\": [\n            \"sts.amazonaws.com\"\n          ],\n          \"oidc.eks.ap-northeast-2.amazonaws.com/id/E868B8AB3C9F2C89010C303456CC64A0:sub\": [\n            \"system:serviceaccount:external-dns:external-dns\"\n          ]\n        }\n      }\n    }\n  ]\n}",
            "override_json": null,
            "override_policy_documents": null,
            "policy_id": null,
            "source_json": null,
            "source_policy_documents": [
              "{\r\n    \"Version\": \"2012-10-17\",\r\n    \"Statement\": [\r\n        {\r\n            \"Effect\": \"Allow\",\r\n            \"Principal\": {\r\n                \"Federated\": \"arn:aws:iam::421576594835:oidc-provider/oidc.eks.ap-northeast-2.amazonaws.com/id/E868B8AB3C9F2C89010C303456CC64A0\"\r\n            },\r\n            \"Action\": \"sts:AssumeRoleWithWebIdentity\",\r\n            \"Condition\": {\r\n                \"StringEquals\": {\r\n                    \"oidc.eks.ap-northeast-2.amazonaws.com/id/E868B8AB3C9F2C89010C303456CC64A0:sub\": \"system:serviceaccount:external-dns:external-dns\",\r\n                    \"oidc.eks.ap-northeast-2.amazonaws.com/id/E868B8AB3C9F2C89010C303456CC64A0:aud\": \"sts.amazonaws.com\"\r\n                }\r\n            }\r\n        }\r\n    ]\r\n}\r\n"
            ],
            "statement": null,
            "version": "2012-10-17"
          },
          "sensitive_attributes": []
        }
      ]
    },
    {
      "module": "module.eks",
      "mode": "data",
      "type": "aws_iam_policy_document",
      "name": "iam_policy_OIDC_assume_role_policy_SA_efs",
      "provider": "provider[\"registry.terraform.io/hashicorp/aws\"]",
      "instances": [
        {
          "schema_version": 0,
          "attributes": {
            "id": "1389053733",
            "json": "{\n  \"Version\": \"2012-10-17\",\n  \"Statement\": [\n    {\n      \"Sid\": \"\",\n      \"Effect\": \"Allow\",\n      \"Action\": \"sts:AssumeRoleWithWebIdentity\",\n      \"Principal\": {\n        \"Federated\": \"arn:aws:iam::421576594835:oidc-provider/oidc.eks.ap-northeast-2.amazonaws.com/id/E868B8AB3C9F2C89010C303456CC64A0\"\n      },\n      \"Condition\": {\n        \"StringEquals\": {\n          \"oidc.eks.ap-northeast-2.amazonaws.com/id/E868B8AB3C9F2C89010C303456CC64A0:aud\": [\n            \"sts.amazonaws.com\"\n          ],\n          \"oidc.eks.ap-northeast-2.amazonaws.com/id/E868B8AB3C9F2C89010C303456CC64A0:sub\": [\n            \"system:serviceaccount:kube-system:efs-csi-controller\"\n          ]\n        }\n      }\n    }\n  ]\n}",
            "override_json": null,
            "override_policy_documents": null,
            "policy_id": null,
            "source_json": null,
            "source_policy_documents": [
              "{\r\n    \"Version\": \"2012-10-17\",\r\n    \"Statement\": [\r\n        {\r\n            \"Effect\": \"Allow\",\r\n            \"Principal\": {\r\n                \"Federated\": \"arn:aws:iam::421576594835:oidc-provider/oidc.eks.ap-northeast-2.amazonaws.com/id/E868B8AB3C9F2C89010C303456CC64A0\"\r\n            },\r\n            \"Action\": \"sts:AssumeRoleWithWebIdentity\",\r\n            \"Condition\": {\r\n                \"StringEquals\": {\r\n                    \"oidc.eks.ap-northeast-2.amazonaws.com/id/E868B8AB3C9F2C89010C303456CC64A0:sub\": \"system:serviceaccount:kube-system:efs-csi-controller\",\r\n                    \"oidc.eks.ap-northeast-2.amazonaws.com/id/E868B8AB3C9F2C89010C303456CC64A0:aud\": \"sts.amazonaws.com\"\r\n                }\r\n            }\r\n        }\r\n    ]\r\n}\r\n"
            ],
            "statement": null,
            "version": "2012-10-17"
          },
          "sensitive_attributes": []
        }
      ]
    },
    {
      "module": "module.eks",
      "mode": "data",
      "type": "aws_subnets",
      "name": "private_subnets",
      "provider": "provider[\"registry.terraform.io/hashicorp/aws\"]",
      "instances": [
        {
          "schema_version": 0,
          "attributes": {
            "filter": [
              {
                "name": "tag:Name",
                "values": [
                  "Private*"
                ]
              },
              {
                "name": "vpc-id",
                "values": [
                  "vpc-02103dbf9d76a31cf"
                ]
              }
            ],
            "id": "ap-northeast-2",
            "ids": [
              "subnet-0f75d6815f1fe3c00",
              "subnet-02644f36edc3044c8"
            ],
            "tags": null,
            "timeouts": null
          },
          "sensitive_attributes": []
        }
      ]
    },
    {
      "module": "module.eks",
      "mode": "data",
      "type": "aws_subnets",
      "name": "vpc_subnets",
      "provider": "provider[\"registry.terraform.io/hashicorp/aws\"]",
      "instances": [
        {
          "schema_version": 0,
          "attributes": {
            "filter": [
              {
                "name": "vpc-id",
                "values": [
                  "vpc-02103dbf9d76a31cf"
                ]
              }
            ],
            "id": "ap-northeast-2",
            "ids": [
              "subnet-0791d2e6a53fd37d6",
              "subnet-034454d53d9e7f646",
              "subnet-0f75d6815f1fe3c00",
              "subnet-02644f36edc3044c8"
            ],
            "tags": null,
            "timeouts": null
          },
          "sensitive_attributes": []
        }
      ]
    },
    {
      "module": "module.eks",
      "mode": "data",
      "type": "tls_certificate",
      "name": "eks_tls_cert",
      "provider": "provider[\"registry.terraform.io/hashicorp/tls\"]",
      "instances": [
        {
          "schema_version": 0,
          "attributes": {
            "certificates": [
              {
                "cert_pem": "-----BEGIN CERTIFICATE-----\nMIIEdTCCA12gAwIBAgIJAKcOSkw0grd/MA0GCSqGSIb3DQEBCwUAMGgxCzAJBgNV\nBAYTAlVTMSUwIwYDVQQKExxTdGFyZmllbGQgVGVjaG5vbG9naWVzLCBJbmMuMTIw\nMAYDVQQLEylTdGFyZmllbGQgQ2xhc3MgMiBDZXJ0aWZpY2F0aW9uIEF1dGhvcml0\neTAeFw0wOTA5MDIwMDAwMDBaFw0zNDA2MjgxNzM5MTZaMIGYMQswCQYDVQQGEwJV\nUzEQMA4GA1UECBMHQXJpem9uYTETMBEGA1UEBxMKU2NvdHRzZGFsZTElMCMGA1UE\nChMcU3RhcmZpZWxkIFRlY2hub2xvZ2llcywgSW5jLjE7MDkGA1UEAxMyU3RhcmZp\nZWxkIFNlcnZpY2VzIFJvb3QgQ2VydGlmaWNhdGUgQXV0aG9yaXR5IC0gRzIwggEi\nMA0GCSqGSIb3DQEBAQUAA4IBDwAwggEKAoIBAQDVDDrEKvlO4vW+GZdfjohTsR8/\ny8+fIBNtKTrID30892t2OGPZNmCom15cAICyL1l/9of5JUOG52kbUpqQ4XHj2C0N\nTm/2yEnZtvMaVq4rtnQU68/7JuMauh2WLmo7WJSJR1b/JaCTcFOD2oR0FMNnngRo\nOt+OQFodSk7PQ5E751bWAHDLUu57fa4657wx+UX2wmDPE1kCK4DMNEffud6QZW0C\nzyyRpqbn3oUYSXxmTqM6bam17jQuug0DuDPfR+uxa40l2ZvOgdFFRjKWcIfeAg5J\nQ4W2bHO7ZOphQazJ1FTfhy/HIrImzJ9ZVGif/L4qL8RVHHVAYBeFAlU5i38FAgMB\nAAGjgfAwge0wDwYDVR0TAQH/BAUwAwEB/zAOBgNVHQ8BAf8EBAMCAYYwHQYDVR0O\nBBYEFJxfAN+qAdcwKziIorhtSpzyEZGDMB8GA1UdIwQYMBaAFL9ft9HO3R+G9FtV\nrNzXEMIOqYjnME8GCCsGAQUFBwEBBEMwQTAcBggrBgEFBQcwAYYQaHR0cDovL28u\nc3MyLnVzLzAhBggrBgEFBQcwAoYVaHR0cDovL3guc3MyLnVzL3guY2VyMCYGA1Ud\nHwQfMB0wG6AZoBeGFWh0dHA6Ly9zLnNzMi51cy9yLmNybDARBgNVHSAECjAIMAYG\nBFUdIAAwDQYJKoZIhvcNAQELBQADggEBACMd44pXyn3pF3lM8R5V/cxTbj5HD9/G\nVfKyBDbtgB9TxF00KGu+x1X8Z+rLP3+QsjPNG1gQggL4+C/1E2DUBc7xgQjB3ad1\nl08YuW3e95ORCLp+QCztweq7dp4zBncdDQh/U90bZKuCJ/Fp1U1ervShw3WnWEQt\n8jxwmKy6abaVd38PMV4s/KCHOkdp8Hlf9BRUpJVeEXgSYCfOn8J3/yNTd126/+pZ\n59vPr5KW7ySaNRB6nJHGDn2Z9j8Z3/VyVOEVqQdZe4O/Ui5GjLIAZHYcSNPYeehu\nVsyuLAOQ1xk4meTKCRlb/weWsKh/NEnfVqn3sF/tM+2MR7cwA130A4w=\n-----END CERTIFICATE-----\n",
                "is_ca": true,
                "issuer": "OU=Starfield Class 2 Certification Authority,O=Starfield Technologies\\, Inc.,C=US",
                "not_after": "2034-06-28T17:39:16Z",
                "not_before": "2009-09-02T00:00:00Z",
                "public_key_algorithm": "RSA",
                "serial_number": "12037640545166866303",
                "sha1_fingerprint": "9e99a48a9960b14926bb7f3b02e22da2b0ab7280",
                "signature_algorithm": "SHA256-RSA",
                "subject": "CN=Starfield Services Root Certificate Authority - G2,O=Starfield Technologies\\, Inc.,L=Scottsdale,ST=Arizona,C=US",
                "version": 3
              },
              {
                "cert_pem": "-----BEGIN CERTIFICATE-----\nMIIEkjCCA3qgAwIBAgITBn+USionzfP6wq4rAfkI7rnExjANBgkqhkiG9w0BAQsF\nADCBmDELMAkGA1UEBhMCVVMxEDAOBgNVBAgTB0FyaXpvbmExEzARBgNVBAcTClNj\nb3R0c2RhbGUxJTAjBgNVBAoTHFN0YXJmaWVsZCBUZWNobm9sb2dpZXMsIEluYy4x\nOzA5BgNVBAMTMlN0YXJmaWVsZCBTZXJ2aWNlcyBSb290IENlcnRpZmljYXRlIEF1\ndGhvcml0eSAtIEcyMB4XDTE1MDUyNTEyMDAwMFoXDTM3MTIzMTAxMDAwMFowOTEL\nMAkGA1UEBhMCVVMxDzANBgNVBAoTBkFtYXpvbjEZMBcGA1UEAxMQQW1hem9uIFJv\nb3QgQ0EgMTCCASIwDQYJKoZIhvcNAQEBBQADggEPADCCAQoCggEBALJ4gHHKeNXj\nca9HgFB0fW7Y14h29Jlo91ghYPl0hAEvrAIthtOgQ3pOsqTQNroBvo3bSMgHFzZM\n9O6II8c+6zf1tRn4SWiw3te5djgdYZ6k/oI2peVKVuRF4fn9tBb6dNqcmzU5L/qw\nIFAGbHrQgLKm+a/sRxmPUDgH3KKHOVj4utWp+UhnMJbulHheb4mjUcAwhmahRWa6\nVOujw5H5SNz/0egwLX0tdHA114gk957EWW67c4cX8jJGKLhD+rcdqsq08p8kDi1L\n93FcXmn/6pUCyziKrlA4b9v7LWIbxcceVOF34GfID5yHI9Y/QCB/IIDEgEw+OyQm\njgSubJrIqg0CAwEAAaOCATEwggEtMA8GA1UdEwEB/wQFMAMBAf8wDgYDVR0PAQH/\nBAQDAgGGMB0GA1UdDgQWBBSEGMyFNOy8DJSULghZnMeyEE4KCDAfBgNVHSMEGDAW\ngBScXwDfqgHXMCs4iKK4bUqc8hGRgzB4BggrBgEFBQcBAQRsMGowLgYIKwYBBQUH\nMAGGImh0dHA6Ly9vY3NwLnJvb3RnMi5hbWF6b250cnVzdC5jb20wOAYIKwYBBQUH\nMAKGLGh0dHA6Ly9jcnQucm9vdGcyLmFtYXpvbnRydXN0LmNvbS9yb290ZzIuY2Vy\nMD0GA1UdHwQ2MDQwMqAwoC6GLGh0dHA6Ly9jcmwucm9vdGcyLmFtYXpvbnRydXN0\nLmNvbS9yb290ZzIuY3JsMBEGA1UdIAQKMAgwBgYEVR0gADANBgkqhkiG9w0BAQsF\nAAOCAQEAYjdCXLwQtT6LLOkMm2xF4gcAevnFWAu5CIw+7bMlPLVvUOTNNWqnkzSW\nMiGpSESrnO09tKpzbeR/FoCJbM8oAxiDR3mjEH4wW6w7sGDgd9QIpuEdfF7Au/ma\neyKdpwAJfqxGF4PcnCZXmTA5YpaP7dreqsXMGz7KQ2hsVxa81Q4gLv7/wmpdLqBK\nbRRYh5TmOTFffHPLkIhqhBGWJ6bt2YFGpn6jcgAKUj6DiAdjd4lpFw85hdKrCEVN\n0FE6/V1dN2RMfjCyVSRCnTawXZwXgWHxyvkQAiSr6w10kY17RSlQOYiypok1JR4U\nakcjMS9cmvqtmg5iUaQqqcT5NJ0hGA==\n-----END CERTIFICATE-----\n",
                "is_ca": true,
                "issuer": "CN=Starfield Services Root Certificate Authority - G2,O=Starfield Technologies\\, Inc.,L=Scottsdale,ST=Arizona,C=US",
                "not_after": "2037-12-31T01:00:00Z",
                "not_before": "2015-05-25T12:00:00Z",
                "public_key_algorithm": "RSA",
                "serial_number": "144918191876577076464031512351042010504348870",
                "sha1_fingerprint": "06b25927c42a721631c1efd9431e648fa62e1e39",
                "signature_algorithm": "SHA256-RSA",
                "subject": "CN=Amazon Root CA 1,O=Amazon,C=US",
                "version": 3
              },
              {
                "cert_pem": "-----BEGIN CERTIFICATE-----\nMIIEXjCCA0agAwIBAgITB3MSOAudZoijOx7Zv5zNpo4ODzANBgkqhkiG9w0BAQsF\nADA5MQswCQYDVQQGEwJVUzEPMA0GA1UEChMGQW1hem9uMRkwFwYDVQQDExBBbWF6\nb24gUm9vdCBDQSAxMB4XDTIyMDgyMzIyMjEyOFoXDTMwMDgyMzIyMjEyOFowPDEL\nMAkGA1UEBhMCVVMxDzANBgNVBAoTBkFtYXpvbjEcMBoGA1UEAxMTQW1hem9uIFJT\nQSAyMDQ4IE0wMTCCASIwDQYJKoZIhvcNAQEBBQADggEPADCCAQoCggEBAOtxLKnL\nH4gokjIwr4pXD3i3NyWVVYesZ1yX0yLI2qIUZ2t88Gfa4gMqs1YSXca1R/lnCKeT\nepWSGA+0+fkQNpp/L4C2T7oTTsddUx7g3ZYzByDTlrwS5HRQQqEFE3O1T5tEJP4t\nf+28IoXsNiEzl3UGzicYgtzj2cWCB41eJgEmJmcf2T8TzzK6a614ZPyq/w4CPAff\nnAV4coz96nW3AyiE2uhuB4zQUIXvgVSycW7sbWLvj5TDXunEpNCRwC4kkZjK7rol\njtT2cbb7W2s4Bkg3R42G3PLqBvt2N32e/0JOTViCk8/iccJ4sXqrS1uUN4iB5Nmv\nJK74csVl+0u0UecCAwEAAaOCAVowggFWMBIGA1UdEwEB/wQIMAYBAf8CAQAwDgYD\nVR0PAQH/BAQDAgGGMB0GA1UdJQQWMBQGCCsGAQUFBwMBBggrBgEFBQcDAjAdBgNV\nHQ4EFgQUgbgOY4qJEhjl+js7UJWf5uWQE4UwHwYDVR0jBBgwFoAUhBjMhTTsvAyU\nlC4IWZzHshBOCggwewYIKwYBBQUHAQEEbzBtMC8GCCsGAQUFBzABhiNodHRwOi8v\nb2NzcC5yb290Y2ExLmFtYXpvbnRydXN0LmNvbTA6BggrBgEFBQcwAoYuaHR0cDov\nL2NydC5yb290Y2ExLmFtYXpvbnRydXN0LmNvbS9yb290Y2ExLmNlcjA/BgNVHR8E\nODA2MDSgMqAwhi5odHRwOi8vY3JsLnJvb3RjYTEuYW1hem9udHJ1c3QuY29tL3Jv\nb3RjYTEuY3JsMBMGA1UdIAQMMAowCAYGZ4EMAQIBMA0GCSqGSIb3DQEBCwUAA4IB\nAQCtAN4CBSMuBjJitGuxlBbkEUDeK/pZwTXv4KqPK0G50fOHOQAd8j21p0cMBgbG\nkfMHVwLU7b0XwZCav0h1ogdPMN1KakK1DT0VwA/+hFvGPJnMV1Kx2G4S1ZaSk0uU\n5QfoiYIIano01J5k4T2HapKQmmOhS/iPtuo00wW+IMLeBuKMn3OLn005hcrOGTad\nhcmeyfhQP7Z+iKHvyoQGi1C0ClymHETx/chhQGDyYSWqB/THwnN15AwLQo0E5V9E\nSJlbe4mBlqeInUsNYugExNf+tOiybcrswBy8OFsd34XOW3rjSUtsuafd9AWySa3h\nxRRrwszrzX/WWGm6wyB+f7C4\n-----END CERTIFICATE-----\n",
                "is_ca": true,
                "issuer": "CN=Amazon Root CA 1,O=Amazon,C=US",
                "not_after": "2030-08-23T22:21:28Z",
                "not_before": "2022-08-23T22:21:28Z",
                "public_key_algorithm": "RSA",
                "serial_number": "166129328851546858514271303855646110030630415",
                "sha1_fingerprint": "2ad974a775f73cbdbbd8f5ac3a49255fa8fb1f8c",
                "signature_algorithm": "SHA256-RSA",
                "subject": "CN=Amazon RSA 2048 M01,O=Amazon,C=US",
                "version": 3
              },
              {
                "cert_pem": "-----BEGIN CERTIFICATE-----\nMIIF9TCCBN2gAwIBAgIQB/g7qaXfAiSC1bnSMHqzXTANBgkqhkiG9w0BAQsFADA8\nMQswCQYDVQQGEwJVUzEPMA0GA1UEChMGQW1hem9uMRwwGgYDVQQDExNBbWF6b24g\nUlNBIDIwNDggTTAxMB4XDTIzMDIwNzAwMDAwMFoXDTIzMDYxMTIzNTk1OVowMDEu\nMCwGA1UEAxMlb2lkYy5la3MuYXAtbm9ydGhlYXN0LTIuYW1hem9uYXdzLmNvbTCC\nASIwDQYJKoZIhvcNAQEBBQADggEPADCCAQoCggEBALNxczTw5hIbU3ngjYLpXPkV\nAnq5Jd3La3IimfzC3DwB/jYb0Za4ecakluUUzW/bA4fP4DG+OvKkS0yvGL5hYJcR\nuOYTPCyPPxf1+KIL69Vdew5IXoNj1ElONUkILObLBwBeBo3iEPws6baLQPfGa6f9\nd0w6XcnM8YWAZa+LOUFjDzYX3D2oS3OdkstT/txEGZ7fsBfZFWy7FMwHL5NIfKr7\nZKa+dBSulXuEvtWMDh/e5KNtI8jAO23Q7GoFbw5uB3zvSx5WBalysUBDrNGL2NsG\naoqEv71A5u0ExNR492Gx9kcrPrLb3pq/5/ea1azgJoMOaHG8+aotSY+1OSwEmEEC\nAwEAAaOCAv0wggL5MB8GA1UdIwQYMBaAFIG4DmOKiRIY5fo7O1CVn+blkBOFMB0G\nA1UdDgQWBBQJlYIpcEEYQj/o4UJBSIr0JTTQVjAwBgNVHREEKTAngiVvaWRjLmVr\ncy5hcC1ub3J0aGVhc3QtMi5hbWF6b25hd3MuY29tMA4GA1UdDwEB/wQEAwIFoDAd\nBgNVHSUEFjAUBggrBgEFBQcDAQYIKwYBBQUHAwIwOwYDVR0fBDQwMjAwoC6gLIYq\naHR0cDovL2NybC5yMm0wMS5hbWF6b250cnVzdC5jb20vcjJtMDEuY3JsMBMGA1Ud\nIAQMMAowCAYGZ4EMAQIBMHUGCCsGAQUFBwEBBGkwZzAtBggrBgEFBQcwAYYhaHR0\ncDovL29jc3AucjJtMDEuYW1hem9udHJ1c3QuY29tMDYGCCsGAQUFBzAChipodHRw\nOi8vY3J0LnIybTAxLmFtYXpvbnRydXN0LmNvbS9yMm0wMS5jZXIwDAYDVR0TAQH/\nBAIwADCCAX0GCisGAQQB1nkCBAIEggFtBIIBaQFnAHUA6D7Q2j71BjUy51covIlr\nyQPTy9ERa+zraeF3fW0GvW4AAAGGKmrrzAAABAMARjBEAiAIZFDP8qHeh0qMa9qZ\nnsfQnun2bmZ6NxowSD3JY8BbRQIgJm7RPcxl7CYriy0pmtIp+FlehHt+9WYzMQdz\nkgo7bQwAdQCzc3cH4YRQ+GOG1gWp3BEJSnktsWcMC4fc8AMOeTalmgAAAYYqauv2\nAAAEAwBGMEQCIEcDBr5A01kYTGVK/Ghk/LNDQZNPOlmUckrIZSsRMek2AiBU3Dan\nUhI1sqv9f1r/RRnbzPwr3ZPUfyFp1qI2NbbIvgB3ALc++yTfnE26dfI5xbpY9Gxd\n/ELPep81xJ4dCYEl7bSZAAABhipq68QAAAQDAEgwRgIhAIf0x36YKVjUZDdMcwZj\n8c9+zm7V6LlO2CMwq4bilHaoAiEA+RDCc6PqXKRapww5OuBtOc7dVqBvLbE22XZa\ngak+nSswDQYJKoZIhvcNAQELBQADggEBAMAgSMcKZQiCVuM3Tn6H+DHNj+FowHU9\nmAei901eMnZiqnL7lM/sOlMnl5BmahRN+Cl6qm1TJhCLqq6mohSwa1uW/6H6jZr/\nLt9AqlQRlApQtRjc0QkeHEjOP5RqwankjniQzhZMweIHb7mIZRQSzb8+u+Jbsnsy\ng1Yct9m7w0cAfElxx4EJZDXnrPGmKobClHjdHpiofPFYtTByYb/pL6XCPB3Uz57I\noY7ADBzHB+cnxUhg0pghMjzfALEZOOzSquIaZWp+CWTc59usaV7/ulN/pBqOSgMF\nkJvvfF6m+YATbxWqkB9BxWzkfgLmcN1A0piPd+NXeCR9s/UO39nPk9w=\n-----END CERTIFICATE-----\n",
                "is_ca": false,
                "issuer": "CN=Amazon RSA 2048 M01,O=Amazon,C=US",
                "not_after": "2023-06-11T23:59:59Z",
                "not_before": "2023-02-07T00:00:00Z",
                "public_key_algorithm": "RSA",
                "serial_number": "10593495694471755917969675454122734429",
                "sha1_fingerprint": "fe353553f3931b594db62c1a1d3d53a45fa5e5c9",
                "signature_algorithm": "SHA256-RSA",
                "subject": "CN=oidc.eks.ap-northeast-2.amazonaws.com",
                "version": 3
              }
            ],
            "content": null,
            "id": "ed9dcdee62c5f97cf97b61fbf320b285bab3ccfd",
            "url": "https://oidc.eks.ap-northeast-2.amazonaws.com/id/E868B8AB3C9F2C89010C303456CC64A0",
            "verify_chain": true
          },
          "sensitive_attributes": []
        }
      ]
    },
    {
      "module": "module.eks",
      "mode": "managed",
      "type": "aws_eks_addon",
      "name": "eks_addon_vpc-cni",
      "provider": "provider[\"registry.terraform.io/hashicorp/aws\"]",
      "instances": [
        {
          "schema_version": 0,
          "attributes": {
            "addon_name": "vpc-cni",
            "addon_version": "v1.11.4-eksbuild.1",
            "arn": "arn:aws:eks:ap-northeast-2:421576594835:addon/eks-ctl/vpc-cni/b2c32a24-2c18-45ab-fd71-eb8980c4760d",
            "cluster_name": "eks-ctl",
            "configuration_values": "",
            "created_at": "2023-02-15T08:54:33Z",
            "id": "eks-ctl:vpc-cni",
            "modified_at": "2023-02-15T08:57:04Z",
            "preserve": null,
            "resolve_conflicts": null,
            "service_account_role_arn": "",
            "tags": null,
            "tags_all": {},
            "timeouts": null
          },
          "sensitive_attributes": [],
          "private": "eyJlMmJmYjczMC1lY2FhLTExZTYtOGY4OC0zNDM2M2JjN2M0YzAiOnsiY3JlYXRlIjoxMjAwMDAwMDAwMDAwLCJkZWxldGUiOjI0MDAwMDAwMDAwMDAsInVwZGF0ZSI6MTIwMDAwMDAwMDAwMH19",
          "dependencies": [
            "data.terraform_remote_state.aws_vpc",
            "module.eks.aws_eks_cluster.eks_cluster",
            "module.eks.aws_iam_openid_connect_provider.aws_OIDC",
            "module.eks.aws_iam_policy.AmazonEKS_AWS_Load_Balancer_Controller",
            "module.eks.aws_iam_policy.AmazonEKS_Cluster_Autoscaler_Policy",
            "module.eks.aws_iam_policy.AmazonEKS_EFS_CSI_Driver_Policy",
            "module.eks.aws_iam_policy.Amazon_Route53",
            "module.eks.aws_iam_role.eks_SA_CNI_iam_role",
            "module.eks.aws_iam_role.eks_SA_alb_iam_role",
            "module.eks.aws_iam_role.eks_SA_ca_iam_role",
            "module.eks.aws_iam_role.eks_SA_dns_iam_role",
            "module.eks.aws_iam_role.eks_SA_efs_iam_role",
            "module.eks.aws_iam_role.eks_cluster_iam_role",
            "module.eks.aws_iam_role.eks_node_iam_role",
            "module.eks.aws_iam_role_policy_attachment.eks_SA_iam_role-AmazonEKS_AWS_Load_Balancer_Controller",
            "module.eks.aws_iam_role_policy_attachment.eks_SA_iam_role-AmazonEKS_CNI_Policy",
            "module.eks.aws_iam_role_policy_attachment.eks_SA_iam_role-AmazonEKS_Cluster_Autoscaler_Policy",
            "module.eks.aws_iam_role_policy_attachment.eks_SA_iam_role-AmazonEKS_EFS_CSI_Driver_Policy",
            "module.eks.aws_iam_role_policy_attachment.eks_SA_iam_role-Amazon_Route53",
            "module.eks.aws_iam_role_policy_attachment.eks_cluster_iam_role-AmazonEKSClusterPolicy",
            "module.eks.aws_iam_role_policy_attachment.eks_node_iam_role-AmazonEC2ContainerRegistryReadOnly",
            "module.eks.aws_iam_role_policy_attachment.eks_node_iam_role-AmazonEKSWorkerNodePolicy",
            "module.eks.aws_security_group_rule.eks_vpn_security_rule",
            "module.eks.data.aws_iam_policy_document.iam_policy_OIDC_assume_role_policy_SA_CNI",
            "module.eks.data.aws_iam_policy_document.iam_policy_OIDC_assume_role_policy_SA_alb",
            "module.eks.data.aws_iam_policy_document.iam_policy_OIDC_assume_role_policy_SA_ca",
            "module.eks.data.aws_iam_policy_document.iam_policy_OIDC_assume_role_policy_SA_dns",
            "module.eks.data.aws_iam_policy_document.iam_policy_OIDC_assume_role_policy_SA_efs",
            "module.eks.data.aws_subnets.private_subnets",
            "module.eks.data.tls_certificate.eks_tls_cert",
            "module.eks.null_resource.iam_role_depends"
          ]
        }
      ]
    },
    {
      "module": "module.eks",
      "mode": "managed",
      "type": "aws_eks_cluster",
      "name": "eks_cluster",
      "provider": "provider[\"registry.terraform.io/hashicorp/aws\"]",
      "instances": [
        {
          "schema_version": 0,
          "attributes": {
            "arn": "arn:aws:eks:ap-northeast-2:421576594835:cluster/eks-ctl",
            "certificate_authority": [
              {
                "data": "LS0tLS1CRUdJTiBDRVJUSUZJQ0FURS0tLS0tCk1JSUMvakNDQWVhZ0F3SUJBZ0lCQURBTkJna3Foa2lHOXcwQkFRc0ZBREFWTVJNd0VRWURWUVFERXdwcmRXSmwKY201bGRHVnpNQjRYRFRJek1ESXhOVEE0TlRBME1Gb1hEVE16TURJeE1qQTROVEEwTUZvd0ZURVRNQkVHQTFVRQpBeE1LYTNWaVpYSnVaWFJsY3pDQ0FTSXdEUVlKS29aSWh2Y05BUUVCQlFBRGdnRVBBRENDQVFvQ2dnRUJBT2dIClNQQi9GNzRlRGE5cGZobUxOc0w4MjJSZHNrbVlZYlllbVlPakw2RGM5OWoydUlqb2VNTTF3UHZOK0ZiMUxGM04KUkVzTHpLOXU3TFNHU2tTYS9zWFZPZ05EYmlpendsRnJ4akpGNmhkWmZqT3haOWxudnpRZUw1RGd1L0pLbjhxeQpKWnpPU2xnSFFnWGx5WW14M28wTmo5dG5VTFh3RDRCSXl4L3ErZTdaR2lrL3ZPZFltNUFIWnBxTjlhWDF5b2o0Ci9oYVM1VVpZelgzN1ZwQzI2WHRvNFpFRncrZ0JuT0l6MlRwSjNnUVp5d3U2TkJ1ZXV0OWZFZ0pQOXJNLzRuUUIKQXdObUhxcFFhK1RQVm83YzErZDdqR3ZHb3d1NzgwNlhBR1dwd2tQazlqVFc0MXJQNTErRkJNQVN6TFRIcmdySwpMWFVvWVFWalE4VzgvbElFemFrQ0F3RUFBYU5aTUZjd0RnWURWUjBQQVFIL0JBUURBZ0trTUE4R0ExVWRFd0VCCi93UUZNQU1CQWY4d0hRWURWUjBPQkJZRUZLL2VmdE5uaGhvVnJ5ZUg1akI1d2x2bmg3SWJNQlVHQTFVZEVRUU8KTUF5Q0NtdDFZbVZ5Ym1WMFpYTXdEUVlKS29aSWh2Y05BUUVMQlFBRGdnRUJBR1FXMUNXS0UrMUJrNnMyaEp0UwoyaGI3VTZpdVMvSmhXdGJiUEdDelJLMFBUVnNGeXVPQlJpZDVFS2xpdE9aRjg1cjVJNkg3RXVWM1FhVzNENit5CnpUa2NhOVVwNlZFb1VqVmY0bERHM3l4bzhhb2VqdjVrdWc0a3IxaTd5YTd4bi9yMmRxcFZvV1EzZkI4aFYraHUKOVk4Q0RIZEdEZmJlaUxJUSs2MWRRdUlFMEV1ZXhFYnlQYUtvRHlUMnE0YVpnZGFIdkFrdFZRK21SdzJndXVzTQpPVStabmJEbm5RK2phUHEwOXBieW8zSzJjRldIRG1lWnFsUjgvbmd2TkxVRWtoVnpLN0JPTTg3MWkyYzlPRHBVCldWSTh3alFES1QxZWlPaFdMN0JxOWlMUE9xWm5rMGtmTlNsTEduVkFYUVpPcEZhK2I0K1BQWFQyQ1d5SWJvWkIKU1EwPQotLS0tLUVORCBDRVJUSUZJQ0FURS0tLS0tCg=="
              }
            ],
            "cluster_id": null,
            "created_at": "2023-02-15 08:45:49.186 +0000 UTC",
            "enabled_cluster_log_types": null,
            "encryption_config": [],
            "endpoint": "https://E868B8AB3C9F2C89010C303456CC64A0.gr7.ap-northeast-2.eks.amazonaws.com",
            "id": "eks-ctl",
            "identity": [
              {
                "oidc": [
                  {
                    "issuer": "https://oidc.eks.ap-northeast-2.amazonaws.com/id/E868B8AB3C9F2C89010C303456CC64A0"
                  }
                ]
              }
            ],
            "kubernetes_network_config": [
              {
                "ip_family": "ipv4",
                "service_ipv4_cidr": "172.20.0.0/16",
                "service_ipv6_cidr": ""
              }
            ],
            "name": "eks-ctl",
            "outpost_config": [],
            "platform_version": "eks.4",
            "role_arn": "arn:aws:iam::421576594835:role/eks-cluster-iam_role",
            "status": "ACTIVE",
            "tags": null,
            "tags_all": {},
            "timeouts": null,
            "version": "1.24",
            "vpc_config": [
              {
                "cluster_security_group_id": "sg-0b89c6d08adf7dc5a",
                "endpoint_private_access": true,
                "endpoint_public_access": false,
                "public_access_cidrs": [],
                "security_group_ids": null,
                "subnet_ids": [
                  "subnet-02644f36edc3044c8",
                  "subnet-0f75d6815f1fe3c00"
                ],
                "vpc_id": "vpc-02103dbf9d76a31cf"
              }
            ]
          },
          "sensitive_attributes": [],
          "private": "eyJlMmJmYjczMC1lY2FhLTExZTYtOGY4OC0zNDM2M2JjN2M0YzAiOnsiY3JlYXRlIjoxODAwMDAwMDAwMDAwLCJkZWxldGUiOjkwMDAwMDAwMDAwMCwidXBkYXRlIjozNjAwMDAwMDAwMDAwfX0=",
          "dependencies": [
            "data.terraform_remote_state.aws_vpc",
            "module.eks.aws_iam_role.eks_cluster_iam_role",
            "module.eks.aws_iam_role_policy_attachment.eks_cluster_iam_role-AmazonEKSClusterPolicy",
            "module.eks.data.aws_subnets.private_subnets"
          ]
        }
      ]
    },
    {
      "module": "module.eks",
      "mode": "managed",
      "type": "aws_eks_node_group",
      "name": "eks_node",
      "provider": "provider[\"registry.terraform.io/hashicorp/aws\"]",
      "instances": [
        {
          "schema_version": 0,
          "attributes": {
            "ami_type": "AL2_ARM_64",
            "arn": "arn:aws:eks:ap-northeast-2:421576594835:nodegroup/eks-ctl/eks-node/22c32a25-5db6-015c-2e03-14fe96bd7476",
            "capacity_type": "ON_DEMAND",
            "cluster_name": "eks-ctl",
            "disk_size": 20,
            "force_update_version": null,
            "id": "eks-ctl:eks-node",
            "instance_types": [
              "t4g.large"
            ],
            "labels": null,
            "launch_template": [],
            "node_group_name": "eks-node",
            "node_group_name_prefix": "",
            "node_role_arn": "arn:aws:iam::421576594835:role/eks-node-iam_role",
            "release_version": "1.24.9-20230203",
            "remote_access": [],
            "resources": [
              {
                "autoscaling_groups": [
                  {
                    "name": "eks-eks-node-22c32a25-5db6-015c-2e03-14fe96bd7476"
                  }
                ],
                "remote_access_security_group_id": ""
              }
            ],
            "scaling_config": [
              {
                "desired_size": 1,
                "max_size": 2,
                "min_size": 1
              }
            ],
            "status": "ACTIVE",
            "subnet_ids": [
              "subnet-02644f36edc3044c8",
              "subnet-0f75d6815f1fe3c00"
            ],
            "tags": {
              "k8s.io/cluster-autoscaler/eks-ctl": "owned",
              "k8s.io/cluster-autoscaler/enabled": "true"
            },
            "tags_all": {
              "k8s.io/cluster-autoscaler/eks-ctl": "owned",
              "k8s.io/cluster-autoscaler/enabled": "true"
            },
            "taint": [],
            "timeouts": null,
            "update_config": [
              {
                "max_unavailable": 1,
                "max_unavailable_percentage": 0
              }
            ],
            "version": "1.24"
          },
          "sensitive_attributes": [],
          "private": "eyJlMmJmYjczMC1lY2FhLTExZTYtOGY4OC0zNDM2M2JjN2M0YzAiOnsiY3JlYXRlIjozNjAwMDAwMDAwMDAwLCJkZWxldGUiOjM2MDAwMDAwMDAwMDAsInVwZGF0ZSI6MzYwMDAwMDAwMDAwMH19",
          "dependencies": [
            "data.aws_eks_cluster.eks_cluster",
            "data.terraform_remote_state.aws_vpc",
            "module.eks.aws_eks_addon.eks_addon_vpc-cni",
            "module.eks.aws_eks_cluster.eks_cluster",
            "module.eks.aws_iam_openid_connect_provider.aws_OIDC",
            "module.eks.aws_iam_policy.AmazonEKS_AWS_Load_Balancer_Controller",
            "module.eks.aws_iam_policy.AmazonEKS_Cluster_Autoscaler_Policy",
            "module.eks.aws_iam_policy.AmazonEKS_EFS_CSI_Driver_Policy",
            "module.eks.aws_iam_policy.Amazon_Route53",
            "module.eks.aws_iam_role.eks_SA_CNI_iam_role",
            "module.eks.aws_iam_role.eks_SA_alb_iam_role",
            "module.eks.aws_iam_role.eks_SA_ca_iam_role",
            "module.eks.aws_iam_role.eks_SA_dns_iam_role",
            "module.eks.aws_iam_role.eks_SA_efs_iam_role",
            "module.eks.aws_iam_role.eks_cluster_iam_role",
            "module.eks.aws_iam_role.eks_node_iam_role",
            "module.eks.aws_iam_role_policy_attachment.eks_SA_iam_role-AmazonEKS_AWS_Load_Balancer_Controller",
            "module.eks.aws_iam_role_policy_attachment.eks_SA_iam_role-AmazonEKS_CNI_Policy",
            "module.eks.aws_iam_role_policy_attachment.eks_SA_iam_role-AmazonEKS_Cluster_Autoscaler_Policy",
            "module.eks.aws_iam_role_policy_attachment.eks_SA_iam_role-AmazonEKS_EFS_CSI_Driver_Policy",
            "module.eks.aws_iam_role_policy_attachment.eks_SA_iam_role-Amazon_Route53",
            "module.eks.aws_iam_role_policy_attachment.eks_cluster_iam_role-AmazonEKSClusterPolicy",
            "module.eks.aws_iam_role_policy_attachment.eks_node_iam_role-AmazonEC2ContainerRegistryReadOnly",
            "module.eks.aws_iam_role_policy_attachment.eks_node_iam_role-AmazonEKSWorkerNodePolicy",
            "module.eks.aws_security_group_rule.eks_vpn_security_rule",
            "module.eks.data.aws_iam_policy_document.iam_policy_OIDC_assume_role_policy_SA_CNI",
            "module.eks.data.aws_iam_policy_document.iam_policy_OIDC_assume_role_policy_SA_alb",
            "module.eks.data.aws_iam_policy_document.iam_policy_OIDC_assume_role_policy_SA_ca",
            "module.eks.data.aws_iam_policy_document.iam_policy_OIDC_assume_role_policy_SA_dns",
            "module.eks.data.aws_iam_policy_document.iam_policy_OIDC_assume_role_policy_SA_efs",
            "module.eks.data.aws_subnets.private_subnets",
            "module.eks.data.tls_certificate.eks_tls_cert",
            "module.eks.kubernetes_annotations.sa_CNI",
            "module.eks.null_resource.iam_role_depends"
          ]
        }
      ]
    },
    {
      "module": "module.eks",
      "mode": "managed",
      "type": "aws_iam_openid_connect_provider",
      "name": "aws_OIDC",
      "provider": "provider[\"registry.terraform.io/hashicorp/aws\"]",
      "instances": [
        {
          "schema_version": 0,
          "attributes": {
            "arn": "arn:aws:iam::421576594835:oidc-provider/oidc.eks.ap-northeast-2.amazonaws.com/id/E868B8AB3C9F2C89010C303456CC64A0",
            "client_id_list": [
              "sts.amazonaws.com"
            ],
            "id": "arn:aws:iam::421576594835:oidc-provider/oidc.eks.ap-northeast-2.amazonaws.com/id/E868B8AB3C9F2C89010C303456CC64A0",
            "tags": null,
            "tags_all": {},
            "thumbprint_list": [
              "9e99a48a9960b14926bb7f3b02e22da2b0ab7280",
              "06b25927c42a721631c1efd9431e648fa62e1e39",
              "2ad974a775f73cbdbbd8f5ac3a49255fa8fb1f8c",
              "fe353553f3931b594db62c1a1d3d53a45fa5e5c9"
            ],
            "url": "oidc.eks.ap-northeast-2.amazonaws.com/id/E868B8AB3C9F2C89010C303456CC64A0"
          },
          "sensitive_attributes": [],
          "private": "bnVsbA==",
          "dependencies": [
            "data.terraform_remote_state.aws_vpc",
            "module.eks.aws_eks_cluster.eks_cluster",
            "module.eks.aws_iam_role.eks_cluster_iam_role",
            "module.eks.aws_iam_role_policy_attachment.eks_cluster_iam_role-AmazonEKSClusterPolicy",
            "module.eks.data.aws_subnets.private_subnets",
            "module.eks.data.tls_certificate.eks_tls_cert"
          ]
        }
      ]
    },
    {
      "module": "module.eks",
      "mode": "managed",
      "type": "aws_iam_policy",
      "name": "AmazonEKS_AWS_Load_Balancer_Controller",
      "provider": "provider[\"registry.terraform.io/hashicorp/aws\"]",
      "instances": [
        {
          "schema_version": 0,
          "attributes": {
            "arn": "arn:aws:iam::421576594835:policy/AmazonEKS_AWS_Load_Balancer_Controller",
            "description": "AmazonEKS_AWS_Load_Balancer_Controller",
            "id": "arn:aws:iam::421576594835:policy/AmazonEKS_AWS_Load_Balancer_Controller",
            "name": "AmazonEKS_AWS_Load_Balancer_Controller",
            "name_prefix": null,
            "path": "/",
            "policy": "{\"Statement\":[{\"Action\":[\"iam:CreateServiceLinkedRole\"],\"Condition\":{\"StringEquals\":{\"iam:AWSServiceName\":\"elasticloadbalancing.amazonaws.com\"}},\"Effect\":\"Allow\",\"Resource\":\"*\"},{\"Action\":[\"ec2:DescribeAccountAttributes\",\"ec2:DescribeAddresses\",\"ec2:DescribeAvailabilityZones\",\"ec2:DescribeInternetGateways\",\"ec2:DescribeVpcs\",\"ec2:DescribeVpcPeeringConnections\",\"ec2:DescribeSubnets\",\"ec2:DescribeSecurityGroups\",\"ec2:DescribeInstances\",\"ec2:DescribeNetworkInterfaces\",\"ec2:DescribeTags\",\"ec2:GetCoipPoolUsage\",\"ec2:DescribeCoipPools\",\"elasticloadbalancing:DescribeLoadBalancers\",\"elasticloadbalancing:DescribeLoadBalancerAttributes\",\"elasticloadbalancing:DescribeListeners\",\"elasticloadbalancing:DescribeListenerCertificates\",\"elasticloadbalancing:DescribeSSLPolicies\",\"elasticloadbalancing:DescribeRules\",\"elasticloadbalancing:DescribeTargetGroups\",\"elasticloadbalancing:DescribeTargetGroupAttributes\",\"elasticloadbalancing:DescribeTargetHealth\",\"elasticloadbalancing:DescribeTags\"],\"Effect\":\"Allow\",\"Resource\":\"*\"},{\"Action\":[\"cognito-idp:DescribeUserPoolClient\",\"acm:ListCertificates\",\"acm:DescribeCertificate\",\"iam:ListServerCertificates\",\"iam:GetServerCertificate\",\"waf-regional:GetWebACL\",\"waf-regional:GetWebACLForResource\",\"waf-regional:AssociateWebACL\",\"waf-regional:DisassociateWebACL\",\"wafv2:GetWebACL\",\"wafv2:GetWebACLForResource\",\"wafv2:AssociateWebACL\",\"wafv2:DisassociateWebACL\",\"shield:GetSubscriptionState\",\"shield:DescribeProtection\",\"shield:CreateProtection\",\"shield:DeleteProtection\"],\"Effect\":\"Allow\",\"Resource\":\"*\"},{\"Action\":[\"ec2:AuthorizeSecurityGroupIngress\",\"ec2:RevokeSecurityGroupIngress\"],\"Effect\":\"Allow\",\"Resource\":\"*\"},{\"Action\":[\"ec2:CreateSecurityGroup\"],\"Effect\":\"Allow\",\"Resource\":\"*\"},{\"Action\":[\"ec2:CreateTags\"],\"Condition\":{\"Null\":{\"aws:RequestTag/elbv2.k8s.aws/cluster\":\"false\"},\"StringEquals\":{\"ec2:CreateAction\":\"CreateSecurityGroup\"}},\"Effect\":\"Allow\",\"Resource\":\"arn:aws:ec2:*:*:security-group/*\"},{\"Action\":[\"ec2:CreateTags\",\"ec2:DeleteTags\"],\"Condition\":{\"Null\":{\"aws:RequestTag/elbv2.k8s.aws/cluster\":\"true\",\"aws:ResourceTag/elbv2.k8s.aws/cluster\":\"false\"}},\"Effect\":\"Allow\",\"Resource\":\"arn:aws:ec2:*:*:security-group/*\"},{\"Action\":[\"ec2:AuthorizeSecurityGroupIngress\",\"ec2:RevokeSecurityGroupIngress\",\"ec2:DeleteSecurityGroup\"],\"Condition\":{\"Null\":{\"aws:ResourceTag/elbv2.k8s.aws/cluster\":\"false\"}},\"Effect\":\"Allow\",\"Resource\":\"*\"},{\"Action\":[\"elasticloadbalancing:CreateLoadBalancer\",\"elasticloadbalancing:CreateTargetGroup\"],\"Condition\":{\"Null\":{\"aws:RequestTag/elbv2.k8s.aws/cluster\":\"false\"}},\"Effect\":\"Allow\",\"Resource\":\"*\"},{\"Action\":[\"elasticloadbalancing:CreateListener\",\"elasticloadbalancing:DeleteListener\",\"elasticloadbalancing:CreateRule\",\"elasticloadbalancing:DeleteRule\"],\"Effect\":\"Allow\",\"Resource\":\"*\"},{\"Action\":[\"elasticloadbalancing:AddTags\",\"elasticloadbalancing:RemoveTags\"],\"Condition\":{\"Null\":{\"aws:RequestTag/elbv2.k8s.aws/cluster\":\"true\",\"aws:ResourceTag/elbv2.k8s.aws/cluster\":\"false\"}},\"Effect\":\"Allow\",\"Resource\":[\"arn:aws:elasticloadbalancing:*:*:targetgroup/*/*\",\"arn:aws:elasticloadbalancing:*:*:loadbalancer/net/*/*\",\"arn:aws:elasticloadbalancing:*:*:loadbalancer/app/*/*\"]},{\"Action\":[\"elasticloadbalancing:AddTags\",\"elasticloadbalancing:RemoveTags\"],\"Effect\":\"Allow\",\"Resource\":[\"arn:aws:elasticloadbalancing:*:*:listener/net/*/*/*\",\"arn:aws:elasticloadbalancing:*:*:listener/app/*/*/*\",\"arn:aws:elasticloadbalancing:*:*:listener-rule/net/*/*/*\",\"arn:aws:elasticloadbalancing:*:*:listener-rule/app/*/*/*\"]},{\"Action\":[\"elasticloadbalancing:ModifyLoadBalancerAttributes\",\"elasticloadbalancing:SetIpAddressType\",\"elasticloadbalancing:SetSecurityGroups\",\"elasticloadbalancing:SetSubnets\",\"elasticloadbalancing:DeleteLoadBalancer\",\"elasticloadbalancing:ModifyTargetGroup\",\"elasticloadbalancing:ModifyTargetGroupAttributes\",\"elasticloadbalancing:DeleteTargetGroup\"],\"Condition\":{\"Null\":{\"aws:ResourceTag/elbv2.k8s.aws/cluster\":\"false\"}},\"Effect\":\"Allow\",\"Resource\":\"*\"},{\"Action\":[\"elasticloadbalancing:RegisterTargets\",\"elasticloadbalancing:DeregisterTargets\"],\"Effect\":\"Allow\",\"Resource\":\"arn:aws:elasticloadbalancing:*:*:targetgroup/*/*\"},{\"Action\":[\"elasticloadbalancing:SetWebAcl\",\"elasticloadbalancing:ModifyListener\",\"elasticloadbalancing:AddListenerCertificates\",\"elasticloadbalancing:RemoveListenerCertificates\",\"elasticloadbalancing:ModifyRule\"],\"Effect\":\"Allow\",\"Resource\":\"*\"}],\"Version\":\"2012-10-17\"}",
            "policy_id": "ANPAWEJ7MKWJUK4ORZKWF",
            "tags": null,
            "tags_all": {}
          },
          "sensitive_attributes": [],
          "private": "bnVsbA==",
          "dependencies": [
            "data.terraform_remote_state.aws_vpc"
          ]
        }
      ]
    },
    {
      "module": "module.eks",
      "mode": "managed",
      "type": "aws_iam_policy",
      "name": "AmazonEKS_Cluster_Autoscaler_Policy",
      "provider": "provider[\"registry.terraform.io/hashicorp/aws\"]",
      "instances": [
        {
          "schema_version": 0,
          "attributes": {
            "arn": "arn:aws:iam::421576594835:policy/AmazonEKSClusterAutoscalerPolicy",
            "description": "AmazonEKSClusterAutoscalerPolicy",
            "id": "arn:aws:iam::421576594835:policy/AmazonEKSClusterAutoscalerPolicy",
            "name": "AmazonEKSClusterAutoscalerPolicy",
            "name_prefix": null,
            "path": "/",
            "policy": "{\"Statement\":[{\"Action\":[\"autoscaling:SetDesiredCapacity\",\"autoscaling:TerminateInstanceInAutoScalingGroup\"],\"Condition\":{\"StringEquals\":{\"aws:ResourceTag/k8s.io/cluster-autoscaler/eks-ctl\":\"owned\"}},\"Effect\":\"Allow\",\"Resource\":\"*\",\"Sid\":\"VisualEditor0\"},{\"Action\":[\"autoscaling:DescribeAutoScalingInstances\",\"autoscaling:DescribeAutoScalingGroups\",\"ec2:DescribeLaunchTemplateVersions\",\"autoscaling:DescribeTags\",\"autoscaling:DescribeLaunchConfigurations\",\"ec2:DescribeInstanceTypes\"],\"Effect\":\"Allow\",\"Resource\":\"*\",\"Sid\":\"VisualEditor1\"}],\"Version\":\"2012-10-17\"}",
            "policy_id": "ANPAWEJ7MKWJ6PHDALQ33",
            "tags": null,
            "tags_all": {}
          },
          "sensitive_attributes": [],
          "private": "bnVsbA==",
          "dependencies": [
            "data.terraform_remote_state.aws_vpc"
          ]
        }
      ]
    },
    {
      "module": "module.eks",
      "mode": "managed",
      "type": "aws_iam_policy",
      "name": "AmazonEKS_EFS_CSI_Driver_Policy",
      "provider": "provider[\"registry.terraform.io/hashicorp/aws\"]",
      "instances": [
        {
          "schema_version": 0,
          "attributes": {
            "arn": "arn:aws:iam::421576594835:policy/AmazonEKS_EFS_CSI_Driver_Policy",
            "description": "AmazonEKS_EFS_CSI_Driver_Policy",
            "id": "arn:aws:iam::421576594835:policy/AmazonEKS_EFS_CSI_Driver_Policy",
            "name": "AmazonEKS_EFS_CSI_Driver_Policy",
            "name_prefix": null,
            "path": "/",
            "policy": "{\"Statement\":[{\"Action\":[\"elasticfilesystem:DescribeAccessPoints\",\"elasticfilesystem:DescribeFileSystems\",\"elasticfilesystem:DescribeMountTargets\",\"ec2:DescribeAvailabilityZones\"],\"Effect\":\"Allow\",\"Resource\":\"*\"},{\"Action\":[\"elasticfilesystem:CreateAccessPoint\"],\"Condition\":{\"StringLike\":{\"aws:RequestTag/efs.csi.aws.com/cluster\":\"true\"}},\"Effect\":\"Allow\",\"Resource\":\"*\"},{\"Action\":\"elasticfilesystem:DeleteAccessPoint\",\"Condition\":{\"StringEquals\":{\"aws:ResourceTag/efs.csi.aws.com/cluster\":\"true\"}},\"Effect\":\"Allow\",\"Resource\":\"*\"}],\"Version\":\"2012-10-17\"}",
            "policy_id": "ANPAWEJ7MKWJRR2YLIKV7",
            "tags": null,
            "tags_all": {}
          },
          "sensitive_attributes": [],
          "private": "bnVsbA==",
          "dependencies": [
            "data.terraform_remote_state.aws_vpc"
          ]
        }
      ]
    },
    {
      "module": "module.eks",
      "mode": "managed",
      "type": "aws_iam_policy",
      "name": "Amazon_Route53",
      "provider": "provider[\"registry.terraform.io/hashicorp/aws\"]",
      "instances": [
        {
          "schema_version": 0,
          "attributes": {
            "arn": "arn:aws:iam::421576594835:policy/Amazon_Route53",
            "description": "Amazon_Route53",
            "id": "arn:aws:iam::421576594835:policy/Amazon_Route53",
            "name": "Amazon_Route53",
            "name_prefix": null,
            "path": "/",
            "policy": "{\"Statement\":[{\"Action\":[\"route53:ChangeResourceRecordSets\"],\"Effect\":\"Allow\",\"Resource\":[\"arn:aws:route53:::hostedzone/*\"]},{\"Action\":[\"route53:ListHostedZones\",\"route53:ListResourceRecordSets\"],\"Effect\":\"Allow\",\"Resource\":[\"*\"]}],\"Version\":\"2012-10-17\"}",
            "policy_id": "ANPAWEJ7MKWJQUCX566DJ",
            "tags": null,
            "tags_all": {}
          },
          "sensitive_attributes": [],
          "private": "bnVsbA==",
          "dependencies": [
            "data.terraform_remote_state.aws_vpc"
          ]
        }
      ]
    },
    {
      "module": "module.eks",
      "mode": "managed",
      "type": "aws_iam_role",
      "name": "eks_SA_CNI_iam_role",
      "provider": "provider[\"registry.terraform.io/hashicorp/aws\"]",
      "instances": [
        {
          "schema_version": 0,
          "attributes": {
            "arn": "arn:aws:iam::421576594835:role/eks_SA_CNI_iam_role",
            "assume_role_policy": "{\"Statement\":[{\"Action\":\"sts:AssumeRoleWithWebIdentity\",\"Condition\":{\"StringEquals\":{\"oidc.eks.ap-northeast-2.amazonaws.com/id/E868B8AB3C9F2C89010C303456CC64A0:aud\":[\"sts.amazonaws.com\"],\"oidc.eks.ap-northeast-2.amazonaws.com/id/E868B8AB3C9F2C89010C303456CC64A0:sub\":[\"system:serviceaccount:kube-system:aws-node\"]}},\"Effect\":\"Allow\",\"Principal\":{\"Federated\":\"arn:aws:iam::421576594835:oidc-provider/oidc.eks.ap-northeast-2.amazonaws.com/id/E868B8AB3C9F2C89010C303456CC64A0\"},\"Sid\":\"\"}],\"Version\":\"2012-10-17\"}",
            "create_date": "2023-02-15T08:54:30Z",
            "description": "",
            "force_detach_policies": false,
            "id": "eks_SA_CNI_iam_role",
            "inline_policy": [],
            "managed_policy_arns": [],
            "max_session_duration": 3600,
            "name": "eks_SA_CNI_iam_role",
            "name_prefix": "",
            "path": "/",
            "permissions_boundary": null,
            "tags": null,
            "tags_all": {},
            "unique_id": "AROAWEJ7MKWJUG64LF6Q4"
          },
          "sensitive_attributes": [],
          "private": "bnVsbA==",
          "dependencies": [
            "data.terraform_remote_state.aws_vpc",
            "module.eks.aws_eks_cluster.eks_cluster",
            "module.eks.aws_iam_openid_connect_provider.aws_OIDC",
            "module.eks.aws_iam_role.eks_cluster_iam_role",
            "module.eks.aws_iam_role_policy_attachment.eks_cluster_iam_role-AmazonEKSClusterPolicy",
            "module.eks.data.aws_iam_policy_document.iam_policy_OIDC_assume_role_policy_SA_CNI",
            "module.eks.data.aws_subnets.private_subnets",
            "module.eks.data.tls_certificate.eks_tls_cert"
          ]
        }
      ]
    },
    {
      "module": "module.eks",
      "mode": "managed",
      "type": "aws_iam_role",
      "name": "eks_SA_alb_iam_role",
      "provider": "provider[\"registry.terraform.io/hashicorp/aws\"]",
      "instances": [
        {
          "schema_version": 0,
          "attributes": {
            "arn": "arn:aws:iam::421576594835:role/eks_SA_alb_iam_role",
            "assume_role_policy": "{\"Statement\":[{\"Action\":\"sts:AssumeRoleWithWebIdentity\",\"Condition\":{\"StringEquals\":{\"oidc.eks.ap-northeast-2.amazonaws.com/id/E868B8AB3C9F2C89010C303456CC64A0:aud\":[\"sts.amazonaws.com\"],\"oidc.eks.ap-northeast-2.amazonaws.com/id/E868B8AB3C9F2C89010C303456CC64A0:sub\":[\"system:serviceaccount:kube-system:aws-load-balancer-controller\"]}},\"Effect\":\"Allow\",\"Principal\":{\"Federated\":\"arn:aws:iam::421576594835:oidc-provider/oidc.eks.ap-northeast-2.amazonaws.com/id/E868B8AB3C9F2C89010C303456CC64A0\"},\"Sid\":\"\"}],\"Version\":\"2012-10-17\"}",
            "create_date": "2023-02-15T08:54:30Z",
            "description": "",
            "force_detach_policies": false,
            "id": "eks_SA_alb_iam_role",
            "inline_policy": [],
            "managed_policy_arns": [],
            "max_session_duration": 3600,
            "name": "eks_SA_alb_iam_role",
            "name_prefix": "",
            "path": "/",
            "permissions_boundary": null,
            "tags": null,
            "tags_all": {},
            "unique_id": "AROAWEJ7MKWJX325MXPSS"
          },
          "sensitive_attributes": [],
          "private": "bnVsbA==",
          "dependencies": [
            "data.terraform_remote_state.aws_vpc",
            "module.eks.aws_eks_cluster.eks_cluster",
            "module.eks.aws_iam_openid_connect_provider.aws_OIDC",
            "module.eks.aws_iam_role.eks_cluster_iam_role",
            "module.eks.aws_iam_role_policy_attachment.eks_cluster_iam_role-AmazonEKSClusterPolicy",
            "module.eks.data.aws_iam_policy_document.iam_policy_OIDC_assume_role_policy_SA_alb",
            "module.eks.data.aws_subnets.private_subnets",
            "module.eks.data.tls_certificate.eks_tls_cert"
          ]
        }
      ]
    },
    {
      "module": "module.eks",
      "mode": "managed",
      "type": "aws_iam_role",
      "name": "eks_SA_ca_iam_role",
      "provider": "provider[\"registry.terraform.io/hashicorp/aws\"]",
      "instances": [
        {
          "schema_version": 0,
          "attributes": {
            "arn": "arn:aws:iam::421576594835:role/eks_SA_ca_iam_role",
            "assume_role_policy": "{\"Statement\":[{\"Action\":\"sts:AssumeRoleWithWebIdentity\",\"Condition\":{\"StringEquals\":{\"oidc.eks.ap-northeast-2.amazonaws.com/id/E868B8AB3C9F2C89010C303456CC64A0:aud\":[\"sts.amazonaws.com\"],\"oidc.eks.ap-northeast-2.amazonaws.com/id/E868B8AB3C9F2C89010C303456CC64A0:sub\":[\"system:serviceaccount:kube-system:aws-cluster-autoscaler\"]}},\"Effect\":\"Allow\",\"Principal\":{\"Federated\":\"arn:aws:iam::421576594835:oidc-provider/oidc.eks.ap-northeast-2.amazonaws.com/id/E868B8AB3C9F2C89010C303456CC64A0\"},\"Sid\":\"\"}],\"Version\":\"2012-10-17\"}",
            "create_date": "2023-02-15T08:54:30Z",
            "description": "",
            "force_detach_policies": false,
            "id": "eks_SA_ca_iam_role",
            "inline_policy": [],
            "managed_policy_arns": [],
            "max_session_duration": 3600,
            "name": "eks_SA_ca_iam_role",
            "name_prefix": "",
            "path": "/",
            "permissions_boundary": null,
            "tags": null,
            "tags_all": {},
            "unique_id": "AROAWEJ7MKWJZWI2QGCTV"
          },
          "sensitive_attributes": [],
          "private": "bnVsbA==",
          "dependencies": [
            "data.terraform_remote_state.aws_vpc",
            "module.eks.aws_eks_cluster.eks_cluster",
            "module.eks.aws_iam_openid_connect_provider.aws_OIDC",
            "module.eks.aws_iam_role.eks_cluster_iam_role",
            "module.eks.aws_iam_role_policy_attachment.eks_cluster_iam_role-AmazonEKSClusterPolicy",
            "module.eks.data.aws_iam_policy_document.iam_policy_OIDC_assume_role_policy_SA_ca",
            "module.eks.data.aws_subnets.private_subnets",
            "module.eks.data.tls_certificate.eks_tls_cert"
          ]
        }
      ]
    },
    {
      "module": "module.eks",
      "mode": "managed",
      "type": "aws_iam_role",
      "name": "eks_SA_dns_iam_role",
      "provider": "provider[\"registry.terraform.io/hashicorp/aws\"]",
      "instances": [
        {
          "schema_version": 0,
          "attributes": {
            "arn": "arn:aws:iam::421576594835:role/eks_SA_dns_iam_role",
            "assume_role_policy": "{\"Statement\":[{\"Action\":\"sts:AssumeRoleWithWebIdentity\",\"Condition\":{\"StringEquals\":{\"oidc.eks.ap-northeast-2.amazonaws.com/id/E868B8AB3C9F2C89010C303456CC64A0:aud\":[\"sts.amazonaws.com\"],\"oidc.eks.ap-northeast-2.amazonaws.com/id/E868B8AB3C9F2C89010C303456CC64A0:sub\":[\"system:serviceaccount:external-dns:external-dns\"]}},\"Effect\":\"Allow\",\"Principal\":{\"Federated\":\"arn:aws:iam::421576594835:oidc-provider/oidc.eks.ap-northeast-2.amazonaws.com/id/E868B8AB3C9F2C89010C303456CC64A0\"},\"Sid\":\"\"}],\"Version\":\"2012-10-17\"}",
            "create_date": "2023-02-15T08:54:30Z",
            "description": "",
            "force_detach_policies": false,
            "id": "eks_SA_dns_iam_role",
            "inline_policy": [],
            "managed_policy_arns": [],
            "max_session_duration": 3600,
            "name": "eks_SA_dns_iam_role",
            "name_prefix": "",
            "path": "/",
            "permissions_boundary": null,
            "tags": null,
            "tags_all": {},
            "unique_id": "AROAWEJ7MKWJ23IXEWJTQ"
          },
          "sensitive_attributes": [],
          "private": "bnVsbA==",
          "dependencies": [
            "data.terraform_remote_state.aws_vpc",
            "module.eks.aws_eks_cluster.eks_cluster",
            "module.eks.aws_iam_openid_connect_provider.aws_OIDC",
            "module.eks.aws_iam_role.eks_cluster_iam_role",
            "module.eks.aws_iam_role_policy_attachment.eks_cluster_iam_role-AmazonEKSClusterPolicy",
            "module.eks.data.aws_iam_policy_document.iam_policy_OIDC_assume_role_policy_SA_dns",
            "module.eks.data.aws_subnets.private_subnets",
            "module.eks.data.tls_certificate.eks_tls_cert"
          ]
        }
      ]
    },
    {
      "module": "module.eks",
      "mode": "managed",
      "type": "aws_iam_role",
      "name": "eks_SA_efs_iam_role",
      "provider": "provider[\"registry.terraform.io/hashicorp/aws\"]",
      "instances": [
        {
          "schema_version": 0,
          "attributes": {
            "arn": "arn:aws:iam::421576594835:role/eks_SA_efs_iam_role",
            "assume_role_policy": "{\"Statement\":[{\"Action\":\"sts:AssumeRoleWithWebIdentity\",\"Condition\":{\"StringEquals\":{\"oidc.eks.ap-northeast-2.amazonaws.com/id/E868B8AB3C9F2C89010C303456CC64A0:aud\":[\"sts.amazonaws.com\"],\"oidc.eks.ap-northeast-2.amazonaws.com/id/E868B8AB3C9F2C89010C303456CC64A0:sub\":[\"system:serviceaccount:kube-system:efs-csi-controller\"]}},\"Effect\":\"Allow\",\"Principal\":{\"Federated\":\"arn:aws:iam::421576594835:oidc-provider/oidc.eks.ap-northeast-2.amazonaws.com/id/E868B8AB3C9F2C89010C303456CC64A0\"},\"Sid\":\"\"}],\"Version\":\"2012-10-17\"}",
            "create_date": "2023-02-15T08:54:30Z",
            "description": "",
            "force_detach_policies": false,
            "id": "eks_SA_efs_iam_role",
            "inline_policy": [],
            "managed_policy_arns": [],
            "max_session_duration": 3600,
            "name": "eks_SA_efs_iam_role",
            "name_prefix": "",
            "path": "/",
            "permissions_boundary": null,
            "tags": null,
            "tags_all": {},
            "unique_id": "AROAWEJ7MKWJXXSGYFNIC"
          },
          "sensitive_attributes": [],
          "private": "bnVsbA==",
          "dependencies": [
            "data.terraform_remote_state.aws_vpc",
            "module.eks.aws_eks_cluster.eks_cluster",
            "module.eks.aws_iam_openid_connect_provider.aws_OIDC",
            "module.eks.aws_iam_role.eks_cluster_iam_role",
            "module.eks.aws_iam_role_policy_attachment.eks_cluster_iam_role-AmazonEKSClusterPolicy",
            "module.eks.data.aws_iam_policy_document.iam_policy_OIDC_assume_role_policy_SA_efs",
            "module.eks.data.aws_subnets.private_subnets",
            "module.eks.data.tls_certificate.eks_tls_cert"
          ]
        }
      ]
    },
    {
      "module": "module.eks",
      "mode": "managed",
      "type": "aws_iam_role",
      "name": "eks_cluster_iam_role",
      "provider": "provider[\"registry.terraform.io/hashicorp/aws\"]",
      "instances": [
        {
          "schema_version": 0,
          "attributes": {
            "arn": "arn:aws:iam::421576594835:role/eks-cluster-iam_role",
            "assume_role_policy": "{\"Statement\":[{\"Action\":\"sts:AssumeRole\",\"Effect\":\"Allow\",\"Principal\":{\"Service\":\"eks.amazonaws.com\"}}],\"Version\":\"2012-10-17\"}",
            "create_date": "2023-02-15T08:45:45Z",
            "description": "",
            "force_detach_policies": false,
            "id": "eks-cluster-iam_role",
            "inline_policy": [],
            "managed_policy_arns": [],
            "max_session_duration": 3600,
            "name": "eks-cluster-iam_role",
            "name_prefix": "",
            "path": "/",
            "permissions_boundary": null,
            "tags": null,
            "tags_all": {},
            "unique_id": "AROAWEJ7MKWJTNSSVVTIU"
          },
          "sensitive_attributes": [],
          "private": "bnVsbA==",
          "dependencies": [
            "data.terraform_remote_state.aws_vpc"
          ]
        }
      ]
    },
    {
      "module": "module.eks",
      "mode": "managed",
      "type": "aws_iam_role",
      "name": "eks_node_iam_role",
      "provider": "provider[\"registry.terraform.io/hashicorp/aws\"]",
      "instances": [
        {
          "schema_version": 0,
          "attributes": {
            "arn": "arn:aws:iam::421576594835:role/eks-node-iam_role",
            "assume_role_policy": "{\"Statement\":[{\"Action\":\"sts:AssumeRole\",\"Effect\":\"Allow\",\"Principal\":{\"Service\":\"ec2.amazonaws.com\"}}],\"Version\":\"2012-10-17\"}",
            "create_date": "2023-02-15T08:45:45Z",
            "description": "",
            "force_detach_policies": false,
            "id": "eks-node-iam_role",
            "inline_policy": [],
            "managed_policy_arns": [],
            "max_session_duration": 3600,
            "name": "eks-node-iam_role",
            "name_prefix": "",
            "path": "/",
            "permissions_boundary": null,
            "tags": null,
            "tags_all": {},
            "unique_id": "AROAWEJ7MKWJVZBY7RKVY"
          },
          "sensitive_attributes": [],
          "private": "bnVsbA==",
          "dependencies": [
            "data.terraform_remote_state.aws_vpc"
          ]
        }
      ]
    },
    {
      "module": "module.eks",
      "mode": "managed",
      "type": "aws_iam_role_policy_attachment",
      "name": "eks_SA_iam_role-AmazonEKS_AWS_Load_Balancer_Controller",
      "provider": "provider[\"registry.terraform.io/hashicorp/aws\"]",
      "instances": [
        {
          "schema_version": 0,
          "attributes": {
            "id": "eks_SA_alb_iam_role-20230215085431763800000005",
            "policy_arn": "arn:aws:iam::421576594835:policy/AmazonEKS_AWS_Load_Balancer_Controller",
            "role": "eks_SA_alb_iam_role"
          },
          "sensitive_attributes": [],
          "private": "bnVsbA==",
          "dependencies": [
            "data.terraform_remote_state.aws_vpc",
            "module.eks.aws_eks_cluster.eks_cluster",
            "module.eks.aws_iam_openid_connect_provider.aws_OIDC",
            "module.eks.aws_iam_policy.AmazonEKS_AWS_Load_Balancer_Controller",
            "module.eks.aws_iam_role.eks_SA_alb_iam_role",
            "module.eks.aws_iam_role.eks_cluster_iam_role",
            "module.eks.aws_iam_role_policy_attachment.eks_cluster_iam_role-AmazonEKSClusterPolicy",
            "module.eks.data.aws_iam_policy_document.iam_policy_OIDC_assume_role_policy_SA_alb",
            "module.eks.data.aws_subnets.private_subnets",
            "module.eks.data.tls_certificate.eks_tls_cert"
          ]
        }
      ]
    },
    {
      "module": "module.eks",
      "mode": "managed",
      "type": "aws_iam_role_policy_attachment",
      "name": "eks_SA_iam_role-AmazonEKS_CNI_Policy",
      "provider": "provider[\"registry.terraform.io/hashicorp/aws\"]",
      "instances": [
        {
          "schema_version": 0,
          "attributes": {
            "id": "eks_SA_CNI_iam_role-20230215085431949300000007",
            "policy_arn": "arn:aws:iam::aws:policy/AmazonEKS_CNI_Policy",
            "role": "eks_SA_CNI_iam_role"
          },
          "sensitive_attributes": [],
          "private": "bnVsbA==",
          "dependencies": [
            "data.terraform_remote_state.aws_vpc",
            "module.eks.aws_eks_cluster.eks_cluster",
            "module.eks.aws_iam_openid_connect_provider.aws_OIDC",
            "module.eks.aws_iam_role.eks_SA_CNI_iam_role",
            "module.eks.aws_iam_role.eks_cluster_iam_role",
            "module.eks.aws_iam_role_policy_attachment.eks_cluster_iam_role-AmazonEKSClusterPolicy",
            "module.eks.data.aws_iam_policy_document.iam_policy_OIDC_assume_role_policy_SA_CNI",
            "module.eks.data.aws_subnets.private_subnets",
            "module.eks.data.tls_certificate.eks_tls_cert"
          ]
        }
      ]
    },
    {
      "module": "module.eks",
      "mode": "managed",
      "type": "aws_iam_role_policy_attachment",
      "name": "eks_SA_iam_role-AmazonEKS_Cluster_Autoscaler_Policy",
      "provider": "provider[\"registry.terraform.io/hashicorp/aws\"]",
      "instances": [
        {
          "schema_version": 0,
          "attributes": {
            "id": "eks_SA_ca_iam_role-20230215085431979600000008",
            "policy_arn": "arn:aws:iam::421576594835:policy/AmazonEKSClusterAutoscalerPolicy",
            "role": "eks_SA_ca_iam_role"
          },
          "sensitive_attributes": [],
          "private": "bnVsbA==",
          "dependencies": [
            "data.terraform_remote_state.aws_vpc",
            "module.eks.aws_eks_cluster.eks_cluster",
            "module.eks.aws_iam_openid_connect_provider.aws_OIDC",
            "module.eks.aws_iam_policy.AmazonEKS_Cluster_Autoscaler_Policy",
            "module.eks.aws_iam_role.eks_SA_ca_iam_role",
            "module.eks.aws_iam_role.eks_cluster_iam_role",
            "module.eks.aws_iam_role_policy_attachment.eks_cluster_iam_role-AmazonEKSClusterPolicy",
            "module.eks.data.aws_iam_policy_document.iam_policy_OIDC_assume_role_policy_SA_ca",
            "module.eks.data.aws_subnets.private_subnets",
            "module.eks.data.tls_certificate.eks_tls_cert"
          ]
        }
      ]
    },
    {
      "module": "module.eks",
      "mode": "managed",
      "type": "aws_iam_role_policy_attachment",
      "name": "eks_SA_iam_role-AmazonEKS_EFS_CSI_Driver_Policy",
      "provider": "provider[\"registry.terraform.io/hashicorp/aws\"]",
      "instances": [
        {
          "schema_version": 0,
          "attributes": {
            "id": "eks_SA_efs_iam_role-20230215085431725700000004",
            "policy_arn": "arn:aws:iam::421576594835:policy/AmazonEKS_EFS_CSI_Driver_Policy",
            "role": "eks_SA_efs_iam_role"
          },
          "sensitive_attributes": [],
          "private": "bnVsbA==",
          "dependencies": [
            "data.terraform_remote_state.aws_vpc",
            "module.eks.aws_eks_cluster.eks_cluster",
            "module.eks.aws_iam_openid_connect_provider.aws_OIDC",
            "module.eks.aws_iam_policy.AmazonEKS_EFS_CSI_Driver_Policy",
            "module.eks.aws_iam_role.eks_SA_efs_iam_role",
            "module.eks.aws_iam_role.eks_cluster_iam_role",
            "module.eks.aws_iam_role_policy_attachment.eks_cluster_iam_role-AmazonEKSClusterPolicy",
            "module.eks.data.aws_iam_policy_document.iam_policy_OIDC_assume_role_policy_SA_efs",
            "module.eks.data.aws_subnets.private_subnets",
            "module.eks.data.tls_certificate.eks_tls_cert"
          ]
        }
      ]
    },
    {
      "module": "module.eks",
      "mode": "managed",
      "type": "aws_iam_role_policy_attachment",
      "name": "eks_SA_iam_role-Amazon_Route53",
      "provider": "provider[\"registry.terraform.io/hashicorp/aws\"]",
      "instances": [
        {
          "schema_version": 0,
          "attributes": {
            "id": "eks_SA_dns_iam_role-20230215085431856200000006",
            "policy_arn": "arn:aws:iam::421576594835:policy/Amazon_Route53",
            "role": "eks_SA_dns_iam_role"
          },
          "sensitive_attributes": [],
          "private": "bnVsbA==",
          "dependencies": [
            "data.terraform_remote_state.aws_vpc",
            "module.eks.aws_eks_cluster.eks_cluster",
            "module.eks.aws_iam_openid_connect_provider.aws_OIDC",
            "module.eks.aws_iam_policy.Amazon_Route53",
            "module.eks.aws_iam_role.eks_SA_dns_iam_role",
            "module.eks.aws_iam_role.eks_cluster_iam_role",
            "module.eks.aws_iam_role_policy_attachment.eks_cluster_iam_role-AmazonEKSClusterPolicy",
            "module.eks.data.aws_iam_policy_document.iam_policy_OIDC_assume_role_policy_SA_dns",
            "module.eks.data.aws_subnets.private_subnets",
            "module.eks.data.tls_certificate.eks_tls_cert"
          ]
        }
      ]
    },
    {
      "module": "module.eks",
      "mode": "managed",
      "type": "aws_iam_role_policy_attachment",
      "name": "eks_cluster_iam_role-AmazonEKSClusterPolicy",
      "provider": "provider[\"registry.terraform.io/hashicorp/aws\"]",
      "instances": [
        {
          "schema_version": 0,
          "attributes": {
            "id": "eks-cluster-iam_role-20230215084546638700000003",
            "policy_arn": "arn:aws:iam::aws:policy/AmazonEKSClusterPolicy",
            "role": "eks-cluster-iam_role"
          },
          "sensitive_attributes": [],
          "private": "bnVsbA==",
          "dependencies": [
            "data.terraform_remote_state.aws_vpc",
            "module.eks.aws_iam_role.eks_cluster_iam_role"
          ]
        }
      ]
    },
    {
      "module": "module.eks",
      "mode": "managed",
      "type": "aws_iam_role_policy_attachment",
      "name": "eks_node_iam_role-AmazonEC2ContainerRegistryReadOnly",
      "provider": "provider[\"registry.terraform.io/hashicorp/aws\"]",
      "instances": [
        {
          "schema_version": 0,
          "attributes": {
            "id": "eks-node-iam_role-20230215084546610500000002",
            "policy_arn": "arn:aws:iam::aws:policy/AmazonEC2ContainerRegistryReadOnly",
            "role": "eks-node-iam_role"
          },
          "sensitive_attributes": [],
          "private": "bnVsbA==",
          "dependencies": [
            "data.terraform_remote_state.aws_vpc",
            "module.eks.aws_iam_role.eks_node_iam_role"
          ]
        }
      ]
    },
    {
      "module": "module.eks",
      "mode": "managed",
      "type": "aws_iam_role_policy_attachment",
      "name": "eks_node_iam_role-AmazonEKSWorkerNodePolicy",
      "provider": "provider[\"registry.terraform.io/hashicorp/aws\"]",
      "instances": [
        {
          "schema_version": 0,
          "attributes": {
            "id": "eks-node-iam_role-20230215084546596400000001",
            "policy_arn": "arn:aws:iam::aws:policy/AmazonEKSWorkerNodePolicy",
            "role": "eks-node-iam_role"
          },
          "sensitive_attributes": [],
          "private": "bnVsbA==",
          "dependencies": [
            "data.terraform_remote_state.aws_vpc",
            "module.eks.aws_iam_role.eks_node_iam_role"
          ]
        }
      ]
    },
    {
      "module": "module.eks",
      "mode": "managed",
      "type": "aws_security_group_rule",
      "name": "eks_vpn_security_rule",
      "provider": "provider[\"registry.terraform.io/hashicorp/aws\"]",
      "instances": [
        {
          "schema_version": 2,
          "attributes": {
            "cidr_blocks": null,
            "description": "vpn-client association",
            "from_port": 0,
            "id": "sgrule-2018272638",
            "ipv6_cidr_blocks": null,
            "prefix_list_ids": null,
            "protocol": "tcp",
            "security_group_id": "sg-0b89c6d08adf7dc5a",
            "security_group_rule_id": "sgr-03de6563b6cb5316e",
            "self": false,
            "source_security_group_id": "sg-0d0a7d5238f4c4982",
            "timeouts": null,
            "to_port": 65535,
            "type": "ingress"
          },
          "sensitive_attributes": [],
          "private": "eyJlMmJmYjczMC1lY2FhLTExZTYtOGY4OC0zNDM2M2JjN2M0YzAiOnsiY3JlYXRlIjozMDAwMDAwMDAwMDB9LCJzY2hlbWFfdmVyc2lvbiI6IjIifQ==",
          "dependencies": [
            "data.terraform_remote_state.aws_vpc",
            "module.eks.aws_eks_cluster.eks_cluster",
            "module.eks.aws_iam_role.eks_cluster_iam_role",
            "module.eks.aws_iam_role_policy_attachment.eks_cluster_iam_role-AmazonEKSClusterPolicy",
            "module.eks.data.aws_subnets.private_subnets"
          ]
        }
      ]
    },
    {
      "module": "module.eks",
      "mode": "managed",
      "type": "kubernetes_annotations",
      "name": "sa_CNI",
      "provider": "provider[\"registry.terraform.io/hashicorp/kubernetes\"]",
      "instances": [
        {
          "schema_version": 0,
          "attributes": {
            "annotations": {
              "eks.amazonaws.com/role-arn": "arn:aws:iam::421576594835:role/eks_SA_CNI_iam_role"
            },
            "api_version": "v1",
            "field_manager": "Terraform",
            "force": null,
            "id": "apiVersion=v1,kind=ServiceAccount,name=aws-node,namespace=kube-system",
            "kind": "ServiceAccount",
            "metadata": [
              {
                "name": "aws-node",
                "namespace": "kube-system"
              }
            ]
          },
          "sensitive_attributes": [],
          "private": "bnVsbA==",
          "dependencies": [
            "data.aws_eks_cluster.eks_cluster",
            "data.terraform_remote_state.aws_vpc",
            "module.eks.aws_eks_cluster.eks_cluster",
            "module.eks.aws_iam_openid_connect_provider.aws_OIDC",
            "module.eks.aws_iam_role.eks_SA_CNI_iam_role",
            "module.eks.aws_iam_role.eks_cluster_iam_role",
            "module.eks.aws_iam_role_policy_attachment.eks_cluster_iam_role-AmazonEKSClusterPolicy",
            "module.eks.data.aws_iam_policy_document.iam_policy_OIDC_assume_role_policy_SA_CNI",
            "module.eks.data.aws_subnets.private_subnets",
            "module.eks.data.tls_certificate.eks_tls_cert"
          ]
        }
      ]
    },
    {
      "module": "module.eks",
      "mode": "managed",
      "type": "kubernetes_namespace",
      "name": "external-dns",
      "provider": "provider[\"registry.terraform.io/hashicorp/kubernetes\"]",
      "instances": [
        {
          "schema_version": 0,
          "attributes": {
            "id": "external-dns",
            "metadata": [
              {
                "annotations": null,
                "generate_name": "",
                "generation": 0,
                "labels": null,
                "name": "external-dns",
                "resource_version": "796",
                "uid": "20c040ea-af21-4b42-9100-1aaea75bc9bd"
              }
            ],
            "timeouts": null
          },
          "sensitive_attributes": [],
          "private": "eyJlMmJmYjczMC1lY2FhLTExZTYtOGY4OC0zNDM2M2JjN2M0YzAiOnsiZGVsZXRlIjozMDAwMDAwMDAwMDB9fQ==",
          "dependencies": [
            "data.aws_eks_cluster.eks_cluster",
            "data.terraform_remote_state.aws_vpc",
            "module.eks.aws_eks_cluster.eks_cluster",
            "module.eks.aws_iam_role.eks_cluster_iam_role",
            "module.eks.aws_iam_role_policy_attachment.eks_cluster_iam_role-AmazonEKSClusterPolicy",
            "module.eks.data.aws_subnets.private_subnets"
          ]
        }
      ]
    },
    {
      "module": "module.eks",
      "mode": "managed",
      "type": "kubernetes_namespace",
      "name": "istio-gateway",
      "provider": "provider[\"registry.terraform.io/hashicorp/kubernetes\"]",
      "instances": [
        {
          "schema_version": 0,
          "attributes": {
            "id": "istio-gateway",
            "metadata": [
              {
                "annotations": null,
                "generate_name": "",
                "generation": 0,
                "labels": {
                  "istio-injection": "enabled",
                  "kiali-enabled": "true"
                },
                "name": "istio-gateway",
                "resource_version": "791",
                "uid": "45bfb187-33e5-41cf-89db-0bc03ae4bcf6"
              }
            ],
            "timeouts": null
          },
          "sensitive_attributes": [],
          "private": "eyJlMmJmYjczMC1lY2FhLTExZTYtOGY4OC0zNDM2M2JjN2M0YzAiOnsiZGVsZXRlIjozMDAwMDAwMDAwMDB9fQ==",
          "dependencies": [
            "data.aws_eks_cluster.eks_cluster",
            "data.terraform_remote_state.aws_vpc",
            "module.eks.aws_eks_cluster.eks_cluster",
            "module.eks.aws_iam_role.eks_cluster_iam_role",
            "module.eks.aws_iam_role_policy_attachment.eks_cluster_iam_role-AmazonEKSClusterPolicy",
            "module.eks.data.aws_subnets.private_subnets"
          ]
        }
      ]
    },
    {
      "module": "module.eks",
      "mode": "managed",
      "type": "kubernetes_namespace",
      "name": "istio-system",
      "provider": "provider[\"registry.terraform.io/hashicorp/kubernetes\"]",
      "instances": [
        {
          "schema_version": 0,
          "attributes": {
            "id": "istio-system",
            "metadata": [
              {
                "annotations": null,
                "generate_name": "",
                "generation": 0,
                "labels": {
                  "kiali-enabled": "true"
                },
                "name": "istio-system",
                "resource_version": "799",
                "uid": "a3bfedbd-63c7-4ab2-b75a-fb3c2f6cbe89"
              }
            ],
            "timeouts": null
          },
          "sensitive_attributes": [],
          "private": "eyJlMmJmYjczMC1lY2FhLTExZTYtOGY4OC0zNDM2M2JjN2M0YzAiOnsiZGVsZXRlIjozMDAwMDAwMDAwMDB9fQ==",
          "dependencies": [
            "data.aws_eks_cluster.eks_cluster",
            "data.terraform_remote_state.aws_vpc",
            "module.eks.aws_eks_cluster.eks_cluster",
            "module.eks.aws_iam_role.eks_cluster_iam_role",
            "module.eks.aws_iam_role_policy_attachment.eks_cluster_iam_role-AmazonEKSClusterPolicy",
            "module.eks.data.aws_subnets.private_subnets"
          ]
        }
      ]
    },
    {
      "module": "module.eks",
      "mode": "managed",
      "type": "kubernetes_service_account",
      "name": "sa_alb",
      "provider": "provider[\"registry.terraform.io/hashicorp/kubernetes\"]",
      "instances": [
        {
          "schema_version": 0,
          "attributes": {
            "automount_service_account_token": true,
            "default_secret_name": "",
            "id": "kube-system/aws-load-balancer-controller",
            "image_pull_secret": [],
            "metadata": [
              {
                "annotations": {
                  "eks.amazonaws.com/role-arn": "arn:aws:iam::421576594835:role/eks_SA_alb_iam_role"
                },
                "generate_name": "",
                "generation": 0,
                "labels": null,
                "name": "aws-load-balancer-controller",
                "namespace": "kube-system",
                "resource_version": "801",
                "uid": "eca1b446-8425-4e45-8aec-99fcf146aa88"
              }
            ],
            "secret": [],
            "timeouts": null
          },
          "sensitive_attributes": [],
          "private": "eyJlMmJmYjczMC1lY2FhLTExZTYtOGY4OC0zNDM2M2JjN2M0YzAiOnsiY3JlYXRlIjozMDAwMDAwMDAwMH19",
          "dependencies": [
            "data.aws_eks_cluster.eks_cluster",
            "data.terraform_remote_state.aws_vpc",
            "module.eks.aws_eks_cluster.eks_cluster",
            "module.eks.aws_iam_openid_connect_provider.aws_OIDC",
            "module.eks.aws_iam_role.eks_SA_alb_iam_role",
            "module.eks.aws_iam_role.eks_cluster_iam_role",
            "module.eks.aws_iam_role_policy_attachment.eks_cluster_iam_role-AmazonEKSClusterPolicy",
            "module.eks.data.aws_iam_policy_document.iam_policy_OIDC_assume_role_policy_SA_alb",
            "module.eks.data.aws_subnets.private_subnets",
            "module.eks.data.tls_certificate.eks_tls_cert"
          ]
        }
      ]
    },
    {
      "module": "module.eks",
      "mode": "managed",
      "type": "kubernetes_service_account",
      "name": "sa_ca",
      "provider": "provider[\"registry.terraform.io/hashicorp/kubernetes\"]",
      "instances": [
        {
          "schema_version": 0,
          "attributes": {
            "automount_service_account_token": true,
            "default_secret_name": "",
            "id": "kube-system/aws-cluster-autoscaler",
            "image_pull_secret": [],
            "metadata": [
              {
                "annotations": {
                  "eks.amazonaws.com/role-arn": "arn:aws:iam::421576594835:role/eks_SA_ca_iam_role"
                },
                "generate_name": "",
                "generation": 0,
                "labels": null,
                "name": "aws-cluster-autoscaler",
                "namespace": "kube-system",
                "resource_version": "805",
                "uid": "0f8f773e-1e84-491f-84b1-a608b158c498"
              }
            ],
            "secret": [],
            "timeouts": null
          },
          "sensitive_attributes": [],
          "private": "eyJlMmJmYjczMC1lY2FhLTExZTYtOGY4OC0zNDM2M2JjN2M0YzAiOnsiY3JlYXRlIjozMDAwMDAwMDAwMH19",
          "dependencies": [
            "data.aws_eks_cluster.eks_cluster",
            "data.terraform_remote_state.aws_vpc",
            "module.eks.aws_eks_cluster.eks_cluster",
            "module.eks.aws_iam_openid_connect_provider.aws_OIDC",
            "module.eks.aws_iam_role.eks_SA_ca_iam_role",
            "module.eks.aws_iam_role.eks_cluster_iam_role",
            "module.eks.aws_iam_role_policy_attachment.eks_cluster_iam_role-AmazonEKSClusterPolicy",
            "module.eks.data.aws_iam_policy_document.iam_policy_OIDC_assume_role_policy_SA_ca",
            "module.eks.data.aws_subnets.private_subnets",
            "module.eks.data.tls_certificate.eks_tls_cert"
          ]
        }
      ]
    },
    {
      "module": "module.eks",
      "mode": "managed",
      "type": "kubernetes_service_account",
      "name": "sa_dns",
      "provider": "provider[\"registry.terraform.io/hashicorp/kubernetes\"]",
      "instances": [
        {
          "schema_version": 0,
          "attributes": {
            "automount_service_account_token": true,
            "default_secret_name": "",
            "id": "external-dns/external-dns",
            "image_pull_secret": [],
            "metadata": [
              {
                "annotations": {
                  "eks.amazonaws.com/role-arn": "arn:aws:iam::421576594835:role/eks_SA_dns_iam_role"
                },
                "generate_name": "",
                "generation": 0,
                "labels": null,
                "name": "external-dns",
                "namespace": "external-dns",
                "resource_version": "804",
                "uid": "ff2483d8-57a2-4a1f-8972-98f010280526"
              }
            ],
            "secret": [],
            "timeouts": null
          },
          "sensitive_attributes": [],
          "private": "eyJlMmJmYjczMC1lY2FhLTExZTYtOGY4OC0zNDM2M2JjN2M0YzAiOnsiY3JlYXRlIjozMDAwMDAwMDAwMH19",
          "dependencies": [
            "data.aws_eks_cluster.eks_cluster",
            "data.terraform_remote_state.aws_vpc",
            "module.eks.aws_eks_cluster.eks_cluster",
            "module.eks.aws_iam_openid_connect_provider.aws_OIDC",
            "module.eks.aws_iam_role.eks_SA_dns_iam_role",
            "module.eks.aws_iam_role.eks_cluster_iam_role",
            "module.eks.aws_iam_role_policy_attachment.eks_cluster_iam_role-AmazonEKSClusterPolicy",
            "module.eks.data.aws_iam_policy_document.iam_policy_OIDC_assume_role_policy_SA_dns",
            "module.eks.data.aws_subnets.private_subnets",
            "module.eks.data.tls_certificate.eks_tls_cert"
          ]
        }
      ]
    },
    {
      "module": "module.eks",
      "mode": "managed",
      "type": "kubernetes_service_account",
      "name": "sa_efs",
      "provider": "provider[\"registry.terraform.io/hashicorp/kubernetes\"]",
      "instances": [
        {
          "schema_version": 0,
          "attributes": {
            "automount_service_account_token": true,
            "default_secret_name": "",
            "id": "kube-system/efs-csi-controller",
            "image_pull_secret": [],
            "metadata": [
              {
                "annotations": {
                  "eks.amazonaws.com/role-arn": "arn:aws:iam::421576594835:role/eks_SA_efs_iam_role"
                },
                "generate_name": "",
                "generation": 0,
                "labels": null,
                "name": "efs-csi-controller",
                "namespace": "kube-system",
                "resource_version": "800",
                "uid": "4b45c942-5cdd-4389-a33b-4fbb900bc73d"
              }
            ],
            "secret": [],
            "timeouts": null
          },
          "sensitive_attributes": [],
          "private": "eyJlMmJmYjczMC1lY2FhLTExZTYtOGY4OC0zNDM2M2JjN2M0YzAiOnsiY3JlYXRlIjozMDAwMDAwMDAwMH19",
          "dependencies": [
            "data.aws_eks_cluster.eks_cluster",
            "data.terraform_remote_state.aws_vpc",
            "module.eks.aws_eks_cluster.eks_cluster",
            "module.eks.aws_iam_openid_connect_provider.aws_OIDC",
            "module.eks.aws_iam_role.eks_SA_efs_iam_role",
            "module.eks.aws_iam_role.eks_cluster_iam_role",
            "module.eks.aws_iam_role_policy_attachment.eks_cluster_iam_role-AmazonEKSClusterPolicy",
            "module.eks.data.aws_iam_policy_document.iam_policy_OIDC_assume_role_policy_SA_efs",
            "module.eks.data.aws_subnets.private_subnets",
            "module.eks.data.tls_certificate.eks_tls_cert"
          ]
        }
      ]
    },
    {
      "module": "module.eks",
      "mode": "managed",
      "type": "null_resource",
      "name": "annotations_depends",
      "provider": "provider[\"registry.terraform.io/hashicorp/null\"]",
      "instances": [
        {
          "schema_version": 0,
          "attributes": {
            "id": "1215520656077132245",
            "triggers": null
          },
          "sensitive_attributes": [],
          "dependencies": [
            "data.aws_eks_cluster.eks_cluster",
            "data.terraform_remote_state.aws_vpc",
            "module.eks.aws_eks_cluster.eks_cluster",
            "module.eks.aws_iam_openid_connect_provider.aws_OIDC",
            "module.eks.aws_iam_role.eks_SA_CNI_iam_role",
            "module.eks.aws_iam_role.eks_cluster_iam_role",
            "module.eks.aws_iam_role_policy_attachment.eks_cluster_iam_role-AmazonEKSClusterPolicy",
            "module.eks.data.aws_iam_policy_document.iam_policy_OIDC_assume_role_policy_SA_CNI",
            "module.eks.data.aws_subnets.private_subnets",
            "module.eks.data.tls_certificate.eks_tls_cert",
            "module.eks.kubernetes_annotations.sa_CNI"
          ]
        }
      ]
    },
    {
      "module": "module.eks",
      "mode": "managed",
      "type": "null_resource",
      "name": "iam_role_depends",
      "provider": "provider[\"registry.terraform.io/hashicorp/null\"]",
      "instances": [
        {
          "schema_version": 0,
          "attributes": {
            "id": "4206244656847695098",
            "triggers": null
          },
          "sensitive_attributes": [],
          "dependencies": [
            "data.terraform_remote_state.aws_vpc",
            "module.eks.aws_eks_cluster.eks_cluster",
            "module.eks.aws_iam_openid_connect_provider.aws_OIDC",
            "module.eks.aws_iam_policy.AmazonEKS_AWS_Load_Balancer_Controller",
            "module.eks.aws_iam_policy.AmazonEKS_Cluster_Autoscaler_Policy",
            "module.eks.aws_iam_policy.AmazonEKS_EFS_CSI_Driver_Policy",
            "module.eks.aws_iam_policy.Amazon_Route53",
            "module.eks.aws_iam_role.eks_SA_CNI_iam_role",
            "module.eks.aws_iam_role.eks_SA_alb_iam_role",
            "module.eks.aws_iam_role.eks_SA_ca_iam_role",
            "module.eks.aws_iam_role.eks_SA_dns_iam_role",
            "module.eks.aws_iam_role.eks_SA_efs_iam_role",
            "module.eks.aws_iam_role.eks_cluster_iam_role",
            "module.eks.aws_iam_role.eks_node_iam_role",
            "module.eks.aws_iam_role_policy_attachment.eks_SA_iam_role-AmazonEKS_AWS_Load_Balancer_Controller",
            "module.eks.aws_iam_role_policy_attachment.eks_SA_iam_role-AmazonEKS_CNI_Policy",
            "module.eks.aws_iam_role_policy_attachment.eks_SA_iam_role-AmazonEKS_Cluster_Autoscaler_Policy",
            "module.eks.aws_iam_role_policy_attachment.eks_SA_iam_role-AmazonEKS_EFS_CSI_Driver_Policy",
            "module.eks.aws_iam_role_policy_attachment.eks_SA_iam_role-Amazon_Route53",
            "module.eks.aws_iam_role_policy_attachment.eks_cluster_iam_role-AmazonEKSClusterPolicy",
            "module.eks.aws_iam_role_policy_attachment.eks_node_iam_role-AmazonEC2ContainerRegistryReadOnly",
            "module.eks.aws_iam_role_policy_attachment.eks_node_iam_role-AmazonEKSWorkerNodePolicy",
            "module.eks.data.aws_iam_policy_document.iam_policy_OIDC_assume_role_policy_SA_CNI",
            "module.eks.data.aws_iam_policy_document.iam_policy_OIDC_assume_role_policy_SA_alb",
            "module.eks.data.aws_iam_policy_document.iam_policy_OIDC_assume_role_policy_SA_ca",
            "module.eks.data.aws_iam_policy_document.iam_policy_OIDC_assume_role_policy_SA_dns",
            "module.eks.data.aws_iam_policy_document.iam_policy_OIDC_assume_role_policy_SA_efs",
            "module.eks.data.aws_subnets.private_subnets",
            "module.eks.data.tls_certificate.eks_tls_cert"
          ]
        }
      ]
    },
    {
      "module": "module.eks",
      "mode": "managed",
      "type": "null_resource",
      "name": "kubernetes_depends",
      "provider": "provider[\"registry.terraform.io/hashicorp/null\"]",
      "instances": [
        {
          "schema_version": 0,
          "attributes": {
            "id": "4431465307309761390",
            "triggers": null
          },
          "sensitive_attributes": [],
          "dependencies": [
            "data.aws_eks_cluster.eks_cluster",
            "data.terraform_remote_state.aws_vpc",
            "module.eks.aws_eks_cluster.eks_cluster",
            "module.eks.aws_iam_openid_connect_provider.aws_OIDC",
            "module.eks.aws_iam_role.eks_SA_CNI_iam_role",
            "module.eks.aws_iam_role.eks_SA_alb_iam_role",
            "module.eks.aws_iam_role.eks_SA_ca_iam_role",
            "module.eks.aws_iam_role.eks_SA_dns_iam_role",
            "module.eks.aws_iam_role.eks_SA_efs_iam_role",
            "module.eks.aws_iam_role.eks_cluster_iam_role",
            "module.eks.aws_iam_role_policy_attachment.eks_cluster_iam_role-AmazonEKSClusterPolicy",
            "module.eks.data.aws_iam_policy_document.iam_policy_OIDC_assume_role_policy_SA_CNI",
            "module.eks.data.aws_iam_policy_document.iam_policy_OIDC_assume_role_policy_SA_alb",
            "module.eks.data.aws_iam_policy_document.iam_policy_OIDC_assume_role_policy_SA_ca",
            "module.eks.data.aws_iam_policy_document.iam_policy_OIDC_assume_role_policy_SA_dns",
            "module.eks.data.aws_iam_policy_document.iam_policy_OIDC_assume_role_policy_SA_efs",
            "module.eks.data.aws_subnets.private_subnets",
            "module.eks.data.tls_certificate.eks_tls_cert",
            "module.eks.kubernetes_annotations.sa_CNI",
            "module.eks.kubernetes_namespace.external-dns",
            "module.eks.kubernetes_namespace.istio-gateway",
            "module.eks.kubernetes_namespace.istio-system",
            "module.eks.kubernetes_service_account.sa_alb",
            "module.eks.kubernetes_service_account.sa_ca",
            "module.eks.kubernetes_service_account.sa_dns",
            "module.eks.kubernetes_service_account.sa_efs",
            "module.eks.null_resource.annotations_depends",
            "module.eks.null_resource.namespace_depends",
            "module.eks.null_resource.sa_depends"
          ]
        }
      ]
    },
    {
      "module": "module.eks",
      "mode": "managed",
      "type": "null_resource",
      "name": "namespace_depends",
      "provider": "provider[\"registry.terraform.io/hashicorp/null\"]",
      "instances": [
        {
          "schema_version": 0,
          "attributes": {
            "id": "1237984315994100696",
            "triggers": null
          },
          "sensitive_attributes": [],
          "dependencies": [
            "data.aws_eks_cluster.eks_cluster",
            "data.terraform_remote_state.aws_vpc",
            "module.eks.aws_eks_cluster.eks_cluster",
            "module.eks.aws_iam_role.eks_cluster_iam_role",
            "module.eks.aws_iam_role_policy_attachment.eks_cluster_iam_role-AmazonEKSClusterPolicy",
            "module.eks.data.aws_subnets.private_subnets",
            "module.eks.kubernetes_namespace.external-dns",
            "module.eks.kubernetes_namespace.istio-gateway",
            "module.eks.kubernetes_namespace.istio-system"
          ]
        }
      ]
    },
    {
      "module": "module.eks",
      "mode": "managed",
      "type": "null_resource",
      "name": "sa_depends",
      "provider": "provider[\"registry.terraform.io/hashicorp/null\"]",
      "instances": [
        {
          "schema_version": 0,
          "attributes": {
            "id": "3098291820064245530",
            "triggers": null
          },
          "sensitive_attributes": [],
          "dependencies": [
            "data.aws_eks_cluster.eks_cluster",
            "data.terraform_remote_state.aws_vpc",
            "module.eks.aws_eks_cluster.eks_cluster",
            "module.eks.aws_iam_openid_connect_provider.aws_OIDC",
            "module.eks.aws_iam_role.eks_SA_alb_iam_role",
            "module.eks.aws_iam_role.eks_SA_ca_iam_role",
            "module.eks.aws_iam_role.eks_SA_dns_iam_role",
            "module.eks.aws_iam_role.eks_SA_efs_iam_role",
            "module.eks.aws_iam_role.eks_cluster_iam_role",
            "module.eks.aws_iam_role_policy_attachment.eks_cluster_iam_role-AmazonEKSClusterPolicy",
            "module.eks.data.aws_iam_policy_document.iam_policy_OIDC_assume_role_policy_SA_alb",
            "module.eks.data.aws_iam_policy_document.iam_policy_OIDC_assume_role_policy_SA_ca",
            "module.eks.data.aws_iam_policy_document.iam_policy_OIDC_assume_role_policy_SA_dns",
            "module.eks.data.aws_iam_policy_document.iam_policy_OIDC_assume_role_policy_SA_efs",
            "module.eks.data.aws_subnets.private_subnets",
            "module.eks.data.tls_certificate.eks_tls_cert",
            "module.eks.kubernetes_service_account.sa_alb",
            "module.eks.kubernetes_service_account.sa_ca",
            "module.eks.kubernetes_service_account.sa_dns",
            "module.eks.kubernetes_service_account.sa_efs"
          ]
        }
      ]
    },
    {
      "module": "module.eks.module.resourceSetting",
      "mode": "data",
      "type": "aws_acm_certificate",
      "name": "acm_certificate",
      "provider": "provider[\"registry.terraform.io/hashicorp/aws\"]",
      "instances": [
        {
          "index_key": 0,
          "schema_version": 0,
          "attributes": {
            "arn": "arn:aws:acm:ap-northeast-2:421576594835:certificate/239e7d02-3d7e-43c8-9051-5404b2c8ac20",
            "certificate": "-----BEGIN CERTIFICATE-----\nMIIF1DCCBLygAwIBAgIQDOugZicIlm0E4oHNkwvpJTANBgkqhkiG9w0BAQsFADA8\nMQswCQYDVQQGEwJVUzEPMA0GA1UEChMGQW1hem9uMRwwGgYDVQQDExNBbWF6b24g\nUlNBIDIwNDggTTAyMB4XDTIyMTEyMTAwMDAwMFoXDTIzMTIyMTIzNTk1OVowFzEV\nMBMGA1UEAxMMZ2F6YW1pLmNsaWNrMIIBIjANBgkqhkiG9w0BAQEFAAOCAQ8AMIIB\nCgKCAQEAxOe9x5a08xug+/2g4Sto5aZIgukFvb3GI9KPOoiRy/ptJ8EYssux43Io\nuqUk1cWb1pyf0qTrK9WRgCzhMTTEUQJ5iDRzsK+lZMCFd3lJ3e1lS2DWeC34KknC\nZHUsoOteKUmX+V0CtvJ/7eve4J+dHL6+UnHcH3V8qXYlOJa2OnAb6yQiqCfnZziz\nRHNONImq14lPugueAsvLY4pbbw9nhubG2C8tNkEl8KLQUvsAEaJLMjmqVtDX1Nba\nGaw2QUXay16uAOtRy9UhRUYr1QwNTr4+cahAWgz8+iorjg17poG6eBPY37OYisT+\nlFxo2kTUyvPJH4zgKV4EU4jxKvxWpwIDAQABo4IC9TCCAvEwHwYDVR0jBBgwFoAU\nwDFSzVpQw4J8dHHOy+mc+XrrguIwHQYDVR0OBBYEFLYmkn+YcnVsQQIH1tgcgTwb\n1tonMCcGA1UdEQQgMB6CDGdhemFtaS5jbGlja4IOKi5nYXphbWkuY2xpY2swDgYD\nVR0PAQH/BAQDAgWgMB0GA1UdJQQWMBQGCCsGAQUFBwMBBggrBgEFBQcDAjA7BgNV\nHR8ENDAyMDCgLqAshipodHRwOi8vY3JsLnIybTAyLmFtYXpvbnRydXN0LmNvbS9y\nMm0wMi5jcmwwEwYDVR0gBAwwCjAIBgZngQwBAgEwdQYIKwYBBQUHAQEEaTBnMC0G\nCCsGAQUFBzABhiFodHRwOi8vb2NzcC5yMm0wMi5hbWF6b250cnVzdC5jb20wNgYI\nKwYBBQUHMAKGKmh0dHA6Ly9jcnQucjJtMDIuYW1hem9udHJ1c3QuY29tL3IybTAy\nLmNlcjAMBgNVHRMBAf8EAjAAMIIBfgYKKwYBBAHWeQIEAgSCAW4EggFqAWgAdwDo\nPtDaPvUGNTLnVyi8iWvJA9PL0RFr7Otp4Xd9bQa9bgAAAYSX0eC2AAAEAwBIMEYC\nIQCG3z2oko6AIKTDYa7RExZ8FpITfCFaZd8B0sTFRC9MkwIhAIKcZctSKQ1pMa5D\nWjWQW3GnXoS6VDTTLXD0jJBZSTS2AHUAs3N3B+GEUPhjhtYFqdwRCUp5LbFnDAuH\n3PADDnk2pZoAAAGEl9HhKwAABAMARjBEAiB6IssYu+g61z6ma9aa2rurLYtc1zA9\nUATcWDjPOODz0wIgdrHrC1Z34094DwnHsslU20pCg5xl2IRwiRYd8UsS5kkAdgC3\nPvsk35xNunXyOcW6WPRsXfxCz3qfNcSeHQmBJe20mQAAAYSX0eDzAAAEAwBHMEUC\nIQCderYIRwXi/mn8gjnTSz/+AsYFVhPq6fztbd9KnJ2PrQIgBAr/795nP4xC+2UO\nDqtYTl6CYFIxP2SLiShNOP7zG/kwDQYJKoZIhvcNAQELBQADggEBADx7p7yMseUc\nG7AlrPpz49XK7yKobj4FLN/y6khpK+CmkV3KFg2zxltXdzuA4Mq73Dz56WubPvom\nME1nUncTSycV61LezBMIQQXdXPKhoIP9lqNSan2GsH0kpJlTncDLsJi3KGHkMfor\nzekH9ZGwzBV/K6rez47R3sXRGY/jwbn+wMHDkxT0qK4mHv8+o8B/+O6H+re1MWyM\ng/xFDDpDW1oUJAWKVgmt7I+juAwp3ExMe/Hbz824xb+9dyTwSrcKdGBoMC6U7Ybd\nJVblBKdxOig+zZJCDygZFEYWH8X1URPW6rbxKwEveQbkkaOxw71lxCQC6ShOwf0f\n/qaYp/9Uns4=\n-----END CERTIFICATE-----\n",
            "certificate_chain": "-----BEGIN CERTIFICATE-----\nMIIEXjCCA0agAwIBAgITB3MSSkvL1E7HtTvq8ZSELToPoTANBgkqhkiG9w0BAQsF\nADA5MQswCQYDVQQGEwJVUzEPMA0GA1UEChMGQW1hem9uMRkwFwYDVQQDExBBbWF6\nb24gUm9vdCBDQSAxMB4XDTIyMDgyMzIyMjUzMFoXDTMwMDgyMzIyMjUzMFowPDEL\nMAkGA1UEBhMCVVMxDzANBgNVBAoTBkFtYXpvbjEcMBoGA1UEAxMTQW1hem9uIFJT\nQSAyMDQ4IE0wMjCCASIwDQYJKoZIhvcNAQEBBQADggEPADCCAQoCggEBALtDGMZa\nqHneKei1by6+pUPPLljTB143Si6VpEWPc6mSkFhZb/6qrkZyoHlQLbDYnI2D7hD0\nsdzEqfnuAjIsuXQLG3A8TvX6V3oFNBFVe8NlLJHvBseKY88saLwufxkZVwk74g4n\nWlNMXzla9Y5F3wwRHwMVH443xGz6UtGSZSqQ94eFx5X7Tlqt8whi8qCaKdZ5rNak\n+r9nUThOeClqFd4oXych//Rc7Y0eX1KNWHYSI1Nk31mYgiK3JvH063g+K9tHA63Z\neTgKgndlh+WI+zv7i44HepRZjA1FYwYZ9Vv/9UkC5Yz8/yU65fgjaE+wVHM4e/Yy\nC2osrPWE7gJ+dXMCAwEAAaOCAVowggFWMBIGA1UdEwEB/wQIMAYBAf8CAQAwDgYD\nVR0PAQH/BAQDAgGGMB0GA1UdJQQWMBQGCCsGAQUFBwMBBggrBgEFBQcDAjAdBgNV\nHQ4EFgQUwDFSzVpQw4J8dHHOy+mc+XrrguIwHwYDVR0jBBgwFoAUhBjMhTTsvAyU\nlC4IWZzHshBOCggwewYIKwYBBQUHAQEEbzBtMC8GCCsGAQUFBzABhiNodHRwOi8v\nb2NzcC5yb290Y2ExLmFtYXpvbnRydXN0LmNvbTA6BggrBgEFBQcwAoYuaHR0cDov\nL2NydC5yb290Y2ExLmFtYXpvbnRydXN0LmNvbS9yb290Y2ExLmNlcjA/BgNVHR8E\nODA2MDSgMqAwhi5odHRwOi8vY3JsLnJvb3RjYTEuYW1hem9udHJ1c3QuY29tL3Jv\nb3RjYTEuY3JsMBMGA1UdIAQMMAowCAYGZ4EMAQIBMA0GCSqGSIb3DQEBCwUAA4IB\nAQAtTi6Fs0Azfi+iwm7jrz+CSxHH+uHl7Law3MQSXVtR8RV53PtR6r/6gNpqlzdo\nZq4FKbADi1v9Bun8RY8D51uedRfjsbeodizeBB8nXmeyD33Ep7VATj4ozcd31YFV\nfgRhvTSxNrrTlNpWkUk0m3BMPv8sg381HhA6uEYokE5q9uws/3YkKqRiEz3TsaWm\nJqIRZhMbgAfp7O7FUwFIb7UIspogZSKxPIWJpxiPo3TcBambbVtQOcNRWz5qCQdD\nslI2yayq0n2TXoHyNCLEH8rpsJRVILFsg0jc7BaFrMnF462+ajSehgj12IidNeRN\n4zl+EoNaWdpnWndvSpAEkq2P\n-----END CERTIFICATE-----\n-----BEGIN CERTIFICATE-----\nMIIEkjCCA3qgAwIBAgITBn+USionzfP6wq4rAfkI7rnExjANBgkqhkiG9w0BAQsF\nADCBmDELMAkGA1UEBhMCVVMxEDAOBgNVBAgTB0FyaXpvbmExEzARBgNVBAcTClNj\nb3R0c2RhbGUxJTAjBgNVBAoTHFN0YXJmaWVsZCBUZWNobm9sb2dpZXMsIEluYy4x\nOzA5BgNVBAMTMlN0YXJmaWVsZCBTZXJ2aWNlcyBSb290IENlcnRpZmljYXRlIEF1\ndGhvcml0eSAtIEcyMB4XDTE1MDUyNTEyMDAwMFoXDTM3MTIzMTAxMDAwMFowOTEL\nMAkGA1UEBhMCVVMxDzANBgNVBAoTBkFtYXpvbjEZMBcGA1UEAxMQQW1hem9uIFJv\nb3QgQ0EgMTCCASIwDQYJKoZIhvcNAQEBBQADggEPADCCAQoCggEBALJ4gHHKeNXj\nca9HgFB0fW7Y14h29Jlo91ghYPl0hAEvrAIthtOgQ3pOsqTQNroBvo3bSMgHFzZM\n9O6II8c+6zf1tRn4SWiw3te5djgdYZ6k/oI2peVKVuRF4fn9tBb6dNqcmzU5L/qw\nIFAGbHrQgLKm+a/sRxmPUDgH3KKHOVj4utWp+UhnMJbulHheb4mjUcAwhmahRWa6\nVOujw5H5SNz/0egwLX0tdHA114gk957EWW67c4cX8jJGKLhD+rcdqsq08p8kDi1L\n93FcXmn/6pUCyziKrlA4b9v7LWIbxcceVOF34GfID5yHI9Y/QCB/IIDEgEw+OyQm\njgSubJrIqg0CAwEAAaOCATEwggEtMA8GA1UdEwEB/wQFMAMBAf8wDgYDVR0PAQH/\nBAQDAgGGMB0GA1UdDgQWBBSEGMyFNOy8DJSULghZnMeyEE4KCDAfBgNVHSMEGDAW\ngBScXwDfqgHXMCs4iKK4bUqc8hGRgzB4BggrBgEFBQcBAQRsMGowLgYIKwYBBQUH\nMAGGImh0dHA6Ly9vY3NwLnJvb3RnMi5hbWF6b250cnVzdC5jb20wOAYIKwYBBQUH\nMAKGLGh0dHA6Ly9jcnQucm9vdGcyLmFtYXpvbnRydXN0LmNvbS9yb290ZzIuY2Vy\nMD0GA1UdHwQ2MDQwMqAwoC6GLGh0dHA6Ly9jcmwucm9vdGcyLmFtYXpvbnRydXN0\nLmNvbS9yb290ZzIuY3JsMBEGA1UdIAQKMAgwBgYEVR0gADANBgkqhkiG9w0BAQsF\nAAOCAQEAYjdCXLwQtT6LLOkMm2xF4gcAevnFWAu5CIw+7bMlPLVvUOTNNWqnkzSW\nMiGpSESrnO09tKpzbeR/FoCJbM8oAxiDR3mjEH4wW6w7sGDgd9QIpuEdfF7Au/ma\neyKdpwAJfqxGF4PcnCZXmTA5YpaP7dreqsXMGz7KQ2hsVxa81Q4gLv7/wmpdLqBK\nbRRYh5TmOTFffHPLkIhqhBGWJ6bt2YFGpn6jcgAKUj6DiAdjd4lpFw85hdKrCEVN\n0FE6/V1dN2RMfjCyVSRCnTawXZwXgWHxyvkQAiSr6w10kY17RSlQOYiypok1JR4U\nakcjMS9cmvqtmg5iUaQqqcT5NJ0hGA==\n-----END CERTIFICATE-----\n-----BEGIN CERTIFICATE-----\nMIIEdTCCA12gAwIBAgIJAKcOSkw0grd/MA0GCSqGSIb3DQEBCwUAMGgxCzAJBgNV\nBAYTAlVTMSUwIwYDVQQKExxTdGFyZmllbGQgVGVjaG5vbG9naWVzLCBJbmMuMTIw\nMAYDVQQLEylTdGFyZmllbGQgQ2xhc3MgMiBDZXJ0aWZpY2F0aW9uIEF1dGhvcml0\neTAeFw0wOTA5MDIwMDAwMDBaFw0zNDA2MjgxNzM5MTZaMIGYMQswCQYDVQQGEwJV\nUzEQMA4GA1UECBMHQXJpem9uYTETMBEGA1UEBxMKU2NvdHRzZGFsZTElMCMGA1UE\nChMcU3RhcmZpZWxkIFRlY2hub2xvZ2llcywgSW5jLjE7MDkGA1UEAxMyU3RhcmZp\nZWxkIFNlcnZpY2VzIFJvb3QgQ2VydGlmaWNhdGUgQXV0aG9yaXR5IC0gRzIwggEi\nMA0GCSqGSIb3DQEBAQUAA4IBDwAwggEKAoIBAQDVDDrEKvlO4vW+GZdfjohTsR8/\ny8+fIBNtKTrID30892t2OGPZNmCom15cAICyL1l/9of5JUOG52kbUpqQ4XHj2C0N\nTm/2yEnZtvMaVq4rtnQU68/7JuMauh2WLmo7WJSJR1b/JaCTcFOD2oR0FMNnngRo\nOt+OQFodSk7PQ5E751bWAHDLUu57fa4657wx+UX2wmDPE1kCK4DMNEffud6QZW0C\nzyyRpqbn3oUYSXxmTqM6bam17jQuug0DuDPfR+uxa40l2ZvOgdFFRjKWcIfeAg5J\nQ4W2bHO7ZOphQazJ1FTfhy/HIrImzJ9ZVGif/L4qL8RVHHVAYBeFAlU5i38FAgMB\nAAGjgfAwge0wDwYDVR0TAQH/BAUwAwEB/zAOBgNVHQ8BAf8EBAMCAYYwHQYDVR0O\nBBYEFJxfAN+qAdcwKziIorhtSpzyEZGDMB8GA1UdIwQYMBaAFL9ft9HO3R+G9FtV\nrNzXEMIOqYjnME8GCCsGAQUFBwEBBEMwQTAcBggrBgEFBQcwAYYQaHR0cDovL28u\nc3MyLnVzLzAhBggrBgEFBQcwAoYVaHR0cDovL3guc3MyLnVzL3guY2VyMCYGA1Ud\nHwQfMB0wG6AZoBeGFWh0dHA6Ly9zLnNzMi51cy9yLmNybDARBgNVHSAECjAIMAYG\nBFUdIAAwDQYJKoZIhvcNAQELBQADggEBACMd44pXyn3pF3lM8R5V/cxTbj5HD9/G\nVfKyBDbtgB9TxF00KGu+x1X8Z+rLP3+QsjPNG1gQggL4+C/1E2DUBc7xgQjB3ad1\nl08YuW3e95ORCLp+QCztweq7dp4zBncdDQh/U90bZKuCJ/Fp1U1ervShw3WnWEQt\n8jxwmKy6abaVd38PMV4s/KCHOkdp8Hlf9BRUpJVeEXgSYCfOn8J3/yNTd126/+pZ\n59vPr5KW7ySaNRB6nJHGDn2Z9j8Z3/VyVOEVqQdZe4O/Ui5GjLIAZHYcSNPYeehu\nVsyuLAOQ1xk4meTKCRlb/weWsKh/NEnfVqn3sF/tM+2MR7cwA130A4w=\n-----END CERTIFICATE-----\n",
            "domain": "gazami.click",
            "id": "arn:aws:acm:ap-northeast-2:421576594835:certificate/239e7d02-3d7e-43c8-9051-5404b2c8ac20",
            "key_types": null,
            "most_recent": false,
            "status": "ISSUED",
            "statuses": [
              "ISSUED"
            ],
            "tags": {},
            "types": null
          },
          "sensitive_attributes": []
        }
      ]
    },
    {
      "module": "module.eks.module.resourceSetting",
      "mode": "data",
      "type": "aws_eks_cluster",
      "name": "eks_cluster",
      "provider": "provider[\"registry.terraform.io/hashicorp/aws\"]",
      "instances": [
        {
          "schema_version": 0,
          "attributes": {
            "arn": "arn:aws:eks:ap-northeast-2:421576594835:cluster/eks-ctl",
            "certificate_authority": [
              {
                "data": "LS0tLS1CRUdJTiBDRVJUSUZJQ0FURS0tLS0tCk1JSUMvakNDQWVhZ0F3SUJBZ0lCQURBTkJna3Foa2lHOXcwQkFRc0ZBREFWTVJNd0VRWURWUVFERXdwcmRXSmwKY201bGRHVnpNQjRYRFRJek1ESXhOVEE0TlRBME1Gb1hEVE16TURJeE1qQTROVEEwTUZvd0ZURVRNQkVHQTFVRQpBeE1LYTNWaVpYSnVaWFJsY3pDQ0FTSXdEUVlKS29aSWh2Y05BUUVCQlFBRGdnRVBBRENDQVFvQ2dnRUJBT2dIClNQQi9GNzRlRGE5cGZobUxOc0w4MjJSZHNrbVlZYlllbVlPakw2RGM5OWoydUlqb2VNTTF3UHZOK0ZiMUxGM04KUkVzTHpLOXU3TFNHU2tTYS9zWFZPZ05EYmlpendsRnJ4akpGNmhkWmZqT3haOWxudnpRZUw1RGd1L0pLbjhxeQpKWnpPU2xnSFFnWGx5WW14M28wTmo5dG5VTFh3RDRCSXl4L3ErZTdaR2lrL3ZPZFltNUFIWnBxTjlhWDF5b2o0Ci9oYVM1VVpZelgzN1ZwQzI2WHRvNFpFRncrZ0JuT0l6MlRwSjNnUVp5d3U2TkJ1ZXV0OWZFZ0pQOXJNLzRuUUIKQXdObUhxcFFhK1RQVm83YzErZDdqR3ZHb3d1NzgwNlhBR1dwd2tQazlqVFc0MXJQNTErRkJNQVN6TFRIcmdySwpMWFVvWVFWalE4VzgvbElFemFrQ0F3RUFBYU5aTUZjd0RnWURWUjBQQVFIL0JBUURBZ0trTUE4R0ExVWRFd0VCCi93UUZNQU1CQWY4d0hRWURWUjBPQkJZRUZLL2VmdE5uaGhvVnJ5ZUg1akI1d2x2bmg3SWJNQlVHQTFVZEVRUU8KTUF5Q0NtdDFZbVZ5Ym1WMFpYTXdEUVlKS29aSWh2Y05BUUVMQlFBRGdnRUJBR1FXMUNXS0UrMUJrNnMyaEp0UwoyaGI3VTZpdVMvSmhXdGJiUEdDelJLMFBUVnNGeXVPQlJpZDVFS2xpdE9aRjg1cjVJNkg3RXVWM1FhVzNENit5CnpUa2NhOVVwNlZFb1VqVmY0bERHM3l4bzhhb2VqdjVrdWc0a3IxaTd5YTd4bi9yMmRxcFZvV1EzZkI4aFYraHUKOVk4Q0RIZEdEZmJlaUxJUSs2MWRRdUlFMEV1ZXhFYnlQYUtvRHlUMnE0YVpnZGFIdkFrdFZRK21SdzJndXVzTQpPVStabmJEbm5RK2phUHEwOXBieW8zSzJjRldIRG1lWnFsUjgvbmd2TkxVRWtoVnpLN0JPTTg3MWkyYzlPRHBVCldWSTh3alFES1QxZWlPaFdMN0JxOWlMUE9xWm5rMGtmTlNsTEduVkFYUVpPcEZhK2I0K1BQWFQyQ1d5SWJvWkIKU1EwPQotLS0tLUVORCBDRVJUSUZJQ0FURS0tLS0tCg=="
              }
            ],
            "cluster_id": null,
            "created_at": "2023-02-15 08:45:49.186 +0000 UTC",
            "enabled_cluster_log_types": [],
            "endpoint": "https://E868B8AB3C9F2C89010C303456CC64A0.gr7.ap-northeast-2.eks.amazonaws.com",
            "id": "eks-ctl",
            "identity": [
              {
                "oidc": [
                  {
                    "issuer": "https://oidc.eks.ap-northeast-2.amazonaws.com/id/E868B8AB3C9F2C89010C303456CC64A0"
                  }
                ]
              }
            ],
            "kubernetes_network_config": [
              {
                "ip_family": "ipv4",
                "service_ipv4_cidr": "172.20.0.0/16",
                "service_ipv6_cidr": ""
              }
            ],
            "name": "eks-ctl",
            "outpost_config": [],
            "platform_version": "eks.4",
            "role_arn": "arn:aws:iam::421576594835:role/eks-cluster-iam_role",
            "status": "ACTIVE",
            "tags": {},
            "version": "1.24",
            "vpc_config": [
              {
                "cluster_security_group_id": "sg-0b89c6d08adf7dc5a",
                "endpoint_private_access": true,
                "endpoint_public_access": false,
                "public_access_cidrs": [],
                "security_group_ids": [],
                "subnet_ids": [
                  "subnet-02644f36edc3044c8",
                  "subnet-0f75d6815f1fe3c00"
                ],
                "vpc_id": "vpc-02103dbf9d76a31cf"
              }
            ]
          },
          "sensitive_attributes": []
        }
      ]
    },
    {
      "module": "module.eks.module.resourceSetting",
      "mode": "data",
      "type": "aws_eks_node_group",
      "name": "example",
      "provider": "provider[\"registry.terraform.io/hashicorp/aws\"]",
      "instances": [
        {
          "schema_version": 0,
          "attributes": {
            "ami_type": "AL2_ARM_64",
            "arn": "arn:aws:eks:ap-northeast-2:421576594835:nodegroup/eks-ctl/eks-node/22c32a25-5db6-015c-2e03-14fe96bd7476",
            "capacity_type": "ON_DEMAND",
            "cluster_name": "eks-ctl",
            "disk_size": 20,
            "id": "eks-ctl:eks-node",
            "instance_types": [
              "t4g.large"
            ],
            "labels": {},
            "node_group_name": "eks-node",
            "node_role_arn": "arn:aws:iam::421576594835:role/eks-node-iam_role",
            "release_version": "1.24.9-20230203",
            "remote_access": [],
            "resources": [
              {
                "autoscaling_groups": [
                  {
                    "name": "eks-eks-node-22c32a25-5db6-015c-2e03-14fe96bd7476"
                  }
                ],
                "remote_access_security_group_id": ""
              }
            ],
            "scaling_config": [
              {
                "desired_size": 1,
                "max_size": 2,
                "min_size": 1
              }
            ],
            "status": "ACTIVE",
            "subnet_ids": [
              "subnet-02644f36edc3044c8",
              "subnet-0f75d6815f1fe3c00"
            ],
            "tags": {
              "k8s.io/cluster-autoscaler/eks-ctl": "owned",
              "k8s.io/cluster-autoscaler/enabled": "true"
            },
            "taints": [],
            "version": "1.24"
          },
          "sensitive_attributes": []
        }
      ]
    },
    {
      "module": "module.eks.module.resourceSetting",
      "mode": "data",
      "type": "aws_subnets",
      "name": "public_subnets",
      "provider": "provider[\"registry.terraform.io/hashicorp/aws\"]",
      "instances": [
        {
          "schema_version": 0,
          "attributes": {
            "filter": [
              {
                "name": "tag:Name",
                "values": [
                  "Public*"
                ]
              },
              {
                "name": "vpc-id",
                "values": [
                  "vpc-02103dbf9d76a31cf"
                ]
              }
            ],
            "id": "ap-northeast-2",
            "ids": [
              "subnet-0791d2e6a53fd37d6",
              "subnet-034454d53d9e7f646"
            ],
            "tags": null,
            "timeouts": null
          },
          "sensitive_attributes": []
        }
      ]
    },
    {
      "module": "module.eks.module.resourceSetting",
      "mode": "managed",
      "type": "aws_route53domains_registered_domain",
      "name": "aws_registered_domain",
      "provider": "provider[\"registry.terraform.io/hashicorp/aws\"]",
      "instances": [
        {
          "index_key": 0,
          "schema_version": 0,
          "attributes": {
            "abuse_contact_email": "abuse@registrar.amazon.com",
            "abuse_contact_phone": "+1.2062661000",
            "admin_contact": [
              {
                "address_line_1": "ddd",
                "address_line_2": "ddd",
                "city": "seoul",
                "contact_type": "PERSON",
                "country_code": "KR",
                "email": "kmja9803@gmail.com",
                "extra_params": {},
                "fax": "",
                "first_name": "JUNGMIN",
                "last_name": "PARK",
                "organization_name": "",
                "phone_number": "+82.1044673652",
                "state": "",
                "zip_code": "08706"
              }
            ],
            "admin_privacy": true,
            "auto_renew": true,
            "creation_date": "2022-11-20T08:48:20Z",
            "domain_name": "gazami.click",
            "expiration_date": "2023-11-20T08:48:20Z",
            "id": "gazami.click",
            "name_server": [
              {
                "glue_ips": [],
                "name": "ns-737.awsdns-28.net"
              },
              {
                "glue_ips": [],
                "name": "ns-1321.awsdns-37.org"
              },
              {
                "glue_ips": [],
                "name": "ns-306.awsdns-38.com"
              },
              {
                "glue_ips": [],
                "name": "ns-1811.awsdns-34.co.uk"
              }
            ],
            "registrant_contact": [
              {
                "address_line_1": "ddd",
                "address_line_2": "ddd",
                "city": "seoul",
                "contact_type": "PERSON",
                "country_code": "KR",
                "email": "kmja9803@gmail.com",
                "extra_params": {},
                "fax": "",
                "first_name": "JUNGMIN",
                "last_name": "PARK",
                "organization_name": "",
                "phone_number": "+82.1044673652",
                "state": "",
                "zip_code": "08706"
              }
            ],
            "registrant_privacy": true,
            "registrar_name": "Amazon Registrar, Inc.",
            "registrar_url": "http://registrar.amazon.com",
            "reseller": "",
            "status_list": [
              "clientDeleteProhibited",
              "clientTransferProhibited",
              "clientUpdateProhibited"
            ],
            "tags": null,
            "tags_all": {},
            "tech_contact": [
              {
                "address_line_1": "ddd",
                "address_line_2": "ddd",
                "city": "seoul",
                "contact_type": "PERSON",
                "country_code": "KR",
                "email": "kmja9803@gmail.com",
                "extra_params": {},
                "fax": "",
                "first_name": "JUNGMIN",
                "last_name": "PARK",
                "organization_name": "",
                "phone_number": "+82.1044673652",
                "state": "",
                "zip_code": "08706"
              }
            ],
            "tech_privacy": true,
            "timeouts": null,
            "transfer_lock": true,
            "updated_date": "2023-01-22T04:24:08Z",
            "whois_server": "whois.registrar.amazon.com"
          },
          "sensitive_attributes": [],
          "private": "eyJlMmJmYjczMC1lY2FhLTExZTYtOGY4OC0zNDM2M2JjN2M0YzAiOnsiY3JlYXRlIjoxODAwMDAwMDAwMDAwLCJ1cGRhdGUiOjE4MDAwMDAwMDAwMDB9fQ==",
          "dependencies": [
            "data.aws_eks_cluster.eks_cluster",
            "data.terraform_remote_state.aws_vpc",
            "module.eks.aws_eks_addon.eks_addon_vpc-cni",
            "module.eks.aws_eks_cluster.eks_cluster",
            "module.eks.aws_eks_node_group.eks_node",
            "module.eks.aws_iam_openid_connect_provider.aws_OIDC",
            "module.eks.aws_iam_policy.AmazonEKS_AWS_Load_Balancer_Controller",
            "module.eks.aws_iam_policy.AmazonEKS_Cluster_Autoscaler_Policy",
            "module.eks.aws_iam_policy.AmazonEKS_EFS_CSI_Driver_Policy",
            "module.eks.aws_iam_policy.Amazon_Route53",
            "module.eks.aws_iam_role.eks_SA_CNI_iam_role",
            "module.eks.aws_iam_role.eks_SA_alb_iam_role",
            "module.eks.aws_iam_role.eks_SA_ca_iam_role",
            "module.eks.aws_iam_role.eks_SA_dns_iam_role",
            "module.eks.aws_iam_role.eks_SA_efs_iam_role",
            "module.eks.aws_iam_role.eks_cluster_iam_role",
            "module.eks.aws_iam_role.eks_node_iam_role",
            "module.eks.aws_iam_role_policy_attachment.eks_SA_iam_role-AmazonEKS_AWS_Load_Balancer_Controller",
            "module.eks.aws_iam_role_policy_attachment.eks_SA_iam_role-AmazonEKS_CNI_Policy",
            "module.eks.aws_iam_role_policy_attachment.eks_SA_iam_role-AmazonEKS_Cluster_Autoscaler_Policy",
            "module.eks.aws_iam_role_policy_attachment.eks_SA_iam_role-AmazonEKS_EFS_CSI_Driver_Policy",
            "module.eks.aws_iam_role_policy_attachment.eks_SA_iam_role-Amazon_Route53",
            "module.eks.aws_iam_role_policy_attachment.eks_cluster_iam_role-AmazonEKSClusterPolicy",
            "module.eks.aws_iam_role_policy_attachment.eks_node_iam_role-AmazonEC2ContainerRegistryReadOnly",
            "module.eks.aws_iam_role_policy_attachment.eks_node_iam_role-AmazonEKSWorkerNodePolicy",
            "module.eks.aws_security_group_rule.eks_vpn_security_rule",
            "module.eks.data.aws_iam_policy_document.iam_policy_OIDC_assume_role_policy_SA_CNI",
            "module.eks.data.aws_iam_policy_document.iam_policy_OIDC_assume_role_policy_SA_alb",
            "module.eks.data.aws_iam_policy_document.iam_policy_OIDC_assume_role_policy_SA_ca",
            "module.eks.data.aws_iam_policy_document.iam_policy_OIDC_assume_role_policy_SA_dns",
            "module.eks.data.aws_iam_policy_document.iam_policy_OIDC_assume_role_policy_SA_efs",
            "module.eks.data.aws_subnets.private_subnets",
            "module.eks.data.tls_certificate.eks_tls_cert",
            "module.eks.kubernetes_annotations.sa_CNI",
            "module.eks.kubernetes_namespace.external-dns",
            "module.eks.kubernetes_namespace.istio-gateway",
            "module.eks.kubernetes_namespace.istio-system",
            "module.eks.kubernetes_service_account.sa_alb",
            "module.eks.kubernetes_service_account.sa_ca",
            "module.eks.kubernetes_service_account.sa_dns",
            "module.eks.kubernetes_service_account.sa_efs",
            "module.eks.null_resource.annotations_depends",
            "module.eks.null_resource.iam_role_depends",
            "module.eks.null_resource.kubernetes_depends",
            "module.eks.null_resource.namespace_depends",
            "module.eks.null_resource.sa_depends"
          ]
        }
      ]
    },
    {
      "module": "module.eks.module.resourceSetting",
      "mode": "managed",
      "type": "helm_release",
      "name": "aws-cluster-autoscaler",
      "provider": "provider[\"registry.terraform.io/hashicorp/helm\"]",
      "instances": [
        {
          "schema_version": 0,
          "attributes": {
            "atomic": false,
            "chart": "cluster-autoscaler",
            "cleanup_on_fail": false,
            "create_namespace": false,
            "dependency_update": false,
            "description": null,
            "devel": null,
            "disable_crd_hooks": false,
            "disable_openapi_validation": false,
            "disable_webhooks": false,
            "force_update": false,
            "id": "cluster-autoscaler",
            "keyring": null,
            "lint": false,
            "manifest": null,
            "max_history": 0,
            "metadata": [
              {
                "app_version": "1.23.0",
                "chart": "cluster-autoscaler",
                "name": "cluster-autoscaler",
                "namespace": "kube-system",
                "revision": 1,
                "values": "{\"autoDiscovery\":{\"clusterName\":\"eks-ctl\"},\"awsRegion\":\"ap-northeast-2\",\"rbac\":{\"clusterScoped\":true,\"create\":\"ture\",\"pspEnabled\":false,\"serviceAccount\":{\"annotations\":{},\"automountServiceAccountToken\":true,\"create\":false,\"name\":\"aws-cluster-autoscaler\"}}}",
                "version": "9.22.0"
              }
            ],
            "name": "cluster-autoscaler",
            "namespace": "kube-system",
            "pass_credentials": false,
            "postrender": [],
            "recreate_pods": false,
            "render_subchart_notes": true,
            "replace": false,
            "repository": "https://kubernetes.github.io/autoscaler",
            "repository_ca_file": null,
            "repository_cert_file": null,
            "repository_key_file": null,
            "repository_password": null,
            "repository_username": null,
            "reset_values": false,
            "reuse_values": false,
            "set": [],
            "set_sensitive": [],
            "skip_crds": false,
            "status": "deployed",
            "timeout": 300,
            "values": [
              "autoDiscovery:\r\n\r\n  clusterName: \"eks-ctl\"\r\n\r\n\r\nawsRegion: \"ap-northeast-2\"\r\n\r\nrbac:\r\n  # rbac.create -- If `true`, create and use RBAC resources.\r\n  create: ture\r\n  # rbac.pspEnabled -- If `true`, creates and uses RBAC resources required in the cluster with [Pod Security Policies](https://kubernetes.io/docs/concepts/policy/pod-security-policy/) enabled.\r\n  # Must be used with `rbac.create` set to `true`.\r\n  pspEnabled: false\r\n  # rbac.clusterScoped -- if set to false will only provision RBAC to alter resources in the current namespace. Most useful for Cluster-API\r\n  clusterScoped: true\r\n  serviceAccount:\r\n    # rbac.serviceAccount.annotations -- Additional Service Account annotations.\r\n    annotations: {}\r\n    # rbac.serviceAccount.create -- If `true` and `rbac.create` is also true, a Service Account will be created.\r\n    create: false\r\n    # rbac.serviceAccount.name -- The name of the ServiceAccount to use. If not set and create is `true`, a name is generated using the fullname template.\r\n    name: \"aws-cluster-autoscaler\"\r\n    # rbac.serviceAccount.automountServiceAccountToken -- Automount API credentials for a Service Account.\r\n    automountServiceAccountToken: true"
            ],
            "verify": false,
            "version": "9.22.0",
            "wait": true,
            "wait_for_jobs": false
          },
          "sensitive_attributes": [],
          "private": "bnVsbA==",
          "dependencies": [
            "data.aws_eks_cluster.eks_cluster",
            "data.terraform_remote_state.aws_vpc",
            "module.eks.aws_eks_addon.eks_addon_vpc-cni",
            "module.eks.aws_eks_cluster.eks_cluster",
            "module.eks.aws_eks_node_group.eks_node",
            "module.eks.aws_iam_openid_connect_provider.aws_OIDC",
            "module.eks.aws_iam_policy.AmazonEKS_AWS_Load_Balancer_Controller",
            "module.eks.aws_iam_policy.AmazonEKS_Cluster_Autoscaler_Policy",
            "module.eks.aws_iam_policy.AmazonEKS_EFS_CSI_Driver_Policy",
            "module.eks.aws_iam_policy.Amazon_Route53",
            "module.eks.aws_iam_role.eks_SA_CNI_iam_role",
            "module.eks.aws_iam_role.eks_SA_alb_iam_role",
            "module.eks.aws_iam_role.eks_SA_ca_iam_role",
            "module.eks.aws_iam_role.eks_SA_dns_iam_role",
            "module.eks.aws_iam_role.eks_SA_efs_iam_role",
            "module.eks.aws_iam_role.eks_cluster_iam_role",
            "module.eks.aws_iam_role.eks_node_iam_role",
            "module.eks.aws_iam_role_policy_attachment.eks_SA_iam_role-AmazonEKS_AWS_Load_Balancer_Controller",
            "module.eks.aws_iam_role_policy_attachment.eks_SA_iam_role-AmazonEKS_CNI_Policy",
            "module.eks.aws_iam_role_policy_attachment.eks_SA_iam_role-AmazonEKS_Cluster_Autoscaler_Policy",
            "module.eks.aws_iam_role_policy_attachment.eks_SA_iam_role-AmazonEKS_EFS_CSI_Driver_Policy",
            "module.eks.aws_iam_role_policy_attachment.eks_SA_iam_role-Amazon_Route53",
            "module.eks.aws_iam_role_policy_attachment.eks_cluster_iam_role-AmazonEKSClusterPolicy",
            "module.eks.aws_iam_role_policy_attachment.eks_node_iam_role-AmazonEC2ContainerRegistryReadOnly",
            "module.eks.aws_iam_role_policy_attachment.eks_node_iam_role-AmazonEKSWorkerNodePolicy",
            "module.eks.aws_security_group_rule.eks_vpn_security_rule",
            "module.eks.data.aws_iam_policy_document.iam_policy_OIDC_assume_role_policy_SA_CNI",
            "module.eks.data.aws_iam_policy_document.iam_policy_OIDC_assume_role_policy_SA_alb",
            "module.eks.data.aws_iam_policy_document.iam_policy_OIDC_assume_role_policy_SA_ca",
            "module.eks.data.aws_iam_policy_document.iam_policy_OIDC_assume_role_policy_SA_dns",
            "module.eks.data.aws_iam_policy_document.iam_policy_OIDC_assume_role_policy_SA_efs",
            "module.eks.data.aws_subnets.private_subnets",
            "module.eks.data.tls_certificate.eks_tls_cert",
            "module.eks.kubernetes_annotations.sa_CNI",
            "module.eks.kubernetes_namespace.external-dns",
            "module.eks.kubernetes_namespace.istio-gateway",
            "module.eks.kubernetes_namespace.istio-system",
            "module.eks.kubernetes_service_account.sa_alb",
            "module.eks.kubernetes_service_account.sa_ca",
            "module.eks.kubernetes_service_account.sa_dns",
            "module.eks.kubernetes_service_account.sa_efs",
            "module.eks.module.resourceSetting.data.aws_eks_cluster.eks_cluster",
            "module.eks.null_resource.annotations_depends",
            "module.eks.null_resource.iam_role_depends",
            "module.eks.null_resource.kubernetes_depends",
            "module.eks.null_resource.namespace_depends",
            "module.eks.null_resource.sa_depends"
          ]
        }
      ]
    },
    {
      "module": "module.eks.module.resourceSetting",
      "mode": "managed",
      "type": "helm_release",
      "name": "aws-efs-csi-driver",
      "provider": "provider[\"registry.terraform.io/hashicorp/helm\"]",
      "instances": [
        {
          "schema_version": 0,
          "attributes": {
            "atomic": false,
            "chart": "aws-efs-csi-driver",
            "cleanup_on_fail": false,
            "create_namespace": false,
            "dependency_update": false,
            "description": null,
            "devel": null,
            "disable_crd_hooks": false,
            "disable_openapi_validation": false,
            "disable_webhooks": false,
            "force_update": false,
            "id": "aws-efs-csi-dirver",
            "keyring": null,
            "lint": false,
            "manifest": null,
            "max_history": 0,
            "metadata": [
              {
                "app_version": "1.5.1",
                "chart": "aws-efs-csi-driver",
                "name": "aws-efs-csi-dirver",
                "namespace": "kube-system",
                "revision": 1,
                "values": "{\"controller\":{\"serviceAccount\":{\"create\":false,\"name\":\"efs-csi-controller\"}},\"image\":{\"repository\":\"602401143452.dkr.ecr.ap-northeast-2.amazonaws.com/eks/aws-efs-csi-driver\"},\"useFIPS\":false}",
                "version": "2.3.8"
              }
            ],
            "name": "aws-efs-csi-dirver",
            "namespace": "kube-system",
            "pass_credentials": false,
            "postrender": [],
            "recreate_pods": false,
            "render_subchart_notes": true,
            "replace": false,
            "repository": "https://kubernetes-sigs.github.io/aws-efs-csi-driver/",
            "repository_ca_file": null,
            "repository_cert_file": null,
            "repository_key_file": null,
            "repository_password": null,
            "repository_username": null,
            "reset_values": false,
            "reuse_values": false,
            "set": [],
            "set_sensitive": [],
            "skip_crds": false,
            "status": "deployed",
            "timeout": 300,
            "values": [
              "useFIPS: false\r\n\r\nimage:\r\n  repository: \"602401143452.dkr.ecr.ap-northeast-2.amazonaws.com/eks/aws-efs-csi-driver\"\r\n\r\ncontroller:\r\n  # Specifies whether a deployment should be created\r\n\r\n  serviceAccount:\r\n    create: false\r\n    name: \"efs-csi-controller\"\r\n\r\n\r\n"
            ],
            "verify": false,
            "version": "2.3.8",
            "wait": true,
            "wait_for_jobs": false
          },
          "sensitive_attributes": [],
          "private": "bnVsbA==",
          "dependencies": [
            "data.aws_eks_cluster.eks_cluster",
            "data.terraform_remote_state.aws_vpc",
            "module.eks.aws_eks_addon.eks_addon_vpc-cni",
            "module.eks.aws_eks_cluster.eks_cluster",
            "module.eks.aws_eks_node_group.eks_node",
            "module.eks.aws_iam_openid_connect_provider.aws_OIDC",
            "module.eks.aws_iam_policy.AmazonEKS_AWS_Load_Balancer_Controller",
            "module.eks.aws_iam_policy.AmazonEKS_Cluster_Autoscaler_Policy",
            "module.eks.aws_iam_policy.AmazonEKS_EFS_CSI_Driver_Policy",
            "module.eks.aws_iam_policy.Amazon_Route53",
            "module.eks.aws_iam_role.eks_SA_CNI_iam_role",
            "module.eks.aws_iam_role.eks_SA_alb_iam_role",
            "module.eks.aws_iam_role.eks_SA_ca_iam_role",
            "module.eks.aws_iam_role.eks_SA_dns_iam_role",
            "module.eks.aws_iam_role.eks_SA_efs_iam_role",
            "module.eks.aws_iam_role.eks_cluster_iam_role",
            "module.eks.aws_iam_role.eks_node_iam_role",
            "module.eks.aws_iam_role_policy_attachment.eks_SA_iam_role-AmazonEKS_AWS_Load_Balancer_Controller",
            "module.eks.aws_iam_role_policy_attachment.eks_SA_iam_role-AmazonEKS_CNI_Policy",
            "module.eks.aws_iam_role_policy_attachment.eks_SA_iam_role-AmazonEKS_Cluster_Autoscaler_Policy",
            "module.eks.aws_iam_role_policy_attachment.eks_SA_iam_role-AmazonEKS_EFS_CSI_Driver_Policy",
            "module.eks.aws_iam_role_policy_attachment.eks_SA_iam_role-Amazon_Route53",
            "module.eks.aws_iam_role_policy_attachment.eks_cluster_iam_role-AmazonEKSClusterPolicy",
            "module.eks.aws_iam_role_policy_attachment.eks_node_iam_role-AmazonEC2ContainerRegistryReadOnly",
            "module.eks.aws_iam_role_policy_attachment.eks_node_iam_role-AmazonEKSWorkerNodePolicy",
            "module.eks.aws_security_group_rule.eks_vpn_security_rule",
            "module.eks.data.aws_iam_policy_document.iam_policy_OIDC_assume_role_policy_SA_CNI",
            "module.eks.data.aws_iam_policy_document.iam_policy_OIDC_assume_role_policy_SA_alb",
            "module.eks.data.aws_iam_policy_document.iam_policy_OIDC_assume_role_policy_SA_ca",
            "module.eks.data.aws_iam_policy_document.iam_policy_OIDC_assume_role_policy_SA_dns",
            "module.eks.data.aws_iam_policy_document.iam_policy_OIDC_assume_role_policy_SA_efs",
            "module.eks.data.aws_subnets.private_subnets",
            "module.eks.data.tls_certificate.eks_tls_cert",
            "module.eks.kubernetes_annotations.sa_CNI",
            "module.eks.kubernetes_namespace.external-dns",
            "module.eks.kubernetes_namespace.istio-gateway",
            "module.eks.kubernetes_namespace.istio-system",
            "module.eks.kubernetes_service_account.sa_alb",
            "module.eks.kubernetes_service_account.sa_ca",
            "module.eks.kubernetes_service_account.sa_dns",
            "module.eks.kubernetes_service_account.sa_efs",
            "module.eks.null_resource.annotations_depends",
            "module.eks.null_resource.iam_role_depends",
            "module.eks.null_resource.kubernetes_depends",
            "module.eks.null_resource.namespace_depends",
            "module.eks.null_resource.sa_depends"
          ]
        }
      ]
    },
    {
      "module": "module.eks.module.resourceSetting",
      "mode": "managed",
      "type": "helm_release",
      "name": "aws-load-balancer-controller",
      "provider": "provider[\"registry.terraform.io/hashicorp/helm\"]",
      "instances": [
        {
          "schema_version": 0,
          "attributes": {
            "atomic": false,
            "chart": "aws-load-balancer-controller",
            "cleanup_on_fail": false,
            "create_namespace": false,
            "dependency_update": false,
            "description": null,
            "devel": null,
            "disable_crd_hooks": false,
            "disable_openapi_validation": false,
            "disable_webhooks": false,
            "force_update": false,
            "id": "aws-load-balancer-controller",
            "keyring": null,
            "lint": false,
            "manifest": null,
            "max_history": 0,
            "metadata": [
              {
                "app_version": "v2.4.6",
                "chart": "aws-load-balancer-controller",
                "name": "aws-load-balancer-controller",
                "namespace": "kube-system",
                "revision": 1,
                "values": "{\"clusterName\":\"eks-ctl\",\"image\":{\"repository\":\"602401143452.dkr.ecr.ap-northeast-2.amazonaws.com/amazon/aws-load-balancer-controller\"},\"serviceAccount\":{\"create\":false,\"name\":\"aws-load-balancer-controller\"}}",
                "version": "1.4.7"
              }
            ],
            "name": "aws-load-balancer-controller",
            "namespace": "kube-system",
            "pass_credentials": false,
            "postrender": [],
            "recreate_pods": false,
            "render_subchart_notes": true,
            "replace": false,
            "repository": "https://aws.github.io/eks-charts",
            "repository_ca_file": null,
            "repository_cert_file": null,
            "repository_key_file": null,
            "repository_password": null,
            "repository_username": null,
            "reset_values": false,
            "reuse_values": false,
            "set": [],
            "set_sensitive": [],
            "skip_crds": false,
            "status": "deployed",
            "timeout": 300,
            "values": [
              "image:\r\n  repository: \"602401143452.dkr.ecr.ap-northeast-2.amazonaws.com/amazon/aws-load-balancer-controller\"\r\n\r\nserviceAccount:\r\n  # Specifies whether a service account should be created\r\n  create: false\r\n  # Annotations to add to the service account\r\n  # The name of the service account to use.\r\n  # If not set and create is true, a name is generated using the fullname template\r\n  name: \"aws-load-balancer-controller\"\r\n\r\nclusterName: \"eks-ctl\""
            ],
            "verify": false,
            "version": "1.4.7",
            "wait": true,
            "wait_for_jobs": false
          },
          "sensitive_attributes": [],
          "private": "bnVsbA==",
          "dependencies": [
            "data.aws_eks_cluster.eks_cluster",
            "data.terraform_remote_state.aws_vpc",
            "module.eks.aws_eks_addon.eks_addon_vpc-cni",
            "module.eks.aws_eks_cluster.eks_cluster",
            "module.eks.aws_eks_node_group.eks_node",
            "module.eks.aws_iam_openid_connect_provider.aws_OIDC",
            "module.eks.aws_iam_policy.AmazonEKS_AWS_Load_Balancer_Controller",
            "module.eks.aws_iam_policy.AmazonEKS_Cluster_Autoscaler_Policy",
            "module.eks.aws_iam_policy.AmazonEKS_EFS_CSI_Driver_Policy",
            "module.eks.aws_iam_policy.Amazon_Route53",
            "module.eks.aws_iam_role.eks_SA_CNI_iam_role",
            "module.eks.aws_iam_role.eks_SA_alb_iam_role",
            "module.eks.aws_iam_role.eks_SA_ca_iam_role",
            "module.eks.aws_iam_role.eks_SA_dns_iam_role",
            "module.eks.aws_iam_role.eks_SA_efs_iam_role",
            "module.eks.aws_iam_role.eks_cluster_iam_role",
            "module.eks.aws_iam_role.eks_node_iam_role",
            "module.eks.aws_iam_role_policy_attachment.eks_SA_iam_role-AmazonEKS_AWS_Load_Balancer_Controller",
            "module.eks.aws_iam_role_policy_attachment.eks_SA_iam_role-AmazonEKS_CNI_Policy",
            "module.eks.aws_iam_role_policy_attachment.eks_SA_iam_role-AmazonEKS_Cluster_Autoscaler_Policy",
            "module.eks.aws_iam_role_policy_attachment.eks_SA_iam_role-AmazonEKS_EFS_CSI_Driver_Policy",
            "module.eks.aws_iam_role_policy_attachment.eks_SA_iam_role-Amazon_Route53",
            "module.eks.aws_iam_role_policy_attachment.eks_cluster_iam_role-AmazonEKSClusterPolicy",
            "module.eks.aws_iam_role_policy_attachment.eks_node_iam_role-AmazonEC2ContainerRegistryReadOnly",
            "module.eks.aws_iam_role_policy_attachment.eks_node_iam_role-AmazonEKSWorkerNodePolicy",
            "module.eks.aws_security_group_rule.eks_vpn_security_rule",
            "module.eks.data.aws_iam_policy_document.iam_policy_OIDC_assume_role_policy_SA_CNI",
            "module.eks.data.aws_iam_policy_document.iam_policy_OIDC_assume_role_policy_SA_alb",
            "module.eks.data.aws_iam_policy_document.iam_policy_OIDC_assume_role_policy_SA_ca",
            "module.eks.data.aws_iam_policy_document.iam_policy_OIDC_assume_role_policy_SA_dns",
            "module.eks.data.aws_iam_policy_document.iam_policy_OIDC_assume_role_policy_SA_efs",
            "module.eks.data.aws_subnets.private_subnets",
            "module.eks.data.tls_certificate.eks_tls_cert",
            "module.eks.kubernetes_annotations.sa_CNI",
            "module.eks.kubernetes_namespace.external-dns",
            "module.eks.kubernetes_namespace.istio-gateway",
            "module.eks.kubernetes_namespace.istio-system",
            "module.eks.kubernetes_service_account.sa_alb",
            "module.eks.kubernetes_service_account.sa_ca",
            "module.eks.kubernetes_service_account.sa_dns",
            "module.eks.kubernetes_service_account.sa_efs",
            "module.eks.module.resourceSetting.data.aws_eks_cluster.eks_cluster",
            "module.eks.null_resource.annotations_depends",
            "module.eks.null_resource.iam_role_depends",
            "module.eks.null_resource.kubernetes_depends",
            "module.eks.null_resource.namespace_depends",
            "module.eks.null_resource.sa_depends"
          ]
        }
      ]
    },
    {
      "module": "module.eks.module.resourceSetting",
      "mode": "managed",
      "type": "helm_release",
      "name": "external-dns",
      "provider": "provider[\"registry.terraform.io/hashicorp/helm\"]",
      "instances": [
        {
          "schema_version": 0,
          "attributes": {
            "atomic": false,
            "chart": "external-dns",
            "cleanup_on_fail": false,
            "create_namespace": false,
            "dependency_update": false,
            "description": null,
            "devel": null,
            "disable_crd_hooks": false,
            "disable_openapi_validation": false,
            "disable_webhooks": false,
            "force_update": false,
            "id": "external-dns",
            "keyring": null,
            "lint": false,
            "manifest": null,
            "max_history": 0,
            "metadata": [
              {
                "app_version": "0.13.2",
                "chart": "external-dns",
                "name": "external-dns",
                "namespace": "external-dns",
                "revision": 1,
                "values": "{\"domainFilters\":[\"gazami.click\"],\"extraArgs\":[\"--aws-zone-type=public\"],\"provider\":\"aws\",\"registry\":\"txt\",\"serviceAccount\":{\"create\":false,\"name\":\"external-dns\"},\"txtOwnerId\":\"gazami.click\"}",
                "version": "1.12.1"
              }
            ],
            "name": "external-dns",
            "namespace": "external-dns",
            "pass_credentials": false,
            "postrender": [],
            "recreate_pods": false,
            "render_subchart_notes": true,
            "replace": false,
            "repository": "https://kubernetes-sigs.github.io/external-dns/",
            "repository_ca_file": null,
            "repository_cert_file": null,
            "repository_key_file": null,
            "repository_password": null,
            "repository_username": null,
            "reset_values": false,
            "reuse_values": false,
            "set": [],
            "set_sensitive": [],
            "skip_crds": false,
            "status": "deployed",
            "timeout": 300,
            "values": [
              "serviceAccount:\r\n  # Specifies whether a service account should be created\r\n  create: false\r\n  name: \"external-dns\"\r\n\r\n\r\n\r\nregistry: txt\r\ntxtOwnerId: \"gazami.click\"\r\n\r\ndomainFilters: [\"gazami.click\"]\r\n\r\nprovider: aws\r\n\r\nextraArgs:\r\n  - --aws-zone-type=public # only look at public hosted zones (valid values are public, private or no value for both)\r\n"
            ],
            "verify": false,
            "version": "1.12.1",
            "wait": true,
            "wait_for_jobs": false
          },
          "sensitive_attributes": [],
          "private": "bnVsbA==",
          "dependencies": [
            "data.aws_eks_cluster.eks_cluster",
            "data.terraform_remote_state.aws_vpc",
            "module.eks.aws_eks_addon.eks_addon_vpc-cni",
            "module.eks.aws_eks_cluster.eks_cluster",
            "module.eks.aws_eks_node_group.eks_node",
            "module.eks.aws_iam_openid_connect_provider.aws_OIDC",
            "module.eks.aws_iam_policy.AmazonEKS_AWS_Load_Balancer_Controller",
            "module.eks.aws_iam_policy.AmazonEKS_Cluster_Autoscaler_Policy",
            "module.eks.aws_iam_policy.AmazonEKS_EFS_CSI_Driver_Policy",
            "module.eks.aws_iam_policy.Amazon_Route53",
            "module.eks.aws_iam_role.eks_SA_CNI_iam_role",
            "module.eks.aws_iam_role.eks_SA_alb_iam_role",
            "module.eks.aws_iam_role.eks_SA_ca_iam_role",
            "module.eks.aws_iam_role.eks_SA_dns_iam_role",
            "module.eks.aws_iam_role.eks_SA_efs_iam_role",
            "module.eks.aws_iam_role.eks_cluster_iam_role",
            "module.eks.aws_iam_role.eks_node_iam_role",
            "module.eks.aws_iam_role_policy_attachment.eks_SA_iam_role-AmazonEKS_AWS_Load_Balancer_Controller",
            "module.eks.aws_iam_role_policy_attachment.eks_SA_iam_role-AmazonEKS_CNI_Policy",
            "module.eks.aws_iam_role_policy_attachment.eks_SA_iam_role-AmazonEKS_Cluster_Autoscaler_Policy",
            "module.eks.aws_iam_role_policy_attachment.eks_SA_iam_role-AmazonEKS_EFS_CSI_Driver_Policy",
            "module.eks.aws_iam_role_policy_attachment.eks_SA_iam_role-Amazon_Route53",
            "module.eks.aws_iam_role_policy_attachment.eks_cluster_iam_role-AmazonEKSClusterPolicy",
            "module.eks.aws_iam_role_policy_attachment.eks_node_iam_role-AmazonEC2ContainerRegistryReadOnly",
            "module.eks.aws_iam_role_policy_attachment.eks_node_iam_role-AmazonEKSWorkerNodePolicy",
            "module.eks.aws_security_group_rule.eks_vpn_security_rule",
            "module.eks.data.aws_iam_policy_document.iam_policy_OIDC_assume_role_policy_SA_CNI",
            "module.eks.data.aws_iam_policy_document.iam_policy_OIDC_assume_role_policy_SA_alb",
            "module.eks.data.aws_iam_policy_document.iam_policy_OIDC_assume_role_policy_SA_ca",
            "module.eks.data.aws_iam_policy_document.iam_policy_OIDC_assume_role_policy_SA_dns",
            "module.eks.data.aws_iam_policy_document.iam_policy_OIDC_assume_role_policy_SA_efs",
            "module.eks.data.aws_subnets.private_subnets",
            "module.eks.data.tls_certificate.eks_tls_cert",
            "module.eks.kubernetes_annotations.sa_CNI",
            "module.eks.kubernetes_namespace.external-dns",
            "module.eks.kubernetes_namespace.istio-gateway",
            "module.eks.kubernetes_namespace.istio-system",
            "module.eks.kubernetes_service_account.sa_alb",
            "module.eks.kubernetes_service_account.sa_ca",
            "module.eks.kubernetes_service_account.sa_dns",
            "module.eks.kubernetes_service_account.sa_efs",
            "module.eks.module.resourceSetting.aws_route53domains_registered_domain.aws_registered_domain",
            "module.eks.module.resourceSetting.data.aws_eks_cluster.eks_cluster",
            "module.eks.module.resourceSetting.helm_release.aws-load-balancer-controller",
            "module.eks.null_resource.annotations_depends",
            "module.eks.null_resource.iam_role_depends",
            "module.eks.null_resource.kubernetes_depends",
            "module.eks.null_resource.namespace_depends",
            "module.eks.null_resource.sa_depends"
          ]
        }
      ]
    },
    {
      "module": "module.eks.module.resourceSetting",
      "mode": "managed",
      "type": "helm_release",
      "name": "istio-base",
      "provider": "provider[\"registry.terraform.io/hashicorp/helm\"]",
      "instances": [
        {
          "schema_version": 0,
          "attributes": {
            "atomic": false,
            "chart": "base",
            "cleanup_on_fail": false,
            "create_namespace": false,
            "dependency_update": false,
            "description": null,
            "devel": null,
            "disable_crd_hooks": false,
            "disable_openapi_validation": false,
            "disable_webhooks": false,
            "force_update": false,
            "id": "istio-base",
            "keyring": null,
            "lint": false,
            "manifest": null,
            "max_history": 0,
            "metadata": [
              {
                "app_version": "1.16.2",
                "chart": "base",
                "name": "istio-base",
                "namespace": "istio-system",
                "revision": 1,
                "values": "{}",
                "version": "1.16.2"
              }
            ],
            "name": "istio-base",
            "namespace": "istio-system",
            "pass_credentials": false,
            "postrender": [],
            "recreate_pods": false,
            "render_subchart_notes": true,
            "replace": false,
            "repository": "https://istio-release.storage.googleapis.com/charts",
            "repository_ca_file": null,
            "repository_cert_file": null,
            "repository_key_file": null,
            "repository_password": null,
            "repository_username": null,
            "reset_values": false,
            "reuse_values": false,
            "set": [],
            "set_sensitive": [],
            "skip_crds": false,
            "status": "deployed",
            "timeout": 300,
            "values": null,
            "verify": false,
            "version": "1.16.2",
            "wait": true,
            "wait_for_jobs": false
          },
          "sensitive_attributes": [],
          "private": "bnVsbA==",
          "dependencies": [
            "data.aws_eks_cluster.eks_cluster",
            "data.terraform_remote_state.aws_vpc",
            "module.eks.aws_eks_addon.eks_addon_vpc-cni",
            "module.eks.aws_eks_cluster.eks_cluster",
            "module.eks.aws_eks_node_group.eks_node",
            "module.eks.aws_iam_openid_connect_provider.aws_OIDC",
            "module.eks.aws_iam_policy.AmazonEKS_AWS_Load_Balancer_Controller",
            "module.eks.aws_iam_policy.AmazonEKS_Cluster_Autoscaler_Policy",
            "module.eks.aws_iam_policy.AmazonEKS_EFS_CSI_Driver_Policy",
            "module.eks.aws_iam_policy.Amazon_Route53",
            "module.eks.aws_iam_role.eks_SA_CNI_iam_role",
            "module.eks.aws_iam_role.eks_SA_alb_iam_role",
            "module.eks.aws_iam_role.eks_SA_ca_iam_role",
            "module.eks.aws_iam_role.eks_SA_dns_iam_role",
            "module.eks.aws_iam_role.eks_SA_efs_iam_role",
            "module.eks.aws_iam_role.eks_cluster_iam_role",
            "module.eks.aws_iam_role.eks_node_iam_role",
            "module.eks.aws_iam_role_policy_attachment.eks_SA_iam_role-AmazonEKS_AWS_Load_Balancer_Controller",
            "module.eks.aws_iam_role_policy_attachment.eks_SA_iam_role-AmazonEKS_CNI_Policy",
            "module.eks.aws_iam_role_policy_attachment.eks_SA_iam_role-AmazonEKS_Cluster_Autoscaler_Policy",
            "module.eks.aws_iam_role_policy_attachment.eks_SA_iam_role-AmazonEKS_EFS_CSI_Driver_Policy",
            "module.eks.aws_iam_role_policy_attachment.eks_SA_iam_role-Amazon_Route53",
            "module.eks.aws_iam_role_policy_attachment.eks_cluster_iam_role-AmazonEKSClusterPolicy",
            "module.eks.aws_iam_role_policy_attachment.eks_node_iam_role-AmazonEC2ContainerRegistryReadOnly",
            "module.eks.aws_iam_role_policy_attachment.eks_node_iam_role-AmazonEKSWorkerNodePolicy",
            "module.eks.aws_security_group_rule.eks_vpn_security_rule",
            "module.eks.data.aws_iam_policy_document.iam_policy_OIDC_assume_role_policy_SA_CNI",
            "module.eks.data.aws_iam_policy_document.iam_policy_OIDC_assume_role_policy_SA_alb",
            "module.eks.data.aws_iam_policy_document.iam_policy_OIDC_assume_role_policy_SA_ca",
            "module.eks.data.aws_iam_policy_document.iam_policy_OIDC_assume_role_policy_SA_dns",
            "module.eks.data.aws_iam_policy_document.iam_policy_OIDC_assume_role_policy_SA_efs",
            "module.eks.data.aws_subnets.private_subnets",
            "module.eks.data.tls_certificate.eks_tls_cert",
            "module.eks.kubernetes_annotations.sa_CNI",
            "module.eks.kubernetes_namespace.external-dns",
            "module.eks.kubernetes_namespace.istio-gateway",
            "module.eks.kubernetes_namespace.istio-system",
            "module.eks.kubernetes_service_account.sa_alb",
            "module.eks.kubernetes_service_account.sa_ca",
            "module.eks.kubernetes_service_account.sa_dns",
            "module.eks.kubernetes_service_account.sa_efs",
            "module.eks.null_resource.annotations_depends",
            "module.eks.null_resource.iam_role_depends",
            "module.eks.null_resource.kubernetes_depends",
            "module.eks.null_resource.namespace_depends",
            "module.eks.null_resource.sa_depends"
          ]
        }
      ]
    },
    {
      "module": "module.eks.module.resourceSetting",
      "mode": "managed",
      "type": "helm_release",
      "name": "istio-cni",
      "provider": "provider[\"registry.terraform.io/hashicorp/helm\"]",
      "instances": [
        {
          "schema_version": 0,
          "attributes": {
            "atomic": false,
            "chart": "cni",
            "cleanup_on_fail": false,
            "create_namespace": false,
            "dependency_update": false,
            "description": null,
            "devel": null,
            "disable_crd_hooks": false,
            "disable_openapi_validation": false,
            "disable_webhooks": false,
            "force_update": false,
            "id": "istio-cni",
            "keyring": null,
            "lint": false,
            "manifest": null,
            "max_history": 0,
            "metadata": [
              {
                "app_version": "1.16.2",
                "chart": "cni",
                "name": "istio-cni",
                "namespace": "kube-system",
                "revision": 1,
                "values": "{}",
                "version": "1.16.2"
              }
            ],
            "name": "istio-cni",
            "namespace": "kube-system",
            "pass_credentials": false,
            "postrender": [],
            "recreate_pods": false,
            "render_subchart_notes": true,
            "replace": false,
            "repository": "https://istio-release.storage.googleapis.com/charts",
            "repository_ca_file": null,
            "repository_cert_file": null,
            "repository_key_file": null,
            "repository_password": null,
            "repository_username": null,
            "reset_values": false,
            "reuse_values": false,
            "set": [],
            "set_sensitive": [],
            "skip_crds": false,
            "status": "deployed",
            "timeout": 300,
            "values": null,
            "verify": false,
            "version": "1.16.2",
            "wait": true,
            "wait_for_jobs": false
          },
          "sensitive_attributes": [],
          "private": "bnVsbA==",
          "dependencies": [
            "data.aws_eks_cluster.eks_cluster",
            "data.terraform_remote_state.aws_vpc",
            "module.eks.aws_eks_addon.eks_addon_vpc-cni",
            "module.eks.aws_eks_cluster.eks_cluster",
            "module.eks.aws_eks_node_group.eks_node",
            "module.eks.aws_iam_openid_connect_provider.aws_OIDC",
            "module.eks.aws_iam_policy.AmazonEKS_AWS_Load_Balancer_Controller",
            "module.eks.aws_iam_policy.AmazonEKS_Cluster_Autoscaler_Policy",
            "module.eks.aws_iam_policy.AmazonEKS_EFS_CSI_Driver_Policy",
            "module.eks.aws_iam_policy.Amazon_Route53",
            "module.eks.aws_iam_role.eks_SA_CNI_iam_role",
            "module.eks.aws_iam_role.eks_SA_alb_iam_role",
            "module.eks.aws_iam_role.eks_SA_ca_iam_role",
            "module.eks.aws_iam_role.eks_SA_dns_iam_role",
            "module.eks.aws_iam_role.eks_SA_efs_iam_role",
            "module.eks.aws_iam_role.eks_cluster_iam_role",
            "module.eks.aws_iam_role.eks_node_iam_role",
            "module.eks.aws_iam_role_policy_attachment.eks_SA_iam_role-AmazonEKS_AWS_Load_Balancer_Controller",
            "module.eks.aws_iam_role_policy_attachment.eks_SA_iam_role-AmazonEKS_CNI_Policy",
            "module.eks.aws_iam_role_policy_attachment.eks_SA_iam_role-AmazonEKS_Cluster_Autoscaler_Policy",
            "module.eks.aws_iam_role_policy_attachment.eks_SA_iam_role-AmazonEKS_EFS_CSI_Driver_Policy",
            "module.eks.aws_iam_role_policy_attachment.eks_SA_iam_role-Amazon_Route53",
            "module.eks.aws_iam_role_policy_attachment.eks_cluster_iam_role-AmazonEKSClusterPolicy",
            "module.eks.aws_iam_role_policy_attachment.eks_node_iam_role-AmazonEC2ContainerRegistryReadOnly",
            "module.eks.aws_iam_role_policy_attachment.eks_node_iam_role-AmazonEKSWorkerNodePolicy",
            "module.eks.aws_security_group_rule.eks_vpn_security_rule",
            "module.eks.data.aws_iam_policy_document.iam_policy_OIDC_assume_role_policy_SA_CNI",
            "module.eks.data.aws_iam_policy_document.iam_policy_OIDC_assume_role_policy_SA_alb",
            "module.eks.data.aws_iam_policy_document.iam_policy_OIDC_assume_role_policy_SA_ca",
            "module.eks.data.aws_iam_policy_document.iam_policy_OIDC_assume_role_policy_SA_dns",
            "module.eks.data.aws_iam_policy_document.iam_policy_OIDC_assume_role_policy_SA_efs",
            "module.eks.data.aws_subnets.private_subnets",
            "module.eks.data.tls_certificate.eks_tls_cert",
            "module.eks.kubernetes_annotations.sa_CNI",
            "module.eks.kubernetes_namespace.external-dns",
            "module.eks.kubernetes_namespace.istio-gateway",
            "module.eks.kubernetes_namespace.istio-system",
            "module.eks.kubernetes_service_account.sa_alb",
            "module.eks.kubernetes_service_account.sa_ca",
            "module.eks.kubernetes_service_account.sa_dns",
            "module.eks.kubernetes_service_account.sa_efs",
            "module.eks.module.resourceSetting.helm_release.istio-base",
            "module.eks.module.resourceSetting.helm_release.istiod",
            "module.eks.null_resource.annotations_depends",
            "module.eks.null_resource.iam_role_depends",
            "module.eks.null_resource.kubernetes_depends",
            "module.eks.null_resource.namespace_depends",
            "module.eks.null_resource.sa_depends"
          ]
        }
      ]
    },
    {
      "module": "module.eks.module.resourceSetting",
      "mode": "managed",
      "type": "helm_release",
      "name": "istio-gateway",
      "provider": "provider[\"registry.terraform.io/hashicorp/helm\"]",
      "instances": [
        {
          "schema_version": 0,
          "attributes": {
            "atomic": false,
            "chart": "gateway",
            "cleanup_on_fail": false,
            "create_namespace": false,
            "dependency_update": false,
            "description": null,
            "devel": null,
            "disable_crd_hooks": false,
            "disable_openapi_validation": false,
            "disable_webhooks": false,
            "force_update": false,
            "id": "istio-ingress",
            "keyring": null,
            "lint": false,
            "manifest": null,
            "max_history": 0,
            "metadata": [
              {
                "app_version": "1.16.2",
                "chart": "gateway",
                "name": "istio-ingress",
                "namespace": "istio-gateway",
                "revision": 1,
                "values": "{\"affinity\":{},\"annotations\":{},\"autoscaling\":{\"enabled\":true,\"maxReplicas\":5,\"minReplicas\":1,\"targetCPUUtilizationPercentage\":80},\"env\":{},\"imagePullSecrets\":[],\"labels\":{},\"networkGateway\":\"\",\"nodeSelector\":{},\"resources\":{\"limits\":{\"cpu\":\"2000m\",\"memory\":\"1024Mi\"},\"requests\":{\"cpu\":\"100m\",\"memory\":\"128Mi\"}},\"service\":{\"annotations\":{\"alb.ingress.kubernetes.io/healthcheck-path\":\"/healthz/ready\",\"alb.ingress.kubernetes.io/healthcheck-port\":\"15021\"},\"externalIPs\":[],\"externalTrafficPolicy\":\"\",\"loadBalancerIP\":\"\",\"loadBalancerSourceRanges\":[],\"ports\":[{\"name\":\"status-port\",\"port\":15021,\"protocol\":\"TCP\",\"targetPort\":15021},{\"name\":\"http2\",\"port\":80,\"protocol\":\"TCP\",\"targetPort\":80},{\"name\":\"https\",\"port\":443,\"protocol\":\"TCP\",\"targetPort\":443}],\"type\":\"ClusterIP\"},\"tolerations\":[],\"topologySpreadConstraints\":[]}",
                "version": "1.16.2"
              }
            ],
            "name": "istio-ingress",
            "namespace": "istio-gateway",
            "pass_credentials": false,
            "postrender": [],
            "recreate_pods": false,
            "render_subchart_notes": true,
            "replace": false,
            "repository": "https://istio-release.storage.googleapis.com/charts",
            "repository_ca_file": null,
            "repository_cert_file": null,
            "repository_key_file": null,
            "repository_password": null,
            "repository_username": null,
            "reset_values": false,
            "reuse_values": false,
            "set": [],
            "set_sensitive": [],
            "skip_crds": false,
            "status": "deployed",
            "timeout": 300,
            "values": [
              "## route  alb ingress to istio- ingress\r\n\r\nservice:\r\n  # Type of service. Set to \"None\" to disable the service entirely\r\n  type: ClusterIP\r\n\r\n  ports:\r\n  - name: status-port\r\n    port: 15021\r\n    protocol: TCP\r\n    targetPort: 15021\r\n\r\n  - name: http2\r\n    port: 80\r\n    protocol: TCP\r\n    targetPort: 80\r\n\r\n\r\n  - name: https\r\n    port: 443\r\n    protocol: TCP\r\n    targetPort: 443\r\n\r\n  annotations: \r\n    alb.ingress.kubernetes.io/healthcheck-port: \"15021\"\r\n    alb.ingress.kubernetes.io/healthcheck-path: /healthz/ready\r\n\r\n  loadBalancerIP: \"\"\r\n  loadBalancerSourceRanges: []\r\n  externalTrafficPolicy: \"\"\r\n  externalIPs: []\r\n\r\nresources:\r\n  requests:\r\n    cpu: 100m\r\n    memory: 128Mi\r\n  limits:\r\n    cpu: 2000m\r\n    memory: 1024Mi\r\n\r\nautoscaling:\r\n  enabled: true\r\n  minReplicas: 1\r\n  maxReplicas: 5\r\n  targetCPUUtilizationPercentage: 80\r\n\r\n# Pod environment variables\r\nenv: {}\r\n\r\n# Labels to apply to all resources\r\nlabels: {}\r\n\r\n# Annotations to apply to all resources\r\nannotations: {}\r\n\r\nnodeSelector: {}\r\n\r\ntolerations: []\r\n\r\ntopologySpreadConstraints: []\r\n\r\naffinity: {}\r\n\r\n# If specified, the gateway will act as a network gateway for the given network.\r\nnetworkGateway: \"\"\r\n\r\nimagePullSecrets: []"
            ],
            "verify": false,
            "version": "1.16.2",
            "wait": true,
            "wait_for_jobs": false
          },
          "sensitive_attributes": [],
          "private": "bnVsbA==",
          "dependencies": [
            "data.aws_eks_cluster.eks_cluster",
            "data.terraform_remote_state.aws_vpc",
            "module.eks.aws_eks_addon.eks_addon_vpc-cni",
            "module.eks.aws_eks_cluster.eks_cluster",
            "module.eks.aws_eks_node_group.eks_node",
            "module.eks.aws_iam_openid_connect_provider.aws_OIDC",
            "module.eks.aws_iam_policy.AmazonEKS_AWS_Load_Balancer_Controller",
            "module.eks.aws_iam_policy.AmazonEKS_Cluster_Autoscaler_Policy",
            "module.eks.aws_iam_policy.AmazonEKS_EFS_CSI_Driver_Policy",
            "module.eks.aws_iam_policy.Amazon_Route53",
            "module.eks.aws_iam_role.eks_SA_CNI_iam_role",
            "module.eks.aws_iam_role.eks_SA_alb_iam_role",
            "module.eks.aws_iam_role.eks_SA_ca_iam_role",
            "module.eks.aws_iam_role.eks_SA_dns_iam_role",
            "module.eks.aws_iam_role.eks_SA_efs_iam_role",
            "module.eks.aws_iam_role.eks_cluster_iam_role",
            "module.eks.aws_iam_role.eks_node_iam_role",
            "module.eks.aws_iam_role_policy_attachment.eks_SA_iam_role-AmazonEKS_AWS_Load_Balancer_Controller",
            "module.eks.aws_iam_role_policy_attachment.eks_SA_iam_role-AmazonEKS_CNI_Policy",
            "module.eks.aws_iam_role_policy_attachment.eks_SA_iam_role-AmazonEKS_Cluster_Autoscaler_Policy",
            "module.eks.aws_iam_role_policy_attachment.eks_SA_iam_role-AmazonEKS_EFS_CSI_Driver_Policy",
            "module.eks.aws_iam_role_policy_attachment.eks_SA_iam_role-Amazon_Route53",
            "module.eks.aws_iam_role_policy_attachment.eks_cluster_iam_role-AmazonEKSClusterPolicy",
            "module.eks.aws_iam_role_policy_attachment.eks_node_iam_role-AmazonEC2ContainerRegistryReadOnly",
            "module.eks.aws_iam_role_policy_attachment.eks_node_iam_role-AmazonEKSWorkerNodePolicy",
            "module.eks.aws_security_group_rule.eks_vpn_security_rule",
            "module.eks.data.aws_iam_policy_document.iam_policy_OIDC_assume_role_policy_SA_CNI",
            "module.eks.data.aws_iam_policy_document.iam_policy_OIDC_assume_role_policy_SA_alb",
            "module.eks.data.aws_iam_policy_document.iam_policy_OIDC_assume_role_policy_SA_ca",
            "module.eks.data.aws_iam_policy_document.iam_policy_OIDC_assume_role_policy_SA_dns",
            "module.eks.data.aws_iam_policy_document.iam_policy_OIDC_assume_role_policy_SA_efs",
            "module.eks.data.aws_subnets.private_subnets",
            "module.eks.data.tls_certificate.eks_tls_cert",
            "module.eks.kubernetes_annotations.sa_CNI",
            "module.eks.kubernetes_namespace.external-dns",
            "module.eks.kubernetes_namespace.istio-gateway",
            "module.eks.kubernetes_namespace.istio-system",
            "module.eks.kubernetes_service_account.sa_alb",
            "module.eks.kubernetes_service_account.sa_ca",
            "module.eks.kubernetes_service_account.sa_dns",
            "module.eks.kubernetes_service_account.sa_efs",
            "module.eks.module.resourceSetting.data.aws_eks_cluster.eks_cluster",
            "module.eks.module.resourceSetting.helm_release.aws-load-balancer-controller",
            "module.eks.module.resourceSetting.helm_release.istio-base",
            "module.eks.module.resourceSetting.helm_release.istio-cni",
            "module.eks.module.resourceSetting.helm_release.istiod",
            "module.eks.null_resource.annotations_depends",
            "module.eks.null_resource.iam_role_depends",
            "module.eks.null_resource.kubernetes_depends",
            "module.eks.null_resource.namespace_depends",
            "module.eks.null_resource.sa_depends"
          ]
        }
      ]
    },
    {
      "module": "module.eks.module.resourceSetting",
      "mode": "managed",
      "type": "helm_release",
      "name": "istiod",
      "provider": "provider[\"registry.terraform.io/hashicorp/helm\"]",
      "instances": [
        {
          "schema_version": 0,
          "attributes": {
            "atomic": false,
            "chart": "istiod",
            "cleanup_on_fail": false,
            "create_namespace": false,
            "dependency_update": false,
            "description": null,
            "devel": null,
            "disable_crd_hooks": false,
            "disable_openapi_validation": false,
            "disable_webhooks": false,
            "force_update": false,
            "id": "istiod",
            "keyring": null,
            "lint": false,
            "manifest": null,
            "max_history": 0,
            "metadata": [
              {
                "app_version": "1.16.2",
                "chart": "istiod",
                "name": "istiod",
                "namespace": "istio-system",
                "revision": 1,
                "values": "{}",
                "version": "1.16.2"
              }
            ],
            "name": "istiod",
            "namespace": "istio-system",
            "pass_credentials": false,
            "postrender": [],
            "recreate_pods": false,
            "render_subchart_notes": true,
            "replace": false,
            "repository": "https://istio-release.storage.googleapis.com/charts",
            "repository_ca_file": null,
            "repository_cert_file": null,
            "repository_key_file": null,
            "repository_password": null,
            "repository_username": null,
            "reset_values": false,
            "reuse_values": false,
            "set": [],
            "set_sensitive": [],
            "skip_crds": false,
            "status": "deployed",
            "timeout": 300,
            "values": null,
            "verify": false,
            "version": "1.16.2",
            "wait": true,
            "wait_for_jobs": false
          },
          "sensitive_attributes": [],
          "private": "bnVsbA==",
          "dependencies": [
            "data.aws_eks_cluster.eks_cluster",
            "data.terraform_remote_state.aws_vpc",
            "module.eks.aws_eks_addon.eks_addon_vpc-cni",
            "module.eks.aws_eks_cluster.eks_cluster",
            "module.eks.aws_eks_node_group.eks_node",
            "module.eks.aws_iam_openid_connect_provider.aws_OIDC",
            "module.eks.aws_iam_policy.AmazonEKS_AWS_Load_Balancer_Controller",
            "module.eks.aws_iam_policy.AmazonEKS_Cluster_Autoscaler_Policy",
            "module.eks.aws_iam_policy.AmazonEKS_EFS_CSI_Driver_Policy",
            "module.eks.aws_iam_policy.Amazon_Route53",
            "module.eks.aws_iam_role.eks_SA_CNI_iam_role",
            "module.eks.aws_iam_role.eks_SA_alb_iam_role",
            "module.eks.aws_iam_role.eks_SA_ca_iam_role",
            "module.eks.aws_iam_role.eks_SA_dns_iam_role",
            "module.eks.aws_iam_role.eks_SA_efs_iam_role",
            "module.eks.aws_iam_role.eks_cluster_iam_role",
            "module.eks.aws_iam_role.eks_node_iam_role",
            "module.eks.aws_iam_role_policy_attachment.eks_SA_iam_role-AmazonEKS_AWS_Load_Balancer_Controller",
            "module.eks.aws_iam_role_policy_attachment.eks_SA_iam_role-AmazonEKS_CNI_Policy",
            "module.eks.aws_iam_role_policy_attachment.eks_SA_iam_role-AmazonEKS_Cluster_Autoscaler_Policy",
            "module.eks.aws_iam_role_policy_attachment.eks_SA_iam_role-AmazonEKS_EFS_CSI_Driver_Policy",
            "module.eks.aws_iam_role_policy_attachment.eks_SA_iam_role-Amazon_Route53",
            "module.eks.aws_iam_role_policy_attachment.eks_cluster_iam_role-AmazonEKSClusterPolicy",
            "module.eks.aws_iam_role_policy_attachment.eks_node_iam_role-AmazonEC2ContainerRegistryReadOnly",
            "module.eks.aws_iam_role_policy_attachment.eks_node_iam_role-AmazonEKSWorkerNodePolicy",
            "module.eks.aws_security_group_rule.eks_vpn_security_rule",
            "module.eks.data.aws_iam_policy_document.iam_policy_OIDC_assume_role_policy_SA_CNI",
            "module.eks.data.aws_iam_policy_document.iam_policy_OIDC_assume_role_policy_SA_alb",
            "module.eks.data.aws_iam_policy_document.iam_policy_OIDC_assume_role_policy_SA_ca",
            "module.eks.data.aws_iam_policy_document.iam_policy_OIDC_assume_role_policy_SA_dns",
            "module.eks.data.aws_iam_policy_document.iam_policy_OIDC_assume_role_policy_SA_efs",
            "module.eks.data.aws_subnets.private_subnets",
            "module.eks.data.tls_certificate.eks_tls_cert",
            "module.eks.kubernetes_annotations.sa_CNI",
            "module.eks.kubernetes_namespace.external-dns",
            "module.eks.kubernetes_namespace.istio-gateway",
            "module.eks.kubernetes_namespace.istio-system",
            "module.eks.kubernetes_service_account.sa_alb",
            "module.eks.kubernetes_service_account.sa_ca",
            "module.eks.kubernetes_service_account.sa_dns",
            "module.eks.kubernetes_service_account.sa_efs",
            "module.eks.module.resourceSetting.helm_release.istio-base",
            "module.eks.null_resource.annotations_depends",
            "module.eks.null_resource.iam_role_depends",
            "module.eks.null_resource.kubernetes_depends",
            "module.eks.null_resource.namespace_depends",
            "module.eks.null_resource.sa_depends"
          ]
        }
      ]
    },
    {
      "module": "module.eks.module.resourceSetting",
      "mode": "managed",
      "type": "helm_release",
      "name": "local_config-gateway",
      "provider": "provider[\"registry.terraform.io/hashicorp/helm\"]",
      "instances": [
        {
          "schema_version": 0,
          "attributes": {
            "atomic": false,
            "chart": "eks/resourceSetting/templates/charts/config-gateway",
            "cleanup_on_fail": false,
            "create_namespace": false,
            "dependency_update": false,
            "description": null,
            "devel": null,
            "disable_crd_hooks": false,
            "disable_openapi_validation": false,
            "disable_webhooks": false,
            "force_update": false,
            "id": "config-gateway",
            "keyring": null,
            "lint": false,
            "manifest": null,
            "max_history": 0,
            "metadata": [
              {
                "app_version": "",
                "chart": "config-gateway",
                "name": "config-gateway",
                "namespace": "istio-gateway",
                "revision": 1,
                "values": "{\"annotations\":{\"alb.ingress.kubernetes.io/actions.ssl-redirect\":\"443\",\"alb.ingress.kubernetes.io/certificate-arn\":\"arn:aws:acm:ap-northeast-2:421576594835:certificate/239e7d02-3d7e-43c8-9051-5404b2c8ac20\",\"alb.ingress.kubernetes.io/listen-ports\":\"[{\\\"HTTP\\\": 80}, {\\\"HTTPS\\\": 443}]\",\"alb.ingress.kubernetes.io/load-balancer-name\":\"exteranl-ingress\",\"alb.ingress.kubernetes.io/scheme\":\"internet-facing\",\"alb.ingress.kubernetes.io/subnets\":\"subnet-0791d2e6a53fd37d6, subnet-034454d53d9e7f646\",\"alb.ingress.kubernetes.io/target-type\":\"ip\",\"external-dns.alpha.kubernetes.io/hostname\":\"gazami.click\",\"kubernetes.io/ingress.class\":\"alb\"}}",
                "version": "1.0.0"
              }
            ],
            "name": "config-gateway",
            "namespace": "istio-gateway",
            "pass_credentials": false,
            "postrender": [],
            "recreate_pods": false,
            "render_subchart_notes": true,
            "replace": false,
            "repository": null,
            "repository_ca_file": null,
            "repository_cert_file": null,
            "repository_key_file": null,
            "repository_password": null,
            "repository_username": null,
            "reset_values": false,
            "reuse_values": false,
            "set": [],
            "set_sensitive": [],
            "skip_crds": false,
            "status": "deployed",
            "timeout": 300,
            "values": [
              "annotations :\r\n  alb.ingress.kubernetes.io/certificate-arn: arn:aws:acm:ap-northeast-2:421576594835:certificate/239e7d02-3d7e-43c8-9051-5404b2c8ac20\r\n  alb.ingress.kubernetes.io/listen-ports: '[{\"HTTP\": 80}, {\"HTTPS\": 443}]'\r\n  alb.ingress.kubernetes.io/load-balancer-name: exteranl-ingress\r\n  alb.ingress.kubernetes.io/scheme: internet-facing\r\n  alb.ingress.kubernetes.io/subnets: subnet-0791d2e6a53fd37d6, subnet-034454d53d9e7f646\r\n  alb.ingress.kubernetes.io/target-type: ip\r\n  external-dns.alpha.kubernetes.io/hostname: gazami.click\r\n  alb.ingress.kubernetes.io/actions.ssl-redirect : '443'\r\n  kubernetes.io/ingress.class: alb"
            ],
            "verify": false,
            "version": "1.0.0",
            "wait": true,
            "wait_for_jobs": false
          },
          "sensitive_attributes": [],
          "private": "bnVsbA==",
          "dependencies": [
            "data.aws_eks_cluster.eks_cluster",
            "data.terraform_remote_state.aws_vpc",
            "module.eks.aws_eks_addon.eks_addon_vpc-cni",
            "module.eks.aws_eks_cluster.eks_cluster",
            "module.eks.aws_eks_node_group.eks_node",
            "module.eks.aws_iam_openid_connect_provider.aws_OIDC",
            "module.eks.aws_iam_policy.AmazonEKS_AWS_Load_Balancer_Controller",
            "module.eks.aws_iam_policy.AmazonEKS_Cluster_Autoscaler_Policy",
            "module.eks.aws_iam_policy.AmazonEKS_EFS_CSI_Driver_Policy",
            "module.eks.aws_iam_policy.Amazon_Route53",
            "module.eks.aws_iam_role.eks_SA_CNI_iam_role",
            "module.eks.aws_iam_role.eks_SA_alb_iam_role",
            "module.eks.aws_iam_role.eks_SA_ca_iam_role",
            "module.eks.aws_iam_role.eks_SA_dns_iam_role",
            "module.eks.aws_iam_role.eks_SA_efs_iam_role",
            "module.eks.aws_iam_role.eks_cluster_iam_role",
            "module.eks.aws_iam_role.eks_node_iam_role",
            "module.eks.aws_iam_role_policy_attachment.eks_SA_iam_role-AmazonEKS_AWS_Load_Balancer_Controller",
            "module.eks.aws_iam_role_policy_attachment.eks_SA_iam_role-AmazonEKS_CNI_Policy",
            "module.eks.aws_iam_role_policy_attachment.eks_SA_iam_role-AmazonEKS_Cluster_Autoscaler_Policy",
            "module.eks.aws_iam_role_policy_attachment.eks_SA_iam_role-AmazonEKS_EFS_CSI_Driver_Policy",
            "module.eks.aws_iam_role_policy_attachment.eks_SA_iam_role-Amazon_Route53",
            "module.eks.aws_iam_role_policy_attachment.eks_cluster_iam_role-AmazonEKSClusterPolicy",
            "module.eks.aws_iam_role_policy_attachment.eks_node_iam_role-AmazonEC2ContainerRegistryReadOnly",
            "module.eks.aws_iam_role_policy_attachment.eks_node_iam_role-AmazonEKSWorkerNodePolicy",
            "module.eks.aws_security_group_rule.eks_vpn_security_rule",
            "module.eks.data.aws_iam_policy_document.iam_policy_OIDC_assume_role_policy_SA_CNI",
            "module.eks.data.aws_iam_policy_document.iam_policy_OIDC_assume_role_policy_SA_alb",
            "module.eks.data.aws_iam_policy_document.iam_policy_OIDC_assume_role_policy_SA_ca",
            "module.eks.data.aws_iam_policy_document.iam_policy_OIDC_assume_role_policy_SA_dns",
            "module.eks.data.aws_iam_policy_document.iam_policy_OIDC_assume_role_policy_SA_efs",
            "module.eks.data.aws_subnets.private_subnets",
            "module.eks.data.tls_certificate.eks_tls_cert",
            "module.eks.kubernetes_annotations.sa_CNI",
            "module.eks.kubernetes_namespace.external-dns",
            "module.eks.kubernetes_namespace.istio-gateway",
            "module.eks.kubernetes_namespace.istio-system",
            "module.eks.kubernetes_service_account.sa_alb",
            "module.eks.kubernetes_service_account.sa_ca",
            "module.eks.kubernetes_service_account.sa_dns",
            "module.eks.kubernetes_service_account.sa_efs",
            "module.eks.module.resourceSetting.data.aws_acm_certificate.acm_certificate",
            "module.eks.module.resourceSetting.data.aws_eks_cluster.eks_cluster",
            "module.eks.module.resourceSetting.data.aws_subnets.public_subnets",
            "module.eks.module.resourceSetting.helm_release.aws-load-balancer-controller",
            "module.eks.module.resourceSetting.helm_release.istio-base",
            "module.eks.module.resourceSetting.helm_release.istio-cni",
            "module.eks.module.resourceSetting.helm_release.istio-gateway",
            "module.eks.module.resourceSetting.helm_release.istiod",
            "module.eks.module.resourceSetting.helm_release.local_gatewayAPI",
            "module.eks.null_resource.annotations_depends",
            "module.eks.null_resource.iam_role_depends",
            "module.eks.null_resource.kubernetes_depends",
            "module.eks.null_resource.namespace_depends",
            "module.eks.null_resource.sa_depends"
          ]
        }
      ]
    },
    {
      "module": "module.eks.module.resourceSetting",
      "mode": "managed",
      "type": "helm_release",
      "name": "local_gatewayAPI",
      "provider": "provider[\"registry.terraform.io/hashicorp/helm\"]",
      "instances": [
        {
          "schema_version": 0,
          "attributes": {
            "atomic": false,
            "chart": "eks/resourceSetting/templates/charts/gatewayAPI",
            "cleanup_on_fail": false,
            "create_namespace": false,
            "dependency_update": false,
            "description": null,
            "devel": null,
            "disable_crd_hooks": false,
            "disable_openapi_validation": false,
            "disable_webhooks": false,
            "force_update": false,
            "id": "gatewayapi",
            "keyring": null,
            "lint": false,
            "manifest": null,
            "max_history": 0,
            "metadata": [
              {
                "app_version": "",
                "chart": "gatewayAPI",
                "name": "gatewayapi",
                "namespace": "istio-gateway",
                "revision": 1,
                "values": "{}",
                "version": "1.0.0"
              }
            ],
            "name": "gatewayapi",
            "namespace": "istio-gateway",
            "pass_credentials": false,
            "postrender": [],
            "recreate_pods": false,
            "render_subchart_notes": true,
            "replace": false,
            "repository": null,
            "repository_ca_file": null,
            "repository_cert_file": null,
            "repository_key_file": null,
            "repository_password": null,
            "repository_username": null,
            "reset_values": false,
            "reuse_values": false,
            "set": [],
            "set_sensitive": [],
            "skip_crds": false,
            "status": "deployed",
            "timeout": 300,
            "values": null,
            "verify": false,
            "version": "1.0.0",
            "wait": true,
            "wait_for_jobs": false
          },
          "sensitive_attributes": [],
          "private": "bnVsbA==",
          "dependencies": [
            "data.aws_eks_cluster.eks_cluster",
            "data.terraform_remote_state.aws_vpc",
            "module.eks.aws_eks_addon.eks_addon_vpc-cni",
            "module.eks.aws_eks_cluster.eks_cluster",
            "module.eks.aws_eks_node_group.eks_node",
            "module.eks.aws_iam_openid_connect_provider.aws_OIDC",
            "module.eks.aws_iam_policy.AmazonEKS_AWS_Load_Balancer_Controller",
            "module.eks.aws_iam_policy.AmazonEKS_Cluster_Autoscaler_Policy",
            "module.eks.aws_iam_policy.AmazonEKS_EFS_CSI_Driver_Policy",
            "module.eks.aws_iam_policy.Amazon_Route53",
            "module.eks.aws_iam_role.eks_SA_CNI_iam_role",
            "module.eks.aws_iam_role.eks_SA_alb_iam_role",
            "module.eks.aws_iam_role.eks_SA_ca_iam_role",
            "module.eks.aws_iam_role.eks_SA_dns_iam_role",
            "module.eks.aws_iam_role.eks_SA_efs_iam_role",
            "module.eks.aws_iam_role.eks_cluster_iam_role",
            "module.eks.aws_iam_role.eks_node_iam_role",
            "module.eks.aws_iam_role_policy_attachment.eks_SA_iam_role-AmazonEKS_AWS_Load_Balancer_Controller",
            "module.eks.aws_iam_role_policy_attachment.eks_SA_iam_role-AmazonEKS_CNI_Policy",
            "module.eks.aws_iam_role_policy_attachment.eks_SA_iam_role-AmazonEKS_Cluster_Autoscaler_Policy",
            "module.eks.aws_iam_role_policy_attachment.eks_SA_iam_role-AmazonEKS_EFS_CSI_Driver_Policy",
            "module.eks.aws_iam_role_policy_attachment.eks_SA_iam_role-Amazon_Route53",
            "module.eks.aws_iam_role_policy_attachment.eks_cluster_iam_role-AmazonEKSClusterPolicy",
            "module.eks.aws_iam_role_policy_attachment.eks_node_iam_role-AmazonEC2ContainerRegistryReadOnly",
            "module.eks.aws_iam_role_policy_attachment.eks_node_iam_role-AmazonEKSWorkerNodePolicy",
            "module.eks.aws_security_group_rule.eks_vpn_security_rule",
            "module.eks.data.aws_iam_policy_document.iam_policy_OIDC_assume_role_policy_SA_CNI",
            "module.eks.data.aws_iam_policy_document.iam_policy_OIDC_assume_role_policy_SA_alb",
            "module.eks.data.aws_iam_policy_document.iam_policy_OIDC_assume_role_policy_SA_ca",
            "module.eks.data.aws_iam_policy_document.iam_policy_OIDC_assume_role_policy_SA_dns",
            "module.eks.data.aws_iam_policy_document.iam_policy_OIDC_assume_role_policy_SA_efs",
            "module.eks.data.aws_subnets.private_subnets",
            "module.eks.data.tls_certificate.eks_tls_cert",
            "module.eks.kubernetes_annotations.sa_CNI",
            "module.eks.kubernetes_namespace.external-dns",
            "module.eks.kubernetes_namespace.istio-gateway",
            "module.eks.kubernetes_namespace.istio-system",
            "module.eks.kubernetes_service_account.sa_alb",
            "module.eks.kubernetes_service_account.sa_ca",
            "module.eks.kubernetes_service_account.sa_dns",
            "module.eks.kubernetes_service_account.sa_efs",
            "module.eks.module.resourceSetting.data.aws_eks_cluster.eks_cluster",
            "module.eks.module.resourceSetting.helm_release.aws-load-balancer-controller",
            "module.eks.module.resourceSetting.helm_release.istio-base",
            "module.eks.module.resourceSetting.helm_release.istio-cni",
            "module.eks.module.resourceSetting.helm_release.istio-gateway",
            "module.eks.module.resourceSetting.helm_release.istiod",
            "module.eks.null_resource.annotations_depends",
            "module.eks.null_resource.iam_role_depends",
            "module.eks.null_resource.kubernetes_depends",
            "module.eks.null_resource.namespace_depends",
            "module.eks.null_resource.sa_depends"
          ]
        }
      ]
    },
    {
      "module": "module.eks.module.resourceSetting",
      "mode": "managed",
      "type": "null_resource",
      "name": "helm_after",
      "provider": "provider[\"registry.terraform.io/hashicorp/null\"]",
      "instances": [
        {
          "schema_version": 0,
          "attributes": {
            "id": "1685188320284850860",
            "triggers": null
          },
          "sensitive_attributes": [],
          "dependencies": [
            "data.aws_eks_cluster.eks_cluster",
            "data.terraform_remote_state.aws_vpc",
            "module.eks.aws_eks_addon.eks_addon_vpc-cni",
            "module.eks.aws_eks_cluster.eks_cluster",
            "module.eks.aws_eks_node_group.eks_node",
            "module.eks.aws_iam_openid_connect_provider.aws_OIDC",
            "module.eks.aws_iam_policy.AmazonEKS_AWS_Load_Balancer_Controller",
            "module.eks.aws_iam_policy.AmazonEKS_Cluster_Autoscaler_Policy",
            "module.eks.aws_iam_policy.AmazonEKS_EFS_CSI_Driver_Policy",
            "module.eks.aws_iam_policy.Amazon_Route53",
            "module.eks.aws_iam_role.eks_SA_CNI_iam_role",
            "module.eks.aws_iam_role.eks_SA_alb_iam_role",
            "module.eks.aws_iam_role.eks_SA_ca_iam_role",
            "module.eks.aws_iam_role.eks_SA_dns_iam_role",
            "module.eks.aws_iam_role.eks_SA_efs_iam_role",
            "module.eks.aws_iam_role.eks_cluster_iam_role",
            "module.eks.aws_iam_role.eks_node_iam_role",
            "module.eks.aws_iam_role_policy_attachment.eks_SA_iam_role-AmazonEKS_AWS_Load_Balancer_Controller",
            "module.eks.aws_iam_role_policy_attachment.eks_SA_iam_role-AmazonEKS_CNI_Policy",
            "module.eks.aws_iam_role_policy_attachment.eks_SA_iam_role-AmazonEKS_Cluster_Autoscaler_Policy",
            "module.eks.aws_iam_role_policy_attachment.eks_SA_iam_role-AmazonEKS_EFS_CSI_Driver_Policy",
            "module.eks.aws_iam_role_policy_attachment.eks_SA_iam_role-Amazon_Route53",
            "module.eks.aws_iam_role_policy_attachment.eks_cluster_iam_role-AmazonEKSClusterPolicy",
            "module.eks.aws_iam_role_policy_attachment.eks_node_iam_role-AmazonEC2ContainerRegistryReadOnly",
            "module.eks.aws_iam_role_policy_attachment.eks_node_iam_role-AmazonEKSWorkerNodePolicy",
            "module.eks.aws_security_group_rule.eks_vpn_security_rule",
            "module.eks.data.aws_iam_policy_document.iam_policy_OIDC_assume_role_policy_SA_CNI",
            "module.eks.data.aws_iam_policy_document.iam_policy_OIDC_assume_role_policy_SA_alb",
            "module.eks.data.aws_iam_policy_document.iam_policy_OIDC_assume_role_policy_SA_ca",
            "module.eks.data.aws_iam_policy_document.iam_policy_OIDC_assume_role_policy_SA_dns",
            "module.eks.data.aws_iam_policy_document.iam_policy_OIDC_assume_role_policy_SA_efs",
            "module.eks.data.aws_subnets.private_subnets",
            "module.eks.data.tls_certificate.eks_tls_cert",
            "module.eks.kubernetes_annotations.sa_CNI",
            "module.eks.kubernetes_namespace.external-dns",
            "module.eks.kubernetes_namespace.istio-gateway",
            "module.eks.kubernetes_namespace.istio-system",
            "module.eks.kubernetes_service_account.sa_alb",
            "module.eks.kubernetes_service_account.sa_ca",
            "module.eks.kubernetes_service_account.sa_dns",
            "module.eks.kubernetes_service_account.sa_efs",
            "module.eks.module.resourceSetting.aws_route53domains_registered_domain.aws_registered_domain",
            "module.eks.module.resourceSetting.data.aws_acm_certificate.acm_certificate",
            "module.eks.module.resourceSetting.data.aws_eks_cluster.eks_cluster",
            "module.eks.module.resourceSetting.data.aws_subnets.public_subnets",
            "module.eks.module.resourceSetting.helm_release.aws-efs-csi-driver",
            "module.eks.module.resourceSetting.helm_release.aws-load-balancer-controller",
            "module.eks.module.resourceSetting.helm_release.external-dns",
            "module.eks.module.resourceSetting.helm_release.istio-base",
            "module.eks.module.resourceSetting.helm_release.istio-cni",
            "module.eks.module.resourceSetting.helm_release.istio-gateway",
            "module.eks.module.resourceSetting.helm_release.istiod",
            "module.eks.module.resourceSetting.helm_release.local_config-gateway",
            "module.eks.module.resourceSetting.helm_release.local_gatewayAPI",
            "module.eks.null_resource.annotations_depends",
            "module.eks.null_resource.iam_role_depends",
            "module.eks.null_resource.kubernetes_depends",
            "module.eks.null_resource.namespace_depends",
            "module.eks.null_resource.sa_depends"
          ]
        }
      ]
    }
  ],
  "check_results": null
}
