{
  "version": 4,
  "terraform_version": "1.3.6",
  "serial": 13,
  "lineage": "3682dab0-0211-4bad-81b7-6959fae8f437",
  "outputs": {
    "Test": {
      "value": {
        "backend": "local",
        "config": {
          "path": "../aws-config-eks/terraform.tfstate"
        },
        "defaults": null,
        "outputs": {
          "aws_profile_name": "user1",
          "efs_info": {
            "id": "fs-0fdc78d39f8f78510"
          },
          "eks_info": {
            "certificate_authority": [
              {
                "data": "LS0tLS1CRUdJTiBDRVJUSUZJQ0FURS0tLS0tCk1JSUMvakNDQWVhZ0F3SUJBZ0lCQURBTkJna3Foa2lHOXcwQkFRc0ZBREFWTVJNd0VRWURWUVFERXdwcmRXSmwKY201bGRHVnpNQjRYRFRJek1ERXhPREExTWpJMU1Gb1hEVE16TURFeE5UQTFNakkxTUZvd0ZURVRNQkVHQTFVRQpBeE1LYTNWaVpYSnVaWFJsY3pDQ0FTSXdEUVlKS29aSWh2Y05BUUVCQlFBRGdnRVBBRENDQVFvQ2dnRUJBS3R4CmdKM2RiTGJCTlNUdGwxZHc3bytqMWpKR05KVDVZcHdlbGF1VC9Mb2FNdGxpd0VwYVI1TVo0NTdJYU9zbnNNc1kKQWZMbTl0QkppbTlXN0ZTb004c1F1NGs0QkJhYjhya3llSHlLWTFkS2xZOC9Tb0NyU0pQNUNyVmxycnNIRXVxbApsTnhjSGZQRnU2TUNVWTVYOHRqcGltZXFjemNaUTNJZXRYZGZPaXFtNTU5WStEK1BoRGc5VEJtdUx2QVlSWmw5CldEcy9UTVVyNmVLejRmS0VBTUFCZUE4aTR3THZ2SzNRQllLUnNHOGZlb2YzQUlBN2pjNFRKSlVLR0tqUE9ZWW0KcmRMN29EQThGZlNzRzlmMjBhVzJLRHdvRG1rZGd5ZVdsMEQ4eEVJelA2dS8yMmpLWXhOOWtadkpXZ3RsYjNIUgpJd3R2ZnJVNlJtTDM2RTlpT1NNQ0F3RUFBYU5aTUZjd0RnWURWUjBQQVFIL0JBUURBZ0trTUE4R0ExVWRFd0VCCi93UUZNQU1CQWY4d0hRWURWUjBPQkJZRUZCVHhvdU4vU25UYklVczJMZXJYbzRuYms5Z1dNQlVHQTFVZEVRUU8KTUF5Q0NtdDFZbVZ5Ym1WMFpYTXdEUVlKS29aSWh2Y05BUUVMQlFBRGdnRUJBQ2pabWlEOXNaVW1GYWNFNjRqSAp4bHg3Q0hpRVIzaEowMFhkMTV6Sjg4U1MvZFZidkNYZnVFWHhsOWFyY2JTenFVdUdxRi9Kdkd4b2VCMnB3dVUvCkFwTTdZellzV2ZvWkpqUjNLRUdzQ3kxQllyQzV0Z0dmbEhmOEFtSlJVS2FBMVVJWE02Ly9JWDI2QnIweWlTUnYKL0h5dWUwazd1NzhQOTBnNlQ3TzB6eTVWZXBCRTkvY2lyVlZDREl6NnlqVnNRNWhKZWxOQm5NQ0tLWG9yUysvcgo1dVJvRTBQWUdIUGlQTGh0TXdneGxLMm0xdlBEZG9DUGxGb3pTR1RFdEkzd0JUTjRZbXFkcEt5VlJTMEhYbmRqCkRDQmwrTkovbFRsbjJwTWcrc1QydG1pSEkyV1ljNXZHQ0c1akxPZFJMVmhGdEw0M1RINTc3NS9LSk9rMFlvT3UKekRBPQotLS0tLUVORCBDRVJUSUZJQ0FURS0tLS0tCg=="
              }
            ],
            "endpoint": "https://F18743A4B6B74B81FBAA4102CC944FD5.gr7.ap-northeast-2.eks.amazonaws.com",
            "id": "eks_ctl",
            "name": "eks_ctl",
            "sa_iam_roles": {
              "eks_SA_alb_iam_role": "arn:aws:iam::421576594835:role/eks_SA_alb_iam_role",
              "eks_SA_efs_iam_role": "arn:aws:iam::421576594835:role/eks_SA_efs_iam_role"
            }
          },
          "vpc_info": {
            "private_subnets": {
              "ids": [
                "subnet-002806d2be98f076c",
                "subnet-01c0ebca472e80dac"
              ]
            },
            "public_subnets": {
              "ids": [
                "subnet-02e8f597848e0165a",
                "subnet-0b8812d38ead8ac80"
              ]
            },
            "vpc": {
              "id": "vpc-0a48d5cc09397ab48"
            }
          }
        },
        "workspace": null
      },
      "type": [
        "object",
        {
          "backend": "string",
          "config": [
            "object",
            {
              "path": "string"
            }
          ],
          "defaults": "dynamic",
          "outputs": [
            "object",
            {
              "aws_profile_name": "string",
              "efs_info": [
                "object",
                {
                  "id": "string"
                }
              ],
              "eks_info": [
                "object",
                {
                  "certificate_authority": [
                    "list",
                    [
                      "object",
                      {
                        "data": "string"
                      }
                    ]
                  ],
                  "endpoint": "string",
                  "id": "string",
                  "name": "string",
                  "sa_iam_roles": [
                    "map",
                    "string"
                  ]
                }
              ],
              "vpc_info": [
                "object",
                {
                  "private_subnets": [
                    "object",
                    {
                      "ids": [
                        "tuple",
                        [
                          "string",
                          "string"
                        ]
                      ]
                    }
                  ],
                  "public_subnets": [
                    "object",
                    {
                      "ids": [
                        "tuple",
                        [
                          "string",
                          "string"
                        ]
                      ]
                    }
                  ],
                  "vpc": [
                    "object",
                    {
                      "id": "string"
                    }
                  ]
                }
              ]
            }
          ],
          "workspace": "string"
        }
      ]
    }
  },
  "resources": [
    {
      "mode": "data",
      "type": "terraform_remote_state",
      "name": "aws",
      "provider": "provider[\"terraform.io/builtin/terraform\"]",
      "instances": [
        {
          "schema_version": 0,
          "attributes": {
            "backend": "local",
            "config": {
              "value": {
                "path": "../aws-config-eks/terraform.tfstate"
              },
              "type": [
                "object",
                {
                  "path": "string"
                }
              ]
            },
            "defaults": null,
            "outputs": {
              "value": {
                "aws_profile_name": "user1",
                "efs_info": {
                  "id": "fs-0fdc78d39f8f78510"
                },
                "eks_info": {
                  "certificate_authority": [
                    {
                      "data": "LS0tLS1CRUdJTiBDRVJUSUZJQ0FURS0tLS0tCk1JSUMvakNDQWVhZ0F3SUJBZ0lCQURBTkJna3Foa2lHOXcwQkFRc0ZBREFWTVJNd0VRWURWUVFERXdwcmRXSmwKY201bGRHVnpNQjRYRFRJek1ERXhPREExTWpJMU1Gb1hEVE16TURFeE5UQTFNakkxTUZvd0ZURVRNQkVHQTFVRQpBeE1LYTNWaVpYSnVaWFJsY3pDQ0FTSXdEUVlKS29aSWh2Y05BUUVCQlFBRGdnRVBBRENDQVFvQ2dnRUJBS3R4CmdKM2RiTGJCTlNUdGwxZHc3bytqMWpKR05KVDVZcHdlbGF1VC9Mb2FNdGxpd0VwYVI1TVo0NTdJYU9zbnNNc1kKQWZMbTl0QkppbTlXN0ZTb004c1F1NGs0QkJhYjhya3llSHlLWTFkS2xZOC9Tb0NyU0pQNUNyVmxycnNIRXVxbApsTnhjSGZQRnU2TUNVWTVYOHRqcGltZXFjemNaUTNJZXRYZGZPaXFtNTU5WStEK1BoRGc5VEJtdUx2QVlSWmw5CldEcy9UTVVyNmVLejRmS0VBTUFCZUE4aTR3THZ2SzNRQllLUnNHOGZlb2YzQUlBN2pjNFRKSlVLR0tqUE9ZWW0KcmRMN29EQThGZlNzRzlmMjBhVzJLRHdvRG1rZGd5ZVdsMEQ4eEVJelA2dS8yMmpLWXhOOWtadkpXZ3RsYjNIUgpJd3R2ZnJVNlJtTDM2RTlpT1NNQ0F3RUFBYU5aTUZjd0RnWURWUjBQQVFIL0JBUURBZ0trTUE4R0ExVWRFd0VCCi93UUZNQU1CQWY4d0hRWURWUjBPQkJZRUZCVHhvdU4vU25UYklVczJMZXJYbzRuYms5Z1dNQlVHQTFVZEVRUU8KTUF5Q0NtdDFZbVZ5Ym1WMFpYTXdEUVlKS29aSWh2Y05BUUVMQlFBRGdnRUJBQ2pabWlEOXNaVW1GYWNFNjRqSAp4bHg3Q0hpRVIzaEowMFhkMTV6Sjg4U1MvZFZidkNYZnVFWHhsOWFyY2JTenFVdUdxRi9Kdkd4b2VCMnB3dVUvCkFwTTdZellzV2ZvWkpqUjNLRUdzQ3kxQllyQzV0Z0dmbEhmOEFtSlJVS2FBMVVJWE02Ly9JWDI2QnIweWlTUnYKL0h5dWUwazd1NzhQOTBnNlQ3TzB6eTVWZXBCRTkvY2lyVlZDREl6NnlqVnNRNWhKZWxOQm5NQ0tLWG9yUysvcgo1dVJvRTBQWUdIUGlQTGh0TXdneGxLMm0xdlBEZG9DUGxGb3pTR1RFdEkzd0JUTjRZbXFkcEt5VlJTMEhYbmRqCkRDQmwrTkovbFRsbjJwTWcrc1QydG1pSEkyV1ljNXZHQ0c1akxPZFJMVmhGdEw0M1RINTc3NS9LSk9rMFlvT3UKekRBPQotLS0tLUVORCBDRVJUSUZJQ0FURS0tLS0tCg=="
                    }
                  ],
                  "endpoint": "https://F18743A4B6B74B81FBAA4102CC944FD5.gr7.ap-northeast-2.eks.amazonaws.com",
                  "id": "eks_ctl",
                  "name": "eks_ctl",
                  "sa_iam_roles": {
                    "eks_SA_alb_iam_role": "arn:aws:iam::421576594835:role/eks_SA_alb_iam_role",
                    "eks_SA_efs_iam_role": "arn:aws:iam::421576594835:role/eks_SA_efs_iam_role"
                  }
                },
                "vpc_info": {
                  "private_subnets": {
                    "ids": [
                      "subnet-002806d2be98f076c",
                      "subnet-01c0ebca472e80dac"
                    ]
                  },
                  "public_subnets": {
                    "ids": [
                      "subnet-02e8f597848e0165a",
                      "subnet-0b8812d38ead8ac80"
                    ]
                  },
                  "vpc": {
                    "id": "vpc-0a48d5cc09397ab48"
                  }
                }
              },
              "type": [
                "object",
                {
                  "aws_profile_name": "string",
                  "efs_info": [
                    "object",
                    {
                      "id": "string"
                    }
                  ],
                  "eks_info": [
                    "object",
                    {
                      "certificate_authority": [
                        "list",
                        [
                          "object",
                          {
                            "data": "string"
                          }
                        ]
                      ],
                      "endpoint": "string",
                      "id": "string",
                      "name": "string",
                      "sa_iam_roles": [
                        "map",
                        "string"
                      ]
                    }
                  ],
                  "vpc_info": [
                    "object",
                    {
                      "private_subnets": [
                        "object",
                        {
                          "ids": [
                            "tuple",
                            [
                              "string",
                              "string"
                            ]
                          ]
                        }
                      ],
                      "public_subnets": [
                        "object",
                        {
                          "ids": [
                            "tuple",
                            [
                              "string",
                              "string"
                            ]
                          ]
                        }
                      ],
                      "vpc": [
                        "object",
                        {
                          "id": "string"
                        }
                      ]
                    }
                  ]
                }
              ]
            },
            "workspace": null
          },
          "sensitive_attributes": []
        }
      ]
    },
    {
      "module": "module.helm-istio-system",
      "mode": "managed",
      "type": "helm_release",
      "name": "istio-base",
      "provider": "provider[\"registry.terraform.io/hashicorp/helm\"]",
      "instances": [
        {
          "schema_version": 0,
          "attributes": {
            "atomic": false,
            "chart": "base",
            "cleanup_on_fail": false,
            "create_namespace": false,
            "dependency_update": false,
            "description": null,
            "devel": null,
            "disable_crd_hooks": false,
            "disable_openapi_validation": false,
            "disable_webhooks": false,
            "force_update": false,
            "id": "istio-base",
            "keyring": null,
            "lint": false,
            "manifest": null,
            "max_history": 0,
            "metadata": [
              {
                "app_version": "1.16.1",
                "chart": "base",
                "name": "istio-base",
                "namespace": "istio-system",
                "revision": 1,
                "values": "{}",
                "version": "1.16.1"
              }
            ],
            "name": "istio-base",
            "namespace": "istio-system",
            "pass_credentials": false,
            "postrender": [],
            "recreate_pods": false,
            "render_subchart_notes": true,
            "replace": false,
            "repository": "https://istio-release.storage.googleapis.com/charts",
            "repository_ca_file": null,
            "repository_cert_file": null,
            "repository_key_file": null,
            "repository_password": null,
            "repository_username": null,
            "reset_values": false,
            "reuse_values": false,
            "set": [],
            "set_sensitive": [],
            "skip_crds": false,
            "status": "deployed",
            "timeout": 300,
            "values": null,
            "verify": false,
            "version": "1.16.1",
            "wait": true,
            "wait_for_jobs": false
          },
          "sensitive_attributes": [],
          "private": "bnVsbA==",
          "dependencies": [
            "data.terraform_remote_state.aws",
            "module.helm-kube-system.helm_release.aws_alb",
            "module.helm-kube-system.helm_release.aws_efs",
            "module.kubernetes.kubernetes_namespace.istio-system",
            "module.kubernetes.kubernetes_namespace.monitoring",
            "module.kubernetes.kubernetes_secret.grafana",
            "module.kubernetes.kubernetes_service_account.sa_alb",
            "module.kubernetes.kubernetes_service_account.sa_efs",
            "module.kubernetes.kubernetes_storage_class.aws_efs_sc",
            "module.kubernetes.random_password.grafana"
          ]
        }
      ]
    },
    {
      "module": "module.helm-kube-system",
      "mode": "managed",
      "type": "helm_release",
      "name": "aws_alb",
      "provider": "provider[\"registry.terraform.io/hashicorp/helm\"]",
      "instances": [
        {
          "schema_version": 0,
          "attributes": {
            "atomic": false,
            "chart": "aws-load-balancer-controller",
            "cleanup_on_fail": false,
            "create_namespace": false,
            "dependency_update": false,
            "description": null,
            "devel": null,
            "disable_crd_hooks": false,
            "disable_openapi_validation": false,
            "disable_webhooks": false,
            "force_update": false,
            "id": "aws-load-blancer-controller",
            "keyring": null,
            "lint": false,
            "manifest": null,
            "max_history": 0,
            "metadata": [
              {
                "app_version": "v2.4.6",
                "chart": "aws-load-balancer-controller",
                "name": "aws-load-blancer-controller",
                "namespace": "kube-system",
                "revision": 1,
                "values": "{\"clusterName\":\"eks_ctl\",\"image\":{\"repository\":\"602401143452.dkr.ecr.ap-northeast-2.amazonaws.com/amazon/aws-load-balancer-controller\"},\"serviceAccount\":{\"create\":false,\"name\":\"alb\"}}",
                "version": "1.4.7"
              }
            ],
            "name": "aws-load-blancer-controller",
            "namespace": "kube-system",
            "pass_credentials": false,
            "postrender": [],
            "recreate_pods": false,
            "render_subchart_notes": true,
            "replace": false,
            "repository": "https://aws.github.io/eks-charts",
            "repository_ca_file": null,
            "repository_cert_file": null,
            "repository_key_file": null,
            "repository_password": null,
            "repository_username": null,
            "reset_values": false,
            "reuse_values": false,
            "set": [],
            "set_sensitive": [],
            "skip_crds": false,
            "status": "deployed",
            "timeout": 300,
            "values": [
              "image:\r\n  repository: \"602401143452.dkr.ecr.ap-northeast-2.amazonaws.com/amazon/aws-load-balancer-controller\"\r\n\r\nserviceAccount:\r\n  # Specifies whether a service account should be created\r\n  create: false\r\n  # Annotations to add to the service account\r\n  # The name of the service account to use.\r\n  # If not set and create is true, a name is generated using the fullname template\r\n  name: \"alb\"\r\n\r\nclusterName: \"eks_ctl\""
            ],
            "verify": false,
            "version": "1.4.7",
            "wait": true,
            "wait_for_jobs": false
          },
          "sensitive_attributes": [],
          "private": "bnVsbA==",
          "dependencies": [
            "data.terraform_remote_state.aws",
            "module.kubernetes.kubernetes_namespace.istio-system",
            "module.kubernetes.kubernetes_namespace.monitoring",
            "module.kubernetes.kubernetes_secret.grafana",
            "module.kubernetes.kubernetes_service_account.sa_alb",
            "module.kubernetes.kubernetes_service_account.sa_efs",
            "module.kubernetes.kubernetes_storage_class.aws_efs_sc",
            "module.kubernetes.random_password.grafana"
          ]
        }
      ]
    },
    {
      "module": "module.helm-kube-system",
      "mode": "managed",
      "type": "helm_release",
      "name": "aws_efs",
      "provider": "provider[\"registry.terraform.io/hashicorp/helm\"]",
      "instances": [
        {
          "schema_version": 0,
          "attributes": {
            "atomic": false,
            "chart": "aws-efs-csi-driver",
            "cleanup_on_fail": false,
            "create_namespace": false,
            "dependency_update": false,
            "description": null,
            "devel": null,
            "disable_crd_hooks": false,
            "disable_openapi_validation": false,
            "disable_webhooks": false,
            "force_update": false,
            "id": "awsefscsidirver",
            "keyring": null,
            "lint": false,
            "manifest": null,
            "max_history": 0,
            "metadata": [
              {
                "app_version": "1.4.9",
                "chart": "aws-efs-csi-driver",
                "name": "awsefscsidirver",
                "namespace": "kube-system",
                "revision": 1,
                "values": "{\"controller\":{\"serviceAccount\":{\"create\":false,\"name\":\"efs\"}},\"image\":{\"repository\":\"602401143452.dkr.ecr.ap-northeast-2.amazonaws.com/eks/aws-efs-csi-driver\"},\"useFIPS\":false}",
                "version": "2.3.6"
              }
            ],
            "name": "awsefscsidirver",
            "namespace": "kube-system",
            "pass_credentials": false,
            "postrender": [],
            "recreate_pods": false,
            "render_subchart_notes": true,
            "replace": false,
            "repository": "https://kubernetes-sigs.github.io/aws-efs-csi-driver/",
            "repository_ca_file": null,
            "repository_cert_file": null,
            "repository_key_file": null,
            "repository_password": null,
            "repository_username": null,
            "reset_values": false,
            "reuse_values": false,
            "set": [],
            "set_sensitive": [],
            "skip_crds": false,
            "status": "deployed",
            "timeout": 300,
            "values": [
              "useFIPS: false\r\n\r\nimage:\r\n  repository: \"602401143452.dkr.ecr.ap-northeast-2.amazonaws.com/eks/aws-efs-csi-driver\"\r\n\r\ncontroller:\r\n  # Specifies whether a deployment should be created\r\n\r\n  serviceAccount:\r\n    create: false\r\n    name: \"efs\"\r\n\r\n\r\n"
            ],
            "verify": false,
            "version": "2.3.6",
            "wait": true,
            "wait_for_jobs": false
          },
          "sensitive_attributes": [],
          "private": "bnVsbA==",
          "dependencies": [
            "data.terraform_remote_state.aws",
            "module.kubernetes.kubernetes_namespace.istio-system",
            "module.kubernetes.kubernetes_namespace.monitoring",
            "module.kubernetes.kubernetes_secret.grafana",
            "module.kubernetes.kubernetes_service_account.sa_alb",
            "module.kubernetes.kubernetes_service_account.sa_efs",
            "module.kubernetes.kubernetes_storage_class.aws_efs_sc",
            "module.kubernetes.random_password.grafana"
          ]
        }
      ]
    },
    {
      "module": "module.helm-monitoring",
      "mode": "managed",
      "type": "helm_release",
      "name": "argocd",
      "provider": "provider[\"registry.terraform.io/hashicorp/helm\"]",
      "instances": [
        {
          "schema_version": 0,
          "attributes": {
            "atomic": false,
            "chart": "argo-cd",
            "cleanup_on_fail": false,
            "create_namespace": false,
            "dependency_update": false,
            "description": null,
            "devel": null,
            "disable_crd_hooks": false,
            "disable_openapi_validation": false,
            "disable_webhooks": false,
            "force_update": false,
            "id": "argocd",
            "keyring": null,
            "lint": false,
            "manifest": null,
            "max_history": 0,
            "metadata": [
              {
                "app_version": "v2.5.5",
                "chart": "argo-cd",
                "name": "argocd",
                "namespace": "monitoring",
                "revision": 1,
                "values": "{}",
                "version": "5.16.15"
              }
            ],
            "name": "argocd",
            "namespace": "monitoring",
            "pass_credentials": false,
            "postrender": [],
            "recreate_pods": false,
            "render_subchart_notes": true,
            "replace": false,
            "repository": "https://argoproj.github.io/argo-helm",
            "repository_ca_file": null,
            "repository_cert_file": null,
            "repository_key_file": null,
            "repository_password": null,
            "repository_username": null,
            "reset_values": false,
            "reuse_values": false,
            "set": [],
            "set_sensitive": [],
            "skip_crds": false,
            "status": "deployed",
            "timeout": 300,
            "values": null,
            "verify": false,
            "version": "5.16.15",
            "wait": true,
            "wait_for_jobs": false
          },
          "sensitive_attributes": [],
          "private": "bnVsbA==",
          "dependencies": [
            "data.terraform_remote_state.aws",
            "module.helm-kube-system.helm_release.aws_alb",
            "module.helm-kube-system.helm_release.aws_efs",
            "module.kubernetes.kubernetes_namespace.istio-system",
            "module.kubernetes.kubernetes_namespace.monitoring",
            "module.kubernetes.kubernetes_secret.grafana",
            "module.kubernetes.kubernetes_service_account.sa_alb",
            "module.kubernetes.kubernetes_service_account.sa_efs",
            "module.kubernetes.kubernetes_storage_class.aws_efs_sc",
            "module.kubernetes.random_password.grafana"
          ]
        }
      ]
    },
    {
      "module": "module.helm-monitoring",
      "mode": "managed",
      "type": "helm_release",
      "name": "kube_prometheus_stack",
      "provider": "provider[\"registry.terraform.io/hashicorp/helm\"]",
      "instances": [
        {
          "schema_version": 0,
          "attributes": {
            "atomic": false,
            "chart": "kube-prometheus-stack",
            "cleanup_on_fail": false,
            "create_namespace": false,
            "dependency_update": false,
            "description": null,
            "devel": null,
            "disable_crd_hooks": false,
            "disable_openapi_validation": false,
            "disable_webhooks": false,
            "force_update": false,
            "id": "kube-prometheus-stack",
            "keyring": null,
            "lint": false,
            "manifest": null,
            "max_history": 0,
            "metadata": [
              {
                "app_version": "0.61.1",
                "chart": "kube-prometheus-stack",
                "name": "kube-prometheus-stack",
                "namespace": "monitoring",
                "revision": 1,
                "values": "{\"alertmanager\":{\"alertmanagerSpec\":{\"storage\":{\"volumeClaimTemplate\":{\"spec\":{\"accessModes\":[\"ReadWriteOnce\"],\"resources\":{\"requests\":{\"storage\":\"10Gi\"}},\"storageClassName\":\"efs-sc\"}}}}},\"prometheus\":{\"prometheusSpec\":{\"storageSpec\":{\"volumeClaimTemplate\":{\"spec\":{\"accessModes\":[\"ReadWriteOnce\"],\"resources\":{\"requests\":{\"storage\":\"10Gi\"}},\"storageClassName\":\"efs-sc\"}}}}}}",
                "version": "43.2.1"
              }
            ],
            "name": "kube-prometheus-stack",
            "namespace": "monitoring",
            "pass_credentials": false,
            "postrender": [],
            "recreate_pods": false,
            "render_subchart_notes": true,
            "replace": false,
            "repository": "https://prometheus-community.github.io/helm-charts",
            "repository_ca_file": null,
            "repository_cert_file": null,
            "repository_key_file": null,
            "repository_password": null,
            "repository_username": null,
            "reset_values": false,
            "reuse_values": false,
            "set": [],
            "set_sensitive": [],
            "skip_crds": false,
            "status": "deployed",
            "timeout": 300,
            "values": [
              "prometheus:\r\n  ## Settings affecting prometheusSpec\r\n  ## ref: https://github.com/prometheus-operator/prometheus-operator/blob/main/Documentation/api.md#prometheusspec\r\n  ##\r\n  prometheusSpec:\r\n    ## Prometheus StorageSpec for persistent data\r\n    ## ref: https://github.com/prometheus-operator/prometheus-operator/blob/main/Documentation/user-guides/storage.md\r\n    ##\r\n    storageSpec:\r\n    ## Using PersistentVolumeClaim\r\n    ##\r\n      volumeClaimTemplate:\r\n        spec:\r\n          storageClassName: \"efs-sc\"\r\n          accessModes: [\"ReadWriteOnce\"]\r\n          resources:\r\n            requests:\r\n              storage: \"10Gi\"\r\n          \r\n\r\nalertmanager:\r\n  alertmanagerSpec:\r\n#     ## Standard object's metadata. More info: https://github.com/kubernetes/community/blob/master/contributors/devel/sig-architecture/api-conventions.md#metadata\r\n#     ## Metadata Labels and Annotations gets propagated to the Alertmanager pods.\r\n#     ##\r\n#     ## Storage is the definition of how storage will be used by the Alertmanager instances.\r\n#     ## ref: https://github.com/prometheus-operator/prometheus-operator/blob/main/Documentation/user-guides/storage.md\r\n#     ##\r\n    storage: \r\n      volumeClaimTemplate:\r\n        spec:\r\n          storageClassName: \"efs-sc\"\r\n          accessModes: [\"ReadWriteOnce\"]\r\n          resources:\r\n            requests:\r\n              storage: \"10Gi\"\r\n\r\n\r\n# ## Using default values from https://github.com/grafana/helm-charts/blob/main/charts/grafana/values.yaml\r\n# ##\r\n# grafana:\r\n#   # 아래 내용 추가\r\n#   persistence:\r\n#     enabled: true # true로 설정\r\n#     type: pvc\r\n#     storageClassName: \"efs-sc\"\r\n#     accessModes: [\"ReadWriteOnce\"]\r\n#     size: \"10Gi\"\r\n#     finalizers:\r\n#     - kubernetes.io/pvc-protection\r\n     "
            ],
            "verify": false,
            "version": "43.2.1",
            "wait": true,
            "wait_for_jobs": false
          },
          "sensitive_attributes": [],
          "private": "bnVsbA==",
          "dependencies": [
            "data.terraform_remote_state.aws",
            "module.helm-kube-system.helm_release.aws_alb",
            "module.helm-kube-system.helm_release.aws_efs",
            "module.kubernetes.kubernetes_namespace.istio-system",
            "module.kubernetes.kubernetes_namespace.monitoring",
            "module.kubernetes.kubernetes_secret.grafana",
            "module.kubernetes.kubernetes_service_account.sa_alb",
            "module.kubernetes.kubernetes_service_account.sa_efs",
            "module.kubernetes.kubernetes_storage_class.aws_efs_sc",
            "module.kubernetes.random_password.grafana"
          ]
        }
      ]
    },
    {
      "module": "module.kubernetes",
      "mode": "managed",
      "type": "kubernetes_namespace",
      "name": "istio-system",
      "provider": "provider[\"registry.terraform.io/hashicorp/kubernetes\"]",
      "instances": [
        {
          "schema_version": 0,
          "attributes": {
            "id": "istio-system",
            "metadata": [
              {
                "annotations": null,
                "generate_name": "",
                "generation": 0,
                "labels": null,
                "name": "istio-system",
                "resource_version": "8799",
                "uid": "d74ebc28-259d-4057-9f8f-fdd8ebc7a960"
              }
            ],
            "timeouts": null
          },
          "sensitive_attributes": [],
          "private": "eyJlMmJmYjczMC1lY2FhLTExZTYtOGY4OC0zNDM2M2JjN2M0YzAiOnsiZGVsZXRlIjozMDAwMDAwMDAwMDB9fQ==",
          "dependencies": [
            "data.terraform_remote_state.aws"
          ]
        }
      ]
    },
    {
      "module": "module.kubernetes",
      "mode": "managed",
      "type": "kubernetes_namespace",
      "name": "monitoring",
      "provider": "provider[\"registry.terraform.io/hashicorp/kubernetes\"]",
      "instances": [
        {
          "schema_version": 0,
          "attributes": {
            "id": "monitoring",
            "metadata": [
              {
                "annotations": null,
                "generate_name": "",
                "generation": 0,
                "labels": null,
                "name": "monitoring",
                "resource_version": "8801",
                "uid": "714746c0-8922-4773-902b-6532e9e7875f"
              }
            ],
            "timeouts": null
          },
          "sensitive_attributes": [],
          "private": "eyJlMmJmYjczMC1lY2FhLTExZTYtOGY4OC0zNDM2M2JjN2M0YzAiOnsiZGVsZXRlIjozMDAwMDAwMDAwMDB9fQ==",
          "dependencies": [
            "data.terraform_remote_state.aws"
          ]
        }
      ]
    },
    {
      "module": "module.kubernetes",
      "mode": "managed",
      "type": "kubernetes_secret",
      "name": "grafana",
      "provider": "provider[\"registry.terraform.io/hashicorp/kubernetes\"]",
      "instances": [
        {
          "schema_version": 0,
          "attributes": {
            "binary_data": null,
            "data": {
              "password": "t]a32a9j7LPBMF!CrKUt34x8",
              "username": "admin"
            },
            "id": "default/grafana-auth",
            "immutable": false,
            "metadata": [
              {
                "annotations": null,
                "generate_name": "",
                "generation": 0,
                "labels": null,
                "name": "grafana-auth",
                "namespace": "default",
                "resource_version": "8800",
                "uid": "36f3ad7d-fa73-4e2b-8429-885e5f17b7e6"
              }
            ],
            "timeouts": null,
            "type": "kubernetes.io/grafana-auth",
            "wait_for_service_account_token": true
          },
          "sensitive_attributes": [
            [
              {
                "type": "get_attr",
                "value": "data"
              },
              {
                "type": "index",
                "value": {
                  "value": "password",
                  "type": "string"
                }
              }
            ]
          ],
          "private": "eyJlMmJmYjczMC1lY2FhLTExZTYtOGY4OC0zNDM2M2JjN2M0YzAiOnsiY3JlYXRlIjo2MDAwMDAwMDAwMH19",
          "dependencies": [
            "data.terraform_remote_state.aws",
            "module.kubernetes.random_password.grafana"
          ]
        }
      ]
    },
    {
      "module": "module.kubernetes",
      "mode": "managed",
      "type": "kubernetes_service_account",
      "name": "sa_alb",
      "provider": "provider[\"registry.terraform.io/hashicorp/kubernetes\"]",
      "instances": [
        {
          "schema_version": 0,
          "attributes": {
            "automount_service_account_token": true,
            "default_secret_name": "",
            "id": "kube-system/alb",
            "image_pull_secret": [],
            "metadata": [
              {
                "annotations": {
                  "eks.amazonaws.com/role-arn": "arn:aws:iam::421576594835:role/eks_SA_alb_iam_role"
                },
                "generate_name": "",
                "generation": 0,
                "labels": null,
                "name": "alb",
                "namespace": "kube-system",
                "resource_version": "8798",
                "uid": "4da89da3-e1b0-46df-ab1f-1c3e50149a11"
              }
            ],
            "secret": [],
            "timeouts": null
          },
          "sensitive_attributes": [],
          "private": "eyJlMmJmYjczMC1lY2FhLTExZTYtOGY4OC0zNDM2M2JjN2M0YzAiOnsiY3JlYXRlIjozMDAwMDAwMDAwMH19",
          "dependencies": [
            "data.terraform_remote_state.aws"
          ]
        }
      ]
    },
    {
      "module": "module.kubernetes",
      "mode": "managed",
      "type": "kubernetes_service_account",
      "name": "sa_efs",
      "provider": "provider[\"registry.terraform.io/hashicorp/kubernetes\"]",
      "instances": [
        {
          "schema_version": 0,
          "attributes": {
            "automount_service_account_token": true,
            "default_secret_name": "",
            "id": "kube-system/efs",
            "image_pull_secret": [],
            "metadata": [
              {
                "annotations": {
                  "eks.amazonaws.com/role-arn": "arn:aws:iam::421576594835:role/eks_SA_efs_iam_role"
                },
                "generate_name": "",
                "generation": 0,
                "labels": null,
                "name": "efs",
                "namespace": "kube-system",
                "resource_version": "8797",
                "uid": "09b4c8ef-90e4-467b-8885-52c62ce5dfc6"
              }
            ],
            "secret": [],
            "timeouts": null
          },
          "sensitive_attributes": [],
          "private": "eyJlMmJmYjczMC1lY2FhLTExZTYtOGY4OC0zNDM2M2JjN2M0YzAiOnsiY3JlYXRlIjozMDAwMDAwMDAwMH19",
          "dependencies": [
            "data.terraform_remote_state.aws"
          ]
        }
      ]
    },
    {
      "module": "module.kubernetes",
      "mode": "managed",
      "type": "kubernetes_storage_class",
      "name": "aws_efs_sc",
      "provider": "provider[\"registry.terraform.io/hashicorp/kubernetes\"]",
      "instances": [
        {
          "schema_version": 0,
          "attributes": {
            "allow_volume_expansion": true,
            "allowed_topologies": [],
            "id": "efs-sc",
            "metadata": [
              {
                "annotations": null,
                "generate_name": "",
                "generation": 0,
                "labels": null,
                "name": "efs-sc",
                "resource_version": "8796",
                "uid": "3f13de65-168b-4e5b-bff3-c0457b71bf7f"
              }
            ],
            "mount_options": null,
            "parameters": {
              "directoryPerms": "700",
              "fileSystemId": "fs-0fdc78d39f8f78510",
              "gidRangeEnd": "2000",
              "gidRangeStart": "1000",
              "provisioningMode": "efs-ap"
            },
            "reclaim_policy": "Delete",
            "storage_provisioner": "efs.csi.aws.com",
            "volume_binding_mode": "Immediate"
          },
          "sensitive_attributes": [],
          "private": "bnVsbA==",
          "dependencies": [
            "data.terraform_remote_state.aws"
          ]
        }
      ]
    },
    {
      "module": "module.kubernetes",
      "mode": "managed",
      "type": "random_password",
      "name": "grafana",
      "provider": "provider[\"registry.terraform.io/hashicorp/random\"]",
      "instances": [
        {
          "schema_version": 3,
          "attributes": {
            "bcrypt_hash": "$2a$10$Q1xv4yvpwPhGg3MoBLkYbeILdafd/kgvsIQ7S59zoEFfr2lbTByC.",
            "id": "none",
            "keepers": null,
            "length": 24,
            "lower": true,
            "min_lower": 0,
            "min_numeric": 0,
            "min_special": 0,
            "min_upper": 0,
            "number": true,
            "numeric": true,
            "override_special": null,
            "result": "t]a32a9j7LPBMF!CrKUt34x8",
            "special": true,
            "upper": true
          },
          "sensitive_attributes": []
        }
      ]
    }
  ],
  "check_results": null
}
